{
    "version": 4,
    "terraform_version": "1.3.4",
    "serial": 2,
    "lineage": "28de9547-f2b4-afd8-95ae-34f82077711e",
    "outputs": {
      "cicd_repositories": {
        "value": {},
        "type": [
          "object",
          {}
        ]
      },
      "dataplatform": {
        "value": {
          "dev": {
            "folder": "folders/622215406915",
            "gcs_bucket": "dnc-dev-resman-dp-0",
            "service_account": "dnc-dev-resman-dp-0@dnc-prod-iac-core-0.iam.gserviceaccount.com"
          },
          "prod": {
            "folder": "folders/475593313994",
            "gcs_bucket": "dnc-prod-resman-dp-0",
            "service_account": "dnc-prod-resman-dp-0@dnc-prod-iac-core-0.iam.gserviceaccount.com"
          }
        },
        "type": [
          "map",
          [
            "object",
            {
              "folder": "string",
              "gcs_bucket": "string",
              "service_account": "string"
            }
          ]
        ]
      },
      "gke_multitenant": {
        "value": {
          "dev": {
            "folder": "folders/333078042949",
            "gcs_bucket": "dnc-dev-resman-gke-0",
            "service_account": "dnc-dev-resman-gke-0@dnc-prod-iac-core-0.iam.gserviceaccount.com"
          },
          "prod": {
            "folder": "folders/1036397903949",
            "gcs_bucket": "dnc-prod-resman-gke-0",
            "service_account": "dnc-prod-resman-gke-0@dnc-prod-iac-core-0.iam.gserviceaccount.com"
          }
        },
        "type": [
          "map",
          [
            "object",
            {
              "folder": "string",
              "gcs_bucket": "string",
              "service_account": "string"
            }
          ]
        ]
      },
      "networking": {
        "value": {
          "folder": "folders/450218300185",
          "gcs_bucket": "dnc-prod-resman-net-0",
          "service_account": "serviceAccount:dnc-prod-resman-net-0@dnc-prod-iac-core-0.iam.gserviceaccount.com"
        },
        "type": [
          "object",
          {
            "folder": "string",
            "gcs_bucket": "string",
            "service_account": "string"
          }
        ]
      },
      "project_factories": {
        "value": {
          "dev": {
            "bucket": "dnc-dev-resman-pf-0",
            "sa": "dnc-dev-resman-pf-0@dnc-prod-iac-core-0.iam.gserviceaccount.com"
          },
          "prod": {
            "bucket": "dnc-prod-resman-pf-0",
            "sa": "dnc-prod-resman-pf-0@dnc-prod-iac-core-0.iam.gserviceaccount.com"
          }
        },
        "type": [
          "map",
          [
            "object",
            {
              "bucket": "string",
              "sa": "string"
            }
          ]
        ]
      },
      "providers": {
        "value": {
          "02-networking": "/**\n * Copyright 2022 Google LLC\n *\n * Licensed under the Apache License, Version 2.0 (the \"License\");\n * you may not use this file except in compliance with the License.\n * You may obtain a copy of the License at\n *\n *      http://www.apache.org/licenses/LICENSE-2.0\n *\n * Unless required by applicable law or agreed to in writing, software\n * distributed under the License is distributed on an \"AS IS\" BASIS,\n * WITHOUT WARRANTIES OR CONDITIONS OF ANY KIND, either express or implied.\n * See the License for the specific language governing permissions and\n * limitations under the License.\n */\n\nterraform {\n  backend \"gcs\" {\n    bucket                      = \"dnc-prod-resman-net-0\"\n    impersonate_service_account = \"dnc-prod-resman-net-0@dnc-prod-iac-core-0.iam.gserviceaccount.com\"\n  }\n}\nprovider \"google\" {\n  impersonate_service_account = \"dnc-prod-resman-net-0@dnc-prod-iac-core-0.iam.gserviceaccount.com\"\n}\nprovider \"google-beta\" {\n  impersonate_service_account = \"dnc-prod-resman-net-0@dnc-prod-iac-core-0.iam.gserviceaccount.com\"\n}\n\n# end provider.tf for networking\n",
          "02-security": "/**\n * Copyright 2022 Google LLC\n *\n * Licensed under the Apache License, Version 2.0 (the \"License\");\n * you may not use this file except in compliance with the License.\n * You may obtain a copy of the License at\n *\n *      http://www.apache.org/licenses/LICENSE-2.0\n *\n * Unless required by applicable law or agreed to in writing, software\n * distributed under the License is distributed on an \"AS IS\" BASIS,\n * WITHOUT WARRANTIES OR CONDITIONS OF ANY KIND, either express or implied.\n * See the License for the specific language governing permissions and\n * limitations under the License.\n */\n\nterraform {\n  backend \"gcs\" {\n    bucket                      = \"dnc-prod-resman-sec-0\"\n    impersonate_service_account = \"dnc-prod-resman-sec-0@dnc-prod-iac-core-0.iam.gserviceaccount.com\"\n  }\n}\nprovider \"google\" {\n  impersonate_service_account = \"dnc-prod-resman-sec-0@dnc-prod-iac-core-0.iam.gserviceaccount.com\"\n}\nprovider \"google-beta\" {\n  impersonate_service_account = \"dnc-prod-resman-sec-0@dnc-prod-iac-core-0.iam.gserviceaccount.com\"\n}\n\n# end provider.tf for security\n",
          "03-data-platform-dev": "/**\n * Copyright 2022 Google LLC\n *\n * Licensed under the Apache License, Version 2.0 (the \"License\");\n * you may not use this file except in compliance with the License.\n * You may obtain a copy of the License at\n *\n *      http://www.apache.org/licenses/LICENSE-2.0\n *\n * Unless required by applicable law or agreed to in writing, software\n * distributed under the License is distributed on an \"AS IS\" BASIS,\n * WITHOUT WARRANTIES OR CONDITIONS OF ANY KIND, either express or implied.\n * See the License for the specific language governing permissions and\n * limitations under the License.\n */\n\nterraform {\n  backend \"gcs\" {\n    bucket                      = \"dnc-dev-resman-dp-0\"\n    impersonate_service_account = \"dnc-dev-resman-dp-0@dnc-prod-iac-core-0.iam.gserviceaccount.com\"\n  }\n}\nprovider \"google\" {\n  impersonate_service_account = \"dnc-dev-resman-dp-0@dnc-prod-iac-core-0.iam.gserviceaccount.com\"\n}\nprovider \"google-beta\" {\n  impersonate_service_account = \"dnc-dev-resman-dp-0@dnc-prod-iac-core-0.iam.gserviceaccount.com\"\n}\n\n# end provider.tf for dp-dev\n",
          "03-data-platform-prod": "/**\n * Copyright 2022 Google LLC\n *\n * Licensed under the Apache License, Version 2.0 (the \"License\");\n * you may not use this file except in compliance with the License.\n * You may obtain a copy of the License at\n *\n *      http://www.apache.org/licenses/LICENSE-2.0\n *\n * Unless required by applicable law or agreed to in writing, software\n * distributed under the License is distributed on an \"AS IS\" BASIS,\n * WITHOUT WARRANTIES OR CONDITIONS OF ANY KIND, either express or implied.\n * See the License for the specific language governing permissions and\n * limitations under the License.\n */\n\nterraform {\n  backend \"gcs\" {\n    bucket                      = \"dnc-prod-resman-dp-0\"\n    impersonate_service_account = \"dnc-prod-resman-dp-0@dnc-prod-iac-core-0.iam.gserviceaccount.com\"\n  }\n}\nprovider \"google\" {\n  impersonate_service_account = \"dnc-prod-resman-dp-0@dnc-prod-iac-core-0.iam.gserviceaccount.com\"\n}\nprovider \"google-beta\" {\n  impersonate_service_account = \"dnc-prod-resman-dp-0@dnc-prod-iac-core-0.iam.gserviceaccount.com\"\n}\n\n# end provider.tf for dp-prod\n",
          "03-gke-dev": "/**\n * Copyright 2022 Google LLC\n *\n * Licensed under the Apache License, Version 2.0 (the \"License\");\n * you may not use this file except in compliance with the License.\n * You may obtain a copy of the License at\n *\n *      http://www.apache.org/licenses/LICENSE-2.0\n *\n * Unless required by applicable law or agreed to in writing, software\n * distributed under the License is distributed on an \"AS IS\" BASIS,\n * WITHOUT WARRANTIES OR CONDITIONS OF ANY KIND, either express or implied.\n * See the License for the specific language governing permissions and\n * limitations under the License.\n */\n\nterraform {\n  backend \"gcs\" {\n    bucket                      = \"dnc-dev-resman-gke-0\"\n    impersonate_service_account = \"dnc-dev-resman-gke-0@dnc-prod-iac-core-0.iam.gserviceaccount.com\"\n  }\n}\nprovider \"google\" {\n  impersonate_service_account = \"dnc-dev-resman-gke-0@dnc-prod-iac-core-0.iam.gserviceaccount.com\"\n}\nprovider \"google-beta\" {\n  impersonate_service_account = \"dnc-dev-resman-gke-0@dnc-prod-iac-core-0.iam.gserviceaccount.com\"\n}\n\n# end provider.tf for gke-dev\n",
          "03-gke-prod": "/**\n * Copyright 2022 Google LLC\n *\n * Licensed under the Apache License, Version 2.0 (the \"License\");\n * you may not use this file except in compliance with the License.\n * You may obtain a copy of the License at\n *\n *      http://www.apache.org/licenses/LICENSE-2.0\n *\n * Unless required by applicable law or agreed to in writing, software\n * distributed under the License is distributed on an \"AS IS\" BASIS,\n * WITHOUT WARRANTIES OR CONDITIONS OF ANY KIND, either express or implied.\n * See the License for the specific language governing permissions and\n * limitations under the License.\n */\n\nterraform {\n  backend \"gcs\" {\n    bucket                      = \"dnc-prod-resman-gke-0\"\n    impersonate_service_account = \"dnc-prod-resman-gke-0@dnc-prod-iac-core-0.iam.gserviceaccount.com\"\n  }\n}\nprovider \"google\" {\n  impersonate_service_account = \"dnc-prod-resman-gke-0@dnc-prod-iac-core-0.iam.gserviceaccount.com\"\n}\nprovider \"google-beta\" {\n  impersonate_service_account = \"dnc-prod-resman-gke-0@dnc-prod-iac-core-0.iam.gserviceaccount.com\"\n}\n\n# end provider.tf for gke-prod\n",
          "03-project-factory-dev": "/**\n * Copyright 2022 Google LLC\n *\n * Licensed under the Apache License, Version 2.0 (the \"License\");\n * you may not use this file except in compliance with the License.\n * You may obtain a copy of the License at\n *\n *      http://www.apache.org/licenses/LICENSE-2.0\n *\n * Unless required by applicable law or agreed to in writing, software\n * distributed under the License is distributed on an \"AS IS\" BASIS,\n * WITHOUT WARRANTIES OR CONDITIONS OF ANY KIND, either express or implied.\n * See the License for the specific language governing permissions and\n * limitations under the License.\n */\n\nterraform {\n  backend \"gcs\" {\n    bucket                      = \"dnc-dev-resman-pf-0\"\n    impersonate_service_account = \"dnc-dev-resman-pf-0@dnc-prod-iac-core-0.iam.gserviceaccount.com\"\n  }\n}\nprovider \"google\" {\n  impersonate_service_account = \"dnc-dev-resman-pf-0@dnc-prod-iac-core-0.iam.gserviceaccount.com\"\n}\nprovider \"google-beta\" {\n  impersonate_service_account = \"dnc-dev-resman-pf-0@dnc-prod-iac-core-0.iam.gserviceaccount.com\"\n}\n\n# end provider.tf for team-dev\n",
          "03-project-factory-prod": "/**\n * Copyright 2022 Google LLC\n *\n * Licensed under the Apache License, Version 2.0 (the \"License\");\n * you may not use this file except in compliance with the License.\n * You may obtain a copy of the License at\n *\n *      http://www.apache.org/licenses/LICENSE-2.0\n *\n * Unless required by applicable law or agreed to in writing, software\n * distributed under the License is distributed on an \"AS IS\" BASIS,\n * WITHOUT WARRANTIES OR CONDITIONS OF ANY KIND, either express or implied.\n * See the License for the specific language governing permissions and\n * limitations under the License.\n */\n\nterraform {\n  backend \"gcs\" {\n    bucket                      = \"dnc-prod-resman-pf-0\"\n    impersonate_service_account = \"dnc-prod-resman-pf-0@dnc-prod-iac-core-0.iam.gserviceaccount.com\"\n  }\n}\nprovider \"google\" {\n  impersonate_service_account = \"dnc-prod-resman-pf-0@dnc-prod-iac-core-0.iam.gserviceaccount.com\"\n}\nprovider \"google-beta\" {\n  impersonate_service_account = \"dnc-prod-resman-pf-0@dnc-prod-iac-core-0.iam.gserviceaccount.com\"\n}\n\n# end provider.tf for team-prod\n",
          "03-teams": "/**\n * Copyright 2022 Google LLC\n *\n * Licensed under the Apache License, Version 2.0 (the \"License\");\n * you may not use this file except in compliance with the License.\n * You may obtain a copy of the License at\n *\n *      http://www.apache.org/licenses/LICENSE-2.0\n *\n * Unless required by applicable law or agreed to in writing, software\n * distributed under the License is distributed on an \"AS IS\" BASIS,\n * WITHOUT WARRANTIES OR CONDITIONS OF ANY KIND, either express or implied.\n * See the License for the specific language governing permissions and\n * limitations under the License.\n */\n\nterraform {\n  backend \"gcs\" {\n    bucket                      = \"dnc-prod-resman-teams-0\"\n    impersonate_service_account = \"dnc-prod-resman-teams-0@dnc-prod-iac-core-0.iam.gserviceaccount.com\"\n  }\n}\nprovider \"google\" {\n  impersonate_service_account = \"dnc-prod-resman-teams-0@dnc-prod-iac-core-0.iam.gserviceaccount.com\"\n}\nprovider \"google-beta\" {\n  impersonate_service_account = \"dnc-prod-resman-teams-0@dnc-prod-iac-core-0.iam.gserviceaccount.com\"\n}\n\n# end provider.tf for teams\n",
          "99-sandbox": "/**\n * Copyright 2022 Google LLC\n *\n * Licensed under the Apache License, Version 2.0 (the \"License\");\n * you may not use this file except in compliance with the License.\n * You may obtain a copy of the License at\n *\n *      http://www.apache.org/licenses/LICENSE-2.0\n *\n * Unless required by applicable law or agreed to in writing, software\n * distributed under the License is distributed on an \"AS IS\" BASIS,\n * WITHOUT WARRANTIES OR CONDITIONS OF ANY KIND, either express or implied.\n * See the License for the specific language governing permissions and\n * limitations under the License.\n */\n\nterraform {\n  backend \"gcs\" {\n    bucket                      = \"dnc-dev-resman-sbox-0\"\n    impersonate_service_account = \"dnc-dev-resman-sbox-0@dnc-prod-iac-core-0.iam.gserviceaccount.com\"\n  }\n}\nprovider \"google\" {\n  impersonate_service_account = \"dnc-dev-resman-sbox-0@dnc-prod-iac-core-0.iam.gserviceaccount.com\"\n}\nprovider \"google-beta\" {\n  impersonate_service_account = \"dnc-dev-resman-sbox-0@dnc-prod-iac-core-0.iam.gserviceaccount.com\"\n}\n\n# end provider.tf for sandbox\n"
        },
        "type": [
          "object",
          {
            "02-networking": "string",
            "02-security": "string",
            "03-data-platform-dev": "string",
            "03-data-platform-prod": "string",
            "03-gke-dev": "string",
            "03-gke-prod": "string",
            "03-project-factory-dev": "string",
            "03-project-factory-prod": "string",
            "03-teams": "string",
            "99-sandbox": "string"
          }
        ],
        "sensitive": true
      },
      "sandbox": {
        "value": {
          "folder": "folders/854693009985",
          "gcs_bucket": "dnc-dev-resman-sbox-0",
          "service_account": "dnc-dev-resman-sbox-0@dnc-prod-iac-core-0.iam.gserviceaccount.com"
        },
        "type": [
          "object",
          {
            "folder": "string",
            "gcs_bucket": "string",
            "service_account": "string"
          }
        ]
      },
      "security": {
        "value": {
          "folder": "folders/936220985985",
          "gcs_bucket": "dnc-prod-resman-sec-0",
          "service_account": "serviceAccount:dnc-prod-resman-sec-0@dnc-prod-iac-core-0.iam.gserviceaccount.com"
        },
        "type": [
          "object",
          {
            "folder": "string",
            "gcs_bucket": "string",
            "service_account": "string"
          }
        ]
      },
      "teams": {
        "value": {},
        "type": [
          "object",
          {}
        ]
      },
      "tfvars": {
        "value": {
          "folder_ids": {
            "data-platform-dev": "folders/622215406915",
            "data-platform-prod": "folders/475593313994",
            "gke-dev": "folders/333078042949",
            "gke-prod": "folders/1036397903949",
            "networking": "folders/450218300185",
            "networking-dev": "folders/919389160070",
            "networking-prod": "folders/730820751951",
            "sandbox": "folders/854693009985",
            "security": "folders/936220985985",
            "teams": "folders/632663774448"
          },
          "service_accounts": {
            "data-platform-dev": "dnc-dev-resman-dp-0@dnc-prod-iac-core-0.iam.gserviceaccount.com",
            "data-platform-prod": "dnc-prod-resman-dp-0@dnc-prod-iac-core-0.iam.gserviceaccount.com",
            "gke-dev": "dnc-dev-resman-gke-0@dnc-prod-iac-core-0.iam.gserviceaccount.com",
            "gke-prod": "dnc-prod-resman-gke-0@dnc-prod-iac-core-0.iam.gserviceaccount.com",
            "networking": "dnc-prod-resman-net-0@dnc-prod-iac-core-0.iam.gserviceaccount.com",
            "project-factory-dev": "dnc-dev-resman-pf-0@dnc-prod-iac-core-0.iam.gserviceaccount.com",
            "project-factory-prod": "dnc-prod-resman-pf-0@dnc-prod-iac-core-0.iam.gserviceaccount.com",
            "sandbox": "dnc-dev-resman-sbox-0@dnc-prod-iac-core-0.iam.gserviceaccount.com",
            "security": "dnc-prod-resman-sec-0@dnc-prod-iac-core-0.iam.gserviceaccount.com",
            "teams": "dnc-prod-resman-teams-0@dnc-prod-iac-core-0.iam.gserviceaccount.com"
          },
          "tag_names": {
            "context": "context",
            "environment": "environment"
          }
        },
        "type": [
          "object",
          {
            "folder_ids": [
              "object",
              {
                "data-platform-dev": "string",
                "data-platform-prod": "string",
                "gke-dev": "string",
                "gke-prod": "string",
                "networking": "string",
                "networking-dev": "string",
                "networking-prod": "string",
                "sandbox": "string",
                "security": "string",
                "teams": "string"
              }
            ],
            "service_accounts": [
              "object",
              {
                "data-platform-dev": "string",
                "data-platform-prod": "string",
                "gke-dev": "string",
                "gke-prod": "string",
                "networking": "string",
                "project-factory-dev": "string",
                "project-factory-prod": "string",
                "sandbox": "string",
                "security": "string",
                "teams": "string"
              }
            ],
            "tag_names": [
              "object",
              {
                "context": "string",
                "environment": "string"
              }
            ]
          }
        ],
        "sensitive": true
      }
    },
    "resources": [
      {
        "mode": "managed",
        "type": "google_organization_iam_member",
        "name": "org_policy_admin_dp",
        "provider": "provider[\"registry.terraform.io/hashicorp/google\"]",
        "instances": [
          {
            "index_key": "data-dev",
            "schema_version": 0,
            "attributes": {
              "condition": [
                {
                  "description": "Org policy tag scoped grant for data/development.",
                  "expression": "resource.matchTag('399163876160/context', 'data')\n\u0026\u0026\nresource.matchTag('399163876160/environment', 'development')\n",
                  "title": "org_policy_tag_dp_scoped"
                }
              ],
              "etag": "BwXv1eQ+0OU=",
              "id": "399163876160/roles/orgpolicy.policyAdmin/serviceAccount:dnc-dev-resman-dp-0@dnc-prod-iac-core-0.iam.gserviceaccount.com/org_policy_tag_dp_scoped/Org policy tag scoped grant for data/development./resource.matchTag('399163876160/context', 'data')\n\u0026\u0026\nresource.matchTag('399163876160/environment', 'development')\n",
              "member": "serviceAccount:dnc-dev-resman-dp-0@dnc-prod-iac-core-0.iam.gserviceaccount.com",
              "org_id": "399163876160",
              "role": "roles/orgpolicy.policyAdmin"
            },
            "sensitive_attributes": [],
            "private": "bnVsbA==",
            "dependencies": [
              "module.branch-dp-dev-sa.data.google_service_account.service_account",
              "module.branch-dp-dev-sa.google_service_account.service_account",
              "module.branch-dp-prod-sa.data.google_service_account.service_account",
              "module.branch-dp-prod-sa.google_service_account.service_account"
            ]
          },
          {
            "index_key": "data-prod",
            "schema_version": 0,
            "attributes": {
              "condition": [
                {
                  "description": "Org policy tag scoped grant for data/production.",
                  "expression": "resource.matchTag('399163876160/context', 'data')\n\u0026\u0026\nresource.matchTag('399163876160/environment', 'production')\n",
                  "title": "org_policy_tag_dp_scoped"
                }
              ],
              "etag": "BwXv1eQ+0OU=",
              "id": "399163876160/roles/orgpolicy.policyAdmin/serviceAccount:dnc-prod-resman-dp-0@dnc-prod-iac-core-0.iam.gserviceaccount.com/org_policy_tag_dp_scoped/Org policy tag scoped grant for data/production./resource.matchTag('399163876160/context', 'data')\n\u0026\u0026\nresource.matchTag('399163876160/environment', 'production')\n",
              "member": "serviceAccount:dnc-prod-resman-dp-0@dnc-prod-iac-core-0.iam.gserviceaccount.com",
              "org_id": "399163876160",
              "role": "roles/orgpolicy.policyAdmin"
            },
            "sensitive_attributes": [],
            "private": "bnVsbA==",
            "dependencies": [
              "module.branch-dp-dev-sa.data.google_service_account.service_account",
              "module.branch-dp-dev-sa.google_service_account.service_account",
              "module.branch-dp-prod-sa.data.google_service_account.service_account",
              "module.branch-dp-prod-sa.google_service_account.service_account"
            ]
          }
        ]
      },
      {
        "mode": "managed",
        "type": "google_organization_iam_member",
        "name": "org_policy_admin_pf",
        "provider": "provider[\"registry.terraform.io/hashicorp/google\"]",
        "instances": [
          {
            "index_key": "pf-dev",
            "schema_version": 0,
            "attributes": {
              "condition": [
                {
                  "description": "Org policy tag scoped grant for teams/development.",
                  "expression": "resource.matchTag('399163876160/context', 'teams')\n\u0026\u0026\nresource.matchTag('399163876160/environment', 'development')\n",
                  "title": "org_policy_tag_pf_scoped"
                }
              ],
              "etag": "BwXv1eQ+0OU=",
              "id": "399163876160/roles/orgpolicy.policyAdmin/serviceAccount:dnc-dev-resman-pf-0@dnc-prod-iac-core-0.iam.gserviceaccount.com/org_policy_tag_pf_scoped/Org policy tag scoped grant for teams/development./resource.matchTag('399163876160/context', 'teams')\n\u0026\u0026\nresource.matchTag('399163876160/environment', 'development')\n",
              "member": "serviceAccount:dnc-dev-resman-pf-0@dnc-prod-iac-core-0.iam.gserviceaccount.com",
              "org_id": "399163876160",
              "role": "roles/orgpolicy.policyAdmin"
            },
            "sensitive_attributes": [],
            "private": "bnVsbA==",
            "dependencies": [
              "module.branch-pf-dev-sa.data.google_service_account.service_account",
              "module.branch-pf-dev-sa.google_service_account.service_account",
              "module.branch-pf-prod-sa.data.google_service_account.service_account",
              "module.branch-pf-prod-sa.google_service_account.service_account"
            ]
          },
          {
            "index_key": "pf-prod",
            "schema_version": 0,
            "attributes": {
              "condition": [
                {
                  "description": "Org policy tag scoped grant for teams/production.",
                  "expression": "resource.matchTag('399163876160/context', 'teams')\n\u0026\u0026\nresource.matchTag('399163876160/environment', 'production')\n",
                  "title": "org_policy_tag_pf_scoped"
                }
              ],
              "etag": "BwXv1eQ+0OU=",
              "id": "399163876160/roles/orgpolicy.policyAdmin/serviceAccount:dnc-prod-resman-pf-0@dnc-prod-iac-core-0.iam.gserviceaccount.com/org_policy_tag_pf_scoped/Org policy tag scoped grant for teams/production./resource.matchTag('399163876160/context', 'teams')\n\u0026\u0026\nresource.matchTag('399163876160/environment', 'production')\n",
              "member": "serviceAccount:dnc-prod-resman-pf-0@dnc-prod-iac-core-0.iam.gserviceaccount.com",
              "org_id": "399163876160",
              "role": "roles/orgpolicy.policyAdmin"
            },
            "sensitive_attributes": [],
            "private": "bnVsbA==",
            "dependencies": [
              "module.branch-pf-dev-sa.data.google_service_account.service_account",
              "module.branch-pf-dev-sa.google_service_account.service_account",
              "module.branch-pf-prod-sa.data.google_service_account.service_account",
              "module.branch-pf-prod-sa.google_service_account.service_account"
            ]
          }
        ]
      },
      {
        "mode": "managed",
        "type": "google_storage_bucket_object",
        "name": "providers",
        "provider": "provider[\"registry.terraform.io/hashicorp/google\"]",
        "instances": [
          {
            "index_key": "02-networking",
            "schema_version": 0,
            "attributes": {
              "bucket": "dnc-prod-iac-core-outputs-0",
              "cache_control": "",
              "content": "/**\n * Copyright 2022 Google LLC\n *\n * Licensed under the Apache License, Version 2.0 (the \"License\");\n * you may not use this file except in compliance with the License.\n * You may obtain a copy of the License at\n *\n *      http://www.apache.org/licenses/LICENSE-2.0\n *\n * Unless required by applicable law or agreed to in writing, software\n * distributed under the License is distributed on an \"AS IS\" BASIS,\n * WITHOUT WARRANTIES OR CONDITIONS OF ANY KIND, either express or implied.\n * See the License for the specific language governing permissions and\n * limitations under the License.\n */\n\nterraform {\n  backend \"gcs\" {\n    bucket                      = \"dnc-prod-resman-net-0\"\n    impersonate_service_account = \"dnc-prod-resman-net-0@dnc-prod-iac-core-0.iam.gserviceaccount.com\"\n  }\n}\nprovider \"google\" {\n  impersonate_service_account = \"dnc-prod-resman-net-0@dnc-prod-iac-core-0.iam.gserviceaccount.com\"\n}\nprovider \"google-beta\" {\n  impersonate_service_account = \"dnc-prod-resman-net-0@dnc-prod-iac-core-0.iam.gserviceaccount.com\"\n}\n\n# end provider.tf for networking\n",
              "content_disposition": "",
              "content_encoding": "",
              "content_language": "",
              "content_type": "text/plain; charset=utf-8",
              "crc32c": "CXHbXA==",
              "customer_encryption": [],
              "detect_md5hash": "eD13yBZUbfR6NbzEDjtxnA==",
              "event_based_hold": false,
              "id": "dnc-prod-iac-core-outputs-0-providers/02-networking-providers.tf",
              "kms_key_name": "",
              "md5hash": "eD13yBZUbfR6NbzEDjtxnA==",
              "media_link": "https://storage.googleapis.com/download/storage/v1/b/dnc-prod-iac-core-outputs-0/o/providers%2F02-networking-providers.tf?generation=1671076840884995\u0026alt=media",
              "metadata": {},
              "name": "providers/02-networking-providers.tf",
              "output_name": "providers/02-networking-providers.tf",
              "self_link": "https://www.googleapis.com/storage/v1/b/dnc-prod-iac-core-outputs-0/o/providers%2F02-networking-providers.tf",
              "source": null,
              "storage_class": "REGIONAL",
              "temporary_hold": false,
              "timeouts": null
            },
            "sensitive_attributes": [],
            "private": "eyJlMmJmYjczMC1lY2FhLTExZTYtOGY4OC0zNDM2M2JjN2M0YzAiOnsiY3JlYXRlIjoyNDAwMDAwMDAwMDAsImRlbGV0ZSI6MjQwMDAwMDAwMDAwLCJ1cGRhdGUiOjI0MDAwMDAwMDAwMH19",
            "dependencies": [
              "module.branch-dp-dev-gcs.google_storage_bucket.bucket",
              "module.branch-dp-dev-gcs.google_storage_bucket_iam_binding.bindings",
              "module.branch-dp-dev-sa.data.google_service_account.service_account",
              "module.branch-dp-dev-sa.google_service_account.service_account",
              "module.branch-dp-prod-gcs.google_storage_bucket.bucket",
              "module.branch-dp-prod-gcs.google_storage_bucket_iam_binding.bindings",
              "module.branch-dp-prod-sa.data.google_service_account.service_account",
              "module.branch-dp-prod-sa.google_service_account.service_account",
              "module.branch-gke-dev-gcs.google_storage_bucket.bucket",
              "module.branch-gke-dev-gcs.google_storage_bucket_iam_binding.bindings",
              "module.branch-gke-dev-sa.data.google_service_account.service_account",
              "module.branch-gke-dev-sa.google_service_account.service_account",
              "module.branch-gke-prod-gcs.google_storage_bucket.bucket",
              "module.branch-gke-prod-gcs.google_storage_bucket_iam_binding.bindings",
              "module.branch-gke-prod-sa.data.google_service_account.service_account",
              "module.branch-gke-prod-sa.google_service_account.service_account",
              "module.branch-network-gcs.google_storage_bucket.bucket",
              "module.branch-network-gcs.google_storage_bucket_iam_binding.bindings",
              "module.branch-network-sa.data.google_service_account.service_account",
              "module.branch-network-sa.google_service_account.service_account",
              "module.branch-pf-dev-gcs.google_storage_bucket.bucket",
              "module.branch-pf-dev-gcs.google_storage_bucket_iam_binding.bindings",
              "module.branch-pf-dev-sa.data.google_service_account.service_account",
              "module.branch-pf-dev-sa.google_service_account.service_account",
              "module.branch-pf-prod-gcs.google_storage_bucket.bucket",
              "module.branch-pf-prod-gcs.google_storage_bucket_iam_binding.bindings",
              "module.branch-pf-prod-sa.data.google_service_account.service_account",
              "module.branch-pf-prod-sa.google_service_account.service_account",
              "module.branch-sandbox-gcs.google_storage_bucket.bucket",
              "module.branch-sandbox-gcs.google_storage_bucket_iam_binding.bindings",
              "module.branch-sandbox-sa.data.google_service_account.service_account",
              "module.branch-sandbox-sa.google_service_account.service_account",
              "module.branch-security-gcs.google_storage_bucket.bucket",
              "module.branch-security-gcs.google_storage_bucket_iam_binding.bindings",
              "module.branch-security-sa.data.google_service_account.service_account",
              "module.branch-security-sa.google_service_account.service_account",
              "module.branch-teams-gcs.google_storage_bucket.bucket",
              "module.branch-teams-gcs.google_storage_bucket_iam_binding.bindings",
              "module.branch-teams-sa.data.google_service_account.service_account",
              "module.branch-teams-sa.google_service_account.service_account",
              "module.branch-teams-team-gcs.google_pubsub_topic.topic",
              "module.branch-teams-team-gcs.google_pubsub_topic_iam_binding.binding",
              "module.branch-teams-team-gcs.google_storage_bucket.bucket",
              "module.branch-teams-team-gcs.google_storage_bucket_iam_binding.bindings",
              "module.branch-teams-team-gcs.google_storage_notification.notification",
              "module.branch-teams-team-sa.data.google_service_account.service_account",
              "module.branch-teams-team-sa.google_billing_account_iam_member.billing-roles",
              "module.branch-teams-team-sa.google_folder_iam_member.folder-roles",
              "module.branch-teams-team-sa.google_organization_iam_member.organization-roles",
              "module.branch-teams-team-sa.google_project_iam_member.project-roles",
              "module.branch-teams-team-sa.google_service_account.service_account",
              "module.branch-teams-team-sa.google_service_account_iam_binding.roles",
              "module.branch-teams-team-sa.google_service_account_iam_member.additive",
              "module.branch-teams-team-sa.google_service_account_iam_member.roles",
              "module.branch-teams-team-sa.google_service_account_key.key",
              "module.branch-teams-team-sa.google_service_account_key.upload_key",
              "module.branch-teams-team-sa.google_storage_bucket_iam_member.bucket-roles"
            ]
          },
          {
            "index_key": "02-security",
            "schema_version": 0,
            "attributes": {
              "bucket": "dnc-prod-iac-core-outputs-0",
              "cache_control": "",
              "content": "/**\n * Copyright 2022 Google LLC\n *\n * Licensed under the Apache License, Version 2.0 (the \"License\");\n * you may not use this file except in compliance with the License.\n * You may obtain a copy of the License at\n *\n *      http://www.apache.org/licenses/LICENSE-2.0\n *\n * Unless required by applicable law or agreed to in writing, software\n * distributed under the License is distributed on an \"AS IS\" BASIS,\n * WITHOUT WARRANTIES OR CONDITIONS OF ANY KIND, either express or implied.\n * See the License for the specific language governing permissions and\n * limitations under the License.\n */\n\nterraform {\n  backend \"gcs\" {\n    bucket                      = \"dnc-prod-resman-sec-0\"\n    impersonate_service_account = \"dnc-prod-resman-sec-0@dnc-prod-iac-core-0.iam.gserviceaccount.com\"\n  }\n}\nprovider \"google\" {\n  impersonate_service_account = \"dnc-prod-resman-sec-0@dnc-prod-iac-core-0.iam.gserviceaccount.com\"\n}\nprovider \"google-beta\" {\n  impersonate_service_account = \"dnc-prod-resman-sec-0@dnc-prod-iac-core-0.iam.gserviceaccount.com\"\n}\n\n# end provider.tf for security\n",
              "content_disposition": "",
              "content_encoding": "",
              "content_language": "",
              "content_type": "text/plain; charset=utf-8",
              "crc32c": "YC6n0Q==",
              "customer_encryption": [],
              "detect_md5hash": "JB5oz8jgWou9GyZFxuu73g==",
              "event_based_hold": false,
              "id": "dnc-prod-iac-core-outputs-0-providers/02-security-providers.tf",
              "kms_key_name": "",
              "md5hash": "JB5oz8jgWou9GyZFxuu73g==",
              "media_link": "https://storage.googleapis.com/download/storage/v1/b/dnc-prod-iac-core-outputs-0/o/providers%2F02-security-providers.tf?generation=1671076841577618\u0026alt=media",
              "metadata": {},
              "name": "providers/02-security-providers.tf",
              "output_name": "providers/02-security-providers.tf",
              "self_link": "https://www.googleapis.com/storage/v1/b/dnc-prod-iac-core-outputs-0/o/providers%2F02-security-providers.tf",
              "source": null,
              "storage_class": "REGIONAL",
              "temporary_hold": false,
              "timeouts": null
            },
            "sensitive_attributes": [],
            "private": "eyJlMmJmYjczMC1lY2FhLTExZTYtOGY4OC0zNDM2M2JjN2M0YzAiOnsiY3JlYXRlIjoyNDAwMDAwMDAwMDAsImRlbGV0ZSI6MjQwMDAwMDAwMDAwLCJ1cGRhdGUiOjI0MDAwMDAwMDAwMH19",
            "dependencies": [
              "module.branch-dp-dev-gcs.google_storage_bucket.bucket",
              "module.branch-dp-dev-gcs.google_storage_bucket_iam_binding.bindings",
              "module.branch-dp-dev-sa.data.google_service_account.service_account",
              "module.branch-dp-dev-sa.google_service_account.service_account",
              "module.branch-dp-prod-gcs.google_storage_bucket.bucket",
              "module.branch-dp-prod-gcs.google_storage_bucket_iam_binding.bindings",
              "module.branch-dp-prod-sa.data.google_service_account.service_account",
              "module.branch-dp-prod-sa.google_service_account.service_account",
              "module.branch-gke-dev-gcs.google_storage_bucket.bucket",
              "module.branch-gke-dev-gcs.google_storage_bucket_iam_binding.bindings",
              "module.branch-gke-dev-sa.data.google_service_account.service_account",
              "module.branch-gke-dev-sa.google_service_account.service_account",
              "module.branch-gke-prod-gcs.google_storage_bucket.bucket",
              "module.branch-gke-prod-gcs.google_storage_bucket_iam_binding.bindings",
              "module.branch-gke-prod-sa.data.google_service_account.service_account",
              "module.branch-gke-prod-sa.google_service_account.service_account",
              "module.branch-network-gcs.google_storage_bucket.bucket",
              "module.branch-network-gcs.google_storage_bucket_iam_binding.bindings",
              "module.branch-network-sa.data.google_service_account.service_account",
              "module.branch-network-sa.google_service_account.service_account",
              "module.branch-pf-dev-gcs.google_storage_bucket.bucket",
              "module.branch-pf-dev-gcs.google_storage_bucket_iam_binding.bindings",
              "module.branch-pf-dev-sa.data.google_service_account.service_account",
              "module.branch-pf-dev-sa.google_service_account.service_account",
              "module.branch-pf-prod-gcs.google_storage_bucket.bucket",
              "module.branch-pf-prod-gcs.google_storage_bucket_iam_binding.bindings",
              "module.branch-pf-prod-sa.data.google_service_account.service_account",
              "module.branch-pf-prod-sa.google_service_account.service_account",
              "module.branch-sandbox-gcs.google_storage_bucket.bucket",
              "module.branch-sandbox-gcs.google_storage_bucket_iam_binding.bindings",
              "module.branch-sandbox-sa.data.google_service_account.service_account",
              "module.branch-sandbox-sa.google_service_account.service_account",
              "module.branch-security-gcs.google_storage_bucket.bucket",
              "module.branch-security-gcs.google_storage_bucket_iam_binding.bindings",
              "module.branch-security-sa.data.google_service_account.service_account",
              "module.branch-security-sa.google_service_account.service_account",
              "module.branch-teams-gcs.google_storage_bucket.bucket",
              "module.branch-teams-gcs.google_storage_bucket_iam_binding.bindings",
              "module.branch-teams-sa.data.google_service_account.service_account",
              "module.branch-teams-sa.google_service_account.service_account",
              "module.branch-teams-team-gcs.google_pubsub_topic.topic",
              "module.branch-teams-team-gcs.google_pubsub_topic_iam_binding.binding",
              "module.branch-teams-team-gcs.google_storage_bucket.bucket",
              "module.branch-teams-team-gcs.google_storage_bucket_iam_binding.bindings",
              "module.branch-teams-team-gcs.google_storage_notification.notification",
              "module.branch-teams-team-sa.data.google_service_account.service_account",
              "module.branch-teams-team-sa.google_billing_account_iam_member.billing-roles",
              "module.branch-teams-team-sa.google_folder_iam_member.folder-roles",
              "module.branch-teams-team-sa.google_organization_iam_member.organization-roles",
              "module.branch-teams-team-sa.google_project_iam_member.project-roles",
              "module.branch-teams-team-sa.google_service_account.service_account",
              "module.branch-teams-team-sa.google_service_account_iam_binding.roles",
              "module.branch-teams-team-sa.google_service_account_iam_member.additive",
              "module.branch-teams-team-sa.google_service_account_iam_member.roles",
              "module.branch-teams-team-sa.google_service_account_key.key",
              "module.branch-teams-team-sa.google_service_account_key.upload_key",
              "module.branch-teams-team-sa.google_storage_bucket_iam_member.bucket-roles"
            ]
          },
          {
            "index_key": "03-data-platform-dev",
            "schema_version": 0,
            "attributes": {
              "bucket": "dnc-prod-iac-core-outputs-0",
              "cache_control": "",
              "content": "/**\n * Copyright 2022 Google LLC\n *\n * Licensed under the Apache License, Version 2.0 (the \"License\");\n * you may not use this file except in compliance with the License.\n * You may obtain a copy of the License at\n *\n *      http://www.apache.org/licenses/LICENSE-2.0\n *\n * Unless required by applicable law or agreed to in writing, software\n * distributed under the License is distributed on an \"AS IS\" BASIS,\n * WITHOUT WARRANTIES OR CONDITIONS OF ANY KIND, either express or implied.\n * See the License for the specific language governing permissions and\n * limitations under the License.\n */\n\nterraform {\n  backend \"gcs\" {\n    bucket                      = \"dnc-dev-resman-dp-0\"\n    impersonate_service_account = \"dnc-dev-resman-dp-0@dnc-prod-iac-core-0.iam.gserviceaccount.com\"\n  }\n}\nprovider \"google\" {\n  impersonate_service_account = \"dnc-dev-resman-dp-0@dnc-prod-iac-core-0.iam.gserviceaccount.com\"\n}\nprovider \"google-beta\" {\n  impersonate_service_account = \"dnc-dev-resman-dp-0@dnc-prod-iac-core-0.iam.gserviceaccount.com\"\n}\n\n# end provider.tf for dp-dev\n",
              "content_disposition": "",
              "content_encoding": "",
              "content_language": "",
              "content_type": "text/plain; charset=utf-8",
              "crc32c": "OQwFdw==",
              "customer_encryption": [],
              "detect_md5hash": "9JgiWGrSVti20lIC8XbD/A==",
              "event_based_hold": false,
              "id": "dnc-prod-iac-core-outputs-0-providers/03-data-platform-dev-providers.tf",
              "kms_key_name": "",
              "md5hash": "9JgiWGrSVti20lIC8XbD/A==",
              "media_link": "https://storage.googleapis.com/download/storage/v1/b/dnc-prod-iac-core-outputs-0/o/providers%2F03-data-platform-dev-providers.tf?generation=1671076841736139\u0026alt=media",
              "metadata": {},
              "name": "providers/03-data-platform-dev-providers.tf",
              "output_name": "providers/03-data-platform-dev-providers.tf",
              "self_link": "https://www.googleapis.com/storage/v1/b/dnc-prod-iac-core-outputs-0/o/providers%2F03-data-platform-dev-providers.tf",
              "source": null,
              "storage_class": "REGIONAL",
              "temporary_hold": false,
              "timeouts": null
            },
            "sensitive_attributes": [],
            "private": "eyJlMmJmYjczMC1lY2FhLTExZTYtOGY4OC0zNDM2M2JjN2M0YzAiOnsiY3JlYXRlIjoyNDAwMDAwMDAwMDAsImRlbGV0ZSI6MjQwMDAwMDAwMDAwLCJ1cGRhdGUiOjI0MDAwMDAwMDAwMH19",
            "dependencies": [
              "module.branch-dp-dev-gcs.google_storage_bucket.bucket",
              "module.branch-dp-dev-gcs.google_storage_bucket_iam_binding.bindings",
              "module.branch-dp-dev-sa.data.google_service_account.service_account",
              "module.branch-dp-dev-sa.google_service_account.service_account",
              "module.branch-dp-prod-gcs.google_storage_bucket.bucket",
              "module.branch-dp-prod-gcs.google_storage_bucket_iam_binding.bindings",
              "module.branch-dp-prod-sa.data.google_service_account.service_account",
              "module.branch-dp-prod-sa.google_service_account.service_account",
              "module.branch-gke-dev-gcs.google_storage_bucket.bucket",
              "module.branch-gke-dev-gcs.google_storage_bucket_iam_binding.bindings",
              "module.branch-gke-dev-sa.data.google_service_account.service_account",
              "module.branch-gke-dev-sa.google_service_account.service_account",
              "module.branch-gke-prod-gcs.google_storage_bucket.bucket",
              "module.branch-gke-prod-gcs.google_storage_bucket_iam_binding.bindings",
              "module.branch-gke-prod-sa.data.google_service_account.service_account",
              "module.branch-gke-prod-sa.google_service_account.service_account",
              "module.branch-network-gcs.google_storage_bucket.bucket",
              "module.branch-network-gcs.google_storage_bucket_iam_binding.bindings",
              "module.branch-network-sa.data.google_service_account.service_account",
              "module.branch-network-sa.google_service_account.service_account",
              "module.branch-pf-dev-gcs.google_storage_bucket.bucket",
              "module.branch-pf-dev-gcs.google_storage_bucket_iam_binding.bindings",
              "module.branch-pf-dev-sa.data.google_service_account.service_account",
              "module.branch-pf-dev-sa.google_service_account.service_account",
              "module.branch-pf-prod-gcs.google_storage_bucket.bucket",
              "module.branch-pf-prod-gcs.google_storage_bucket_iam_binding.bindings",
              "module.branch-pf-prod-sa.data.google_service_account.service_account",
              "module.branch-pf-prod-sa.google_service_account.service_account",
              "module.branch-sandbox-gcs.google_storage_bucket.bucket",
              "module.branch-sandbox-gcs.google_storage_bucket_iam_binding.bindings",
              "module.branch-sandbox-sa.data.google_service_account.service_account",
              "module.branch-sandbox-sa.google_service_account.service_account",
              "module.branch-security-gcs.google_storage_bucket.bucket",
              "module.branch-security-gcs.google_storage_bucket_iam_binding.bindings",
              "module.branch-security-sa.data.google_service_account.service_account",
              "module.branch-security-sa.google_service_account.service_account",
              "module.branch-teams-gcs.google_storage_bucket.bucket",
              "module.branch-teams-gcs.google_storage_bucket_iam_binding.bindings",
              "module.branch-teams-sa.data.google_service_account.service_account",
              "module.branch-teams-sa.google_service_account.service_account",
              "module.branch-teams-team-gcs.google_pubsub_topic.topic",
              "module.branch-teams-team-gcs.google_pubsub_topic_iam_binding.binding",
              "module.branch-teams-team-gcs.google_storage_bucket.bucket",
              "module.branch-teams-team-gcs.google_storage_bucket_iam_binding.bindings",
              "module.branch-teams-team-gcs.google_storage_notification.notification",
              "module.branch-teams-team-sa.data.google_service_account.service_account",
              "module.branch-teams-team-sa.google_billing_account_iam_member.billing-roles",
              "module.branch-teams-team-sa.google_folder_iam_member.folder-roles",
              "module.branch-teams-team-sa.google_organization_iam_member.organization-roles",
              "module.branch-teams-team-sa.google_project_iam_member.project-roles",
              "module.branch-teams-team-sa.google_service_account.service_account",
              "module.branch-teams-team-sa.google_service_account_iam_binding.roles",
              "module.branch-teams-team-sa.google_service_account_iam_member.additive",
              "module.branch-teams-team-sa.google_service_account_iam_member.roles",
              "module.branch-teams-team-sa.google_service_account_key.key",
              "module.branch-teams-team-sa.google_service_account_key.upload_key",
              "module.branch-teams-team-sa.google_storage_bucket_iam_member.bucket-roles"
            ]
          },
          {
            "index_key": "03-data-platform-prod",
            "schema_version": 0,
            "attributes": {
              "bucket": "dnc-prod-iac-core-outputs-0",
              "cache_control": "",
              "content": "/**\n * Copyright 2022 Google LLC\n *\n * Licensed under the Apache License, Version 2.0 (the \"License\");\n * you may not use this file except in compliance with the License.\n * You may obtain a copy of the License at\n *\n *      http://www.apache.org/licenses/LICENSE-2.0\n *\n * Unless required by applicable law or agreed to in writing, software\n * distributed under the License is distributed on an \"AS IS\" BASIS,\n * WITHOUT WARRANTIES OR CONDITIONS OF ANY KIND, either express or implied.\n * See the License for the specific language governing permissions and\n * limitations under the License.\n */\n\nterraform {\n  backend \"gcs\" {\n    bucket                      = \"dnc-prod-resman-dp-0\"\n    impersonate_service_account = \"dnc-prod-resman-dp-0@dnc-prod-iac-core-0.iam.gserviceaccount.com\"\n  }\n}\nprovider \"google\" {\n  impersonate_service_account = \"dnc-prod-resman-dp-0@dnc-prod-iac-core-0.iam.gserviceaccount.com\"\n}\nprovider \"google-beta\" {\n  impersonate_service_account = \"dnc-prod-resman-dp-0@dnc-prod-iac-core-0.iam.gserviceaccount.com\"\n}\n\n# end provider.tf for dp-prod\n",
              "content_disposition": "",
              "content_encoding": "",
              "content_language": "",
              "content_type": "text/plain; charset=utf-8",
              "crc32c": "MYpkFg==",
              "customer_encryption": [],
              "detect_md5hash": "1aDHg8ZqBwZ/kgJyU8zY2A==",
              "event_based_hold": false,
              "id": "dnc-prod-iac-core-outputs-0-providers/03-data-platform-prod-providers.tf",
              "kms_key_name": "",
              "md5hash": "1aDHg8ZqBwZ/kgJyU8zY2A==",
              "media_link": "https://storage.googleapis.com/download/storage/v1/b/dnc-prod-iac-core-outputs-0/o/providers%2F03-data-platform-prod-providers.tf?generation=1671076842227767\u0026alt=media",
              "metadata": {},
              "name": "providers/03-data-platform-prod-providers.tf",
              "output_name": "providers/03-data-platform-prod-providers.tf",
              "self_link": "https://www.googleapis.com/storage/v1/b/dnc-prod-iac-core-outputs-0/o/providers%2F03-data-platform-prod-providers.tf",
              "source": null,
              "storage_class": "REGIONAL",
              "temporary_hold": false,
              "timeouts": null
            },
            "sensitive_attributes": [],
            "private": "eyJlMmJmYjczMC1lY2FhLTExZTYtOGY4OC0zNDM2M2JjN2M0YzAiOnsiY3JlYXRlIjoyNDAwMDAwMDAwMDAsImRlbGV0ZSI6MjQwMDAwMDAwMDAwLCJ1cGRhdGUiOjI0MDAwMDAwMDAwMH19",
            "dependencies": [
              "module.branch-dp-dev-gcs.google_storage_bucket.bucket",
              "module.branch-dp-dev-gcs.google_storage_bucket_iam_binding.bindings",
              "module.branch-dp-dev-sa.data.google_service_account.service_account",
              "module.branch-dp-dev-sa.google_service_account.service_account",
              "module.branch-dp-prod-gcs.google_storage_bucket.bucket",
              "module.branch-dp-prod-gcs.google_storage_bucket_iam_binding.bindings",
              "module.branch-dp-prod-sa.data.google_service_account.service_account",
              "module.branch-dp-prod-sa.google_service_account.service_account",
              "module.branch-gke-dev-gcs.google_storage_bucket.bucket",
              "module.branch-gke-dev-gcs.google_storage_bucket_iam_binding.bindings",
              "module.branch-gke-dev-sa.data.google_service_account.service_account",
              "module.branch-gke-dev-sa.google_service_account.service_account",
              "module.branch-gke-prod-gcs.google_storage_bucket.bucket",
              "module.branch-gke-prod-gcs.google_storage_bucket_iam_binding.bindings",
              "module.branch-gke-prod-sa.data.google_service_account.service_account",
              "module.branch-gke-prod-sa.google_service_account.service_account",
              "module.branch-network-gcs.google_storage_bucket.bucket",
              "module.branch-network-gcs.google_storage_bucket_iam_binding.bindings",
              "module.branch-network-sa.data.google_service_account.service_account",
              "module.branch-network-sa.google_service_account.service_account",
              "module.branch-pf-dev-gcs.google_storage_bucket.bucket",
              "module.branch-pf-dev-gcs.google_storage_bucket_iam_binding.bindings",
              "module.branch-pf-dev-sa.data.google_service_account.service_account",
              "module.branch-pf-dev-sa.google_service_account.service_account",
              "module.branch-pf-prod-gcs.google_storage_bucket.bucket",
              "module.branch-pf-prod-gcs.google_storage_bucket_iam_binding.bindings",
              "module.branch-pf-prod-sa.data.google_service_account.service_account",
              "module.branch-pf-prod-sa.google_service_account.service_account",
              "module.branch-sandbox-gcs.google_storage_bucket.bucket",
              "module.branch-sandbox-gcs.google_storage_bucket_iam_binding.bindings",
              "module.branch-sandbox-sa.data.google_service_account.service_account",
              "module.branch-sandbox-sa.google_service_account.service_account",
              "module.branch-security-gcs.google_storage_bucket.bucket",
              "module.branch-security-gcs.google_storage_bucket_iam_binding.bindings",
              "module.branch-security-sa.data.google_service_account.service_account",
              "module.branch-security-sa.google_service_account.service_account",
              "module.branch-teams-gcs.google_storage_bucket.bucket",
              "module.branch-teams-gcs.google_storage_bucket_iam_binding.bindings",
              "module.branch-teams-sa.data.google_service_account.service_account",
              "module.branch-teams-sa.google_service_account.service_account",
              "module.branch-teams-team-gcs.google_pubsub_topic.topic",
              "module.branch-teams-team-gcs.google_pubsub_topic_iam_binding.binding",
              "module.branch-teams-team-gcs.google_storage_bucket.bucket",
              "module.branch-teams-team-gcs.google_storage_bucket_iam_binding.bindings",
              "module.branch-teams-team-gcs.google_storage_notification.notification",
              "module.branch-teams-team-sa.data.google_service_account.service_account",
              "module.branch-teams-team-sa.google_billing_account_iam_member.billing-roles",
              "module.branch-teams-team-sa.google_folder_iam_member.folder-roles",
              "module.branch-teams-team-sa.google_organization_iam_member.organization-roles",
              "module.branch-teams-team-sa.google_project_iam_member.project-roles",
              "module.branch-teams-team-sa.google_service_account.service_account",
              "module.branch-teams-team-sa.google_service_account_iam_binding.roles",
              "module.branch-teams-team-sa.google_service_account_iam_member.additive",
              "module.branch-teams-team-sa.google_service_account_iam_member.roles",
              "module.branch-teams-team-sa.google_service_account_key.key",
              "module.branch-teams-team-sa.google_service_account_key.upload_key",
              "module.branch-teams-team-sa.google_storage_bucket_iam_member.bucket-roles"
            ]
          },
          {
            "index_key": "03-gke-dev",
            "schema_version": 0,
            "attributes": {
              "bucket": "dnc-prod-iac-core-outputs-0",
              "cache_control": "",
              "content": "/**\n * Copyright 2022 Google LLC\n *\n * Licensed under the Apache License, Version 2.0 (the \"License\");\n * you may not use this file except in compliance with the License.\n * You may obtain a copy of the License at\n *\n *      http://www.apache.org/licenses/LICENSE-2.0\n *\n * Unless required by applicable law or agreed to in writing, software\n * distributed under the License is distributed on an \"AS IS\" BASIS,\n * WITHOUT WARRANTIES OR CONDITIONS OF ANY KIND, either express or implied.\n * See the License for the specific language governing permissions and\n * limitations under the License.\n */\n\nterraform {\n  backend \"gcs\" {\n    bucket                      = \"dnc-dev-resman-gke-0\"\n    impersonate_service_account = \"dnc-dev-resman-gke-0@dnc-prod-iac-core-0.iam.gserviceaccount.com\"\n  }\n}\nprovider \"google\" {\n  impersonate_service_account = \"dnc-dev-resman-gke-0@dnc-prod-iac-core-0.iam.gserviceaccount.com\"\n}\nprovider \"google-beta\" {\n  impersonate_service_account = \"dnc-dev-resman-gke-0@dnc-prod-iac-core-0.iam.gserviceaccount.com\"\n}\n\n# end provider.tf for gke-dev\n",
              "content_disposition": "",
              "content_encoding": "",
              "content_language": "",
              "content_type": "text/plain; charset=utf-8",
              "crc32c": "gXgYDw==",
              "customer_encryption": [],
              "detect_md5hash": "T/VccMuMc+9JAOpbEfmyaw==",
              "event_based_hold": false,
              "id": "dnc-prod-iac-core-outputs-0-providers/03-gke-dev-providers.tf",
              "kms_key_name": "",
              "md5hash": "T/VccMuMc+9JAOpbEfmyaw==",
              "media_link": "https://storage.googleapis.com/download/storage/v1/b/dnc-prod-iac-core-outputs-0/o/providers%2F03-gke-dev-providers.tf?generation=1671076841234273\u0026alt=media",
              "metadata": {},
              "name": "providers/03-gke-dev-providers.tf",
              "output_name": "providers/03-gke-dev-providers.tf",
              "self_link": "https://www.googleapis.com/storage/v1/b/dnc-prod-iac-core-outputs-0/o/providers%2F03-gke-dev-providers.tf",
              "source": null,
              "storage_class": "REGIONAL",
              "temporary_hold": false,
              "timeouts": null
            },
            "sensitive_attributes": [],
            "private": "eyJlMmJmYjczMC1lY2FhLTExZTYtOGY4OC0zNDM2M2JjN2M0YzAiOnsiY3JlYXRlIjoyNDAwMDAwMDAwMDAsImRlbGV0ZSI6MjQwMDAwMDAwMDAwLCJ1cGRhdGUiOjI0MDAwMDAwMDAwMH19",
            "dependencies": [
              "module.branch-dp-dev-gcs.google_storage_bucket.bucket",
              "module.branch-dp-dev-gcs.google_storage_bucket_iam_binding.bindings",
              "module.branch-dp-dev-sa.data.google_service_account.service_account",
              "module.branch-dp-dev-sa.google_service_account.service_account",
              "module.branch-dp-prod-gcs.google_storage_bucket.bucket",
              "module.branch-dp-prod-gcs.google_storage_bucket_iam_binding.bindings",
              "module.branch-dp-prod-sa.data.google_service_account.service_account",
              "module.branch-dp-prod-sa.google_service_account.service_account",
              "module.branch-gke-dev-gcs.google_storage_bucket.bucket",
              "module.branch-gke-dev-gcs.google_storage_bucket_iam_binding.bindings",
              "module.branch-gke-dev-sa.data.google_service_account.service_account",
              "module.branch-gke-dev-sa.google_service_account.service_account",
              "module.branch-gke-prod-gcs.google_storage_bucket.bucket",
              "module.branch-gke-prod-gcs.google_storage_bucket_iam_binding.bindings",
              "module.branch-gke-prod-sa.data.google_service_account.service_account",
              "module.branch-gke-prod-sa.google_service_account.service_account",
              "module.branch-network-gcs.google_storage_bucket.bucket",
              "module.branch-network-gcs.google_storage_bucket_iam_binding.bindings",
              "module.branch-network-sa.data.google_service_account.service_account",
              "module.branch-network-sa.google_service_account.service_account",
              "module.branch-pf-dev-gcs.google_storage_bucket.bucket",
              "module.branch-pf-dev-gcs.google_storage_bucket_iam_binding.bindings",
              "module.branch-pf-dev-sa.data.google_service_account.service_account",
              "module.branch-pf-dev-sa.google_service_account.service_account",
              "module.branch-pf-prod-gcs.google_storage_bucket.bucket",
              "module.branch-pf-prod-gcs.google_storage_bucket_iam_binding.bindings",
              "module.branch-pf-prod-sa.data.google_service_account.service_account",
              "module.branch-pf-prod-sa.google_service_account.service_account",
              "module.branch-sandbox-gcs.google_storage_bucket.bucket",
              "module.branch-sandbox-gcs.google_storage_bucket_iam_binding.bindings",
              "module.branch-sandbox-sa.data.google_service_account.service_account",
              "module.branch-sandbox-sa.google_service_account.service_account",
              "module.branch-security-gcs.google_storage_bucket.bucket",
              "module.branch-security-gcs.google_storage_bucket_iam_binding.bindings",
              "module.branch-security-sa.data.google_service_account.service_account",
              "module.branch-security-sa.google_service_account.service_account",
              "module.branch-teams-gcs.google_storage_bucket.bucket",
              "module.branch-teams-gcs.google_storage_bucket_iam_binding.bindings",
              "module.branch-teams-sa.data.google_service_account.service_account",
              "module.branch-teams-sa.google_service_account.service_account",
              "module.branch-teams-team-gcs.google_pubsub_topic.topic",
              "module.branch-teams-team-gcs.google_pubsub_topic_iam_binding.binding",
              "module.branch-teams-team-gcs.google_storage_bucket.bucket",
              "module.branch-teams-team-gcs.google_storage_bucket_iam_binding.bindings",
              "module.branch-teams-team-gcs.google_storage_notification.notification",
              "module.branch-teams-team-sa.data.google_service_account.service_account",
              "module.branch-teams-team-sa.google_billing_account_iam_member.billing-roles",
              "module.branch-teams-team-sa.google_folder_iam_member.folder-roles",
              "module.branch-teams-team-sa.google_organization_iam_member.organization-roles",
              "module.branch-teams-team-sa.google_project_iam_member.project-roles",
              "module.branch-teams-team-sa.google_service_account.service_account",
              "module.branch-teams-team-sa.google_service_account_iam_binding.roles",
              "module.branch-teams-team-sa.google_service_account_iam_member.additive",
              "module.branch-teams-team-sa.google_service_account_iam_member.roles",
              "module.branch-teams-team-sa.google_service_account_key.key",
              "module.branch-teams-team-sa.google_service_account_key.upload_key",
              "module.branch-teams-team-sa.google_storage_bucket_iam_member.bucket-roles"
            ]
          },
          {
            "index_key": "03-gke-prod",
            "schema_version": 0,
            "attributes": {
              "bucket": "dnc-prod-iac-core-outputs-0",
              "cache_control": "",
              "content": "/**\n * Copyright 2022 Google LLC\n *\n * Licensed under the Apache License, Version 2.0 (the \"License\");\n * you may not use this file except in compliance with the License.\n * You may obtain a copy of the License at\n *\n *      http://www.apache.org/licenses/LICENSE-2.0\n *\n * Unless required by applicable law or agreed to in writing, software\n * distributed under the License is distributed on an \"AS IS\" BASIS,\n * WITHOUT WARRANTIES OR CONDITIONS OF ANY KIND, either express or implied.\n * See the License for the specific language governing permissions and\n * limitations under the License.\n */\n\nterraform {\n  backend \"gcs\" {\n    bucket                      = \"dnc-prod-resman-gke-0\"\n    impersonate_service_account = \"dnc-prod-resman-gke-0@dnc-prod-iac-core-0.iam.gserviceaccount.com\"\n  }\n}\nprovider \"google\" {\n  impersonate_service_account = \"dnc-prod-resman-gke-0@dnc-prod-iac-core-0.iam.gserviceaccount.com\"\n}\nprovider \"google-beta\" {\n  impersonate_service_account = \"dnc-prod-resman-gke-0@dnc-prod-iac-core-0.iam.gserviceaccount.com\"\n}\n\n# end provider.tf for gke-prod\n",
              "content_disposition": "",
              "content_encoding": "",
              "content_language": "",
              "content_type": "text/plain; charset=utf-8",
              "crc32c": "V8Q/hw==",
              "customer_encryption": [],
              "detect_md5hash": "mD5UFlX5DBtln5EOtw7YMw==",
              "event_based_hold": false,
              "id": "dnc-prod-iac-core-outputs-0-providers/03-gke-prod-providers.tf",
              "kms_key_name": "",
              "md5hash": "mD5UFlX5DBtln5EOtw7YMw==",
              "media_link": "https://storage.googleapis.com/download/storage/v1/b/dnc-prod-iac-core-outputs-0/o/providers%2F03-gke-prod-providers.tf?generation=1671076842064067\u0026alt=media",
              "metadata": {},
              "name": "providers/03-gke-prod-providers.tf",
              "output_name": "providers/03-gke-prod-providers.tf",
              "self_link": "https://www.googleapis.com/storage/v1/b/dnc-prod-iac-core-outputs-0/o/providers%2F03-gke-prod-providers.tf",
              "source": null,
              "storage_class": "REGIONAL",
              "temporary_hold": false,
              "timeouts": null
            },
            "sensitive_attributes": [],
            "private": "eyJlMmJmYjczMC1lY2FhLTExZTYtOGY4OC0zNDM2M2JjN2M0YzAiOnsiY3JlYXRlIjoyNDAwMDAwMDAwMDAsImRlbGV0ZSI6MjQwMDAwMDAwMDAwLCJ1cGRhdGUiOjI0MDAwMDAwMDAwMH19",
            "dependencies": [
              "module.branch-dp-dev-gcs.google_storage_bucket.bucket",
              "module.branch-dp-dev-gcs.google_storage_bucket_iam_binding.bindings",
              "module.branch-dp-dev-sa.data.google_service_account.service_account",
              "module.branch-dp-dev-sa.google_service_account.service_account",
              "module.branch-dp-prod-gcs.google_storage_bucket.bucket",
              "module.branch-dp-prod-gcs.google_storage_bucket_iam_binding.bindings",
              "module.branch-dp-prod-sa.data.google_service_account.service_account",
              "module.branch-dp-prod-sa.google_service_account.service_account",
              "module.branch-gke-dev-gcs.google_storage_bucket.bucket",
              "module.branch-gke-dev-gcs.google_storage_bucket_iam_binding.bindings",
              "module.branch-gke-dev-sa.data.google_service_account.service_account",
              "module.branch-gke-dev-sa.google_service_account.service_account",
              "module.branch-gke-prod-gcs.google_storage_bucket.bucket",
              "module.branch-gke-prod-gcs.google_storage_bucket_iam_binding.bindings",
              "module.branch-gke-prod-sa.data.google_service_account.service_account",
              "module.branch-gke-prod-sa.google_service_account.service_account",
              "module.branch-network-gcs.google_storage_bucket.bucket",
              "module.branch-network-gcs.google_storage_bucket_iam_binding.bindings",
              "module.branch-network-sa.data.google_service_account.service_account",
              "module.branch-network-sa.google_service_account.service_account",
              "module.branch-pf-dev-gcs.google_storage_bucket.bucket",
              "module.branch-pf-dev-gcs.google_storage_bucket_iam_binding.bindings",
              "module.branch-pf-dev-sa.data.google_service_account.service_account",
              "module.branch-pf-dev-sa.google_service_account.service_account",
              "module.branch-pf-prod-gcs.google_storage_bucket.bucket",
              "module.branch-pf-prod-gcs.google_storage_bucket_iam_binding.bindings",
              "module.branch-pf-prod-sa.data.google_service_account.service_account",
              "module.branch-pf-prod-sa.google_service_account.service_account",
              "module.branch-sandbox-gcs.google_storage_bucket.bucket",
              "module.branch-sandbox-gcs.google_storage_bucket_iam_binding.bindings",
              "module.branch-sandbox-sa.data.google_service_account.service_account",
              "module.branch-sandbox-sa.google_service_account.service_account",
              "module.branch-security-gcs.google_storage_bucket.bucket",
              "module.branch-security-gcs.google_storage_bucket_iam_binding.bindings",
              "module.branch-security-sa.data.google_service_account.service_account",
              "module.branch-security-sa.google_service_account.service_account",
              "module.branch-teams-gcs.google_storage_bucket.bucket",
              "module.branch-teams-gcs.google_storage_bucket_iam_binding.bindings",
              "module.branch-teams-sa.data.google_service_account.service_account",
              "module.branch-teams-sa.google_service_account.service_account",
              "module.branch-teams-team-gcs.google_pubsub_topic.topic",
              "module.branch-teams-team-gcs.google_pubsub_topic_iam_binding.binding",
              "module.branch-teams-team-gcs.google_storage_bucket.bucket",
              "module.branch-teams-team-gcs.google_storage_bucket_iam_binding.bindings",
              "module.branch-teams-team-gcs.google_storage_notification.notification",
              "module.branch-teams-team-sa.data.google_service_account.service_account",
              "module.branch-teams-team-sa.google_billing_account_iam_member.billing-roles",
              "module.branch-teams-team-sa.google_folder_iam_member.folder-roles",
              "module.branch-teams-team-sa.google_organization_iam_member.organization-roles",
              "module.branch-teams-team-sa.google_project_iam_member.project-roles",
              "module.branch-teams-team-sa.google_service_account.service_account",
              "module.branch-teams-team-sa.google_service_account_iam_binding.roles",
              "module.branch-teams-team-sa.google_service_account_iam_member.additive",
              "module.branch-teams-team-sa.google_service_account_iam_member.roles",
              "module.branch-teams-team-sa.google_service_account_key.key",
              "module.branch-teams-team-sa.google_service_account_key.upload_key",
              "module.branch-teams-team-sa.google_storage_bucket_iam_member.bucket-roles"
            ]
          },
          {
            "index_key": "03-project-factory-dev",
            "schema_version": 0,
            "attributes": {
              "bucket": "dnc-prod-iac-core-outputs-0",
              "cache_control": "",
              "content": "/**\n * Copyright 2022 Google LLC\n *\n * Licensed under the Apache License, Version 2.0 (the \"License\");\n * you may not use this file except in compliance with the License.\n * You may obtain a copy of the License at\n *\n *      http://www.apache.org/licenses/LICENSE-2.0\n *\n * Unless required by applicable law or agreed to in writing, software\n * distributed under the License is distributed on an \"AS IS\" BASIS,\n * WITHOUT WARRANTIES OR CONDITIONS OF ANY KIND, either express or implied.\n * See the License for the specific language governing permissions and\n * limitations under the License.\n */\n\nterraform {\n  backend \"gcs\" {\n    bucket                      = \"dnc-dev-resman-pf-0\"\n    impersonate_service_account = \"dnc-dev-resman-pf-0@dnc-prod-iac-core-0.iam.gserviceaccount.com\"\n  }\n}\nprovider \"google\" {\n  impersonate_service_account = \"dnc-dev-resman-pf-0@dnc-prod-iac-core-0.iam.gserviceaccount.com\"\n}\nprovider \"google-beta\" {\n  impersonate_service_account = \"dnc-dev-resman-pf-0@dnc-prod-iac-core-0.iam.gserviceaccount.com\"\n}\n\n# end provider.tf for team-dev\n",
              "content_disposition": "",
              "content_encoding": "",
              "content_language": "",
              "content_type": "text/plain; charset=utf-8",
              "crc32c": "vEGRMw==",
              "customer_encryption": [],
              "detect_md5hash": "WBzkIqItpcnbPOVwUCai0g==",
              "event_based_hold": false,
              "id": "dnc-prod-iac-core-outputs-0-providers/03-project-factory-dev-providers.tf",
              "kms_key_name": "",
              "md5hash": "WBzkIqItpcnbPOVwUCai0g==",
              "media_link": "https://storage.googleapis.com/download/storage/v1/b/dnc-prod-iac-core-outputs-0/o/providers%2F03-project-factory-dev-providers.tf?generation=1671076840726863\u0026alt=media",
              "metadata": {},
              "name": "providers/03-project-factory-dev-providers.tf",
              "output_name": "providers/03-project-factory-dev-providers.tf",
              "self_link": "https://www.googleapis.com/storage/v1/b/dnc-prod-iac-core-outputs-0/o/providers%2F03-project-factory-dev-providers.tf",
              "source": null,
              "storage_class": "REGIONAL",
              "temporary_hold": false,
              "timeouts": null
            },
            "sensitive_attributes": [],
            "private": "eyJlMmJmYjczMC1lY2FhLTExZTYtOGY4OC0zNDM2M2JjN2M0YzAiOnsiY3JlYXRlIjoyNDAwMDAwMDAwMDAsImRlbGV0ZSI6MjQwMDAwMDAwMDAwLCJ1cGRhdGUiOjI0MDAwMDAwMDAwMH19",
            "dependencies": [
              "module.branch-dp-dev-gcs.google_storage_bucket.bucket",
              "module.branch-dp-dev-gcs.google_storage_bucket_iam_binding.bindings",
              "module.branch-dp-dev-sa.data.google_service_account.service_account",
              "module.branch-dp-dev-sa.google_service_account.service_account",
              "module.branch-dp-prod-gcs.google_storage_bucket.bucket",
              "module.branch-dp-prod-gcs.google_storage_bucket_iam_binding.bindings",
              "module.branch-dp-prod-sa.data.google_service_account.service_account",
              "module.branch-dp-prod-sa.google_service_account.service_account",
              "module.branch-gke-dev-gcs.google_storage_bucket.bucket",
              "module.branch-gke-dev-gcs.google_storage_bucket_iam_binding.bindings",
              "module.branch-gke-dev-sa.data.google_service_account.service_account",
              "module.branch-gke-dev-sa.google_service_account.service_account",
              "module.branch-gke-prod-gcs.google_storage_bucket.bucket",
              "module.branch-gke-prod-gcs.google_storage_bucket_iam_binding.bindings",
              "module.branch-gke-prod-sa.data.google_service_account.service_account",
              "module.branch-gke-prod-sa.google_service_account.service_account",
              "module.branch-network-gcs.google_storage_bucket.bucket",
              "module.branch-network-gcs.google_storage_bucket_iam_binding.bindings",
              "module.branch-network-sa.data.google_service_account.service_account",
              "module.branch-network-sa.google_service_account.service_account",
              "module.branch-pf-dev-gcs.google_storage_bucket.bucket",
              "module.branch-pf-dev-gcs.google_storage_bucket_iam_binding.bindings",
              "module.branch-pf-dev-sa.data.google_service_account.service_account",
              "module.branch-pf-dev-sa.google_service_account.service_account",
              "module.branch-pf-prod-gcs.google_storage_bucket.bucket",
              "module.branch-pf-prod-gcs.google_storage_bucket_iam_binding.bindings",
              "module.branch-pf-prod-sa.data.google_service_account.service_account",
              "module.branch-pf-prod-sa.google_service_account.service_account",
              "module.branch-sandbox-gcs.google_storage_bucket.bucket",
              "module.branch-sandbox-gcs.google_storage_bucket_iam_binding.bindings",
              "module.branch-sandbox-sa.data.google_service_account.service_account",
              "module.branch-sandbox-sa.google_service_account.service_account",
              "module.branch-security-gcs.google_storage_bucket.bucket",
              "module.branch-security-gcs.google_storage_bucket_iam_binding.bindings",
              "module.branch-security-sa.data.google_service_account.service_account",
              "module.branch-security-sa.google_service_account.service_account",
              "module.branch-teams-gcs.google_storage_bucket.bucket",
              "module.branch-teams-gcs.google_storage_bucket_iam_binding.bindings",
              "module.branch-teams-sa.data.google_service_account.service_account",
              "module.branch-teams-sa.google_service_account.service_account",
              "module.branch-teams-team-gcs.google_pubsub_topic.topic",
              "module.branch-teams-team-gcs.google_pubsub_topic_iam_binding.binding",
              "module.branch-teams-team-gcs.google_storage_bucket.bucket",
              "module.branch-teams-team-gcs.google_storage_bucket_iam_binding.bindings",
              "module.branch-teams-team-gcs.google_storage_notification.notification",
              "module.branch-teams-team-sa.data.google_service_account.service_account",
              "module.branch-teams-team-sa.google_billing_account_iam_member.billing-roles",
              "module.branch-teams-team-sa.google_folder_iam_member.folder-roles",
              "module.branch-teams-team-sa.google_organization_iam_member.organization-roles",
              "module.branch-teams-team-sa.google_project_iam_member.project-roles",
              "module.branch-teams-team-sa.google_service_account.service_account",
              "module.branch-teams-team-sa.google_service_account_iam_binding.roles",
              "module.branch-teams-team-sa.google_service_account_iam_member.additive",
              "module.branch-teams-team-sa.google_service_account_iam_member.roles",
              "module.branch-teams-team-sa.google_service_account_key.key",
              "module.branch-teams-team-sa.google_service_account_key.upload_key",
              "module.branch-teams-team-sa.google_storage_bucket_iam_member.bucket-roles"
            ]
          },
          {
            "index_key": "03-project-factory-prod",
            "schema_version": 0,
            "attributes": {
              "bucket": "dnc-prod-iac-core-outputs-0",
              "cache_control": "",
              "content": "/**\n * Copyright 2022 Google LLC\n *\n * Licensed under the Apache License, Version 2.0 (the \"License\");\n * you may not use this file except in compliance with the License.\n * You may obtain a copy of the License at\n *\n *      http://www.apache.org/licenses/LICENSE-2.0\n *\n * Unless required by applicable law or agreed to in writing, software\n * distributed under the License is distributed on an \"AS IS\" BASIS,\n * WITHOUT WARRANTIES OR CONDITIONS OF ANY KIND, either express or implied.\n * See the License for the specific language governing permissions and\n * limitations under the License.\n */\n\nterraform {\n  backend \"gcs\" {\n    bucket                      = \"dnc-prod-resman-pf-0\"\n    impersonate_service_account = \"dnc-prod-resman-pf-0@dnc-prod-iac-core-0.iam.gserviceaccount.com\"\n  }\n}\nprovider \"google\" {\n  impersonate_service_account = \"dnc-prod-resman-pf-0@dnc-prod-iac-core-0.iam.gserviceaccount.com\"\n}\nprovider \"google-beta\" {\n  impersonate_service_account = \"dnc-prod-resman-pf-0@dnc-prod-iac-core-0.iam.gserviceaccount.com\"\n}\n\n# end provider.tf for team-prod\n",
              "content_disposition": "",
              "content_encoding": "",
              "content_language": "",
              "content_type": "text/plain; charset=utf-8",
              "crc32c": "7GF4ag==",
              "customer_encryption": [],
              "detect_md5hash": "nV3Axrxq/lOHmPuVbfUisw==",
              "event_based_hold": false,
              "id": "dnc-prod-iac-core-outputs-0-providers/03-project-factory-prod-providers.tf",
              "kms_key_name": "",
              "md5hash": "nV3Axrxq/lOHmPuVbfUisw==",
              "media_link": "https://storage.googleapis.com/download/storage/v1/b/dnc-prod-iac-core-outputs-0/o/providers%2F03-project-factory-prod-providers.tf?generation=1671076841051437\u0026alt=media",
              "metadata": {},
              "name": "providers/03-project-factory-prod-providers.tf",
              "output_name": "providers/03-project-factory-prod-providers.tf",
              "self_link": "https://www.googleapis.com/storage/v1/b/dnc-prod-iac-core-outputs-0/o/providers%2F03-project-factory-prod-providers.tf",
              "source": null,
              "storage_class": "REGIONAL",
              "temporary_hold": false,
              "timeouts": null
            },
            "sensitive_attributes": [],
            "private": "eyJlMmJmYjczMC1lY2FhLTExZTYtOGY4OC0zNDM2M2JjN2M0YzAiOnsiY3JlYXRlIjoyNDAwMDAwMDAwMDAsImRlbGV0ZSI6MjQwMDAwMDAwMDAwLCJ1cGRhdGUiOjI0MDAwMDAwMDAwMH19",
            "dependencies": [
              "module.branch-dp-dev-gcs.google_storage_bucket.bucket",
              "module.branch-dp-dev-gcs.google_storage_bucket_iam_binding.bindings",
              "module.branch-dp-dev-sa.data.google_service_account.service_account",
              "module.branch-dp-dev-sa.google_service_account.service_account",
              "module.branch-dp-prod-gcs.google_storage_bucket.bucket",
              "module.branch-dp-prod-gcs.google_storage_bucket_iam_binding.bindings",
              "module.branch-dp-prod-sa.data.google_service_account.service_account",
              "module.branch-dp-prod-sa.google_service_account.service_account",
              "module.branch-gke-dev-gcs.google_storage_bucket.bucket",
              "module.branch-gke-dev-gcs.google_storage_bucket_iam_binding.bindings",
              "module.branch-gke-dev-sa.data.google_service_account.service_account",
              "module.branch-gke-dev-sa.google_service_account.service_account",
              "module.branch-gke-prod-gcs.google_storage_bucket.bucket",
              "module.branch-gke-prod-gcs.google_storage_bucket_iam_binding.bindings",
              "module.branch-gke-prod-sa.data.google_service_account.service_account",
              "module.branch-gke-prod-sa.google_service_account.service_account",
              "module.branch-network-gcs.google_storage_bucket.bucket",
              "module.branch-network-gcs.google_storage_bucket_iam_binding.bindings",
              "module.branch-network-sa.data.google_service_account.service_account",
              "module.branch-network-sa.google_service_account.service_account",
              "module.branch-pf-dev-gcs.google_storage_bucket.bucket",
              "module.branch-pf-dev-gcs.google_storage_bucket_iam_binding.bindings",
              "module.branch-pf-dev-sa.data.google_service_account.service_account",
              "module.branch-pf-dev-sa.google_service_account.service_account",
              "module.branch-pf-prod-gcs.google_storage_bucket.bucket",
              "module.branch-pf-prod-gcs.google_storage_bucket_iam_binding.bindings",
              "module.branch-pf-prod-sa.data.google_service_account.service_account",
              "module.branch-pf-prod-sa.google_service_account.service_account",
              "module.branch-sandbox-gcs.google_storage_bucket.bucket",
              "module.branch-sandbox-gcs.google_storage_bucket_iam_binding.bindings",
              "module.branch-sandbox-sa.data.google_service_account.service_account",
              "module.branch-sandbox-sa.google_service_account.service_account",
              "module.branch-security-gcs.google_storage_bucket.bucket",
              "module.branch-security-gcs.google_storage_bucket_iam_binding.bindings",
              "module.branch-security-sa.data.google_service_account.service_account",
              "module.branch-security-sa.google_service_account.service_account",
              "module.branch-teams-gcs.google_storage_bucket.bucket",
              "module.branch-teams-gcs.google_storage_bucket_iam_binding.bindings",
              "module.branch-teams-sa.data.google_service_account.service_account",
              "module.branch-teams-sa.google_service_account.service_account",
              "module.branch-teams-team-gcs.google_pubsub_topic.topic",
              "module.branch-teams-team-gcs.google_pubsub_topic_iam_binding.binding",
              "module.branch-teams-team-gcs.google_storage_bucket.bucket",
              "module.branch-teams-team-gcs.google_storage_bucket_iam_binding.bindings",
              "module.branch-teams-team-gcs.google_storage_notification.notification",
              "module.branch-teams-team-sa.data.google_service_account.service_account",
              "module.branch-teams-team-sa.google_billing_account_iam_member.billing-roles",
              "module.branch-teams-team-sa.google_folder_iam_member.folder-roles",
              "module.branch-teams-team-sa.google_organization_iam_member.organization-roles",
              "module.branch-teams-team-sa.google_project_iam_member.project-roles",
              "module.branch-teams-team-sa.google_service_account.service_account",
              "module.branch-teams-team-sa.google_service_account_iam_binding.roles",
              "module.branch-teams-team-sa.google_service_account_iam_member.additive",
              "module.branch-teams-team-sa.google_service_account_iam_member.roles",
              "module.branch-teams-team-sa.google_service_account_key.key",
              "module.branch-teams-team-sa.google_service_account_key.upload_key",
              "module.branch-teams-team-sa.google_storage_bucket_iam_member.bucket-roles"
            ]
          },
          {
            "index_key": "03-teams",
            "schema_version": 0,
            "attributes": {
              "bucket": "dnc-prod-iac-core-outputs-0",
              "cache_control": "",
              "content": "/**\n * Copyright 2022 Google LLC\n *\n * Licensed under the Apache License, Version 2.0 (the \"License\");\n * you may not use this file except in compliance with the License.\n * You may obtain a copy of the License at\n *\n *      http://www.apache.org/licenses/LICENSE-2.0\n *\n * Unless required by applicable law or agreed to in writing, software\n * distributed under the License is distributed on an \"AS IS\" BASIS,\n * WITHOUT WARRANTIES OR CONDITIONS OF ANY KIND, either express or implied.\n * See the License for the specific language governing permissions and\n * limitations under the License.\n */\n\nterraform {\n  backend \"gcs\" {\n    bucket                      = \"dnc-prod-resman-teams-0\"\n    impersonate_service_account = \"dnc-prod-resman-teams-0@dnc-prod-iac-core-0.iam.gserviceaccount.com\"\n  }\n}\nprovider \"google\" {\n  impersonate_service_account = \"dnc-prod-resman-teams-0@dnc-prod-iac-core-0.iam.gserviceaccount.com\"\n}\nprovider \"google-beta\" {\n  impersonate_service_account = \"dnc-prod-resman-teams-0@dnc-prod-iac-core-0.iam.gserviceaccount.com\"\n}\n\n# end provider.tf for teams\n",
              "content_disposition": "",
              "content_encoding": "",
              "content_language": "",
              "content_type": "text/plain; charset=utf-8",
              "crc32c": "J9NXQA==",
              "customer_encryption": [],
              "detect_md5hash": "tRjz88QvsZzZMkJ83Jlzfg==",
              "event_based_hold": false,
              "id": "dnc-prod-iac-core-outputs-0-providers/03-teams-providers.tf",
              "kms_key_name": "",
              "md5hash": "tRjz88QvsZzZMkJ83Jlzfg==",
              "media_link": "https://storage.googleapis.com/download/storage/v1/b/dnc-prod-iac-core-outputs-0/o/providers%2F03-teams-providers.tf?generation=1671076841409078\u0026alt=media",
              "metadata": {},
              "name": "providers/03-teams-providers.tf",
              "output_name": "providers/03-teams-providers.tf",
              "self_link": "https://www.googleapis.com/storage/v1/b/dnc-prod-iac-core-outputs-0/o/providers%2F03-teams-providers.tf",
              "source": null,
              "storage_class": "REGIONAL",
              "temporary_hold": false,
              "timeouts": null
            },
            "sensitive_attributes": [],
            "private": "eyJlMmJmYjczMC1lY2FhLTExZTYtOGY4OC0zNDM2M2JjN2M0YzAiOnsiY3JlYXRlIjoyNDAwMDAwMDAwMDAsImRlbGV0ZSI6MjQwMDAwMDAwMDAwLCJ1cGRhdGUiOjI0MDAwMDAwMDAwMH19",
            "dependencies": [
              "module.branch-dp-dev-gcs.google_storage_bucket.bucket",
              "module.branch-dp-dev-gcs.google_storage_bucket_iam_binding.bindings",
              "module.branch-dp-dev-sa.data.google_service_account.service_account",
              "module.branch-dp-dev-sa.google_service_account.service_account",
              "module.branch-dp-prod-gcs.google_storage_bucket.bucket",
              "module.branch-dp-prod-gcs.google_storage_bucket_iam_binding.bindings",
              "module.branch-dp-prod-sa.data.google_service_account.service_account",
              "module.branch-dp-prod-sa.google_service_account.service_account",
              "module.branch-gke-dev-gcs.google_storage_bucket.bucket",
              "module.branch-gke-dev-gcs.google_storage_bucket_iam_binding.bindings",
              "module.branch-gke-dev-sa.data.google_service_account.service_account",
              "module.branch-gke-dev-sa.google_service_account.service_account",
              "module.branch-gke-prod-gcs.google_storage_bucket.bucket",
              "module.branch-gke-prod-gcs.google_storage_bucket_iam_binding.bindings",
              "module.branch-gke-prod-sa.data.google_service_account.service_account",
              "module.branch-gke-prod-sa.google_service_account.service_account",
              "module.branch-network-gcs.google_storage_bucket.bucket",
              "module.branch-network-gcs.google_storage_bucket_iam_binding.bindings",
              "module.branch-network-sa.data.google_service_account.service_account",
              "module.branch-network-sa.google_service_account.service_account",
              "module.branch-pf-dev-gcs.google_storage_bucket.bucket",
              "module.branch-pf-dev-gcs.google_storage_bucket_iam_binding.bindings",
              "module.branch-pf-dev-sa.data.google_service_account.service_account",
              "module.branch-pf-dev-sa.google_service_account.service_account",
              "module.branch-pf-prod-gcs.google_storage_bucket.bucket",
              "module.branch-pf-prod-gcs.google_storage_bucket_iam_binding.bindings",
              "module.branch-pf-prod-sa.data.google_service_account.service_account",
              "module.branch-pf-prod-sa.google_service_account.service_account",
              "module.branch-sandbox-gcs.google_storage_bucket.bucket",
              "module.branch-sandbox-gcs.google_storage_bucket_iam_binding.bindings",
              "module.branch-sandbox-sa.data.google_service_account.service_account",
              "module.branch-sandbox-sa.google_service_account.service_account",
              "module.branch-security-gcs.google_storage_bucket.bucket",
              "module.branch-security-gcs.google_storage_bucket_iam_binding.bindings",
              "module.branch-security-sa.data.google_service_account.service_account",
              "module.branch-security-sa.google_service_account.service_account",
              "module.branch-teams-gcs.google_storage_bucket.bucket",
              "module.branch-teams-gcs.google_storage_bucket_iam_binding.bindings",
              "module.branch-teams-sa.data.google_service_account.service_account",
              "module.branch-teams-sa.google_service_account.service_account",
              "module.branch-teams-team-gcs.google_pubsub_topic.topic",
              "module.branch-teams-team-gcs.google_pubsub_topic_iam_binding.binding",
              "module.branch-teams-team-gcs.google_storage_bucket.bucket",
              "module.branch-teams-team-gcs.google_storage_bucket_iam_binding.bindings",
              "module.branch-teams-team-gcs.google_storage_notification.notification",
              "module.branch-teams-team-sa.data.google_service_account.service_account",
              "module.branch-teams-team-sa.google_billing_account_iam_member.billing-roles",
              "module.branch-teams-team-sa.google_folder_iam_member.folder-roles",
              "module.branch-teams-team-sa.google_organization_iam_member.organization-roles",
              "module.branch-teams-team-sa.google_project_iam_member.project-roles",
              "module.branch-teams-team-sa.google_service_account.service_account",
              "module.branch-teams-team-sa.google_service_account_iam_binding.roles",
              "module.branch-teams-team-sa.google_service_account_iam_member.additive",
              "module.branch-teams-team-sa.google_service_account_iam_member.roles",
              "module.branch-teams-team-sa.google_service_account_key.key",
              "module.branch-teams-team-sa.google_service_account_key.upload_key",
              "module.branch-teams-team-sa.google_storage_bucket_iam_member.bucket-roles"
            ]
          },
          {
            "index_key": "99-sandbox",
            "schema_version": 0,
            "attributes": {
              "bucket": "dnc-prod-iac-core-outputs-0",
              "cache_control": "",
              "content": "/**\n * Copyright 2022 Google LLC\n *\n * Licensed under the Apache License, Version 2.0 (the \"License\");\n * you may not use this file except in compliance with the License.\n * You may obtain a copy of the License at\n *\n *      http://www.apache.org/licenses/LICENSE-2.0\n *\n * Unless required by applicable law or agreed to in writing, software\n * distributed under the License is distributed on an \"AS IS\" BASIS,\n * WITHOUT WARRANTIES OR CONDITIONS OF ANY KIND, either express or implied.\n * See the License for the specific language governing permissions and\n * limitations under the License.\n */\n\nterraform {\n  backend \"gcs\" {\n    bucket                      = \"dnc-dev-resman-sbox-0\"\n    impersonate_service_account = \"dnc-dev-resman-sbox-0@dnc-prod-iac-core-0.iam.gserviceaccount.com\"\n  }\n}\nprovider \"google\" {\n  impersonate_service_account = \"dnc-dev-resman-sbox-0@dnc-prod-iac-core-0.iam.gserviceaccount.com\"\n}\nprovider \"google-beta\" {\n  impersonate_service_account = \"dnc-dev-resman-sbox-0@dnc-prod-iac-core-0.iam.gserviceaccount.com\"\n}\n\n# end provider.tf for sandbox\n",
              "content_disposition": "",
              "content_encoding": "",
              "content_language": "",
              "content_type": "text/plain; charset=utf-8",
              "crc32c": "eN76pw==",
              "customer_encryption": [],
              "detect_md5hash": "KbGNfWkrUuW5AFsyFLXTyA==",
              "event_based_hold": false,
              "id": "dnc-prod-iac-core-outputs-0-providers/99-sandbox-providers.tf",
              "kms_key_name": "",
              "md5hash": "KbGNfWkrUuW5AFsyFLXTyA==",
              "media_link": "https://storage.googleapis.com/download/storage/v1/b/dnc-prod-iac-core-outputs-0/o/providers%2F99-sandbox-providers.tf?generation=1671076841899438\u0026alt=media",
              "metadata": {},
              "name": "providers/99-sandbox-providers.tf",
              "output_name": "providers/99-sandbox-providers.tf",
              "self_link": "https://www.googleapis.com/storage/v1/b/dnc-prod-iac-core-outputs-0/o/providers%2F99-sandbox-providers.tf",
              "source": null,
              "storage_class": "REGIONAL",
              "temporary_hold": false,
              "timeouts": null
            },
            "sensitive_attributes": [],
            "private": "eyJlMmJmYjczMC1lY2FhLTExZTYtOGY4OC0zNDM2M2JjN2M0YzAiOnsiY3JlYXRlIjoyNDAwMDAwMDAwMDAsImRlbGV0ZSI6MjQwMDAwMDAwMDAwLCJ1cGRhdGUiOjI0MDAwMDAwMDAwMH19",
            "dependencies": [
              "module.branch-dp-dev-gcs.google_storage_bucket.bucket",
              "module.branch-dp-dev-gcs.google_storage_bucket_iam_binding.bindings",
              "module.branch-dp-dev-sa.data.google_service_account.service_account",
              "module.branch-dp-dev-sa.google_service_account.service_account",
              "module.branch-dp-prod-gcs.google_storage_bucket.bucket",
              "module.branch-dp-prod-gcs.google_storage_bucket_iam_binding.bindings",
              "module.branch-dp-prod-sa.data.google_service_account.service_account",
              "module.branch-dp-prod-sa.google_service_account.service_account",
              "module.branch-gke-dev-gcs.google_storage_bucket.bucket",
              "module.branch-gke-dev-gcs.google_storage_bucket_iam_binding.bindings",
              "module.branch-gke-dev-sa.data.google_service_account.service_account",
              "module.branch-gke-dev-sa.google_service_account.service_account",
              "module.branch-gke-prod-gcs.google_storage_bucket.bucket",
              "module.branch-gke-prod-gcs.google_storage_bucket_iam_binding.bindings",
              "module.branch-gke-prod-sa.data.google_service_account.service_account",
              "module.branch-gke-prod-sa.google_service_account.service_account",
              "module.branch-network-gcs.google_storage_bucket.bucket",
              "module.branch-network-gcs.google_storage_bucket_iam_binding.bindings",
              "module.branch-network-sa.data.google_service_account.service_account",
              "module.branch-network-sa.google_service_account.service_account",
              "module.branch-pf-dev-gcs.google_storage_bucket.bucket",
              "module.branch-pf-dev-gcs.google_storage_bucket_iam_binding.bindings",
              "module.branch-pf-dev-sa.data.google_service_account.service_account",
              "module.branch-pf-dev-sa.google_service_account.service_account",
              "module.branch-pf-prod-gcs.google_storage_bucket.bucket",
              "module.branch-pf-prod-gcs.google_storage_bucket_iam_binding.bindings",
              "module.branch-pf-prod-sa.data.google_service_account.service_account",
              "module.branch-pf-prod-sa.google_service_account.service_account",
              "module.branch-sandbox-gcs.google_storage_bucket.bucket",
              "module.branch-sandbox-gcs.google_storage_bucket_iam_binding.bindings",
              "module.branch-sandbox-sa.data.google_service_account.service_account",
              "module.branch-sandbox-sa.google_service_account.service_account",
              "module.branch-security-gcs.google_storage_bucket.bucket",
              "module.branch-security-gcs.google_storage_bucket_iam_binding.bindings",
              "module.branch-security-sa.data.google_service_account.service_account",
              "module.branch-security-sa.google_service_account.service_account",
              "module.branch-teams-gcs.google_storage_bucket.bucket",
              "module.branch-teams-gcs.google_storage_bucket_iam_binding.bindings",
              "module.branch-teams-sa.data.google_service_account.service_account",
              "module.branch-teams-sa.google_service_account.service_account",
              "module.branch-teams-team-gcs.google_pubsub_topic.topic",
              "module.branch-teams-team-gcs.google_pubsub_topic_iam_binding.binding",
              "module.branch-teams-team-gcs.google_storage_bucket.bucket",
              "module.branch-teams-team-gcs.google_storage_bucket_iam_binding.bindings",
              "module.branch-teams-team-gcs.google_storage_notification.notification",
              "module.branch-teams-team-sa.data.google_service_account.service_account",
              "module.branch-teams-team-sa.google_billing_account_iam_member.billing-roles",
              "module.branch-teams-team-sa.google_folder_iam_member.folder-roles",
              "module.branch-teams-team-sa.google_organization_iam_member.organization-roles",
              "module.branch-teams-team-sa.google_project_iam_member.project-roles",
              "module.branch-teams-team-sa.google_service_account.service_account",
              "module.branch-teams-team-sa.google_service_account_iam_binding.roles",
              "module.branch-teams-team-sa.google_service_account_iam_member.additive",
              "module.branch-teams-team-sa.google_service_account_iam_member.roles",
              "module.branch-teams-team-sa.google_service_account_key.key",
              "module.branch-teams-team-sa.google_service_account_key.upload_key",
              "module.branch-teams-team-sa.google_storage_bucket_iam_member.bucket-roles"
            ]
          }
        ]
      },
      {
        "mode": "managed",
        "type": "google_storage_bucket_object",
        "name": "tfvars",
        "provider": "provider[\"registry.terraform.io/hashicorp/google\"]",
        "instances": [
          {
            "schema_version": 0,
            "attributes": {
              "bucket": "dnc-prod-iac-core-outputs-0",
              "cache_control": "",
              "content": "{\"folder_ids\":{\"data-platform-dev\":\"folders/622215406915\",\"data-platform-prod\":\"folders/475593313994\",\"gke-dev\":\"folders/333078042949\",\"gke-prod\":\"folders/1036397903949\",\"networking\":\"folders/450218300185\",\"networking-dev\":\"folders/919389160070\",\"networking-prod\":\"folders/730820751951\",\"sandbox\":\"folders/854693009985\",\"security\":\"folders/936220985985\",\"teams\":\"folders/632663774448\"},\"service_accounts\":{\"data-platform-dev\":\"dnc-dev-resman-dp-0@dnc-prod-iac-core-0.iam.gserviceaccount.com\",\"data-platform-prod\":\"dnc-prod-resman-dp-0@dnc-prod-iac-core-0.iam.gserviceaccount.com\",\"gke-dev\":\"dnc-dev-resman-gke-0@dnc-prod-iac-core-0.iam.gserviceaccount.com\",\"gke-prod\":\"dnc-prod-resman-gke-0@dnc-prod-iac-core-0.iam.gserviceaccount.com\",\"networking\":\"dnc-prod-resman-net-0@dnc-prod-iac-core-0.iam.gserviceaccount.com\",\"project-factory-dev\":\"dnc-dev-resman-pf-0@dnc-prod-iac-core-0.iam.gserviceaccount.com\",\"project-factory-prod\":\"dnc-prod-resman-pf-0@dnc-prod-iac-core-0.iam.gserviceaccount.com\",\"sandbox\":\"dnc-dev-resman-sbox-0@dnc-prod-iac-core-0.iam.gserviceaccount.com\",\"security\":\"dnc-prod-resman-sec-0@dnc-prod-iac-core-0.iam.gserviceaccount.com\",\"teams\":\"dnc-prod-resman-teams-0@dnc-prod-iac-core-0.iam.gserviceaccount.com\"},\"tag_names\":{\"context\":\"context\",\"environment\":\"environment\"}}",
              "content_disposition": "",
              "content_encoding": "",
              "content_language": "",
              "content_type": "text/plain; charset=utf-8",
              "crc32c": "cDhM0g==",
              "customer_encryption": [],
              "detect_md5hash": "X8HX6dkn7m5GOJD39W/A1w==",
              "event_based_hold": false,
              "id": "dnc-prod-iac-core-outputs-0-tfvars/01-resman.auto.tfvars.json",
              "kms_key_name": "",
              "md5hash": "X8HX6dkn7m5GOJD39W/A1w==",
              "media_link": "https://storage.googleapis.com/download/storage/v1/b/dnc-prod-iac-core-outputs-0/o/tfvars%2F01-resman.auto.tfvars.json?generation=1671076896698601\u0026alt=media",
              "metadata": {},
              "name": "tfvars/01-resman.auto.tfvars.json",
              "output_name": "tfvars/01-resman.auto.tfvars.json",
              "self_link": "https://www.googleapis.com/storage/v1/b/dnc-prod-iac-core-outputs-0/o/tfvars%2F01-resman.auto.tfvars.json",
              "source": null,
              "storage_class": "REGIONAL",
              "temporary_hold": false,
              "timeouts": null
            },
            "sensitive_attributes": [],
            "private": "eyJlMmJmYjczMC1lY2FhLTExZTYtOGY4OC0zNDM2M2JjN2M0YzAiOnsiY3JlYXRlIjoyNDAwMDAwMDAwMDAsImRlbGV0ZSI6MjQwMDAwMDAwMDAwLCJ1cGRhdGUiOjI0MDAwMDAwMDAwMH19",
            "dependencies": [
              "module.branch-dp-dev-folder.data.google_folder.folder",
              "module.branch-dp-dev-folder.google_folder.folder",
              "module.branch-dp-dev-folder.google_folder_iam_binding.authoritative",
              "module.branch-dp-dev-folder.google_org_policy_policy.default",
              "module.branch-dp-dev-sa.data.google_service_account.service_account",
              "module.branch-dp-dev-sa.google_service_account.service_account",
              "module.branch-dp-folder.data.google_folder.folder",
              "module.branch-dp-folder.google_folder.folder",
              "module.branch-dp-folder.google_folder_iam_binding.authoritative",
              "module.branch-dp-folder.google_org_policy_policy.default",
              "module.branch-dp-prod-folder.data.google_folder.folder",
              "module.branch-dp-prod-folder.google_folder.folder",
              "module.branch-dp-prod-folder.google_folder_iam_binding.authoritative",
              "module.branch-dp-prod-folder.google_org_policy_policy.default",
              "module.branch-dp-prod-sa.data.google_service_account.service_account",
              "module.branch-dp-prod-sa.google_service_account.service_account",
              "module.branch-gke-dev-folder.data.google_folder.folder",
              "module.branch-gke-dev-folder.google_folder.folder",
              "module.branch-gke-dev-folder.google_folder_iam_binding.authoritative",
              "module.branch-gke-dev-folder.google_org_policy_policy.default",
              "module.branch-gke-dev-sa.data.google_service_account.service_account",
              "module.branch-gke-dev-sa.google_service_account.service_account",
              "module.branch-gke-folder.data.google_folder.folder",
              "module.branch-gke-folder.google_folder.folder",
              "module.branch-gke-folder.google_folder_iam_binding.authoritative",
              "module.branch-gke-folder.google_org_policy_policy.default",
              "module.branch-gke-prod-folder.data.google_folder.folder",
              "module.branch-gke-prod-folder.google_folder.folder",
              "module.branch-gke-prod-folder.google_folder_iam_binding.authoritative",
              "module.branch-gke-prod-folder.google_org_policy_policy.default",
              "module.branch-gke-prod-sa.data.google_service_account.service_account",
              "module.branch-gke-prod-sa.google_service_account.service_account",
              "module.branch-network-dev-folder.data.google_folder.folder",
              "module.branch-network-dev-folder.google_folder.folder",
              "module.branch-network-dev-folder.google_folder_iam_binding.authoritative",
              "module.branch-network-dev-folder.google_org_policy_policy.default",
              "module.branch-network-folder.data.google_folder.folder",
              "module.branch-network-folder.google_folder.folder",
              "module.branch-network-folder.google_folder_iam_binding.authoritative",
              "module.branch-network-folder.google_org_policy_policy.default",
              "module.branch-network-prod-folder.data.google_folder.folder",
              "module.branch-network-prod-folder.google_folder.folder",
              "module.branch-network-prod-folder.google_folder_iam_binding.authoritative",
              "module.branch-network-prod-folder.google_org_policy_policy.default",
              "module.branch-network-sa.data.google_service_account.service_account",
              "module.branch-network-sa.google_service_account.service_account",
              "module.branch-pf-dev-sa.data.google_service_account.service_account",
              "module.branch-pf-dev-sa.google_service_account.service_account",
              "module.branch-pf-prod-sa.data.google_service_account.service_account",
              "module.branch-pf-prod-sa.google_service_account.service_account",
              "module.branch-sandbox-folder.data.google_folder.folder",
              "module.branch-sandbox-folder.google_folder.folder",
              "module.branch-sandbox-folder.google_folder_iam_binding.authoritative",
              "module.branch-sandbox-folder.google_org_policy_policy.default",
              "module.branch-sandbox-sa.data.google_service_account.service_account",
              "module.branch-sandbox-sa.google_service_account.service_account",
              "module.branch-security-folder.data.google_folder.folder",
              "module.branch-security-folder.google_folder.folder",
              "module.branch-security-folder.google_folder_iam_binding.authoritative",
              "module.branch-security-folder.google_org_policy_policy.default",
              "module.branch-security-sa.data.google_service_account.service_account",
              "module.branch-security-sa.google_service_account.service_account",
              "module.branch-teams-folder.data.google_folder.folder",
              "module.branch-teams-folder.google_folder.folder",
              "module.branch-teams-folder.google_folder_iam_binding.authoritative",
              "module.branch-teams-folder.google_org_policy_policy.default",
              "module.branch-teams-sa.data.google_service_account.service_account",
              "module.branch-teams-sa.google_service_account.service_account",
              "module.branch-teams-team-dev-folder.data.google_folder.folder",
              "module.branch-teams-team-dev-folder.google_bigquery_dataset_iam_member.bq-sinks-binding",
              "module.branch-teams-team-dev-folder.google_compute_firewall_policy.policy",
              "module.branch-teams-team-dev-folder.google_compute_firewall_policy_association.association",
              "module.branch-teams-team-dev-folder.google_compute_firewall_policy_rule.rule",
              "module.branch-teams-team-dev-folder.google_essential_contacts_contact.contact",
              "module.branch-teams-team-dev-folder.google_folder.folder",
              "module.branch-teams-team-dev-folder.google_folder_iam_binding.authoritative",
              "module.branch-teams-team-dev-folder.google_folder_iam_member.additive",
              "module.branch-teams-team-dev-folder.google_logging_folder_exclusion.logging-exclusion",
              "module.branch-teams-team-dev-folder.google_logging_folder_sink.sink",
              "module.branch-teams-team-dev-folder.google_org_policy_policy.default",
              "module.branch-teams-team-dev-folder.google_project_iam_member.bucket-sinks-binding",
              "module.branch-teams-team-dev-folder.google_pubsub_topic_iam_member.pubsub-sinks-binding",
              "module.branch-teams-team-dev-folder.google_storage_bucket_iam_member.gcs-sinks-binding",
              "module.branch-teams-team-dev-folder.google_tags_tag_binding.binding",
              "module.branch-teams-team-folder.data.google_folder.folder",
              "module.branch-teams-team-folder.google_bigquery_dataset_iam_member.bq-sinks-binding",
              "module.branch-teams-team-folder.google_compute_firewall_policy.policy",
              "module.branch-teams-team-folder.google_compute_firewall_policy_association.association",
              "module.branch-teams-team-folder.google_compute_firewall_policy_rule.rule",
              "module.branch-teams-team-folder.google_essential_contacts_contact.contact",
              "module.branch-teams-team-folder.google_folder.folder",
              "module.branch-teams-team-folder.google_folder_iam_binding.authoritative",
              "module.branch-teams-team-folder.google_folder_iam_member.additive",
              "module.branch-teams-team-folder.google_logging_folder_exclusion.logging-exclusion",
              "module.branch-teams-team-folder.google_logging_folder_sink.sink",
              "module.branch-teams-team-folder.google_org_policy_policy.default",
              "module.branch-teams-team-folder.google_project_iam_member.bucket-sinks-binding",
              "module.branch-teams-team-folder.google_pubsub_topic_iam_member.pubsub-sinks-binding",
              "module.branch-teams-team-folder.google_storage_bucket_iam_member.gcs-sinks-binding",
              "module.branch-teams-team-folder.google_tags_tag_binding.binding",
              "module.branch-teams-team-prod-folder.data.google_folder.folder",
              "module.branch-teams-team-prod-folder.google_bigquery_dataset_iam_member.bq-sinks-binding",
              "module.branch-teams-team-prod-folder.google_compute_firewall_policy.policy",
              "module.branch-teams-team-prod-folder.google_compute_firewall_policy_association.association",
              "module.branch-teams-team-prod-folder.google_compute_firewall_policy_rule.rule",
              "module.branch-teams-team-prod-folder.google_essential_contacts_contact.contact",
              "module.branch-teams-team-prod-folder.google_folder.folder",
              "module.branch-teams-team-prod-folder.google_folder_iam_binding.authoritative",
              "module.branch-teams-team-prod-folder.google_folder_iam_member.additive",
              "module.branch-teams-team-prod-folder.google_logging_folder_exclusion.logging-exclusion",
              "module.branch-teams-team-prod-folder.google_logging_folder_sink.sink",
              "module.branch-teams-team-prod-folder.google_org_policy_policy.default",
              "module.branch-teams-team-prod-folder.google_project_iam_member.bucket-sinks-binding",
              "module.branch-teams-team-prod-folder.google_pubsub_topic_iam_member.pubsub-sinks-binding",
              "module.branch-teams-team-prod-folder.google_storage_bucket_iam_member.gcs-sinks-binding",
              "module.branch-teams-team-prod-folder.google_tags_tag_binding.binding",
              "module.branch-teams-team-sa.data.google_service_account.service_account",
              "module.branch-teams-team-sa.google_billing_account_iam_member.billing-roles",
              "module.branch-teams-team-sa.google_folder_iam_member.folder-roles",
              "module.branch-teams-team-sa.google_organization_iam_member.organization-roles",
              "module.branch-teams-team-sa.google_project_iam_member.project-roles",
              "module.branch-teams-team-sa.google_service_account.service_account",
              "module.branch-teams-team-sa.google_service_account_iam_binding.roles",
              "module.branch-teams-team-sa.google_service_account_iam_member.additive",
              "module.branch-teams-team-sa.google_service_account_iam_member.roles",
              "module.branch-teams-team-sa.google_service_account_key.key",
              "module.branch-teams-team-sa.google_service_account_key.upload_key",
              "module.branch-teams-team-sa.google_storage_bucket_iam_member.bucket-roles",
              "module.organization.data.google_iam_policy.authoritative",
              "module.organization.google_organization_iam_binding.authoritative",
              "module.organization.google_organization_iam_member.additive",
              "module.organization.google_organization_iam_policy.authoritative",
              "module.organization.google_tags_tag_key.default",
              "module.organization.google_tags_tag_value.default"
            ]
          }
        ]
      },
      {
        "mode": "managed",
        "type": "local_file",
        "name": "providers",
        "provider": "provider[\"registry.terraform.io/hashicorp/local\"]",
        "instances": [
          {
            "index_key": "02-networking",
            "schema_version": 0,
            "attributes": {
              "content": "/**\n * Copyright 2022 Google LLC\n *\n * Licensed under the Apache License, Version 2.0 (the \"License\");\n * you may not use this file except in compliance with the License.\n * You may obtain a copy of the License at\n *\n *      http://www.apache.org/licenses/LICENSE-2.0\n *\n * Unless required by applicable law or agreed to in writing, software\n * distributed under the License is distributed on an \"AS IS\" BASIS,\n * WITHOUT WARRANTIES OR CONDITIONS OF ANY KIND, either express or implied.\n * See the License for the specific language governing permissions and\n * limitations under the License.\n */\n\nterraform {\n  backend \"gcs\" {\n    bucket                      = \"dnc-prod-resman-net-0\"\n    impersonate_service_account = \"dnc-prod-resman-net-0@dnc-prod-iac-core-0.iam.gserviceaccount.com\"\n  }\n}\nprovider \"google\" {\n  impersonate_service_account = \"dnc-prod-resman-net-0@dnc-prod-iac-core-0.iam.gserviceaccount.com\"\n}\nprovider \"google-beta\" {\n  impersonate_service_account = \"dnc-prod-resman-net-0@dnc-prod-iac-core-0.iam.gserviceaccount.com\"\n}\n\n# end provider.tf for networking\n",
              "content_base64": null,
              "directory_permission": "0777",
              "file_permission": "0644",
              "filename": "../dnc-config/providers/02-networking-providers.tf",
              "id": "64623181356e68f46d4ff5721ff576e6e21371f7",
              "sensitive_content": null,
              "source": null
            },
            "sensitive_attributes": [],
            "private": "bnVsbA==",
            "dependencies": [
              "module.branch-dp-dev-gcs.google_storage_bucket.bucket",
              "module.branch-dp-dev-gcs.google_storage_bucket_iam_binding.bindings",
              "module.branch-dp-dev-sa.data.google_service_account.service_account",
              "module.branch-dp-dev-sa.google_service_account.service_account",
              "module.branch-dp-prod-gcs.google_storage_bucket.bucket",
              "module.branch-dp-prod-gcs.google_storage_bucket_iam_binding.bindings",
              "module.branch-dp-prod-sa.data.google_service_account.service_account",
              "module.branch-dp-prod-sa.google_service_account.service_account",
              "module.branch-gke-dev-gcs.google_storage_bucket.bucket",
              "module.branch-gke-dev-gcs.google_storage_bucket_iam_binding.bindings",
              "module.branch-gke-dev-sa.data.google_service_account.service_account",
              "module.branch-gke-dev-sa.google_service_account.service_account",
              "module.branch-gke-prod-gcs.google_storage_bucket.bucket",
              "module.branch-gke-prod-gcs.google_storage_bucket_iam_binding.bindings",
              "module.branch-gke-prod-sa.data.google_service_account.service_account",
              "module.branch-gke-prod-sa.google_service_account.service_account",
              "module.branch-network-gcs.google_storage_bucket.bucket",
              "module.branch-network-gcs.google_storage_bucket_iam_binding.bindings",
              "module.branch-network-sa.data.google_service_account.service_account",
              "module.branch-network-sa.google_service_account.service_account",
              "module.branch-pf-dev-gcs.google_storage_bucket.bucket",
              "module.branch-pf-dev-gcs.google_storage_bucket_iam_binding.bindings",
              "module.branch-pf-dev-sa.data.google_service_account.service_account",
              "module.branch-pf-dev-sa.google_service_account.service_account",
              "module.branch-pf-prod-gcs.google_storage_bucket.bucket",
              "module.branch-pf-prod-gcs.google_storage_bucket_iam_binding.bindings",
              "module.branch-pf-prod-sa.data.google_service_account.service_account",
              "module.branch-pf-prod-sa.google_service_account.service_account",
              "module.branch-sandbox-gcs.google_storage_bucket.bucket",
              "module.branch-sandbox-gcs.google_storage_bucket_iam_binding.bindings",
              "module.branch-sandbox-sa.data.google_service_account.service_account",
              "module.branch-sandbox-sa.google_service_account.service_account",
              "module.branch-security-gcs.google_storage_bucket.bucket",
              "module.branch-security-gcs.google_storage_bucket_iam_binding.bindings",
              "module.branch-security-sa.data.google_service_account.service_account",
              "module.branch-security-sa.google_service_account.service_account",
              "module.branch-teams-gcs.google_storage_bucket.bucket",
              "module.branch-teams-gcs.google_storage_bucket_iam_binding.bindings",
              "module.branch-teams-sa.data.google_service_account.service_account",
              "module.branch-teams-sa.google_service_account.service_account",
              "module.branch-teams-team-gcs.google_pubsub_topic.topic",
              "module.branch-teams-team-gcs.google_pubsub_topic_iam_binding.binding",
              "module.branch-teams-team-gcs.google_storage_bucket.bucket",
              "module.branch-teams-team-gcs.google_storage_bucket_iam_binding.bindings",
              "module.branch-teams-team-gcs.google_storage_notification.notification",
              "module.branch-teams-team-sa.data.google_service_account.service_account",
              "module.branch-teams-team-sa.google_billing_account_iam_member.billing-roles",
              "module.branch-teams-team-sa.google_folder_iam_member.folder-roles",
              "module.branch-teams-team-sa.google_organization_iam_member.organization-roles",
              "module.branch-teams-team-sa.google_project_iam_member.project-roles",
              "module.branch-teams-team-sa.google_service_account.service_account",
              "module.branch-teams-team-sa.google_service_account_iam_binding.roles",
              "module.branch-teams-team-sa.google_service_account_iam_member.additive",
              "module.branch-teams-team-sa.google_service_account_iam_member.roles",
              "module.branch-teams-team-sa.google_service_account_key.key",
              "module.branch-teams-team-sa.google_service_account_key.upload_key",
              "module.branch-teams-team-sa.google_storage_bucket_iam_member.bucket-roles"
            ]
          },
          {
            "index_key": "02-security",
            "schema_version": 0,
            "attributes": {
              "content": "/**\n * Copyright 2022 Google LLC\n *\n * Licensed under the Apache License, Version 2.0 (the \"License\");\n * you may not use this file except in compliance with the License.\n * You may obtain a copy of the License at\n *\n *      http://www.apache.org/licenses/LICENSE-2.0\n *\n * Unless required by applicable law or agreed to in writing, software\n * distributed under the License is distributed on an \"AS IS\" BASIS,\n * WITHOUT WARRANTIES OR CONDITIONS OF ANY KIND, either express or implied.\n * See the License for the specific language governing permissions and\n * limitations under the License.\n */\n\nterraform {\n  backend \"gcs\" {\n    bucket                      = \"dnc-prod-resman-sec-0\"\n    impersonate_service_account = \"dnc-prod-resman-sec-0@dnc-prod-iac-core-0.iam.gserviceaccount.com\"\n  }\n}\nprovider \"google\" {\n  impersonate_service_account = \"dnc-prod-resman-sec-0@dnc-prod-iac-core-0.iam.gserviceaccount.com\"\n}\nprovider \"google-beta\" {\n  impersonate_service_account = \"dnc-prod-resman-sec-0@dnc-prod-iac-core-0.iam.gserviceaccount.com\"\n}\n\n# end provider.tf for security\n",
              "content_base64": null,
              "directory_permission": "0777",
              "file_permission": "0644",
              "filename": "../dnc-config/providers/02-security-providers.tf",
              "id": "2495e2bfe907e0db7ed703c920176237c3c7f3b2",
              "sensitive_content": null,
              "source": null
            },
            "sensitive_attributes": [],
            "private": "bnVsbA==",
            "dependencies": [
              "module.branch-dp-dev-gcs.google_storage_bucket.bucket",
              "module.branch-dp-dev-gcs.google_storage_bucket_iam_binding.bindings",
              "module.branch-dp-dev-sa.data.google_service_account.service_account",
              "module.branch-dp-dev-sa.google_service_account.service_account",
              "module.branch-dp-prod-gcs.google_storage_bucket.bucket",
              "module.branch-dp-prod-gcs.google_storage_bucket_iam_binding.bindings",
              "module.branch-dp-prod-sa.data.google_service_account.service_account",
              "module.branch-dp-prod-sa.google_service_account.service_account",
              "module.branch-gke-dev-gcs.google_storage_bucket.bucket",
              "module.branch-gke-dev-gcs.google_storage_bucket_iam_binding.bindings",
              "module.branch-gke-dev-sa.data.google_service_account.service_account",
              "module.branch-gke-dev-sa.google_service_account.service_account",
              "module.branch-gke-prod-gcs.google_storage_bucket.bucket",
              "module.branch-gke-prod-gcs.google_storage_bucket_iam_binding.bindings",
              "module.branch-gke-prod-sa.data.google_service_account.service_account",
              "module.branch-gke-prod-sa.google_service_account.service_account",
              "module.branch-network-gcs.google_storage_bucket.bucket",
              "module.branch-network-gcs.google_storage_bucket_iam_binding.bindings",
              "module.branch-network-sa.data.google_service_account.service_account",
              "module.branch-network-sa.google_service_account.service_account",
              "module.branch-pf-dev-gcs.google_storage_bucket.bucket",
              "module.branch-pf-dev-gcs.google_storage_bucket_iam_binding.bindings",
              "module.branch-pf-dev-sa.data.google_service_account.service_account",
              "module.branch-pf-dev-sa.google_service_account.service_account",
              "module.branch-pf-prod-gcs.google_storage_bucket.bucket",
              "module.branch-pf-prod-gcs.google_storage_bucket_iam_binding.bindings",
              "module.branch-pf-prod-sa.data.google_service_account.service_account",
              "module.branch-pf-prod-sa.google_service_account.service_account",
              "module.branch-sandbox-gcs.google_storage_bucket.bucket",
              "module.branch-sandbox-gcs.google_storage_bucket_iam_binding.bindings",
              "module.branch-sandbox-sa.data.google_service_account.service_account",
              "module.branch-sandbox-sa.google_service_account.service_account",
              "module.branch-security-gcs.google_storage_bucket.bucket",
              "module.branch-security-gcs.google_storage_bucket_iam_binding.bindings",
              "module.branch-security-sa.data.google_service_account.service_account",
              "module.branch-security-sa.google_service_account.service_account",
              "module.branch-teams-gcs.google_storage_bucket.bucket",
              "module.branch-teams-gcs.google_storage_bucket_iam_binding.bindings",
              "module.branch-teams-sa.data.google_service_account.service_account",
              "module.branch-teams-sa.google_service_account.service_account",
              "module.branch-teams-team-gcs.google_pubsub_topic.topic",
              "module.branch-teams-team-gcs.google_pubsub_topic_iam_binding.binding",
              "module.branch-teams-team-gcs.google_storage_bucket.bucket",
              "module.branch-teams-team-gcs.google_storage_bucket_iam_binding.bindings",
              "module.branch-teams-team-gcs.google_storage_notification.notification",
              "module.branch-teams-team-sa.data.google_service_account.service_account",
              "module.branch-teams-team-sa.google_billing_account_iam_member.billing-roles",
              "module.branch-teams-team-sa.google_folder_iam_member.folder-roles",
              "module.branch-teams-team-sa.google_organization_iam_member.organization-roles",
              "module.branch-teams-team-sa.google_project_iam_member.project-roles",
              "module.branch-teams-team-sa.google_service_account.service_account",
              "module.branch-teams-team-sa.google_service_account_iam_binding.roles",
              "module.branch-teams-team-sa.google_service_account_iam_member.additive",
              "module.branch-teams-team-sa.google_service_account_iam_member.roles",
              "module.branch-teams-team-sa.google_service_account_key.key",
              "module.branch-teams-team-sa.google_service_account_key.upload_key",
              "module.branch-teams-team-sa.google_storage_bucket_iam_member.bucket-roles"
            ]
          },
          {
            "index_key": "03-data-platform-dev",
            "schema_version": 0,
            "attributes": {
              "content": "/**\n * Copyright 2022 Google LLC\n *\n * Licensed under the Apache License, Version 2.0 (the \"License\");\n * you may not use this file except in compliance with the License.\n * You may obtain a copy of the License at\n *\n *      http://www.apache.org/licenses/LICENSE-2.0\n *\n * Unless required by applicable law or agreed to in writing, software\n * distributed under the License is distributed on an \"AS IS\" BASIS,\n * WITHOUT WARRANTIES OR CONDITIONS OF ANY KIND, either express or implied.\n * See the License for the specific language governing permissions and\n * limitations under the License.\n */\n\nterraform {\n  backend \"gcs\" {\n    bucket                      = \"dnc-dev-resman-dp-0\"\n    impersonate_service_account = \"dnc-dev-resman-dp-0@dnc-prod-iac-core-0.iam.gserviceaccount.com\"\n  }\n}\nprovider \"google\" {\n  impersonate_service_account = \"dnc-dev-resman-dp-0@dnc-prod-iac-core-0.iam.gserviceaccount.com\"\n}\nprovider \"google-beta\" {\n  impersonate_service_account = \"dnc-dev-resman-dp-0@dnc-prod-iac-core-0.iam.gserviceaccount.com\"\n}\n\n# end provider.tf for dp-dev\n",
              "content_base64": null,
              "directory_permission": "0777",
              "file_permission": "0644",
              "filename": "../dnc-config/providers/03-data-platform-dev-providers.tf",
              "id": "98f5f4c38fce5d17560f59c8868b65187e180575",
              "sensitive_content": null,
              "source": null
            },
            "sensitive_attributes": [],
            "private": "bnVsbA==",
            "dependencies": [
              "module.branch-dp-dev-gcs.google_storage_bucket.bucket",
              "module.branch-dp-dev-gcs.google_storage_bucket_iam_binding.bindings",
              "module.branch-dp-dev-sa.data.google_service_account.service_account",
              "module.branch-dp-dev-sa.google_service_account.service_account",
              "module.branch-dp-prod-gcs.google_storage_bucket.bucket",
              "module.branch-dp-prod-gcs.google_storage_bucket_iam_binding.bindings",
              "module.branch-dp-prod-sa.data.google_service_account.service_account",
              "module.branch-dp-prod-sa.google_service_account.service_account",
              "module.branch-gke-dev-gcs.google_storage_bucket.bucket",
              "module.branch-gke-dev-gcs.google_storage_bucket_iam_binding.bindings",
              "module.branch-gke-dev-sa.data.google_service_account.service_account",
              "module.branch-gke-dev-sa.google_service_account.service_account",
              "module.branch-gke-prod-gcs.google_storage_bucket.bucket",
              "module.branch-gke-prod-gcs.google_storage_bucket_iam_binding.bindings",
              "module.branch-gke-prod-sa.data.google_service_account.service_account",
              "module.branch-gke-prod-sa.google_service_account.service_account",
              "module.branch-network-gcs.google_storage_bucket.bucket",
              "module.branch-network-gcs.google_storage_bucket_iam_binding.bindings",
              "module.branch-network-sa.data.google_service_account.service_account",
              "module.branch-network-sa.google_service_account.service_account",
              "module.branch-pf-dev-gcs.google_storage_bucket.bucket",
              "module.branch-pf-dev-gcs.google_storage_bucket_iam_binding.bindings",
              "module.branch-pf-dev-sa.data.google_service_account.service_account",
              "module.branch-pf-dev-sa.google_service_account.service_account",
              "module.branch-pf-prod-gcs.google_storage_bucket.bucket",
              "module.branch-pf-prod-gcs.google_storage_bucket_iam_binding.bindings",
              "module.branch-pf-prod-sa.data.google_service_account.service_account",
              "module.branch-pf-prod-sa.google_service_account.service_account",
              "module.branch-sandbox-gcs.google_storage_bucket.bucket",
              "module.branch-sandbox-gcs.google_storage_bucket_iam_binding.bindings",
              "module.branch-sandbox-sa.data.google_service_account.service_account",
              "module.branch-sandbox-sa.google_service_account.service_account",
              "module.branch-security-gcs.google_storage_bucket.bucket",
              "module.branch-security-gcs.google_storage_bucket_iam_binding.bindings",
              "module.branch-security-sa.data.google_service_account.service_account",
              "module.branch-security-sa.google_service_account.service_account",
              "module.branch-teams-gcs.google_storage_bucket.bucket",
              "module.branch-teams-gcs.google_storage_bucket_iam_binding.bindings",
              "module.branch-teams-sa.data.google_service_account.service_account",
              "module.branch-teams-sa.google_service_account.service_account",
              "module.branch-teams-team-gcs.google_pubsub_topic.topic",
              "module.branch-teams-team-gcs.google_pubsub_topic_iam_binding.binding",
              "module.branch-teams-team-gcs.google_storage_bucket.bucket",
              "module.branch-teams-team-gcs.google_storage_bucket_iam_binding.bindings",
              "module.branch-teams-team-gcs.google_storage_notification.notification",
              "module.branch-teams-team-sa.data.google_service_account.service_account",
              "module.branch-teams-team-sa.google_billing_account_iam_member.billing-roles",
              "module.branch-teams-team-sa.google_folder_iam_member.folder-roles",
              "module.branch-teams-team-sa.google_organization_iam_member.organization-roles",
              "module.branch-teams-team-sa.google_project_iam_member.project-roles",
              "module.branch-teams-team-sa.google_service_account.service_account",
              "module.branch-teams-team-sa.google_service_account_iam_binding.roles",
              "module.branch-teams-team-sa.google_service_account_iam_member.additive",
              "module.branch-teams-team-sa.google_service_account_iam_member.roles",
              "module.branch-teams-team-sa.google_service_account_key.key",
              "module.branch-teams-team-sa.google_service_account_key.upload_key",
              "module.branch-teams-team-sa.google_storage_bucket_iam_member.bucket-roles"
            ]
          },
          {
            "index_key": "03-data-platform-prod",
            "schema_version": 0,
            "attributes": {
              "content": "/**\n * Copyright 2022 Google LLC\n *\n * Licensed under the Apache License, Version 2.0 (the \"License\");\n * you may not use this file except in compliance with the License.\n * You may obtain a copy of the License at\n *\n *      http://www.apache.org/licenses/LICENSE-2.0\n *\n * Unless required by applicable law or agreed to in writing, software\n * distributed under the License is distributed on an \"AS IS\" BASIS,\n * WITHOUT WARRANTIES OR CONDITIONS OF ANY KIND, either express or implied.\n * See the License for the specific language governing permissions and\n * limitations under the License.\n */\n\nterraform {\n  backend \"gcs\" {\n    bucket                      = \"dnc-prod-resman-dp-0\"\n    impersonate_service_account = \"dnc-prod-resman-dp-0@dnc-prod-iac-core-0.iam.gserviceaccount.com\"\n  }\n}\nprovider \"google\" {\n  impersonate_service_account = \"dnc-prod-resman-dp-0@dnc-prod-iac-core-0.iam.gserviceaccount.com\"\n}\nprovider \"google-beta\" {\n  impersonate_service_account = \"dnc-prod-resman-dp-0@dnc-prod-iac-core-0.iam.gserviceaccount.com\"\n}\n\n# end provider.tf for dp-prod\n",
              "content_base64": null,
              "directory_permission": "0777",
              "file_permission": "0644",
              "filename": "../dnc-config/providers/03-data-platform-prod-providers.tf",
              "id": "ad9a9b18c0139983fd8744af5367235f6792a324",
              "sensitive_content": null,
              "source": null
            },
            "sensitive_attributes": [],
            "private": "bnVsbA==",
            "dependencies": [
              "module.branch-dp-dev-gcs.google_storage_bucket.bucket",
              "module.branch-dp-dev-gcs.google_storage_bucket_iam_binding.bindings",
              "module.branch-dp-dev-sa.data.google_service_account.service_account",
              "module.branch-dp-dev-sa.google_service_account.service_account",
              "module.branch-dp-prod-gcs.google_storage_bucket.bucket",
              "module.branch-dp-prod-gcs.google_storage_bucket_iam_binding.bindings",
              "module.branch-dp-prod-sa.data.google_service_account.service_account",
              "module.branch-dp-prod-sa.google_service_account.service_account",
              "module.branch-gke-dev-gcs.google_storage_bucket.bucket",
              "module.branch-gke-dev-gcs.google_storage_bucket_iam_binding.bindings",
              "module.branch-gke-dev-sa.data.google_service_account.service_account",
              "module.branch-gke-dev-sa.google_service_account.service_account",
              "module.branch-gke-prod-gcs.google_storage_bucket.bucket",
              "module.branch-gke-prod-gcs.google_storage_bucket_iam_binding.bindings",
              "module.branch-gke-prod-sa.data.google_service_account.service_account",
              "module.branch-gke-prod-sa.google_service_account.service_account",
              "module.branch-network-gcs.google_storage_bucket.bucket",
              "module.branch-network-gcs.google_storage_bucket_iam_binding.bindings",
              "module.branch-network-sa.data.google_service_account.service_account",
              "module.branch-network-sa.google_service_account.service_account",
              "module.branch-pf-dev-gcs.google_storage_bucket.bucket",
              "module.branch-pf-dev-gcs.google_storage_bucket_iam_binding.bindings",
              "module.branch-pf-dev-sa.data.google_service_account.service_account",
              "module.branch-pf-dev-sa.google_service_account.service_account",
              "module.branch-pf-prod-gcs.google_storage_bucket.bucket",
              "module.branch-pf-prod-gcs.google_storage_bucket_iam_binding.bindings",
              "module.branch-pf-prod-sa.data.google_service_account.service_account",
              "module.branch-pf-prod-sa.google_service_account.service_account",
              "module.branch-sandbox-gcs.google_storage_bucket.bucket",
              "module.branch-sandbox-gcs.google_storage_bucket_iam_binding.bindings",
              "module.branch-sandbox-sa.data.google_service_account.service_account",
              "module.branch-sandbox-sa.google_service_account.service_account",
              "module.branch-security-gcs.google_storage_bucket.bucket",
              "module.branch-security-gcs.google_storage_bucket_iam_binding.bindings",
              "module.branch-security-sa.data.google_service_account.service_account",
              "module.branch-security-sa.google_service_account.service_account",
              "module.branch-teams-gcs.google_storage_bucket.bucket",
              "module.branch-teams-gcs.google_storage_bucket_iam_binding.bindings",
              "module.branch-teams-sa.data.google_service_account.service_account",
              "module.branch-teams-sa.google_service_account.service_account",
              "module.branch-teams-team-gcs.google_pubsub_topic.topic",
              "module.branch-teams-team-gcs.google_pubsub_topic_iam_binding.binding",
              "module.branch-teams-team-gcs.google_storage_bucket.bucket",
              "module.branch-teams-team-gcs.google_storage_bucket_iam_binding.bindings",
              "module.branch-teams-team-gcs.google_storage_notification.notification",
              "module.branch-teams-team-sa.data.google_service_account.service_account",
              "module.branch-teams-team-sa.google_billing_account_iam_member.billing-roles",
              "module.branch-teams-team-sa.google_folder_iam_member.folder-roles",
              "module.branch-teams-team-sa.google_organization_iam_member.organization-roles",
              "module.branch-teams-team-sa.google_project_iam_member.project-roles",
              "module.branch-teams-team-sa.google_service_account.service_account",
              "module.branch-teams-team-sa.google_service_account_iam_binding.roles",
              "module.branch-teams-team-sa.google_service_account_iam_member.additive",
              "module.branch-teams-team-sa.google_service_account_iam_member.roles",
              "module.branch-teams-team-sa.google_service_account_key.key",
              "module.branch-teams-team-sa.google_service_account_key.upload_key",
              "module.branch-teams-team-sa.google_storage_bucket_iam_member.bucket-roles"
            ]
          },
          {
            "index_key": "03-gke-dev",
            "schema_version": 0,
            "attributes": {
              "content": "/**\n * Copyright 2022 Google LLC\n *\n * Licensed under the Apache License, Version 2.0 (the \"License\");\n * you may not use this file except in compliance with the License.\n * You may obtain a copy of the License at\n *\n *      http://www.apache.org/licenses/LICENSE-2.0\n *\n * Unless required by applicable law or agreed to in writing, software\n * distributed under the License is distributed on an \"AS IS\" BASIS,\n * WITHOUT WARRANTIES OR CONDITIONS OF ANY KIND, either express or implied.\n * See the License for the specific language governing permissions and\n * limitations under the License.\n */\n\nterraform {\n  backend \"gcs\" {\n    bucket                      = \"dnc-dev-resman-gke-0\"\n    impersonate_service_account = \"dnc-dev-resman-gke-0@dnc-prod-iac-core-0.iam.gserviceaccount.com\"\n  }\n}\nprovider \"google\" {\n  impersonate_service_account = \"dnc-dev-resman-gke-0@dnc-prod-iac-core-0.iam.gserviceaccount.com\"\n}\nprovider \"google-beta\" {\n  impersonate_service_account = \"dnc-dev-resman-gke-0@dnc-prod-iac-core-0.iam.gserviceaccount.com\"\n}\n\n# end provider.tf for gke-dev\n",
              "content_base64": null,
              "directory_permission": "0777",
              "file_permission": "0644",
              "filename": "../dnc-config/providers/03-gke-dev-providers.tf",
              "id": "ecdc403664f143d3243a0ede5733acb7819c2b64",
              "sensitive_content": null,
              "source": null
            },
            "sensitive_attributes": [],
            "private": "bnVsbA==",
            "dependencies": [
              "module.branch-dp-dev-gcs.google_storage_bucket.bucket",
              "module.branch-dp-dev-gcs.google_storage_bucket_iam_binding.bindings",
              "module.branch-dp-dev-sa.data.google_service_account.service_account",
              "module.branch-dp-dev-sa.google_service_account.service_account",
              "module.branch-dp-prod-gcs.google_storage_bucket.bucket",
              "module.branch-dp-prod-gcs.google_storage_bucket_iam_binding.bindings",
              "module.branch-dp-prod-sa.data.google_service_account.service_account",
              "module.branch-dp-prod-sa.google_service_account.service_account",
              "module.branch-gke-dev-gcs.google_storage_bucket.bucket",
              "module.branch-gke-dev-gcs.google_storage_bucket_iam_binding.bindings",
              "module.branch-gke-dev-sa.data.google_service_account.service_account",
              "module.branch-gke-dev-sa.google_service_account.service_account",
              "module.branch-gke-prod-gcs.google_storage_bucket.bucket",
              "module.branch-gke-prod-gcs.google_storage_bucket_iam_binding.bindings",
              "module.branch-gke-prod-sa.data.google_service_account.service_account",
              "module.branch-gke-prod-sa.google_service_account.service_account",
              "module.branch-network-gcs.google_storage_bucket.bucket",
              "module.branch-network-gcs.google_storage_bucket_iam_binding.bindings",
              "module.branch-network-sa.data.google_service_account.service_account",
              "module.branch-network-sa.google_service_account.service_account",
              "module.branch-pf-dev-gcs.google_storage_bucket.bucket",
              "module.branch-pf-dev-gcs.google_storage_bucket_iam_binding.bindings",
              "module.branch-pf-dev-sa.data.google_service_account.service_account",
              "module.branch-pf-dev-sa.google_service_account.service_account",
              "module.branch-pf-prod-gcs.google_storage_bucket.bucket",
              "module.branch-pf-prod-gcs.google_storage_bucket_iam_binding.bindings",
              "module.branch-pf-prod-sa.data.google_service_account.service_account",
              "module.branch-pf-prod-sa.google_service_account.service_account",
              "module.branch-sandbox-gcs.google_storage_bucket.bucket",
              "module.branch-sandbox-gcs.google_storage_bucket_iam_binding.bindings",
              "module.branch-sandbox-sa.data.google_service_account.service_account",
              "module.branch-sandbox-sa.google_service_account.service_account",
              "module.branch-security-gcs.google_storage_bucket.bucket",
              "module.branch-security-gcs.google_storage_bucket_iam_binding.bindings",
              "module.branch-security-sa.data.google_service_account.service_account",
              "module.branch-security-sa.google_service_account.service_account",
              "module.branch-teams-gcs.google_storage_bucket.bucket",
              "module.branch-teams-gcs.google_storage_bucket_iam_binding.bindings",
              "module.branch-teams-sa.data.google_service_account.service_account",
              "module.branch-teams-sa.google_service_account.service_account",
              "module.branch-teams-team-gcs.google_pubsub_topic.topic",
              "module.branch-teams-team-gcs.google_pubsub_topic_iam_binding.binding",
              "module.branch-teams-team-gcs.google_storage_bucket.bucket",
              "module.branch-teams-team-gcs.google_storage_bucket_iam_binding.bindings",
              "module.branch-teams-team-gcs.google_storage_notification.notification",
              "module.branch-teams-team-sa.data.google_service_account.service_account",
              "module.branch-teams-team-sa.google_billing_account_iam_member.billing-roles",
              "module.branch-teams-team-sa.google_folder_iam_member.folder-roles",
              "module.branch-teams-team-sa.google_organization_iam_member.organization-roles",
              "module.branch-teams-team-sa.google_project_iam_member.project-roles",
              "module.branch-teams-team-sa.google_service_account.service_account",
              "module.branch-teams-team-sa.google_service_account_iam_binding.roles",
              "module.branch-teams-team-sa.google_service_account_iam_member.additive",
              "module.branch-teams-team-sa.google_service_account_iam_member.roles",
              "module.branch-teams-team-sa.google_service_account_key.key",
              "module.branch-teams-team-sa.google_service_account_key.upload_key",
              "module.branch-teams-team-sa.google_storage_bucket_iam_member.bucket-roles"
            ]
          },
          {
            "index_key": "03-gke-prod",
            "schema_version": 0,
            "attributes": {
              "content": "/**\n * Copyright 2022 Google LLC\n *\n * Licensed under the Apache License, Version 2.0 (the \"License\");\n * you may not use this file except in compliance with the License.\n * You may obtain a copy of the License at\n *\n *      http://www.apache.org/licenses/LICENSE-2.0\n *\n * Unless required by applicable law or agreed to in writing, software\n * distributed under the License is distributed on an \"AS IS\" BASIS,\n * WITHOUT WARRANTIES OR CONDITIONS OF ANY KIND, either express or implied.\n * See the License for the specific language governing permissions and\n * limitations under the License.\n */\n\nterraform {\n  backend \"gcs\" {\n    bucket                      = \"dnc-prod-resman-gke-0\"\n    impersonate_service_account = \"dnc-prod-resman-gke-0@dnc-prod-iac-core-0.iam.gserviceaccount.com\"\n  }\n}\nprovider \"google\" {\n  impersonate_service_account = \"dnc-prod-resman-gke-0@dnc-prod-iac-core-0.iam.gserviceaccount.com\"\n}\nprovider \"google-beta\" {\n  impersonate_service_account = \"dnc-prod-resman-gke-0@dnc-prod-iac-core-0.iam.gserviceaccount.com\"\n}\n\n# end provider.tf for gke-prod\n",
              "content_base64": null,
              "directory_permission": "0777",
              "file_permission": "0644",
              "filename": "../dnc-config/providers/03-gke-prod-providers.tf",
              "id": "9c4cfa2fdc87693faa60bffd666f54bafe8c48c9",
              "sensitive_content": null,
              "source": null
            },
            "sensitive_attributes": [],
            "private": "bnVsbA==",
            "dependencies": [
              "module.branch-dp-dev-gcs.google_storage_bucket.bucket",
              "module.branch-dp-dev-gcs.google_storage_bucket_iam_binding.bindings",
              "module.branch-dp-dev-sa.data.google_service_account.service_account",
              "module.branch-dp-dev-sa.google_service_account.service_account",
              "module.branch-dp-prod-gcs.google_storage_bucket.bucket",
              "module.branch-dp-prod-gcs.google_storage_bucket_iam_binding.bindings",
              "module.branch-dp-prod-sa.data.google_service_account.service_account",
              "module.branch-dp-prod-sa.google_service_account.service_account",
              "module.branch-gke-dev-gcs.google_storage_bucket.bucket",
              "module.branch-gke-dev-gcs.google_storage_bucket_iam_binding.bindings",
              "module.branch-gke-dev-sa.data.google_service_account.service_account",
              "module.branch-gke-dev-sa.google_service_account.service_account",
              "module.branch-gke-prod-gcs.google_storage_bucket.bucket",
              "module.branch-gke-prod-gcs.google_storage_bucket_iam_binding.bindings",
              "module.branch-gke-prod-sa.data.google_service_account.service_account",
              "module.branch-gke-prod-sa.google_service_account.service_account",
              "module.branch-network-gcs.google_storage_bucket.bucket",
              "module.branch-network-gcs.google_storage_bucket_iam_binding.bindings",
              "module.branch-network-sa.data.google_service_account.service_account",
              "module.branch-network-sa.google_service_account.service_account",
              "module.branch-pf-dev-gcs.google_storage_bucket.bucket",
              "module.branch-pf-dev-gcs.google_storage_bucket_iam_binding.bindings",
              "module.branch-pf-dev-sa.data.google_service_account.service_account",
              "module.branch-pf-dev-sa.google_service_account.service_account",
              "module.branch-pf-prod-gcs.google_storage_bucket.bucket",
              "module.branch-pf-prod-gcs.google_storage_bucket_iam_binding.bindings",
              "module.branch-pf-prod-sa.data.google_service_account.service_account",
              "module.branch-pf-prod-sa.google_service_account.service_account",
              "module.branch-sandbox-gcs.google_storage_bucket.bucket",
              "module.branch-sandbox-gcs.google_storage_bucket_iam_binding.bindings",
              "module.branch-sandbox-sa.data.google_service_account.service_account",
              "module.branch-sandbox-sa.google_service_account.service_account",
              "module.branch-security-gcs.google_storage_bucket.bucket",
              "module.branch-security-gcs.google_storage_bucket_iam_binding.bindings",
              "module.branch-security-sa.data.google_service_account.service_account",
              "module.branch-security-sa.google_service_account.service_account",
              "module.branch-teams-gcs.google_storage_bucket.bucket",
              "module.branch-teams-gcs.google_storage_bucket_iam_binding.bindings",
              "module.branch-teams-sa.data.google_service_account.service_account",
              "module.branch-teams-sa.google_service_account.service_account",
              "module.branch-teams-team-gcs.google_pubsub_topic.topic",
              "module.branch-teams-team-gcs.google_pubsub_topic_iam_binding.binding",
              "module.branch-teams-team-gcs.google_storage_bucket.bucket",
              "module.branch-teams-team-gcs.google_storage_bucket_iam_binding.bindings",
              "module.branch-teams-team-gcs.google_storage_notification.notification",
              "module.branch-teams-team-sa.data.google_service_account.service_account",
              "module.branch-teams-team-sa.google_billing_account_iam_member.billing-roles",
              "module.branch-teams-team-sa.google_folder_iam_member.folder-roles",
              "module.branch-teams-team-sa.google_organization_iam_member.organization-roles",
              "module.branch-teams-team-sa.google_project_iam_member.project-roles",
              "module.branch-teams-team-sa.google_service_account.service_account",
              "module.branch-teams-team-sa.google_service_account_iam_binding.roles",
              "module.branch-teams-team-sa.google_service_account_iam_member.additive",
              "module.branch-teams-team-sa.google_service_account_iam_member.roles",
              "module.branch-teams-team-sa.google_service_account_key.key",
              "module.branch-teams-team-sa.google_service_account_key.upload_key",
              "module.branch-teams-team-sa.google_storage_bucket_iam_member.bucket-roles"
            ]
          },
          {
            "index_key": "03-project-factory-dev",
            "schema_version": 0,
            "attributes": {
              "content": "/**\n * Copyright 2022 Google LLC\n *\n * Licensed under the Apache License, Version 2.0 (the \"License\");\n * you may not use this file except in compliance with the License.\n * You may obtain a copy of the License at\n *\n *      http://www.apache.org/licenses/LICENSE-2.0\n *\n * Unless required by applicable law or agreed to in writing, software\n * distributed under the License is distributed on an \"AS IS\" BASIS,\n * WITHOUT WARRANTIES OR CONDITIONS OF ANY KIND, either express or implied.\n * See the License for the specific language governing permissions and\n * limitations under the License.\n */\n\nterraform {\n  backend \"gcs\" {\n    bucket                      = \"dnc-dev-resman-pf-0\"\n    impersonate_service_account = \"dnc-dev-resman-pf-0@dnc-prod-iac-core-0.iam.gserviceaccount.com\"\n  }\n}\nprovider \"google\" {\n  impersonate_service_account = \"dnc-dev-resman-pf-0@dnc-prod-iac-core-0.iam.gserviceaccount.com\"\n}\nprovider \"google-beta\" {\n  impersonate_service_account = \"dnc-dev-resman-pf-0@dnc-prod-iac-core-0.iam.gserviceaccount.com\"\n}\n\n# end provider.tf for team-dev\n",
              "content_base64": null,
              "directory_permission": "0777",
              "file_permission": "0644",
              "filename": "../dnc-config/providers/03-project-factory-dev-providers.tf",
              "id": "5eb5f389df0cd5924d96e33f409cc551598669c2",
              "sensitive_content": null,
              "source": null
            },
            "sensitive_attributes": [],
            "private": "bnVsbA==",
            "dependencies": [
              "module.branch-dp-dev-gcs.google_storage_bucket.bucket",
              "module.branch-dp-dev-gcs.google_storage_bucket_iam_binding.bindings",
              "module.branch-dp-dev-sa.data.google_service_account.service_account",
              "module.branch-dp-dev-sa.google_service_account.service_account",
              "module.branch-dp-prod-gcs.google_storage_bucket.bucket",
              "module.branch-dp-prod-gcs.google_storage_bucket_iam_binding.bindings",
              "module.branch-dp-prod-sa.data.google_service_account.service_account",
              "module.branch-dp-prod-sa.google_service_account.service_account",
              "module.branch-gke-dev-gcs.google_storage_bucket.bucket",
              "module.branch-gke-dev-gcs.google_storage_bucket_iam_binding.bindings",
              "module.branch-gke-dev-sa.data.google_service_account.service_account",
              "module.branch-gke-dev-sa.google_service_account.service_account",
              "module.branch-gke-prod-gcs.google_storage_bucket.bucket",
              "module.branch-gke-prod-gcs.google_storage_bucket_iam_binding.bindings",
              "module.branch-gke-prod-sa.data.google_service_account.service_account",
              "module.branch-gke-prod-sa.google_service_account.service_account",
              "module.branch-network-gcs.google_storage_bucket.bucket",
              "module.branch-network-gcs.google_storage_bucket_iam_binding.bindings",
              "module.branch-network-sa.data.google_service_account.service_account",
              "module.branch-network-sa.google_service_account.service_account",
              "module.branch-pf-dev-gcs.google_storage_bucket.bucket",
              "module.branch-pf-dev-gcs.google_storage_bucket_iam_binding.bindings",
              "module.branch-pf-dev-sa.data.google_service_account.service_account",
              "module.branch-pf-dev-sa.google_service_account.service_account",
              "module.branch-pf-prod-gcs.google_storage_bucket.bucket",
              "module.branch-pf-prod-gcs.google_storage_bucket_iam_binding.bindings",
              "module.branch-pf-prod-sa.data.google_service_account.service_account",
              "module.branch-pf-prod-sa.google_service_account.service_account",
              "module.branch-sandbox-gcs.google_storage_bucket.bucket",
              "module.branch-sandbox-gcs.google_storage_bucket_iam_binding.bindings",
              "module.branch-sandbox-sa.data.google_service_account.service_account",
              "module.branch-sandbox-sa.google_service_account.service_account",
              "module.branch-security-gcs.google_storage_bucket.bucket",
              "module.branch-security-gcs.google_storage_bucket_iam_binding.bindings",
              "module.branch-security-sa.data.google_service_account.service_account",
              "module.branch-security-sa.google_service_account.service_account",
              "module.branch-teams-gcs.google_storage_bucket.bucket",
              "module.branch-teams-gcs.google_storage_bucket_iam_binding.bindings",
              "module.branch-teams-sa.data.google_service_account.service_account",
              "module.branch-teams-sa.google_service_account.service_account",
              "module.branch-teams-team-gcs.google_pubsub_topic.topic",
              "module.branch-teams-team-gcs.google_pubsub_topic_iam_binding.binding",
              "module.branch-teams-team-gcs.google_storage_bucket.bucket",
              "module.branch-teams-team-gcs.google_storage_bucket_iam_binding.bindings",
              "module.branch-teams-team-gcs.google_storage_notification.notification",
              "module.branch-teams-team-sa.data.google_service_account.service_account",
              "module.branch-teams-team-sa.google_billing_account_iam_member.billing-roles",
              "module.branch-teams-team-sa.google_folder_iam_member.folder-roles",
              "module.branch-teams-team-sa.google_organization_iam_member.organization-roles",
              "module.branch-teams-team-sa.google_project_iam_member.project-roles",
              "module.branch-teams-team-sa.google_service_account.service_account",
              "module.branch-teams-team-sa.google_service_account_iam_binding.roles",
              "module.branch-teams-team-sa.google_service_account_iam_member.additive",
              "module.branch-teams-team-sa.google_service_account_iam_member.roles",
              "module.branch-teams-team-sa.google_service_account_key.key",
              "module.branch-teams-team-sa.google_service_account_key.upload_key",
              "module.branch-teams-team-sa.google_storage_bucket_iam_member.bucket-roles"
            ]
          },
          {
            "index_key": "03-project-factory-prod",
            "schema_version": 0,
            "attributes": {
              "content": "/**\n * Copyright 2022 Google LLC\n *\n * Licensed under the Apache License, Version 2.0 (the \"License\");\n * you may not use this file except in compliance with the License.\n * You may obtain a copy of the License at\n *\n *      http://www.apache.org/licenses/LICENSE-2.0\n *\n * Unless required by applicable law or agreed to in writing, software\n * distributed under the License is distributed on an \"AS IS\" BASIS,\n * WITHOUT WARRANTIES OR CONDITIONS OF ANY KIND, either express or implied.\n * See the License for the specific language governing permissions and\n * limitations under the License.\n */\n\nterraform {\n  backend \"gcs\" {\n    bucket                      = \"dnc-prod-resman-pf-0\"\n    impersonate_service_account = \"dnc-prod-resman-pf-0@dnc-prod-iac-core-0.iam.gserviceaccount.com\"\n  }\n}\nprovider \"google\" {\n  impersonate_service_account = \"dnc-prod-resman-pf-0@dnc-prod-iac-core-0.iam.gserviceaccount.com\"\n}\nprovider \"google-beta\" {\n  impersonate_service_account = \"dnc-prod-resman-pf-0@dnc-prod-iac-core-0.iam.gserviceaccount.com\"\n}\n\n# end provider.tf for team-prod\n",
              "content_base64": null,
              "directory_permission": "0777",
              "file_permission": "0644",
              "filename": "../dnc-config/providers/03-project-factory-prod-providers.tf",
              "id": "68c1aa10b55cc886e59196d2968a14eb6091e753",
              "sensitive_content": null,
              "source": null
            },
            "sensitive_attributes": [],
            "private": "bnVsbA==",
            "dependencies": [
              "module.branch-dp-dev-gcs.google_storage_bucket.bucket",
              "module.branch-dp-dev-gcs.google_storage_bucket_iam_binding.bindings",
              "module.branch-dp-dev-sa.data.google_service_account.service_account",
              "module.branch-dp-dev-sa.google_service_account.service_account",
              "module.branch-dp-prod-gcs.google_storage_bucket.bucket",
              "module.branch-dp-prod-gcs.google_storage_bucket_iam_binding.bindings",
              "module.branch-dp-prod-sa.data.google_service_account.service_account",
              "module.branch-dp-prod-sa.google_service_account.service_account",
              "module.branch-gke-dev-gcs.google_storage_bucket.bucket",
              "module.branch-gke-dev-gcs.google_storage_bucket_iam_binding.bindings",
              "module.branch-gke-dev-sa.data.google_service_account.service_account",
              "module.branch-gke-dev-sa.google_service_account.service_account",
              "module.branch-gke-prod-gcs.google_storage_bucket.bucket",
              "module.branch-gke-prod-gcs.google_storage_bucket_iam_binding.bindings",
              "module.branch-gke-prod-sa.data.google_service_account.service_account",
              "module.branch-gke-prod-sa.google_service_account.service_account",
              "module.branch-network-gcs.google_storage_bucket.bucket",
              "module.branch-network-gcs.google_storage_bucket_iam_binding.bindings",
              "module.branch-network-sa.data.google_service_account.service_account",
              "module.branch-network-sa.google_service_account.service_account",
              "module.branch-pf-dev-gcs.google_storage_bucket.bucket",
              "module.branch-pf-dev-gcs.google_storage_bucket_iam_binding.bindings",
              "module.branch-pf-dev-sa.data.google_service_account.service_account",
              "module.branch-pf-dev-sa.google_service_account.service_account",
              "module.branch-pf-prod-gcs.google_storage_bucket.bucket",
              "module.branch-pf-prod-gcs.google_storage_bucket_iam_binding.bindings",
              "module.branch-pf-prod-sa.data.google_service_account.service_account",
              "module.branch-pf-prod-sa.google_service_account.service_account",
              "module.branch-sandbox-gcs.google_storage_bucket.bucket",
              "module.branch-sandbox-gcs.google_storage_bucket_iam_binding.bindings",
              "module.branch-sandbox-sa.data.google_service_account.service_account",
              "module.branch-sandbox-sa.google_service_account.service_account",
              "module.branch-security-gcs.google_storage_bucket.bucket",
              "module.branch-security-gcs.google_storage_bucket_iam_binding.bindings",
              "module.branch-security-sa.data.google_service_account.service_account",
              "module.branch-security-sa.google_service_account.service_account",
              "module.branch-teams-gcs.google_storage_bucket.bucket",
              "module.branch-teams-gcs.google_storage_bucket_iam_binding.bindings",
              "module.branch-teams-sa.data.google_service_account.service_account",
              "module.branch-teams-sa.google_service_account.service_account",
              "module.branch-teams-team-gcs.google_pubsub_topic.topic",
              "module.branch-teams-team-gcs.google_pubsub_topic_iam_binding.binding",
              "module.branch-teams-team-gcs.google_storage_bucket.bucket",
              "module.branch-teams-team-gcs.google_storage_bucket_iam_binding.bindings",
              "module.branch-teams-team-gcs.google_storage_notification.notification",
              "module.branch-teams-team-sa.data.google_service_account.service_account",
              "module.branch-teams-team-sa.google_billing_account_iam_member.billing-roles",
              "module.branch-teams-team-sa.google_folder_iam_member.folder-roles",
              "module.branch-teams-team-sa.google_organization_iam_member.organization-roles",
              "module.branch-teams-team-sa.google_project_iam_member.project-roles",
              "module.branch-teams-team-sa.google_service_account.service_account",
              "module.branch-teams-team-sa.google_service_account_iam_binding.roles",
              "module.branch-teams-team-sa.google_service_account_iam_member.additive",
              "module.branch-teams-team-sa.google_service_account_iam_member.roles",
              "module.branch-teams-team-sa.google_service_account_key.key",
              "module.branch-teams-team-sa.google_service_account_key.upload_key",
              "module.branch-teams-team-sa.google_storage_bucket_iam_member.bucket-roles"
            ]
          },
          {
            "index_key": "03-teams",
            "schema_version": 0,
            "attributes": {
              "content": "/**\n * Copyright 2022 Google LLC\n *\n * Licensed under the Apache License, Version 2.0 (the \"License\");\n * you may not use this file except in compliance with the License.\n * You may obtain a copy of the License at\n *\n *      http://www.apache.org/licenses/LICENSE-2.0\n *\n * Unless required by applicable law or agreed to in writing, software\n * distributed under the License is distributed on an \"AS IS\" BASIS,\n * WITHOUT WARRANTIES OR CONDITIONS OF ANY KIND, either express or implied.\n * See the License for the specific language governing permissions and\n * limitations under the License.\n */\n\nterraform {\n  backend \"gcs\" {\n    bucket                      = \"dnc-prod-resman-teams-0\"\n    impersonate_service_account = \"dnc-prod-resman-teams-0@dnc-prod-iac-core-0.iam.gserviceaccount.com\"\n  }\n}\nprovider \"google\" {\n  impersonate_service_account = \"dnc-prod-resman-teams-0@dnc-prod-iac-core-0.iam.gserviceaccount.com\"\n}\nprovider \"google-beta\" {\n  impersonate_service_account = \"dnc-prod-resman-teams-0@dnc-prod-iac-core-0.iam.gserviceaccount.com\"\n}\n\n# end provider.tf for teams\n",
              "content_base64": null,
              "directory_permission": "0777",
              "file_permission": "0644",
              "filename": "../dnc-config/providers/03-teams-providers.tf",
              "id": "f8095decb0ca4cab4ae533270e9bc3c6cd089a06",
              "sensitive_content": null,
              "source": null
            },
            "sensitive_attributes": [],
            "private": "bnVsbA==",
            "dependencies": [
              "module.branch-dp-dev-gcs.google_storage_bucket.bucket",
              "module.branch-dp-dev-gcs.google_storage_bucket_iam_binding.bindings",
              "module.branch-dp-dev-sa.data.google_service_account.service_account",
              "module.branch-dp-dev-sa.google_service_account.service_account",
              "module.branch-dp-prod-gcs.google_storage_bucket.bucket",
              "module.branch-dp-prod-gcs.google_storage_bucket_iam_binding.bindings",
              "module.branch-dp-prod-sa.data.google_service_account.service_account",
              "module.branch-dp-prod-sa.google_service_account.service_account",
              "module.branch-gke-dev-gcs.google_storage_bucket.bucket",
              "module.branch-gke-dev-gcs.google_storage_bucket_iam_binding.bindings",
              "module.branch-gke-dev-sa.data.google_service_account.service_account",
              "module.branch-gke-dev-sa.google_service_account.service_account",
              "module.branch-gke-prod-gcs.google_storage_bucket.bucket",
              "module.branch-gke-prod-gcs.google_storage_bucket_iam_binding.bindings",
              "module.branch-gke-prod-sa.data.google_service_account.service_account",
              "module.branch-gke-prod-sa.google_service_account.service_account",
              "module.branch-network-gcs.google_storage_bucket.bucket",
              "module.branch-network-gcs.google_storage_bucket_iam_binding.bindings",
              "module.branch-network-sa.data.google_service_account.service_account",
              "module.branch-network-sa.google_service_account.service_account",
              "module.branch-pf-dev-gcs.google_storage_bucket.bucket",
              "module.branch-pf-dev-gcs.google_storage_bucket_iam_binding.bindings",
              "module.branch-pf-dev-sa.data.google_service_account.service_account",
              "module.branch-pf-dev-sa.google_service_account.service_account",
              "module.branch-pf-prod-gcs.google_storage_bucket.bucket",
              "module.branch-pf-prod-gcs.google_storage_bucket_iam_binding.bindings",
              "module.branch-pf-prod-sa.data.google_service_account.service_account",
              "module.branch-pf-prod-sa.google_service_account.service_account",
              "module.branch-sandbox-gcs.google_storage_bucket.bucket",
              "module.branch-sandbox-gcs.google_storage_bucket_iam_binding.bindings",
              "module.branch-sandbox-sa.data.google_service_account.service_account",
              "module.branch-sandbox-sa.google_service_account.service_account",
              "module.branch-security-gcs.google_storage_bucket.bucket",
              "module.branch-security-gcs.google_storage_bucket_iam_binding.bindings",
              "module.branch-security-sa.data.google_service_account.service_account",
              "module.branch-security-sa.google_service_account.service_account",
              "module.branch-teams-gcs.google_storage_bucket.bucket",
              "module.branch-teams-gcs.google_storage_bucket_iam_binding.bindings",
              "module.branch-teams-sa.data.google_service_account.service_account",
              "module.branch-teams-sa.google_service_account.service_account",
              "module.branch-teams-team-gcs.google_pubsub_topic.topic",
              "module.branch-teams-team-gcs.google_pubsub_topic_iam_binding.binding",
              "module.branch-teams-team-gcs.google_storage_bucket.bucket",
              "module.branch-teams-team-gcs.google_storage_bucket_iam_binding.bindings",
              "module.branch-teams-team-gcs.google_storage_notification.notification",
              "module.branch-teams-team-sa.data.google_service_account.service_account",
              "module.branch-teams-team-sa.google_billing_account_iam_member.billing-roles",
              "module.branch-teams-team-sa.google_folder_iam_member.folder-roles",
              "module.branch-teams-team-sa.google_organization_iam_member.organization-roles",
              "module.branch-teams-team-sa.google_project_iam_member.project-roles",
              "module.branch-teams-team-sa.google_service_account.service_account",
              "module.branch-teams-team-sa.google_service_account_iam_binding.roles",
              "module.branch-teams-team-sa.google_service_account_iam_member.additive",
              "module.branch-teams-team-sa.google_service_account_iam_member.roles",
              "module.branch-teams-team-sa.google_service_account_key.key",
              "module.branch-teams-team-sa.google_service_account_key.upload_key",
              "module.branch-teams-team-sa.google_storage_bucket_iam_member.bucket-roles"
            ]
          },
          {
            "index_key": "99-sandbox",
            "schema_version": 0,
            "attributes": {
              "content": "/**\n * Copyright 2022 Google LLC\n *\n * Licensed under the Apache License, Version 2.0 (the \"License\");\n * you may not use this file except in compliance with the License.\n * You may obtain a copy of the License at\n *\n *      http://www.apache.org/licenses/LICENSE-2.0\n *\n * Unless required by applicable law or agreed to in writing, software\n * distributed under the License is distributed on an \"AS IS\" BASIS,\n * WITHOUT WARRANTIES OR CONDITIONS OF ANY KIND, either express or implied.\n * See the License for the specific language governing permissions and\n * limitations under the License.\n */\n\nterraform {\n  backend \"gcs\" {\n    bucket                      = \"dnc-dev-resman-sbox-0\"\n    impersonate_service_account = \"dnc-dev-resman-sbox-0@dnc-prod-iac-core-0.iam.gserviceaccount.com\"\n  }\n}\nprovider \"google\" {\n  impersonate_service_account = \"dnc-dev-resman-sbox-0@dnc-prod-iac-core-0.iam.gserviceaccount.com\"\n}\nprovider \"google-beta\" {\n  impersonate_service_account = \"dnc-dev-resman-sbox-0@dnc-prod-iac-core-0.iam.gserviceaccount.com\"\n}\n\n# end provider.tf for sandbox\n",
              "content_base64": null,
              "directory_permission": "0777",
              "file_permission": "0644",
              "filename": "../dnc-config/providers/99-sandbox-providers.tf",
              "id": "768f3b9580f3a6226d3712e6884486adb29d0185",
              "sensitive_content": null,
              "source": null
            },
            "sensitive_attributes": [],
            "private": "bnVsbA==",
            "dependencies": [
              "module.branch-dp-dev-gcs.google_storage_bucket.bucket",
              "module.branch-dp-dev-gcs.google_storage_bucket_iam_binding.bindings",
              "module.branch-dp-dev-sa.data.google_service_account.service_account",
              "module.branch-dp-dev-sa.google_service_account.service_account",
              "module.branch-dp-prod-gcs.google_storage_bucket.bucket",
              "module.branch-dp-prod-gcs.google_storage_bucket_iam_binding.bindings",
              "module.branch-dp-prod-sa.data.google_service_account.service_account",
              "module.branch-dp-prod-sa.google_service_account.service_account",
              "module.branch-gke-dev-gcs.google_storage_bucket.bucket",
              "module.branch-gke-dev-gcs.google_storage_bucket_iam_binding.bindings",
              "module.branch-gke-dev-sa.data.google_service_account.service_account",
              "module.branch-gke-dev-sa.google_service_account.service_account",
              "module.branch-gke-prod-gcs.google_storage_bucket.bucket",
              "module.branch-gke-prod-gcs.google_storage_bucket_iam_binding.bindings",
              "module.branch-gke-prod-sa.data.google_service_account.service_account",
              "module.branch-gke-prod-sa.google_service_account.service_account",
              "module.branch-network-gcs.google_storage_bucket.bucket",
              "module.branch-network-gcs.google_storage_bucket_iam_binding.bindings",
              "module.branch-network-sa.data.google_service_account.service_account",
              "module.branch-network-sa.google_service_account.service_account",
              "module.branch-pf-dev-gcs.google_storage_bucket.bucket",
              "module.branch-pf-dev-gcs.google_storage_bucket_iam_binding.bindings",
              "module.branch-pf-dev-sa.data.google_service_account.service_account",
              "module.branch-pf-dev-sa.google_service_account.service_account",
              "module.branch-pf-prod-gcs.google_storage_bucket.bucket",
              "module.branch-pf-prod-gcs.google_storage_bucket_iam_binding.bindings",
              "module.branch-pf-prod-sa.data.google_service_account.service_account",
              "module.branch-pf-prod-sa.google_service_account.service_account",
              "module.branch-sandbox-gcs.google_storage_bucket.bucket",
              "module.branch-sandbox-gcs.google_storage_bucket_iam_binding.bindings",
              "module.branch-sandbox-sa.data.google_service_account.service_account",
              "module.branch-sandbox-sa.google_service_account.service_account",
              "module.branch-security-gcs.google_storage_bucket.bucket",
              "module.branch-security-gcs.google_storage_bucket_iam_binding.bindings",
              "module.branch-security-sa.data.google_service_account.service_account",
              "module.branch-security-sa.google_service_account.service_account",
              "module.branch-teams-gcs.google_storage_bucket.bucket",
              "module.branch-teams-gcs.google_storage_bucket_iam_binding.bindings",
              "module.branch-teams-sa.data.google_service_account.service_account",
              "module.branch-teams-sa.google_service_account.service_account",
              "module.branch-teams-team-gcs.google_pubsub_topic.topic",
              "module.branch-teams-team-gcs.google_pubsub_topic_iam_binding.binding",
              "module.branch-teams-team-gcs.google_storage_bucket.bucket",
              "module.branch-teams-team-gcs.google_storage_bucket_iam_binding.bindings",
              "module.branch-teams-team-gcs.google_storage_notification.notification",
              "module.branch-teams-team-sa.data.google_service_account.service_account",
              "module.branch-teams-team-sa.google_billing_account_iam_member.billing-roles",
              "module.branch-teams-team-sa.google_folder_iam_member.folder-roles",
              "module.branch-teams-team-sa.google_organization_iam_member.organization-roles",
              "module.branch-teams-team-sa.google_project_iam_member.project-roles",
              "module.branch-teams-team-sa.google_service_account.service_account",
              "module.branch-teams-team-sa.google_service_account_iam_binding.roles",
              "module.branch-teams-team-sa.google_service_account_iam_member.additive",
              "module.branch-teams-team-sa.google_service_account_iam_member.roles",
              "module.branch-teams-team-sa.google_service_account_key.key",
              "module.branch-teams-team-sa.google_service_account_key.upload_key",
              "module.branch-teams-team-sa.google_storage_bucket_iam_member.bucket-roles"
            ]
          }
        ]
      },
      {
        "mode": "managed",
        "type": "local_file",
        "name": "tfvars",
        "provider": "provider[\"registry.terraform.io/hashicorp/local\"]",
        "instances": [
          {
            "index_key": "1",
            "schema_version": 0,
            "attributes": {
              "content": "{\"folder_ids\":{\"data-platform-dev\":\"folders/622215406915\",\"data-platform-prod\":\"folders/475593313994\",\"gke-dev\":\"folders/333078042949\",\"gke-prod\":\"folders/1036397903949\",\"networking\":\"folders/450218300185\",\"networking-dev\":\"folders/919389160070\",\"networking-prod\":\"folders/730820751951\",\"sandbox\":\"folders/854693009985\",\"security\":\"folders/936220985985\",\"teams\":\"folders/632663774448\"},\"service_accounts\":{\"data-platform-dev\":\"dnc-dev-resman-dp-0@dnc-prod-iac-core-0.iam.gserviceaccount.com\",\"data-platform-prod\":\"dnc-prod-resman-dp-0@dnc-prod-iac-core-0.iam.gserviceaccount.com\",\"gke-dev\":\"dnc-dev-resman-gke-0@dnc-prod-iac-core-0.iam.gserviceaccount.com\",\"gke-prod\":\"dnc-prod-resman-gke-0@dnc-prod-iac-core-0.iam.gserviceaccount.com\",\"networking\":\"dnc-prod-resman-net-0@dnc-prod-iac-core-0.iam.gserviceaccount.com\",\"project-factory-dev\":\"dnc-dev-resman-pf-0@dnc-prod-iac-core-0.iam.gserviceaccount.com\",\"project-factory-prod\":\"dnc-prod-resman-pf-0@dnc-prod-iac-core-0.iam.gserviceaccount.com\",\"sandbox\":\"dnc-dev-resman-sbox-0@dnc-prod-iac-core-0.iam.gserviceaccount.com\",\"security\":\"dnc-prod-resman-sec-0@dnc-prod-iac-core-0.iam.gserviceaccount.com\",\"teams\":\"dnc-prod-resman-teams-0@dnc-prod-iac-core-0.iam.gserviceaccount.com\"},\"tag_names\":{\"context\":\"context\",\"environment\":\"environment\"}}",
              "content_base64": null,
              "directory_permission": "0777",
              "file_permission": "0644",
              "filename": "../dnc-config/tfvars/01-resman.auto.tfvars.json",
              "id": "a4cc03c9be227c0916e6d07c92f141f3423e3c35",
              "sensitive_content": null,
              "source": null
            },
            "sensitive_attributes": [],
            "private": "bnVsbA==",
            "dependencies": [
              "module.branch-dp-dev-folder.data.google_folder.folder",
              "module.branch-dp-dev-folder.google_folder.folder",
              "module.branch-dp-dev-folder.google_folder_iam_binding.authoritative",
              "module.branch-dp-dev-folder.google_org_policy_policy.default",
              "module.branch-dp-dev-sa.data.google_service_account.service_account",
              "module.branch-dp-dev-sa.google_service_account.service_account",
              "module.branch-dp-prod-folder.data.google_folder.folder",
              "module.branch-dp-prod-folder.google_folder.folder",
              "module.branch-dp-prod-folder.google_folder_iam_binding.authoritative",
              "module.branch-dp-prod-folder.google_org_policy_policy.default",
              "module.branch-dp-prod-sa.data.google_service_account.service_account",
              "module.branch-dp-prod-sa.google_service_account.service_account",
              "module.branch-gke-dev-folder.data.google_folder.folder",
              "module.branch-gke-dev-folder.google_folder.folder",
              "module.branch-gke-dev-folder.google_folder_iam_binding.authoritative",
              "module.branch-gke-dev-folder.google_org_policy_policy.default",
              "module.branch-gke-dev-sa.data.google_service_account.service_account",
              "module.branch-gke-dev-sa.google_service_account.service_account",
              "module.branch-gke-prod-folder.data.google_folder.folder",
              "module.branch-gke-prod-folder.google_folder.folder",
              "module.branch-gke-prod-folder.google_folder_iam_binding.authoritative",
              "module.branch-gke-prod-folder.google_org_policy_policy.default",
              "module.branch-gke-prod-sa.data.google_service_account.service_account",
              "module.branch-gke-prod-sa.google_service_account.service_account",
              "module.branch-network-dev-folder.data.google_folder.folder",
              "module.branch-network-dev-folder.google_folder.folder",
              "module.branch-network-dev-folder.google_folder_iam_binding.authoritative",
              "module.branch-network-dev-folder.google_org_policy_policy.default",
              "module.branch-network-folder.data.google_folder.folder",
              "module.branch-network-folder.google_folder.folder",
              "module.branch-network-folder.google_folder_iam_binding.authoritative",
              "module.branch-network-folder.google_org_policy_policy.default",
              "module.branch-network-prod-folder.data.google_folder.folder",
              "module.branch-network-prod-folder.google_folder.folder",
              "module.branch-network-prod-folder.google_folder_iam_binding.authoritative",
              "module.branch-network-prod-folder.google_org_policy_policy.default",
              "module.branch-network-sa.data.google_service_account.service_account",
              "module.branch-network-sa.google_service_account.service_account",
              "module.branch-pf-dev-sa.data.google_service_account.service_account",
              "module.branch-pf-dev-sa.google_service_account.service_account",
              "module.branch-pf-prod-sa.data.google_service_account.service_account",
              "module.branch-pf-prod-sa.google_service_account.service_account",
              "module.branch-sandbox-folder.data.google_folder.folder",
              "module.branch-sandbox-folder.google_folder.folder",
              "module.branch-sandbox-folder.google_folder_iam_binding.authoritative",
              "module.branch-sandbox-folder.google_org_policy_policy.default",
              "module.branch-sandbox-sa.data.google_service_account.service_account",
              "module.branch-sandbox-sa.google_service_account.service_account",
              "module.branch-security-folder.data.google_folder.folder",
              "module.branch-security-folder.google_folder.folder",
              "module.branch-security-folder.google_folder_iam_binding.authoritative",
              "module.branch-security-folder.google_org_policy_policy.default",
              "module.branch-security-sa.data.google_service_account.service_account",
              "module.branch-security-sa.google_service_account.service_account",
              "module.branch-teams-folder.data.google_folder.folder",
              "module.branch-teams-folder.google_folder.folder",
              "module.branch-teams-folder.google_folder_iam_binding.authoritative",
              "module.branch-teams-folder.google_org_policy_policy.default",
              "module.branch-teams-sa.data.google_service_account.service_account",
              "module.branch-teams-sa.google_service_account.service_account",
              "module.branch-teams-team-dev-folder.data.google_folder.folder",
              "module.branch-teams-team-dev-folder.google_bigquery_dataset_iam_member.bq-sinks-binding",
              "module.branch-teams-team-dev-folder.google_compute_firewall_policy.policy",
              "module.branch-teams-team-dev-folder.google_compute_firewall_policy_association.association",
              "module.branch-teams-team-dev-folder.google_compute_firewall_policy_rule.rule",
              "module.branch-teams-team-dev-folder.google_essential_contacts_contact.contact",
              "module.branch-teams-team-dev-folder.google_folder.folder",
              "module.branch-teams-team-dev-folder.google_folder_iam_binding.authoritative",
              "module.branch-teams-team-dev-folder.google_folder_iam_member.additive",
              "module.branch-teams-team-dev-folder.google_logging_folder_exclusion.logging-exclusion",
              "module.branch-teams-team-dev-folder.google_logging_folder_sink.sink",
              "module.branch-teams-team-dev-folder.google_org_policy_policy.default",
              "module.branch-teams-team-dev-folder.google_project_iam_member.bucket-sinks-binding",
              "module.branch-teams-team-dev-folder.google_pubsub_topic_iam_member.pubsub-sinks-binding",
              "module.branch-teams-team-dev-folder.google_storage_bucket_iam_member.gcs-sinks-binding",
              "module.branch-teams-team-dev-folder.google_tags_tag_binding.binding",
              "module.branch-teams-team-folder.data.google_folder.folder",
              "module.branch-teams-team-folder.google_bigquery_dataset_iam_member.bq-sinks-binding",
              "module.branch-teams-team-folder.google_compute_firewall_policy.policy",
              "module.branch-teams-team-folder.google_compute_firewall_policy_association.association",
              "module.branch-teams-team-folder.google_compute_firewall_policy_rule.rule",
              "module.branch-teams-team-folder.google_essential_contacts_contact.contact",
              "module.branch-teams-team-folder.google_folder.folder",
              "module.branch-teams-team-folder.google_folder_iam_binding.authoritative",
              "module.branch-teams-team-folder.google_folder_iam_member.additive",
              "module.branch-teams-team-folder.google_logging_folder_exclusion.logging-exclusion",
              "module.branch-teams-team-folder.google_logging_folder_sink.sink",
              "module.branch-teams-team-folder.google_org_policy_policy.default",
              "module.branch-teams-team-folder.google_project_iam_member.bucket-sinks-binding",
              "module.branch-teams-team-folder.google_pubsub_topic_iam_member.pubsub-sinks-binding",
              "module.branch-teams-team-folder.google_storage_bucket_iam_member.gcs-sinks-binding",
              "module.branch-teams-team-folder.google_tags_tag_binding.binding",
              "module.branch-teams-team-prod-folder.data.google_folder.folder",
              "module.branch-teams-team-prod-folder.google_bigquery_dataset_iam_member.bq-sinks-binding",
              "module.branch-teams-team-prod-folder.google_compute_firewall_policy.policy",
              "module.branch-teams-team-prod-folder.google_compute_firewall_policy_association.association",
              "module.branch-teams-team-prod-folder.google_compute_firewall_policy_rule.rule",
              "module.branch-teams-team-prod-folder.google_essential_contacts_contact.contact",
              "module.branch-teams-team-prod-folder.google_folder.folder",
              "module.branch-teams-team-prod-folder.google_folder_iam_binding.authoritative",
              "module.branch-teams-team-prod-folder.google_folder_iam_member.additive",
              "module.branch-teams-team-prod-folder.google_logging_folder_exclusion.logging-exclusion",
              "module.branch-teams-team-prod-folder.google_logging_folder_sink.sink",
              "module.branch-teams-team-prod-folder.google_org_policy_policy.default",
              "module.branch-teams-team-prod-folder.google_project_iam_member.bucket-sinks-binding",
              "module.branch-teams-team-prod-folder.google_pubsub_topic_iam_member.pubsub-sinks-binding",
              "module.branch-teams-team-prod-folder.google_storage_bucket_iam_member.gcs-sinks-binding",
              "module.branch-teams-team-prod-folder.google_tags_tag_binding.binding",
              "module.branch-teams-team-sa.data.google_service_account.service_account",
              "module.branch-teams-team-sa.google_billing_account_iam_member.billing-roles",
              "module.branch-teams-team-sa.google_folder_iam_member.folder-roles",
              "module.branch-teams-team-sa.google_organization_iam_member.organization-roles",
              "module.branch-teams-team-sa.google_project_iam_member.project-roles",
              "module.branch-teams-team-sa.google_service_account.service_account",
              "module.branch-teams-team-sa.google_service_account_iam_binding.roles",
              "module.branch-teams-team-sa.google_service_account_iam_member.additive",
              "module.branch-teams-team-sa.google_service_account_iam_member.roles",
              "module.branch-teams-team-sa.google_service_account_key.key",
              "module.branch-teams-team-sa.google_service_account_key.upload_key",
              "module.branch-teams-team-sa.google_storage_bucket_iam_member.bucket-roles",
              "module.organization.google_tags_tag_key.default",
              "module.organization.google_tags_tag_value.default"
            ]
          }
        ]
      },
      {
        "module": "module.branch-dp-dev-folder[0]",
        "mode": "managed",
        "type": "google_folder",
        "name": "folder",
        "provider": "provider[\"registry.terraform.io/hashicorp/google\"]",
        "instances": [
          {
            "index_key": 0,
            "schema_version": 0,
            "attributes": {
              "create_time": "2022-12-15T04:00:17.518Z",
              "display_name": "Development",
              "folder_id": "622215406915",
              "id": "folders/622215406915",
              "lifecycle_state": "ACTIVE",
              "name": "folders/622215406915",
              "parent": "folders/609085970764",
              "timeouts": null
            },
            "sensitive_attributes": [],
            "private": "eyJlMmJmYjczMC1lY2FhLTExZTYtOGY4OC0zNDM2M2JjN2M0YzAiOnsiY3JlYXRlIjoyNDAwMDAwMDAwMDAsImRlbGV0ZSI6MjQwMDAwMDAwMDAwLCJyZWFkIjoyNDAwMDAwMDAwMDAsInVwZGF0ZSI6MjQwMDAwMDAwMDAwfX0=",
            "dependencies": [
              "module.branch-dp-folder.data.google_folder.folder",
              "module.branch-dp-folder.google_folder.folder",
              "module.branch-dp-folder.google_folder_iam_binding.authoritative",
              "module.branch-dp-folder.google_org_policy_policy.default"
            ]
          }
        ]
      },
      {
        "module": "module.branch-dp-dev-folder[0]",
        "mode": "managed",
        "type": "google_folder_iam_binding",
        "name": "authoritative",
        "provider": "provider[\"registry.terraform.io/hashicorp/google\"]",
        "instances": [
          {
            "index_key": "organizations/399163876160/roles/serviceProjectNetworkAdmin",
            "schema_version": 0,
            "attributes": {
              "condition": [],
              "etag": "BwXv1eh3yaQ=",
              "folder": "folders/622215406915",
              "id": "folders/622215406915/organizations/399163876160/roles/serviceProjectNetworkAdmin",
              "members": [
                "serviceAccount:dnc-dev-resman-dp-0@dnc-prod-iac-core-0.iam.gserviceaccount.com"
              ],
              "role": "organizations/399163876160/roles/serviceProjectNetworkAdmin"
            },
            "sensitive_attributes": [],
            "private": "bnVsbA==",
            "dependencies": [
              "module.branch-dp-dev-folder.data.google_folder.folder",
              "module.branch-dp-dev-folder.google_folder.folder",
              "module.branch-dp-dev-sa.data.google_service_account.service_account",
              "module.branch-dp-dev-sa.google_service_account.service_account",
              "module.branch-dp-folder.data.google_folder.folder",
              "module.branch-dp-folder.google_folder.folder",
              "module.branch-dp-folder.google_folder_iam_binding.authoritative",
              "module.branch-dp-folder.google_org_policy_policy.default"
            ]
          },
          {
            "index_key": "roles/logging.admin",
            "schema_version": 0,
            "attributes": {
              "condition": [],
              "etag": "BwXv1eh3yaQ=",
              "folder": "folders/622215406915",
              "id": "folders/622215406915/roles/logging.admin",
              "members": [
                "serviceAccount:dnc-dev-resman-dp-0@dnc-prod-iac-core-0.iam.gserviceaccount.com"
              ],
              "role": "roles/logging.admin"
            },
            "sensitive_attributes": [],
            "private": "bnVsbA==",
            "dependencies": [
              "module.branch-dp-dev-folder.data.google_folder.folder",
              "module.branch-dp-dev-folder.google_folder.folder",
              "module.branch-dp-dev-sa.data.google_service_account.service_account",
              "module.branch-dp-dev-sa.google_service_account.service_account",
              "module.branch-dp-folder.data.google_folder.folder",
              "module.branch-dp-folder.google_folder.folder",
              "module.branch-dp-folder.google_folder_iam_binding.authoritative",
              "module.branch-dp-folder.google_org_policy_policy.default"
            ]
          },
          {
            "index_key": "roles/owner",
            "schema_version": 0,
            "attributes": {
              "condition": [],
              "etag": "BwXv1eh3yaQ=",
              "folder": "folders/622215406915",
              "id": "folders/622215406915/roles/owner",
              "members": [
                "serviceAccount:dnc-dev-resman-dp-0@dnc-prod-iac-core-0.iam.gserviceaccount.com"
              ],
              "role": "roles/owner"
            },
            "sensitive_attributes": [],
            "private": "bnVsbA==",
            "dependencies": [
              "module.branch-dp-dev-folder.data.google_folder.folder",
              "module.branch-dp-dev-folder.google_folder.folder",
              "module.branch-dp-dev-sa.data.google_service_account.service_account",
              "module.branch-dp-dev-sa.google_service_account.service_account",
              "module.branch-dp-folder.data.google_folder.folder",
              "module.branch-dp-folder.google_folder.folder",
              "module.branch-dp-folder.google_folder_iam_binding.authoritative",
              "module.branch-dp-folder.google_org_policy_policy.default"
            ]
          },
          {
            "index_key": "roles/resourcemanager.folderAdmin",
            "schema_version": 0,
            "attributes": {
              "condition": [],
              "etag": "BwXv1eh3yaQ=",
              "folder": "folders/622215406915",
              "id": "folders/622215406915/roles/resourcemanager.folderAdmin",
              "members": [
                "serviceAccount:dnc-dev-resman-dp-0@dnc-prod-iac-core-0.iam.gserviceaccount.com"
              ],
              "role": "roles/resourcemanager.folderAdmin"
            },
            "sensitive_attributes": [],
            "private": "bnVsbA==",
            "dependencies": [
              "module.branch-dp-dev-folder.data.google_folder.folder",
              "module.branch-dp-dev-folder.google_folder.folder",
              "module.branch-dp-dev-sa.data.google_service_account.service_account",
              "module.branch-dp-dev-sa.google_service_account.service_account",
              "module.branch-dp-folder.data.google_folder.folder",
              "module.branch-dp-folder.google_folder.folder",
              "module.branch-dp-folder.google_folder_iam_binding.authoritative",
              "module.branch-dp-folder.google_org_policy_policy.default"
            ]
          },
          {
            "index_key": "roles/resourcemanager.projectCreator",
            "schema_version": 0,
            "attributes": {
              "condition": [],
              "etag": "BwXv1eh3yaQ=",
              "folder": "folders/622215406915",
              "id": "folders/622215406915/roles/resourcemanager.projectCreator",
              "members": [
                "serviceAccount:dnc-dev-resman-dp-0@dnc-prod-iac-core-0.iam.gserviceaccount.com"
              ],
              "role": "roles/resourcemanager.projectCreator"
            },
            "sensitive_attributes": [],
            "private": "bnVsbA==",
            "dependencies": [
              "module.branch-dp-dev-folder.data.google_folder.folder",
              "module.branch-dp-dev-folder.google_folder.folder",
              "module.branch-dp-dev-sa.data.google_service_account.service_account",
              "module.branch-dp-dev-sa.google_service_account.service_account",
              "module.branch-dp-folder.data.google_folder.folder",
              "module.branch-dp-folder.google_folder.folder",
              "module.branch-dp-folder.google_folder_iam_binding.authoritative",
              "module.branch-dp-folder.google_org_policy_policy.default"
            ]
          }
        ]
      },
      {
        "module": "module.branch-dp-dev-folder[0]",
        "mode": "managed",
        "type": "google_tags_tag_binding",
        "name": "binding",
        "provider": "provider[\"registry.terraform.io/hashicorp/google\"]",
        "instances": [
          {
            "index_key": "context",
            "schema_version": 0,
            "attributes": {
              "id": "tagBindings/%2F%2Fcloudresourcemanager.googleapis.com%2Ffolders%2F622215406915/tagValues/542371458171",
              "name": "%2F%2Fcloudresourcemanager.googleapis.com%2Ffolders%2F622215406915/tagValues/542371458171",
              "parent": "//cloudresourcemanager.googleapis.com/folders/622215406915",
              "tag_value": "tagValues/542371458171",
              "timeouts": null
            },
            "sensitive_attributes": [],
            "private": "eyJlMmJmYjczMC1lY2FhLTExZTYtOGY4OC0zNDM2M2JjN2M0YzAiOnsiY3JlYXRlIjoxMjAwMDAwMDAwMDAwLCJkZWxldGUiOjEyMDAwMDAwMDAwMDB9fQ==",
            "dependencies": [
              "module.branch-dp-dev-folder.data.google_folder.folder",
              "module.branch-dp-dev-folder.google_folder.folder",
              "module.branch-dp-dev-sa.data.google_service_account.service_account",
              "module.branch-dp-dev-sa.google_service_account.service_account",
              "module.branch-dp-folder.data.google_folder.folder",
              "module.branch-dp-folder.google_folder.folder",
              "module.branch-dp-folder.google_folder_iam_binding.authoritative",
              "module.branch-dp-folder.google_org_policy_policy.default",
              "module.branch-dp-prod-sa.data.google_service_account.service_account",
              "module.branch-dp-prod-sa.google_service_account.service_account",
              "module.branch-gke-dev-sa.data.google_service_account.service_account",
              "module.branch-gke-dev-sa.google_service_account.service_account",
              "module.branch-gke-prod-sa.data.google_service_account.service_account",
              "module.branch-gke-prod-sa.google_service_account.service_account",
              "module.branch-network-sa.data.google_service_account.service_account",
              "module.branch-network-sa.google_service_account.service_account",
              "module.branch-pf-dev-sa.data.google_service_account.service_account",
              "module.branch-pf-dev-sa.google_service_account.service_account",
              "module.branch-pf-prod-sa.data.google_service_account.service_account",
              "module.branch-pf-prod-sa.google_service_account.service_account",
              "module.branch-security-sa.data.google_service_account.service_account",
              "module.branch-security-sa.google_service_account.service_account",
              "module.organization.data.google_iam_policy.authoritative",
              "module.organization.google_organization_iam_binding.authoritative",
              "module.organization.google_organization_iam_member.additive",
              "module.organization.google_organization_iam_policy.authoritative",
              "module.organization.google_tags_tag_key.default",
              "module.organization.google_tags_tag_value.default"
            ]
          }
        ]
      },
      {
        "module": "module.branch-dp-dev-gcs[0]",
        "mode": "managed",
        "type": "google_storage_bucket",
        "name": "bucket",
        "provider": "provider[\"registry.terraform.io/hashicorp/google\"]",
        "instances": [
          {
            "schema_version": 0,
            "attributes": {
              "autoclass": [],
              "cors": [],
              "custom_placement_config": [],
              "default_event_based_hold": false,
              "encryption": [],
              "force_destroy": false,
              "id": "dnc-dev-resman-dp-0",
              "labels": {},
              "lifecycle_rule": [],
              "location": "AUSTRALIA-SOUTHEAST2",
              "logging": [],
              "name": "dnc-dev-resman-dp-0",
              "project": "dnc-prod-iac-core-0",
              "public_access_prevention": "inherited",
              "requester_pays": false,
              "retention_policy": [],
              "self_link": "https://www.googleapis.com/storage/v1/b/dnc-dev-resman-dp-0",
              "storage_class": "REGIONAL",
              "timeouts": null,
              "uniform_bucket_level_access": true,
              "url": "gs://dnc-dev-resman-dp-0",
              "versioning": [
                {
                  "enabled": true
                }
              ],
              "website": []
            },
            "sensitive_attributes": [],
            "private": "eyJlMmJmYjczMC1lY2FhLTExZTYtOGY4OC0zNDM2M2JjN2M0YzAiOnsiY3JlYXRlIjoyNDAwMDAwMDAwMDAsInJlYWQiOjI0MDAwMDAwMDAwMCwidXBkYXRlIjoyNDAwMDAwMDAwMDB9fQ=="
          }
        ]
      },
      {
        "module": "module.branch-dp-dev-gcs[0]",
        "mode": "managed",
        "type": "google_storage_bucket_iam_binding",
        "name": "bindings",
        "provider": "provider[\"registry.terraform.io/hashicorp/google\"]",
        "instances": [
          {
            "index_key": "roles/storage.objectAdmin",
            "schema_version": 0,
            "attributes": {
              "bucket": "b/dnc-dev-resman-dp-0",
              "condition": [],
              "etag": "CAI=",
              "id": "b/dnc-dev-resman-dp-0/roles/storage.objectAdmin",
              "members": [
                "serviceAccount:dnc-dev-resman-dp-0@dnc-prod-iac-core-0.iam.gserviceaccount.com"
              ],
              "role": "roles/storage.objectAdmin"
            },
            "sensitive_attributes": [],
            "private": "bnVsbA==",
            "dependencies": [
              "module.branch-dp-dev-gcs.google_storage_bucket.bucket",
              "module.branch-dp-dev-sa.data.google_service_account.service_account",
              "module.branch-dp-dev-sa.google_service_account.service_account"
            ]
          }
        ]
      },
      {
        "module": "module.branch-dp-dev-sa[0]",
        "mode": "managed",
        "type": "google_service_account",
        "name": "service_account",
        "provider": "provider[\"registry.terraform.io/hashicorp/google\"]",
        "instances": [
          {
            "index_key": 0,
            "schema_version": 0,
            "attributes": {
              "account_id": "dnc-dev-resman-dp-0",
              "description": "",
              "disabled": false,
              "display_name": "Terraform data platform development service account.",
              "email": "dnc-dev-resman-dp-0@dnc-prod-iac-core-0.iam.gserviceaccount.com",
              "id": "projects/dnc-prod-iac-core-0/serviceAccounts/dnc-dev-resman-dp-0@dnc-prod-iac-core-0.iam.gserviceaccount.com",
              "member": "serviceAccount:dnc-dev-resman-dp-0@dnc-prod-iac-core-0.iam.gserviceaccount.com",
              "name": "projects/dnc-prod-iac-core-0/serviceAccounts/dnc-dev-resman-dp-0@dnc-prod-iac-core-0.iam.gserviceaccount.com",
              "project": "dnc-prod-iac-core-0",
              "timeouts": null,
              "unique_id": "110563216376465184072"
            },
            "sensitive_attributes": [],
            "private": "eyJlMmJmYjczMC1lY2FhLTExZTYtOGY4OC0zNDM2M2JjN2M0YzAiOnsiY3JlYXRlIjozMDAwMDAwMDAwMDB9fQ=="
          }
        ]
      },
      {
        "module": "module.branch-dp-dev-sa[0]",
        "mode": "managed",
        "type": "google_service_account_iam_binding",
        "name": "roles",
        "provider": "provider[\"registry.terraform.io/hashicorp/google\"]",
        "instances": [
          {
            "index_key": "roles/iam.serviceAccountTokenCreator",
            "schema_version": 0,
            "attributes": {
              "condition": [],
              "etag": null,
              "id": "projects/dnc-prod-iac-core-0/serviceAccounts/dnc-dev-resman-dp-0@dnc-prod-iac-core-0.iam.gserviceaccount.com/roles/iam.serviceAccountTokenCreator",
              "members": [],
              "role": "roles/iam.serviceAccountTokenCreator",
              "service_account_id": "projects/dnc-prod-iac-core-0/serviceAccounts/dnc-dev-resman-dp-0@dnc-prod-iac-core-0.iam.gserviceaccount.com"
            },
            "sensitive_attributes": [],
            "private": "bnVsbA==",
            "dependencies": [
              "module.branch-dp-dev-sa-cicd.data.google_service_account.service_account",
              "module.branch-dp-dev-sa-cicd.google_service_account.service_account",
              "module.branch-dp-dev-sa.data.google_service_account.service_account",
              "module.branch-dp-dev-sa.google_service_account.service_account"
            ]
          }
        ]
      },
      {
        "module": "module.branch-dp-dev-sa[0]",
        "mode": "managed",
        "type": "google_storage_bucket_iam_member",
        "name": "bucket-roles",
        "provider": "provider[\"registry.terraform.io/hashicorp/google\"]",
        "instances": [
          {
            "index_key": "dnc-prod-iac-core-outputs-0-roles/storage.admin",
            "schema_version": 0,
            "attributes": {
              "bucket": "b/dnc-prod-iac-core-outputs-0",
              "condition": [],
              "etag": "CA0=",
              "id": "b/dnc-prod-iac-core-outputs-0/roles/storage.admin/serviceAccount:dnc-dev-resman-dp-0@dnc-prod-iac-core-0.iam.gserviceaccount.com",
              "member": "serviceAccount:dnc-dev-resman-dp-0@dnc-prod-iac-core-0.iam.gserviceaccount.com",
              "role": "roles/storage.admin"
            },
            "sensitive_attributes": [],
            "private": "bnVsbA==",
            "dependencies": [
              "module.branch-dp-dev-sa.data.google_service_account.service_account",
              "module.branch-dp-dev-sa.google_service_account.service_account"
            ]
          }
        ]
      },
      {
        "module": "module.branch-dp-folder[0]",
        "mode": "managed",
        "type": "google_folder",
        "name": "folder",
        "provider": "provider[\"registry.terraform.io/hashicorp/google\"]",
        "instances": [
          {
            "index_key": 0,
            "schema_version": 0,
            "attributes": {
              "create_time": "2022-12-15T03:57:57.492Z",
              "display_name": "Data Platform",
              "folder_id": "609085970764",
              "id": "folders/609085970764",
              "lifecycle_state": "ACTIVE",
              "name": "folders/609085970764",
              "parent": "organizations/399163876160",
              "timeouts": null
            },
            "sensitive_attributes": [],
            "private": "eyJlMmJmYjczMC1lY2FhLTExZTYtOGY4OC0zNDM2M2JjN2M0YzAiOnsiY3JlYXRlIjoyNDAwMDAwMDAwMDAsImRlbGV0ZSI6MjQwMDAwMDAwMDAwLCJyZWFkIjoyNDAwMDAwMDAwMDAsInVwZGF0ZSI6MjQwMDAwMDAwMDAwfX0="
          }
        ]
      },
      {
        "module": "module.branch-dp-folder[0]",
        "mode": "managed",
        "type": "google_tags_tag_binding",
        "name": "binding",
        "provider": "provider[\"registry.terraform.io/hashicorp/google\"]",
        "instances": [
          {
            "index_key": "context",
            "schema_version": 0,
            "attributes": {
              "id": "tagBindings/%2F%2Fcloudresourcemanager.googleapis.com%2Ffolders%2F609085970764/tagValues/765831615980",
              "name": "%2F%2Fcloudresourcemanager.googleapis.com%2Ffolders%2F609085970764/tagValues/765831615980",
              "parent": "//cloudresourcemanager.googleapis.com/folders/609085970764",
              "tag_value": "tagValues/765831615980",
              "timeouts": null
            },
            "sensitive_attributes": [],
            "private": "eyJlMmJmYjczMC1lY2FhLTExZTYtOGY4OC0zNDM2M2JjN2M0YzAiOnsiY3JlYXRlIjoxMjAwMDAwMDAwMDAwLCJkZWxldGUiOjEyMDAwMDAwMDAwMDB9fQ==",
            "dependencies": [
              "module.branch-dp-dev-sa.data.google_service_account.service_account",
              "module.branch-dp-dev-sa.google_service_account.service_account",
              "module.branch-dp-folder.data.google_folder.folder",
              "module.branch-dp-folder.google_folder.folder",
              "module.branch-dp-prod-sa.data.google_service_account.service_account",
              "module.branch-dp-prod-sa.google_service_account.service_account",
              "module.branch-gke-dev-sa.data.google_service_account.service_account",
              "module.branch-gke-dev-sa.google_service_account.service_account",
              "module.branch-gke-prod-sa.data.google_service_account.service_account",
              "module.branch-gke-prod-sa.google_service_account.service_account",
              "module.branch-network-sa.data.google_service_account.service_account",
              "module.branch-network-sa.google_service_account.service_account",
              "module.branch-pf-dev-sa.data.google_service_account.service_account",
              "module.branch-pf-dev-sa.google_service_account.service_account",
              "module.branch-pf-prod-sa.data.google_service_account.service_account",
              "module.branch-pf-prod-sa.google_service_account.service_account",
              "module.branch-security-sa.data.google_service_account.service_account",
              "module.branch-security-sa.google_service_account.service_account",
              "module.organization.data.google_iam_policy.authoritative",
              "module.organization.google_organization_iam_binding.authoritative",
              "module.organization.google_organization_iam_member.additive",
              "module.organization.google_organization_iam_policy.authoritative",
              "module.organization.google_tags_tag_key.default",
              "module.organization.google_tags_tag_value.default"
            ]
          }
        ]
      },
      {
        "module": "module.branch-dp-prod-folder[0]",
        "mode": "managed",
        "type": "google_folder",
        "name": "folder",
        "provider": "provider[\"registry.terraform.io/hashicorp/google\"]",
        "instances": [
          {
            "index_key": 0,
            "schema_version": 0,
            "attributes": {
              "create_time": "2022-12-15T04:00:15.482Z",
              "display_name": "Production",
              "folder_id": "475593313994",
              "id": "folders/475593313994",
              "lifecycle_state": "ACTIVE",
              "name": "folders/475593313994",
              "parent": "folders/609085970764",
              "timeouts": null
            },
            "sensitive_attributes": [],
            "private": "eyJlMmJmYjczMC1lY2FhLTExZTYtOGY4OC0zNDM2M2JjN2M0YzAiOnsiY3JlYXRlIjoyNDAwMDAwMDAwMDAsImRlbGV0ZSI6MjQwMDAwMDAwMDAwLCJyZWFkIjoyNDAwMDAwMDAwMDAsInVwZGF0ZSI6MjQwMDAwMDAwMDAwfX0=",
            "dependencies": [
              "module.branch-dp-folder.data.google_folder.folder",
              "module.branch-dp-folder.google_folder.folder",
              "module.branch-dp-folder.google_folder_iam_binding.authoritative",
              "module.branch-dp-folder.google_org_policy_policy.default"
            ]
          }
        ]
      },
      {
        "module": "module.branch-dp-prod-folder[0]",
        "mode": "managed",
        "type": "google_folder_iam_binding",
        "name": "authoritative",
        "provider": "provider[\"registry.terraform.io/hashicorp/google\"]",
        "instances": [
          {
            "index_key": "organizations/399163876160/roles/serviceProjectNetworkAdmin",
            "schema_version": 0,
            "attributes": {
              "condition": [],
              "etag": "BwXv1ehznVQ=",
              "folder": "folders/475593313994",
              "id": "folders/475593313994/organizations/399163876160/roles/serviceProjectNetworkAdmin",
              "members": [
                "serviceAccount:dnc-prod-resman-dp-0@dnc-prod-iac-core-0.iam.gserviceaccount.com"
              ],
              "role": "organizations/399163876160/roles/serviceProjectNetworkAdmin"
            },
            "sensitive_attributes": [],
            "private": "bnVsbA==",
            "dependencies": [
              "module.branch-dp-folder.data.google_folder.folder",
              "module.branch-dp-folder.google_folder.folder",
              "module.branch-dp-folder.google_folder_iam_binding.authoritative",
              "module.branch-dp-folder.google_org_policy_policy.default",
              "module.branch-dp-prod-folder.data.google_folder.folder",
              "module.branch-dp-prod-folder.google_folder.folder",
              "module.branch-dp-prod-sa.data.google_service_account.service_account",
              "module.branch-dp-prod-sa.google_service_account.service_account"
            ]
          },
          {
            "index_key": "roles/logging.admin",
            "schema_version": 0,
            "attributes": {
              "condition": [],
              "etag": "BwXv1ehznVQ=",
              "folder": "folders/475593313994",
              "id": "folders/475593313994/roles/logging.admin",
              "members": [
                "serviceAccount:dnc-prod-resman-dp-0@dnc-prod-iac-core-0.iam.gserviceaccount.com"
              ],
              "role": "roles/logging.admin"
            },
            "sensitive_attributes": [],
            "private": "bnVsbA==",
            "dependencies": [
              "module.branch-dp-folder.data.google_folder.folder",
              "module.branch-dp-folder.google_folder.folder",
              "module.branch-dp-folder.google_folder_iam_binding.authoritative",
              "module.branch-dp-folder.google_org_policy_policy.default",
              "module.branch-dp-prod-folder.data.google_folder.folder",
              "module.branch-dp-prod-folder.google_folder.folder",
              "module.branch-dp-prod-sa.data.google_service_account.service_account",
              "module.branch-dp-prod-sa.google_service_account.service_account"
            ]
          },
          {
            "index_key": "roles/owner",
            "schema_version": 0,
            "attributes": {
              "condition": [],
              "etag": "BwXv1ehznVQ=",
              "folder": "folders/475593313994",
              "id": "folders/475593313994/roles/owner",
              "members": [
                "serviceAccount:dnc-prod-resman-dp-0@dnc-prod-iac-core-0.iam.gserviceaccount.com"
              ],
              "role": "roles/owner"
            },
            "sensitive_attributes": [],
            "private": "bnVsbA==",
            "dependencies": [
              "module.branch-dp-folder.data.google_folder.folder",
              "module.branch-dp-folder.google_folder.folder",
              "module.branch-dp-folder.google_folder_iam_binding.authoritative",
              "module.branch-dp-folder.google_org_policy_policy.default",
              "module.branch-dp-prod-folder.data.google_folder.folder",
              "module.branch-dp-prod-folder.google_folder.folder",
              "module.branch-dp-prod-sa.data.google_service_account.service_account",
              "module.branch-dp-prod-sa.google_service_account.service_account"
            ]
          },
          {
            "index_key": "roles/resourcemanager.folderAdmin",
            "schema_version": 0,
            "attributes": {
              "condition": [],
              "etag": "BwXv1ehznVQ=",
              "folder": "folders/475593313994",
              "id": "folders/475593313994/roles/resourcemanager.folderAdmin",
              "members": [
                "serviceAccount:dnc-prod-resman-dp-0@dnc-prod-iac-core-0.iam.gserviceaccount.com"
              ],
              "role": "roles/resourcemanager.folderAdmin"
            },
            "sensitive_attributes": [],
            "private": "bnVsbA==",
            "dependencies": [
              "module.branch-dp-folder.data.google_folder.folder",
              "module.branch-dp-folder.google_folder.folder",
              "module.branch-dp-folder.google_folder_iam_binding.authoritative",
              "module.branch-dp-folder.google_org_policy_policy.default",
              "module.branch-dp-prod-folder.data.google_folder.folder",
              "module.branch-dp-prod-folder.google_folder.folder",
              "module.branch-dp-prod-sa.data.google_service_account.service_account",
              "module.branch-dp-prod-sa.google_service_account.service_account"
            ]
          },
          {
            "index_key": "roles/resourcemanager.projectCreator",
            "schema_version": 0,
            "attributes": {
              "condition": [],
              "etag": "BwXv1ehznVQ=",
              "folder": "folders/475593313994",
              "id": "folders/475593313994/roles/resourcemanager.projectCreator",
              "members": [
                "serviceAccount:dnc-prod-resman-dp-0@dnc-prod-iac-core-0.iam.gserviceaccount.com"
              ],
              "role": "roles/resourcemanager.projectCreator"
            },
            "sensitive_attributes": [],
            "private": "bnVsbA==",
            "dependencies": [
              "module.branch-dp-folder.data.google_folder.folder",
              "module.branch-dp-folder.google_folder.folder",
              "module.branch-dp-folder.google_folder_iam_binding.authoritative",
              "module.branch-dp-folder.google_org_policy_policy.default",
              "module.branch-dp-prod-folder.data.google_folder.folder",
              "module.branch-dp-prod-folder.google_folder.folder",
              "module.branch-dp-prod-sa.data.google_service_account.service_account",
              "module.branch-dp-prod-sa.google_service_account.service_account"
            ]
          }
        ]
      },
      {
        "module": "module.branch-dp-prod-folder[0]",
        "mode": "managed",
        "type": "google_tags_tag_binding",
        "name": "binding",
        "provider": "provider[\"registry.terraform.io/hashicorp/google\"]",
        "instances": [
          {
            "index_key": "context",
            "schema_version": 0,
            "attributes": {
              "id": "tagBindings/%2F%2Fcloudresourcemanager.googleapis.com%2Ffolders%2F475593313994/tagValues/862433269131",
              "name": "%2F%2Fcloudresourcemanager.googleapis.com%2Ffolders%2F475593313994/tagValues/862433269131",
              "parent": "//cloudresourcemanager.googleapis.com/folders/475593313994",
              "tag_value": "tagValues/862433269131",
              "timeouts": null
            },
            "sensitive_attributes": [],
            "private": "eyJlMmJmYjczMC1lY2FhLTExZTYtOGY4OC0zNDM2M2JjN2M0YzAiOnsiY3JlYXRlIjoxMjAwMDAwMDAwMDAwLCJkZWxldGUiOjEyMDAwMDAwMDAwMDB9fQ==",
            "dependencies": [
              "module.branch-dp-dev-sa.data.google_service_account.service_account",
              "module.branch-dp-dev-sa.google_service_account.service_account",
              "module.branch-dp-folder.data.google_folder.folder",
              "module.branch-dp-folder.google_folder.folder",
              "module.branch-dp-folder.google_folder_iam_binding.authoritative",
              "module.branch-dp-folder.google_org_policy_policy.default",
              "module.branch-dp-prod-folder.data.google_folder.folder",
              "module.branch-dp-prod-folder.google_folder.folder",
              "module.branch-dp-prod-sa.data.google_service_account.service_account",
              "module.branch-dp-prod-sa.google_service_account.service_account",
              "module.branch-gke-dev-sa.data.google_service_account.service_account",
              "module.branch-gke-dev-sa.google_service_account.service_account",
              "module.branch-gke-prod-sa.data.google_service_account.service_account",
              "module.branch-gke-prod-sa.google_service_account.service_account",
              "module.branch-network-sa.data.google_service_account.service_account",
              "module.branch-network-sa.google_service_account.service_account",
              "module.branch-pf-dev-sa.data.google_service_account.service_account",
              "module.branch-pf-dev-sa.google_service_account.service_account",
              "module.branch-pf-prod-sa.data.google_service_account.service_account",
              "module.branch-pf-prod-sa.google_service_account.service_account",
              "module.branch-security-sa.data.google_service_account.service_account",
              "module.branch-security-sa.google_service_account.service_account",
              "module.organization.data.google_iam_policy.authoritative",
              "module.organization.google_organization_iam_binding.authoritative",
              "module.organization.google_organization_iam_member.additive",
              "module.organization.google_organization_iam_policy.authoritative",
              "module.organization.google_tags_tag_key.default",
              "module.organization.google_tags_tag_value.default"
            ]
          }
        ]
      },
      {
        "module": "module.branch-dp-prod-gcs[0]",
        "mode": "managed",
        "type": "google_storage_bucket",
        "name": "bucket",
        "provider": "provider[\"registry.terraform.io/hashicorp/google\"]",
        "instances": [
          {
            "schema_version": 0,
            "attributes": {
              "autoclass": [],
              "cors": [],
              "custom_placement_config": [],
              "default_event_based_hold": false,
              "encryption": [],
              "force_destroy": false,
              "id": "dnc-prod-resman-dp-0",
              "labels": {},
              "lifecycle_rule": [],
              "location": "AUSTRALIA-SOUTHEAST2",
              "logging": [],
              "name": "dnc-prod-resman-dp-0",
              "project": "dnc-prod-iac-core-0",
              "public_access_prevention": "inherited",
              "requester_pays": false,
              "retention_policy": [],
              "self_link": "https://www.googleapis.com/storage/v1/b/dnc-prod-resman-dp-0",
              "storage_class": "REGIONAL",
              "timeouts": null,
              "uniform_bucket_level_access": true,
              "url": "gs://dnc-prod-resman-dp-0",
              "versioning": [
                {
                  "enabled": true
                }
              ],
              "website": []
            },
            "sensitive_attributes": [],
            "private": "eyJlMmJmYjczMC1lY2FhLTExZTYtOGY4OC0zNDM2M2JjN2M0YzAiOnsiY3JlYXRlIjoyNDAwMDAwMDAwMDAsInJlYWQiOjI0MDAwMDAwMDAwMCwidXBkYXRlIjoyNDAwMDAwMDAwMDB9fQ=="
          }
        ]
      },
      {
        "module": "module.branch-dp-prod-gcs[0]",
        "mode": "managed",
        "type": "google_storage_bucket_iam_binding",
        "name": "bindings",
        "provider": "provider[\"registry.terraform.io/hashicorp/google\"]",
        "instances": [
          {
            "index_key": "roles/storage.objectAdmin",
            "schema_version": 0,
            "attributes": {
              "bucket": "b/dnc-prod-resman-dp-0",
              "condition": [],
              "etag": "CAI=",
              "id": "b/dnc-prod-resman-dp-0/roles/storage.objectAdmin",
              "members": [
                "serviceAccount:dnc-prod-resman-dp-0@dnc-prod-iac-core-0.iam.gserviceaccount.com"
              ],
              "role": "roles/storage.objectAdmin"
            },
            "sensitive_attributes": [],
            "private": "bnVsbA==",
            "dependencies": [
              "module.branch-dp-prod-gcs.google_storage_bucket.bucket",
              "module.branch-dp-prod-sa.data.google_service_account.service_account",
              "module.branch-dp-prod-sa.google_service_account.service_account"
            ]
          }
        ]
      },
      {
        "module": "module.branch-dp-prod-sa[0]",
        "mode": "managed",
        "type": "google_service_account",
        "name": "service_account",
        "provider": "provider[\"registry.terraform.io/hashicorp/google\"]",
        "instances": [
          {
            "index_key": 0,
            "schema_version": 0,
            "attributes": {
              "account_id": "dnc-prod-resman-dp-0",
              "description": "",
              "disabled": false,
              "display_name": "Terraform data platform production service account.",
              "email": "dnc-prod-resman-dp-0@dnc-prod-iac-core-0.iam.gserviceaccount.com",
              "id": "projects/dnc-prod-iac-core-0/serviceAccounts/dnc-prod-resman-dp-0@dnc-prod-iac-core-0.iam.gserviceaccount.com",
              "member": "serviceAccount:dnc-prod-resman-dp-0@dnc-prod-iac-core-0.iam.gserviceaccount.com",
              "name": "projects/dnc-prod-iac-core-0/serviceAccounts/dnc-prod-resman-dp-0@dnc-prod-iac-core-0.iam.gserviceaccount.com",
              "project": "dnc-prod-iac-core-0",
              "timeouts": null,
              "unique_id": "103494168842179025967"
            },
            "sensitive_attributes": [],
            "private": "eyJlMmJmYjczMC1lY2FhLTExZTYtOGY4OC0zNDM2M2JjN2M0YzAiOnsiY3JlYXRlIjozMDAwMDAwMDAwMDB9fQ=="
          }
        ]
      },
      {
        "module": "module.branch-dp-prod-sa[0]",
        "mode": "managed",
        "type": "google_service_account_iam_binding",
        "name": "roles",
        "provider": "provider[\"registry.terraform.io/hashicorp/google\"]",
        "instances": [
          {
            "index_key": "roles/iam.serviceAccountTokenCreator",
            "schema_version": 0,
            "attributes": {
              "condition": [],
              "etag": null,
              "id": "projects/dnc-prod-iac-core-0/serviceAccounts/dnc-prod-resman-dp-0@dnc-prod-iac-core-0.iam.gserviceaccount.com/roles/iam.serviceAccountTokenCreator",
              "members": [],
              "role": "roles/iam.serviceAccountTokenCreator",
              "service_account_id": "projects/dnc-prod-iac-core-0/serviceAccounts/dnc-prod-resman-dp-0@dnc-prod-iac-core-0.iam.gserviceaccount.com"
            },
            "sensitive_attributes": [],
            "private": "bnVsbA==",
            "dependencies": [
              "module.branch-dp-prod-sa-cicd.data.google_service_account.service_account",
              "module.branch-dp-prod-sa-cicd.google_service_account.service_account",
              "module.branch-dp-prod-sa.data.google_service_account.service_account",
              "module.branch-dp-prod-sa.google_service_account.service_account"
            ]
          }
        ]
      },
      {
        "module": "module.branch-dp-prod-sa[0]",
        "mode": "managed",
        "type": "google_storage_bucket_iam_member",
        "name": "bucket-roles",
        "provider": "provider[\"registry.terraform.io/hashicorp/google\"]",
        "instances": [
          {
            "index_key": "dnc-prod-iac-core-outputs-0-roles/storage.admin",
            "schema_version": 0,
            "attributes": {
              "bucket": "b/dnc-prod-iac-core-outputs-0",
              "condition": [],
              "etag": "CA0=",
              "id": "b/dnc-prod-iac-core-outputs-0/roles/storage.admin/serviceAccount:dnc-prod-resman-dp-0@dnc-prod-iac-core-0.iam.gserviceaccount.com",
              "member": "serviceAccount:dnc-prod-resman-dp-0@dnc-prod-iac-core-0.iam.gserviceaccount.com",
              "role": "roles/storage.admin"
            },
            "sensitive_attributes": [],
            "private": "bnVsbA==",
            "dependencies": [
              "module.branch-dp-prod-sa.data.google_service_account.service_account",
              "module.branch-dp-prod-sa.google_service_account.service_account"
            ]
          }
        ]
      },
      {
        "module": "module.branch-gke-dev-folder[0]",
        "mode": "managed",
        "type": "google_folder",
        "name": "folder",
        "provider": "provider[\"registry.terraform.io/hashicorp/google\"]",
        "instances": [
          {
            "index_key": 0,
            "schema_version": 0,
            "attributes": {
              "create_time": "2022-12-15T03:59:52.459Z",
              "display_name": "Development",
              "folder_id": "333078042949",
              "id": "folders/333078042949",
              "lifecycle_state": "ACTIVE",
              "name": "folders/333078042949",
              "parent": "folders/1024103430047",
              "timeouts": null
            },
            "sensitive_attributes": [],
            "private": "eyJlMmJmYjczMC1lY2FhLTExZTYtOGY4OC0zNDM2M2JjN2M0YzAiOnsiY3JlYXRlIjoyNDAwMDAwMDAwMDAsImRlbGV0ZSI6MjQwMDAwMDAwMDAwLCJyZWFkIjoyNDAwMDAwMDAwMDAsInVwZGF0ZSI6MjQwMDAwMDAwMDAwfX0=",
            "dependencies": [
              "module.branch-gke-folder.data.google_folder.folder",
              "module.branch-gke-folder.google_folder.folder",
              "module.branch-gke-folder.google_folder_iam_binding.authoritative",
              "module.branch-gke-folder.google_org_policy_policy.default"
            ]
          }
        ]
      },
      {
        "module": "module.branch-gke-dev-folder[0]",
        "mode": "managed",
        "type": "google_folder_iam_binding",
        "name": "authoritative",
        "provider": "provider[\"registry.terraform.io/hashicorp/google\"]",
        "instances": [
          {
            "index_key": "roles/compute.xpnAdmin",
            "schema_version": 0,
            "attributes": {
              "condition": [],
              "etag": "BwXv1eYkW0M=",
              "folder": "folders/333078042949",
              "id": "folders/333078042949/roles/compute.xpnAdmin",
              "members": [
                "serviceAccount:dnc-dev-resman-gke-0@dnc-prod-iac-core-0.iam.gserviceaccount.com"
              ],
              "role": "roles/compute.xpnAdmin"
            },
            "sensitive_attributes": [],
            "private": "bnVsbA==",
            "dependencies": [
              "module.branch-gke-dev-folder.data.google_folder.folder",
              "module.branch-gke-dev-folder.google_folder.folder",
              "module.branch-gke-dev-sa.data.google_service_account.service_account",
              "module.branch-gke-dev-sa.google_service_account.service_account",
              "module.branch-gke-folder.data.google_folder.folder",
              "module.branch-gke-folder.google_folder.folder",
              "module.branch-gke-folder.google_folder_iam_binding.authoritative",
              "module.branch-gke-folder.google_org_policy_policy.default"
            ]
          },
          {
            "index_key": "roles/logging.admin",
            "schema_version": 0,
            "attributes": {
              "condition": [],
              "etag": "BwXv1eYkW0M=",
              "folder": "folders/333078042949",
              "id": "folders/333078042949/roles/logging.admin",
              "members": [
                "serviceAccount:dnc-dev-resman-gke-0@dnc-prod-iac-core-0.iam.gserviceaccount.com"
              ],
              "role": "roles/logging.admin"
            },
            "sensitive_attributes": [],
            "private": "bnVsbA==",
            "dependencies": [
              "module.branch-gke-dev-folder.data.google_folder.folder",
              "module.branch-gke-dev-folder.google_folder.folder",
              "module.branch-gke-dev-sa.data.google_service_account.service_account",
              "module.branch-gke-dev-sa.google_service_account.service_account",
              "module.branch-gke-folder.data.google_folder.folder",
              "module.branch-gke-folder.google_folder.folder",
              "module.branch-gke-folder.google_folder_iam_binding.authoritative",
              "module.branch-gke-folder.google_org_policy_policy.default"
            ]
          },
          {
            "index_key": "roles/owner",
            "schema_version": 0,
            "attributes": {
              "condition": [],
              "etag": "BwXv1eYkW0M=",
              "folder": "folders/333078042949",
              "id": "folders/333078042949/roles/owner",
              "members": [
                "serviceAccount:dnc-dev-resman-gke-0@dnc-prod-iac-core-0.iam.gserviceaccount.com"
              ],
              "role": "roles/owner"
            },
            "sensitive_attributes": [],
            "private": "bnVsbA==",
            "dependencies": [
              "module.branch-gke-dev-folder.data.google_folder.folder",
              "module.branch-gke-dev-folder.google_folder.folder",
              "module.branch-gke-dev-sa.data.google_service_account.service_account",
              "module.branch-gke-dev-sa.google_service_account.service_account",
              "module.branch-gke-folder.data.google_folder.folder",
              "module.branch-gke-folder.google_folder.folder",
              "module.branch-gke-folder.google_folder_iam_binding.authoritative",
              "module.branch-gke-folder.google_org_policy_policy.default"
            ]
          },
          {
            "index_key": "roles/resourcemanager.folderAdmin",
            "schema_version": 0,
            "attributes": {
              "condition": [],
              "etag": "BwXv1eYkW0M=",
              "folder": "folders/333078042949",
              "id": "folders/333078042949/roles/resourcemanager.folderAdmin",
              "members": [
                "serviceAccount:dnc-dev-resman-gke-0@dnc-prod-iac-core-0.iam.gserviceaccount.com"
              ],
              "role": "roles/resourcemanager.folderAdmin"
            },
            "sensitive_attributes": [],
            "private": "bnVsbA==",
            "dependencies": [
              "module.branch-gke-dev-folder.data.google_folder.folder",
              "module.branch-gke-dev-folder.google_folder.folder",
              "module.branch-gke-dev-sa.data.google_service_account.service_account",
              "module.branch-gke-dev-sa.google_service_account.service_account",
              "module.branch-gke-folder.data.google_folder.folder",
              "module.branch-gke-folder.google_folder.folder",
              "module.branch-gke-folder.google_folder_iam_binding.authoritative",
              "module.branch-gke-folder.google_org_policy_policy.default"
            ]
          },
          {
            "index_key": "roles/resourcemanager.projectCreator",
            "schema_version": 0,
            "attributes": {
              "condition": [],
              "etag": "BwXv1eYkW0M=",
              "folder": "folders/333078042949",
              "id": "folders/333078042949/roles/resourcemanager.projectCreator",
              "members": [
                "serviceAccount:dnc-dev-resman-gke-0@dnc-prod-iac-core-0.iam.gserviceaccount.com"
              ],
              "role": "roles/resourcemanager.projectCreator"
            },
            "sensitive_attributes": [],
            "private": "bnVsbA==",
            "dependencies": [
              "module.branch-gke-dev-folder.data.google_folder.folder",
              "module.branch-gke-dev-folder.google_folder.folder",
              "module.branch-gke-dev-sa.data.google_service_account.service_account",
              "module.branch-gke-dev-sa.google_service_account.service_account",
              "module.branch-gke-folder.data.google_folder.folder",
              "module.branch-gke-folder.google_folder.folder",
              "module.branch-gke-folder.google_folder_iam_binding.authoritative",
              "module.branch-gke-folder.google_org_policy_policy.default"
            ]
          }
        ]
      },
      {
        "module": "module.branch-gke-dev-folder[0]",
        "mode": "managed",
        "type": "google_tags_tag_binding",
        "name": "binding",
        "provider": "provider[\"registry.terraform.io/hashicorp/google\"]",
        "instances": [
          {
            "index_key": "context",
            "schema_version": 0,
            "attributes": {
              "id": "tagBindings/%2F%2Fcloudresourcemanager.googleapis.com%2Ffolders%2F333078042949/tagValues/542371458171",
              "name": "%2F%2Fcloudresourcemanager.googleapis.com%2Ffolders%2F333078042949/tagValues/542371458171",
              "parent": "//cloudresourcemanager.googleapis.com/folders/333078042949",
              "tag_value": "tagValues/542371458171",
              "timeouts": null
            },
            "sensitive_attributes": [],
            "private": "eyJlMmJmYjczMC1lY2FhLTExZTYtOGY4OC0zNDM2M2JjN2M0YzAiOnsiY3JlYXRlIjoxMjAwMDAwMDAwMDAwLCJkZWxldGUiOjEyMDAwMDAwMDAwMDB9fQ==",
            "dependencies": [
              "module.branch-dp-dev-sa.data.google_service_account.service_account",
              "module.branch-dp-dev-sa.google_service_account.service_account",
              "module.branch-dp-prod-sa.data.google_service_account.service_account",
              "module.branch-dp-prod-sa.google_service_account.service_account",
              "module.branch-gke-dev-folder.data.google_folder.folder",
              "module.branch-gke-dev-folder.google_folder.folder",
              "module.branch-gke-dev-sa.data.google_service_account.service_account",
              "module.branch-gke-dev-sa.google_service_account.service_account",
              "module.branch-gke-folder.data.google_folder.folder",
              "module.branch-gke-folder.google_folder.folder",
              "module.branch-gke-folder.google_folder_iam_binding.authoritative",
              "module.branch-gke-folder.google_org_policy_policy.default",
              "module.branch-gke-prod-sa.data.google_service_account.service_account",
              "module.branch-gke-prod-sa.google_service_account.service_account",
              "module.branch-network-sa.data.google_service_account.service_account",
              "module.branch-network-sa.google_service_account.service_account",
              "module.branch-pf-dev-sa.data.google_service_account.service_account",
              "module.branch-pf-dev-sa.google_service_account.service_account",
              "module.branch-pf-prod-sa.data.google_service_account.service_account",
              "module.branch-pf-prod-sa.google_service_account.service_account",
              "module.branch-security-sa.data.google_service_account.service_account",
              "module.branch-security-sa.google_service_account.service_account",
              "module.organization.data.google_iam_policy.authoritative",
              "module.organization.google_organization_iam_binding.authoritative",
              "module.organization.google_organization_iam_member.additive",
              "module.organization.google_organization_iam_policy.authoritative",
              "module.organization.google_tags_tag_key.default",
              "module.organization.google_tags_tag_value.default"
            ]
          }
        ]
      },
      {
        "module": "module.branch-gke-dev-gcs[0]",
        "mode": "managed",
        "type": "google_storage_bucket",
        "name": "bucket",
        "provider": "provider[\"registry.terraform.io/hashicorp/google\"]",
        "instances": [
          {
            "schema_version": 0,
            "attributes": {
              "autoclass": [],
              "cors": [],
              "custom_placement_config": [],
              "default_event_based_hold": false,
              "encryption": [],
              "force_destroy": false,
              "id": "dnc-dev-resman-gke-0",
              "labels": {},
              "lifecycle_rule": [],
              "location": "EU",
              "logging": [],
              "name": "dnc-dev-resman-gke-0",
              "project": "dnc-prod-iac-core-0",
              "public_access_prevention": "inherited",
              "requester_pays": false,
              "retention_policy": [],
              "self_link": "https://www.googleapis.com/storage/v1/b/dnc-dev-resman-gke-0",
              "storage_class": "MULTI_REGIONAL",
              "timeouts": null,
              "uniform_bucket_level_access": true,
              "url": "gs://dnc-dev-resman-gke-0",
              "versioning": [
                {
                  "enabled": true
                }
              ],
              "website": []
            },
            "sensitive_attributes": [],
            "private": "eyJlMmJmYjczMC1lY2FhLTExZTYtOGY4OC0zNDM2M2JjN2M0YzAiOnsiY3JlYXRlIjoyNDAwMDAwMDAwMDAsInJlYWQiOjI0MDAwMDAwMDAwMCwidXBkYXRlIjoyNDAwMDAwMDAwMDB9fQ=="
          }
        ]
      },
      {
        "module": "module.branch-gke-dev-gcs[0]",
        "mode": "managed",
        "type": "google_storage_bucket_iam_binding",
        "name": "bindings",
        "provider": "provider[\"registry.terraform.io/hashicorp/google\"]",
        "instances": [
          {
            "index_key": "roles/storage.objectAdmin",
            "schema_version": 0,
            "attributes": {
              "bucket": "b/dnc-dev-resman-gke-0",
              "condition": [],
              "etag": "CAI=",
              "id": "b/dnc-dev-resman-gke-0/roles/storage.objectAdmin",
              "members": [
                "serviceAccount:dnc-dev-resman-gke-0@dnc-prod-iac-core-0.iam.gserviceaccount.com"
              ],
              "role": "roles/storage.objectAdmin"
            },
            "sensitive_attributes": [],
            "private": "bnVsbA==",
            "dependencies": [
              "module.branch-gke-dev-gcs.google_storage_bucket.bucket",
              "module.branch-gke-dev-sa.data.google_service_account.service_account",
              "module.branch-gke-dev-sa.google_service_account.service_account"
            ]
          }
        ]
      },
      {
        "module": "module.branch-gke-dev-sa[0]",
        "mode": "managed",
        "type": "google_service_account",
        "name": "service_account",
        "provider": "provider[\"registry.terraform.io/hashicorp/google\"]",
        "instances": [
          {
            "index_key": 0,
            "schema_version": 0,
            "attributes": {
              "account_id": "dnc-dev-resman-gke-0",
              "description": "",
              "disabled": false,
              "display_name": "Terraform gke multitenant dev service account.",
              "email": "dnc-dev-resman-gke-0@dnc-prod-iac-core-0.iam.gserviceaccount.com",
              "id": "projects/dnc-prod-iac-core-0/serviceAccounts/dnc-dev-resman-gke-0@dnc-prod-iac-core-0.iam.gserviceaccount.com",
              "member": "serviceAccount:dnc-dev-resman-gke-0@dnc-prod-iac-core-0.iam.gserviceaccount.com",
              "name": "projects/dnc-prod-iac-core-0/serviceAccounts/dnc-dev-resman-gke-0@dnc-prod-iac-core-0.iam.gserviceaccount.com",
              "project": "dnc-prod-iac-core-0",
              "timeouts": null,
              "unique_id": "107754616231769639947"
            },
            "sensitive_attributes": [],
            "private": "eyJlMmJmYjczMC1lY2FhLTExZTYtOGY4OC0zNDM2M2JjN2M0YzAiOnsiY3JlYXRlIjozMDAwMDAwMDAwMDB9fQ=="
          }
        ]
      },
      {
        "module": "module.branch-gke-dev-sa[0]",
        "mode": "managed",
        "type": "google_service_account_iam_binding",
        "name": "roles",
        "provider": "provider[\"registry.terraform.io/hashicorp/google\"]",
        "instances": [
          {
            "index_key": "roles/iam.serviceAccountTokenCreator",
            "schema_version": 0,
            "attributes": {
              "condition": [],
              "etag": "BwXv1dvLZG0=",
              "id": "projects/dnc-prod-iac-core-0/serviceAccounts/dnc-dev-resman-gke-0@dnc-prod-iac-core-0.iam.gserviceaccount.com/roles/iam.serviceAccountTokenCreator",
              "members": [
                "group:dnc-devops@kpmgdnc.com"
              ],
              "role": "roles/iam.serviceAccountTokenCreator",
              "service_account_id": "projects/dnc-prod-iac-core-0/serviceAccounts/dnc-dev-resman-gke-0@dnc-prod-iac-core-0.iam.gserviceaccount.com"
            },
            "sensitive_attributes": [],
            "private": "bnVsbA==",
            "dependencies": [
              "module.branch-gke-dev-sa-cicd.data.google_service_account.service_account",
              "module.branch-gke-dev-sa-cicd.google_service_account.service_account",
              "module.branch-gke-dev-sa.data.google_service_account.service_account",
              "module.branch-gke-dev-sa.google_service_account.service_account"
            ]
          }
        ]
      },
      {
        "module": "module.branch-gke-dev-sa[0]",
        "mode": "managed",
        "type": "google_storage_bucket_iam_member",
        "name": "bucket-roles",
        "provider": "provider[\"registry.terraform.io/hashicorp/google\"]",
        "instances": [
          {
            "index_key": "dnc-prod-iac-core-outputs-0-roles/storage.admin",
            "schema_version": 0,
            "attributes": {
              "bucket": "b/dnc-prod-iac-core-outputs-0",
              "condition": [],
              "etag": "CA0=",
              "id": "b/dnc-prod-iac-core-outputs-0/roles/storage.admin/serviceAccount:dnc-dev-resman-gke-0@dnc-prod-iac-core-0.iam.gserviceaccount.com",
              "member": "serviceAccount:dnc-dev-resman-gke-0@dnc-prod-iac-core-0.iam.gserviceaccount.com",
              "role": "roles/storage.admin"
            },
            "sensitive_attributes": [],
            "private": "bnVsbA==",
            "dependencies": [
              "module.branch-gke-dev-sa.data.google_service_account.service_account",
              "module.branch-gke-dev-sa.google_service_account.service_account"
            ]
          }
        ]
      },
      {
        "module": "module.branch-gke-folder[0]",
        "mode": "managed",
        "type": "google_folder",
        "name": "folder",
        "provider": "provider[\"registry.terraform.io/hashicorp/google\"]",
        "instances": [
          {
            "index_key": 0,
            "schema_version": 0,
            "attributes": {
              "create_time": "2022-12-15T03:57:56.975Z",
              "display_name": "GKE",
              "folder_id": "1024103430047",
              "id": "folders/1024103430047",
              "lifecycle_state": "ACTIVE",
              "name": "folders/1024103430047",
              "parent": "organizations/399163876160",
              "timeouts": null
            },
            "sensitive_attributes": [],
            "private": "eyJlMmJmYjczMC1lY2FhLTExZTYtOGY4OC0zNDM2M2JjN2M0YzAiOnsiY3JlYXRlIjoyNDAwMDAwMDAwMDAsImRlbGV0ZSI6MjQwMDAwMDAwMDAwLCJyZWFkIjoyNDAwMDAwMDAwMDAsInVwZGF0ZSI6MjQwMDAwMDAwMDAwfX0="
          }
        ]
      },
      {
        "module": "module.branch-gke-folder[0]",
        "mode": "managed",
        "type": "google_tags_tag_binding",
        "name": "binding",
        "provider": "provider[\"registry.terraform.io/hashicorp/google\"]",
        "instances": [
          {
            "index_key": "context",
            "schema_version": 0,
            "attributes": {
              "id": "tagBindings/%2F%2Fcloudresourcemanager.googleapis.com%2Ffolders%2F1024103430047/tagValues/878208863980",
              "name": "%2F%2Fcloudresourcemanager.googleapis.com%2Ffolders%2F1024103430047/tagValues/878208863980",
              "parent": "//cloudresourcemanager.googleapis.com/folders/1024103430047",
              "tag_value": "tagValues/878208863980",
              "timeouts": null
            },
            "sensitive_attributes": [],
            "private": "eyJlMmJmYjczMC1lY2FhLTExZTYtOGY4OC0zNDM2M2JjN2M0YzAiOnsiY3JlYXRlIjoxMjAwMDAwMDAwMDAwLCJkZWxldGUiOjEyMDAwMDAwMDAwMDB9fQ==",
            "dependencies": [
              "module.branch-dp-dev-sa.data.google_service_account.service_account",
              "module.branch-dp-dev-sa.google_service_account.service_account",
              "module.branch-dp-prod-sa.data.google_service_account.service_account",
              "module.branch-dp-prod-sa.google_service_account.service_account",
              "module.branch-gke-dev-sa.data.google_service_account.service_account",
              "module.branch-gke-dev-sa.google_service_account.service_account",
              "module.branch-gke-folder.data.google_folder.folder",
              "module.branch-gke-folder.google_folder.folder",
              "module.branch-gke-prod-sa.data.google_service_account.service_account",
              "module.branch-gke-prod-sa.google_service_account.service_account",
              "module.branch-network-sa.data.google_service_account.service_account",
              "module.branch-network-sa.google_service_account.service_account",
              "module.branch-pf-dev-sa.data.google_service_account.service_account",
              "module.branch-pf-dev-sa.google_service_account.service_account",
              "module.branch-pf-prod-sa.data.google_service_account.service_account",
              "module.branch-pf-prod-sa.google_service_account.service_account",
              "module.branch-security-sa.data.google_service_account.service_account",
              "module.branch-security-sa.google_service_account.service_account",
              "module.organization.data.google_iam_policy.authoritative",
              "module.organization.google_organization_iam_binding.authoritative",
              "module.organization.google_organization_iam_member.additive",
              "module.organization.google_organization_iam_policy.authoritative",
              "module.organization.google_tags_tag_key.default",
              "module.organization.google_tags_tag_value.default"
            ]
          }
        ]
      },
      {
        "module": "module.branch-gke-prod-folder[0]",
        "mode": "managed",
        "type": "google_folder",
        "name": "folder",
        "provider": "provider[\"registry.terraform.io/hashicorp/google\"]",
        "instances": [
          {
            "index_key": 0,
            "schema_version": 0,
            "attributes": {
              "create_time": "2022-12-15T04:00:04.768Z",
              "display_name": "Production",
              "folder_id": "1036397903949",
              "id": "folders/1036397903949",
              "lifecycle_state": "ACTIVE",
              "name": "folders/1036397903949",
              "parent": "folders/1024103430047",
              "timeouts": null
            },
            "sensitive_attributes": [],
            "private": "eyJlMmJmYjczMC1lY2FhLTExZTYtOGY4OC0zNDM2M2JjN2M0YzAiOnsiY3JlYXRlIjoyNDAwMDAwMDAwMDAsImRlbGV0ZSI6MjQwMDAwMDAwMDAwLCJyZWFkIjoyNDAwMDAwMDAwMDAsInVwZGF0ZSI6MjQwMDAwMDAwMDAwfX0=",
            "dependencies": [
              "module.branch-gke-folder.data.google_folder.folder",
              "module.branch-gke-folder.google_folder.folder",
              "module.branch-gke-folder.google_folder_iam_binding.authoritative",
              "module.branch-gke-folder.google_org_policy_policy.default"
            ]
          }
        ]
      },
      {
        "module": "module.branch-gke-prod-folder[0]",
        "mode": "managed",
        "type": "google_folder_iam_binding",
        "name": "authoritative",
        "provider": "provider[\"registry.terraform.io/hashicorp/google\"]",
        "instances": [
          {
            "index_key": "roles/compute.xpnAdmin",
            "schema_version": 0,
            "attributes": {
              "condition": [],
              "etag": "BwXv1eZ5oHE=",
              "folder": "folders/1036397903949",
              "id": "folders/1036397903949/roles/compute.xpnAdmin",
              "members": [
                "serviceAccount:dnc-prod-resman-gke-0@dnc-prod-iac-core-0.iam.gserviceaccount.com"
              ],
              "role": "roles/compute.xpnAdmin"
            },
            "sensitive_attributes": [],
            "private": "bnVsbA==",
            "dependencies": [
              "module.branch-gke-folder.data.google_folder.folder",
              "module.branch-gke-folder.google_folder.folder",
              "module.branch-gke-folder.google_folder_iam_binding.authoritative",
              "module.branch-gke-folder.google_org_policy_policy.default",
              "module.branch-gke-prod-folder.data.google_folder.folder",
              "module.branch-gke-prod-folder.google_folder.folder",
              "module.branch-gke-prod-sa.data.google_service_account.service_account",
              "module.branch-gke-prod-sa.google_service_account.service_account"
            ]
          },
          {
            "index_key": "roles/logging.admin",
            "schema_version": 0,
            "attributes": {
              "condition": [],
              "etag": "BwXv1eZ5oHE=",
              "folder": "folders/1036397903949",
              "id": "folders/1036397903949/roles/logging.admin",
              "members": [
                "serviceAccount:dnc-prod-resman-gke-0@dnc-prod-iac-core-0.iam.gserviceaccount.com"
              ],
              "role": "roles/logging.admin"
            },
            "sensitive_attributes": [],
            "private": "bnVsbA==",
            "dependencies": [
              "module.branch-gke-folder.data.google_folder.folder",
              "module.branch-gke-folder.google_folder.folder",
              "module.branch-gke-folder.google_folder_iam_binding.authoritative",
              "module.branch-gke-folder.google_org_policy_policy.default",
              "module.branch-gke-prod-folder.data.google_folder.folder",
              "module.branch-gke-prod-folder.google_folder.folder",
              "module.branch-gke-prod-sa.data.google_service_account.service_account",
              "module.branch-gke-prod-sa.google_service_account.service_account"
            ]
          },
          {
            "index_key": "roles/owner",
            "schema_version": 0,
            "attributes": {
              "condition": [],
              "etag": "BwXv1eZ5oHE=",
              "folder": "folders/1036397903949",
              "id": "folders/1036397903949/roles/owner",
              "members": [
                "serviceAccount:dnc-prod-resman-gke-0@dnc-prod-iac-core-0.iam.gserviceaccount.com"
              ],
              "role": "roles/owner"
            },
            "sensitive_attributes": [],
            "private": "bnVsbA==",
            "dependencies": [
              "module.branch-gke-folder.data.google_folder.folder",
              "module.branch-gke-folder.google_folder.folder",
              "module.branch-gke-folder.google_folder_iam_binding.authoritative",
              "module.branch-gke-folder.google_org_policy_policy.default",
              "module.branch-gke-prod-folder.data.google_folder.folder",
              "module.branch-gke-prod-folder.google_folder.folder",
              "module.branch-gke-prod-sa.data.google_service_account.service_account",
              "module.branch-gke-prod-sa.google_service_account.service_account"
            ]
          },
          {
            "index_key": "roles/resourcemanager.folderAdmin",
            "schema_version": 0,
            "attributes": {
              "condition": [],
              "etag": "BwXv1eZ5oHE=",
              "folder": "folders/1036397903949",
              "id": "folders/1036397903949/roles/resourcemanager.folderAdmin",
              "members": [
                "serviceAccount:dnc-prod-resman-gke-0@dnc-prod-iac-core-0.iam.gserviceaccount.com"
              ],
              "role": "roles/resourcemanager.folderAdmin"
            },
            "sensitive_attributes": [],
            "private": "bnVsbA==",
            "dependencies": [
              "module.branch-gke-folder.data.google_folder.folder",
              "module.branch-gke-folder.google_folder.folder",
              "module.branch-gke-folder.google_folder_iam_binding.authoritative",
              "module.branch-gke-folder.google_org_policy_policy.default",
              "module.branch-gke-prod-folder.data.google_folder.folder",
              "module.branch-gke-prod-folder.google_folder.folder",
              "module.branch-gke-prod-sa.data.google_service_account.service_account",
              "module.branch-gke-prod-sa.google_service_account.service_account"
            ]
          },
          {
            "index_key": "roles/resourcemanager.projectCreator",
            "schema_version": 0,
            "attributes": {
              "condition": [],
              "etag": "BwXv1eZ5oHE=",
              "folder": "folders/1036397903949",
              "id": "folders/1036397903949/roles/resourcemanager.projectCreator",
              "members": [
                "serviceAccount:dnc-prod-resman-gke-0@dnc-prod-iac-core-0.iam.gserviceaccount.com"
              ],
              "role": "roles/resourcemanager.projectCreator"
            },
            "sensitive_attributes": [],
            "private": "bnVsbA==",
            "dependencies": [
              "module.branch-gke-folder.data.google_folder.folder",
              "module.branch-gke-folder.google_folder.folder",
              "module.branch-gke-folder.google_folder_iam_binding.authoritative",
              "module.branch-gke-folder.google_org_policy_policy.default",
              "module.branch-gke-prod-folder.data.google_folder.folder",
              "module.branch-gke-prod-folder.google_folder.folder",
              "module.branch-gke-prod-sa.data.google_service_account.service_account",
              "module.branch-gke-prod-sa.google_service_account.service_account"
            ]
          }
        ]
      },
      {
        "module": "module.branch-gke-prod-folder[0]",
        "mode": "managed",
        "type": "google_tags_tag_binding",
        "name": "binding",
        "provider": "provider[\"registry.terraform.io/hashicorp/google\"]",
        "instances": [
          {
            "index_key": "context",
            "schema_version": 0,
            "attributes": {
              "id": "tagBindings/%2F%2Fcloudresourcemanager.googleapis.com%2Ffolders%2F1036397903949/tagValues/862433269131",
              "name": "%2F%2Fcloudresourcemanager.googleapis.com%2Ffolders%2F1036397903949/tagValues/862433269131",
              "parent": "//cloudresourcemanager.googleapis.com/folders/1036397903949",
              "tag_value": "tagValues/862433269131",
              "timeouts": null
            },
            "sensitive_attributes": [],
            "private": "eyJlMmJmYjczMC1lY2FhLTExZTYtOGY4OC0zNDM2M2JjN2M0YzAiOnsiY3JlYXRlIjoxMjAwMDAwMDAwMDAwLCJkZWxldGUiOjEyMDAwMDAwMDAwMDB9fQ==",
            "dependencies": [
              "module.branch-dp-dev-sa.data.google_service_account.service_account",
              "module.branch-dp-dev-sa.google_service_account.service_account",
              "module.branch-dp-prod-sa.data.google_service_account.service_account",
              "module.branch-dp-prod-sa.google_service_account.service_account",
              "module.branch-gke-dev-sa.data.google_service_account.service_account",
              "module.branch-gke-dev-sa.google_service_account.service_account",
              "module.branch-gke-folder.data.google_folder.folder",
              "module.branch-gke-folder.google_folder.folder",
              "module.branch-gke-folder.google_folder_iam_binding.authoritative",
              "module.branch-gke-folder.google_org_policy_policy.default",
              "module.branch-gke-prod-folder.data.google_folder.folder",
              "module.branch-gke-prod-folder.google_folder.folder",
              "module.branch-gke-prod-sa.data.google_service_account.service_account",
              "module.branch-gke-prod-sa.google_service_account.service_account",
              "module.branch-network-sa.data.google_service_account.service_account",
              "module.branch-network-sa.google_service_account.service_account",
              "module.branch-pf-dev-sa.data.google_service_account.service_account",
              "module.branch-pf-dev-sa.google_service_account.service_account",
              "module.branch-pf-prod-sa.data.google_service_account.service_account",
              "module.branch-pf-prod-sa.google_service_account.service_account",
              "module.branch-security-sa.data.google_service_account.service_account",
              "module.branch-security-sa.google_service_account.service_account",
              "module.organization.data.google_iam_policy.authoritative",
              "module.organization.google_organization_iam_binding.authoritative",
              "module.organization.google_organization_iam_member.additive",
              "module.organization.google_organization_iam_policy.authoritative",
              "module.organization.google_tags_tag_key.default",
              "module.organization.google_tags_tag_value.default"
            ]
          }
        ]
      },
      {
        "module": "module.branch-gke-prod-gcs[0]",
        "mode": "managed",
        "type": "google_storage_bucket",
        "name": "bucket",
        "provider": "provider[\"registry.terraform.io/hashicorp/google\"]",
        "instances": [
          {
            "schema_version": 0,
            "attributes": {
              "autoclass": [],
              "cors": [],
              "custom_placement_config": [],
              "default_event_based_hold": false,
              "encryption": [],
              "force_destroy": false,
              "id": "dnc-prod-resman-gke-0",
              "labels": {},
              "lifecycle_rule": [],
              "location": "EU",
              "logging": [],
              "name": "dnc-prod-resman-gke-0",
              "project": "dnc-prod-iac-core-0",
              "public_access_prevention": "inherited",
              "requester_pays": false,
              "retention_policy": [],
              "self_link": "https://www.googleapis.com/storage/v1/b/dnc-prod-resman-gke-0",
              "storage_class": "MULTI_REGIONAL",
              "timeouts": null,
              "uniform_bucket_level_access": true,
              "url": "gs://dnc-prod-resman-gke-0",
              "versioning": [
                {
                  "enabled": true
                }
              ],
              "website": []
            },
            "sensitive_attributes": [],
            "private": "eyJlMmJmYjczMC1lY2FhLTExZTYtOGY4OC0zNDM2M2JjN2M0YzAiOnsiY3JlYXRlIjoyNDAwMDAwMDAwMDAsInJlYWQiOjI0MDAwMDAwMDAwMCwidXBkYXRlIjoyNDAwMDAwMDAwMDB9fQ=="
          }
        ]
      },
      {
        "module": "module.branch-gke-prod-gcs[0]",
        "mode": "managed",
        "type": "google_storage_bucket_iam_binding",
        "name": "bindings",
        "provider": "provider[\"registry.terraform.io/hashicorp/google\"]",
        "instances": [
          {
            "index_key": "roles/storage.objectAdmin",
            "schema_version": 0,
            "attributes": {
              "bucket": "b/dnc-prod-resman-gke-0",
              "condition": [],
              "etag": "CAI=",
              "id": "b/dnc-prod-resman-gke-0/roles/storage.objectAdmin",
              "members": [
                "serviceAccount:dnc-prod-resman-gke-0@dnc-prod-iac-core-0.iam.gserviceaccount.com"
              ],
              "role": "roles/storage.objectAdmin"
            },
            "sensitive_attributes": [],
            "private": "bnVsbA==",
            "dependencies": [
              "module.branch-gke-prod-gcs.google_storage_bucket.bucket",
              "module.branch-gke-prod-sa.data.google_service_account.service_account",
              "module.branch-gke-prod-sa.google_service_account.service_account"
            ]
          }
        ]
      },
      {
        "module": "module.branch-gke-prod-sa[0]",
        "mode": "managed",
        "type": "google_service_account",
        "name": "service_account",
        "provider": "provider[\"registry.terraform.io/hashicorp/google\"]",
        "instances": [
          {
            "index_key": 0,
            "schema_version": 0,
            "attributes": {
              "account_id": "dnc-prod-resman-gke-0",
              "description": "",
              "disabled": false,
              "display_name": "Terraform gke multitenant prod service account.",
              "email": "dnc-prod-resman-gke-0@dnc-prod-iac-core-0.iam.gserviceaccount.com",
              "id": "projects/dnc-prod-iac-core-0/serviceAccounts/dnc-prod-resman-gke-0@dnc-prod-iac-core-0.iam.gserviceaccount.com",
              "member": "serviceAccount:dnc-prod-resman-gke-0@dnc-prod-iac-core-0.iam.gserviceaccount.com",
              "name": "projects/dnc-prod-iac-core-0/serviceAccounts/dnc-prod-resman-gke-0@dnc-prod-iac-core-0.iam.gserviceaccount.com",
              "project": "dnc-prod-iac-core-0",
              "timeouts": null,
              "unique_id": "111068667132349299518"
            },
            "sensitive_attributes": [],
            "private": "eyJlMmJmYjczMC1lY2FhLTExZTYtOGY4OC0zNDM2M2JjN2M0YzAiOnsiY3JlYXRlIjozMDAwMDAwMDAwMDB9fQ=="
          }
        ]
      },
      {
        "module": "module.branch-gke-prod-sa[0]",
        "mode": "managed",
        "type": "google_service_account_iam_binding",
        "name": "roles",
        "provider": "provider[\"registry.terraform.io/hashicorp/google\"]",
        "instances": [
          {
            "index_key": "roles/iam.serviceAccountTokenCreator",
            "schema_version": 0,
            "attributes": {
              "condition": [],
              "etag": "BwXv1dwXwco=",
              "id": "projects/dnc-prod-iac-core-0/serviceAccounts/dnc-prod-resman-gke-0@dnc-prod-iac-core-0.iam.gserviceaccount.com/roles/iam.serviceAccountTokenCreator",
              "members": [
                "group:dnc-devops@kpmgdnc.com"
              ],
              "role": "roles/iam.serviceAccountTokenCreator",
              "service_account_id": "projects/dnc-prod-iac-core-0/serviceAccounts/dnc-prod-resman-gke-0@dnc-prod-iac-core-0.iam.gserviceaccount.com"
            },
            "sensitive_attributes": [],
            "private": "bnVsbA==",
            "dependencies": [
              "module.branch-gke-prod-sa-cicd.data.google_service_account.service_account",
              "module.branch-gke-prod-sa-cicd.google_service_account.service_account",
              "module.branch-gke-prod-sa.data.google_service_account.service_account",
              "module.branch-gke-prod-sa.google_service_account.service_account"
            ]
          }
        ]
      },
      {
        "module": "module.branch-gke-prod-sa[0]",
        "mode": "managed",
        "type": "google_storage_bucket_iam_member",
        "name": "bucket-roles",
        "provider": "provider[\"registry.terraform.io/hashicorp/google\"]",
        "instances": [
          {
            "index_key": "dnc-prod-iac-core-outputs-0-roles/storage.admin",
            "schema_version": 0,
            "attributes": {
              "bucket": "b/dnc-prod-iac-core-outputs-0",
              "condition": [],
              "etag": "CA0=",
              "id": "b/dnc-prod-iac-core-outputs-0/roles/storage.admin/serviceAccount:dnc-prod-resman-gke-0@dnc-prod-iac-core-0.iam.gserviceaccount.com",
              "member": "serviceAccount:dnc-prod-resman-gke-0@dnc-prod-iac-core-0.iam.gserviceaccount.com",
              "role": "roles/storage.admin"
            },
            "sensitive_attributes": [],
            "private": "bnVsbA==",
            "dependencies": [
              "module.branch-gke-prod-sa.data.google_service_account.service_account",
              "module.branch-gke-prod-sa.google_service_account.service_account"
            ]
          }
        ]
      },
      {
        "module": "module.branch-network-dev-folder",
        "mode": "managed",
        "type": "google_folder",
        "name": "folder",
        "provider": "provider[\"registry.terraform.io/hashicorp/google\"]",
        "instances": [
          {
            "index_key": 0,
            "schema_version": 0,
            "attributes": {
              "create_time": "2022-12-15T04:00:44.681Z",
              "display_name": "Development",
              "folder_id": "919389160070",
              "id": "folders/919389160070",
              "lifecycle_state": "ACTIVE",
              "name": "folders/919389160070",
              "parent": "folders/450218300185",
              "timeouts": null
            },
            "sensitive_attributes": [],
            "private": "eyJlMmJmYjczMC1lY2FhLTExZTYtOGY4OC0zNDM2M2JjN2M0YzAiOnsiY3JlYXRlIjoyNDAwMDAwMDAwMDAsImRlbGV0ZSI6MjQwMDAwMDAwMDAwLCJyZWFkIjoyNDAwMDAwMDAwMDAsInVwZGF0ZSI6MjQwMDAwMDAwMDAwfX0=",
            "dependencies": [
              "module.branch-network-folder.data.google_folder.folder",
              "module.branch-network-folder.google_folder.folder",
              "module.branch-network-folder.google_folder_iam_binding.authoritative",
              "module.branch-network-folder.google_org_policy_policy.default",
              "module.branch-network-sa.data.google_service_account.service_account",
              "module.branch-network-sa.google_service_account.service_account"
            ]
          }
        ]
      },
      {
        "module": "module.branch-network-dev-folder",
        "mode": "managed",
        "type": "google_folder_iam_binding",
        "name": "authoritative",
        "provider": "provider[\"registry.terraform.io/hashicorp/google\"]",
        "instances": [
          {
            "index_key": "organizations/399163876160/roles/serviceProjectNetworkAdmin",
            "schema_version": 0,
            "attributes": {
              "condition": [],
              "etag": "BwXv1egpP9o=",
              "folder": "folders/919389160070",
              "id": "folders/919389160070/organizations/399163876160/roles/serviceProjectNetworkAdmin",
              "members": [
                "serviceAccount:dnc-dev-resman-dp-0@dnc-prod-iac-core-0.iam.gserviceaccount.com",
                "serviceAccount:dnc-dev-resman-gke-0@dnc-prod-iac-core-0.iam.gserviceaccount.com",
                "serviceAccount:dnc-dev-resman-pf-0@dnc-prod-iac-core-0.iam.gserviceaccount.com"
              ],
              "role": "organizations/399163876160/roles/serviceProjectNetworkAdmin"
            },
            "sensitive_attributes": [],
            "private": "bnVsbA==",
            "dependencies": [
              "module.branch-dp-dev-sa.data.google_service_account.service_account",
              "module.branch-dp-dev-sa.google_service_account.service_account",
              "module.branch-dp-prod-sa.data.google_service_account.service_account",
              "module.branch-dp-prod-sa.google_service_account.service_account",
              "module.branch-gke-dev-sa.data.google_service_account.service_account",
              "module.branch-gke-dev-sa.google_service_account.service_account",
              "module.branch-gke-prod-sa.data.google_service_account.service_account",
              "module.branch-gke-prod-sa.google_service_account.service_account",
              "module.branch-network-dev-folder.data.google_folder.folder",
              "module.branch-network-dev-folder.google_folder.folder",
              "module.branch-network-folder.data.google_folder.folder",
              "module.branch-network-folder.google_folder.folder",
              "module.branch-network-folder.google_folder_iam_binding.authoritative",
              "module.branch-network-folder.google_org_policy_policy.default",
              "module.branch-network-sa.data.google_service_account.service_account",
              "module.branch-network-sa.google_service_account.service_account",
              "module.branch-pf-dev-sa.data.google_service_account.service_account",
              "module.branch-pf-dev-sa.google_service_account.service_account",
              "module.branch-pf-prod-sa.data.google_service_account.service_account",
              "module.branch-pf-prod-sa.google_service_account.service_account"
            ]
          }
        ]
      },
      {
        "module": "module.branch-network-dev-folder",
        "mode": "managed",
        "type": "google_tags_tag_binding",
        "name": "binding",
        "provider": "provider[\"registry.terraform.io/hashicorp/google\"]",
        "instances": [
          {
            "index_key": "environment",
            "schema_version": 0,
            "attributes": {
              "id": "tagBindings/%2F%2Fcloudresourcemanager.googleapis.com%2Ffolders%2F919389160070/tagValues/542371458171",
              "name": "%2F%2Fcloudresourcemanager.googleapis.com%2Ffolders%2F919389160070/tagValues/542371458171",
              "parent": "//cloudresourcemanager.googleapis.com/folders/919389160070",
              "tag_value": "tagValues/542371458171",
              "timeouts": null
            },
            "sensitive_attributes": [],
            "private": "eyJlMmJmYjczMC1lY2FhLTExZTYtOGY4OC0zNDM2M2JjN2M0YzAiOnsiY3JlYXRlIjoxMjAwMDAwMDAwMDAwLCJkZWxldGUiOjEyMDAwMDAwMDAwMDB9fQ==",
            "dependencies": [
              "module.branch-dp-dev-sa.data.google_service_account.service_account",
              "module.branch-dp-dev-sa.google_service_account.service_account",
              "module.branch-dp-prod-sa.data.google_service_account.service_account",
              "module.branch-dp-prod-sa.google_service_account.service_account",
              "module.branch-gke-dev-sa.data.google_service_account.service_account",
              "module.branch-gke-dev-sa.google_service_account.service_account",
              "module.branch-gke-prod-sa.data.google_service_account.service_account",
              "module.branch-gke-prod-sa.google_service_account.service_account",
              "module.branch-network-dev-folder.data.google_folder.folder",
              "module.branch-network-dev-folder.google_folder.folder",
              "module.branch-network-folder.data.google_folder.folder",
              "module.branch-network-folder.google_folder.folder",
              "module.branch-network-folder.google_folder_iam_binding.authoritative",
              "module.branch-network-folder.google_org_policy_policy.default",
              "module.branch-network-sa.data.google_service_account.service_account",
              "module.branch-network-sa.google_service_account.service_account",
              "module.branch-pf-dev-sa.data.google_service_account.service_account",
              "module.branch-pf-dev-sa.google_service_account.service_account",
              "module.branch-pf-prod-sa.data.google_service_account.service_account",
              "module.branch-pf-prod-sa.google_service_account.service_account",
              "module.branch-security-sa.data.google_service_account.service_account",
              "module.branch-security-sa.google_service_account.service_account",
              "module.organization.data.google_iam_policy.authoritative",
              "module.organization.google_organization_iam_binding.authoritative",
              "module.organization.google_organization_iam_member.additive",
              "module.organization.google_organization_iam_policy.authoritative",
              "module.organization.google_tags_tag_key.default",
              "module.organization.google_tags_tag_value.default"
            ]
          }
        ]
      },
      {
        "module": "module.branch-network-folder",
        "mode": "managed",
        "type": "google_folder",
        "name": "folder",
        "provider": "provider[\"registry.terraform.io/hashicorp/google\"]",
        "instances": [
          {
            "index_key": 0,
            "schema_version": 0,
            "attributes": {
              "create_time": "2022-12-15T03:57:58.799Z",
              "display_name": "Networking",
              "folder_id": "450218300185",
              "id": "folders/450218300185",
              "lifecycle_state": "ACTIVE",
              "name": "folders/450218300185",
              "parent": "organizations/399163876160",
              "timeouts": null
            },
            "sensitive_attributes": [],
            "private": "eyJlMmJmYjczMC1lY2FhLTExZTYtOGY4OC0zNDM2M2JjN2M0YzAiOnsiY3JlYXRlIjoyNDAwMDAwMDAwMDAsImRlbGV0ZSI6MjQwMDAwMDAwMDAwLCJyZWFkIjoyNDAwMDAwMDAwMDAsInVwZGF0ZSI6MjQwMDAwMDAwMDAwfX0="
          }
        ]
      },
      {
        "module": "module.branch-network-folder",
        "mode": "managed",
        "type": "google_folder_iam_binding",
        "name": "authoritative",
        "provider": "provider[\"registry.terraform.io/hashicorp/google\"]",
        "instances": [
          {
            "index_key": "roles/compute.xpnAdmin",
            "schema_version": 0,
            "attributes": {
              "condition": [],
              "etag": "BwXv1eFlpuc=",
              "folder": "folders/450218300185",
              "id": "folders/450218300185/roles/compute.xpnAdmin",
              "members": [
                "serviceAccount:dnc-prod-resman-net-0@dnc-prod-iac-core-0.iam.gserviceaccount.com"
              ],
              "role": "roles/compute.xpnAdmin"
            },
            "sensitive_attributes": [],
            "private": "bnVsbA==",
            "dependencies": [
              "module.branch-network-folder.data.google_folder.folder",
              "module.branch-network-folder.google_folder.folder",
              "module.branch-network-sa.data.google_service_account.service_account",
              "module.branch-network-sa.google_service_account.service_account"
            ]
          },
          {
            "index_key": "roles/editor",
            "schema_version": 0,
            "attributes": {
              "condition": [],
              "etag": "BwXv1eFlpuc=",
              "folder": "folders/450218300185",
              "id": "folders/450218300185/roles/editor",
              "members": [
                "group:dnc-network-admins@kpmgdnc.com"
              ],
              "role": "roles/editor"
            },
            "sensitive_attributes": [],
            "private": "bnVsbA==",
            "dependencies": [
              "module.branch-network-folder.data.google_folder.folder",
              "module.branch-network-folder.google_folder.folder",
              "module.branch-network-sa.data.google_service_account.service_account",
              "module.branch-network-sa.google_service_account.service_account"
            ]
          },
          {
            "index_key": "roles/logging.admin",
            "schema_version": 0,
            "attributes": {
              "condition": [],
              "etag": "BwXv1eFlpuc=",
              "folder": "folders/450218300185",
              "id": "folders/450218300185/roles/logging.admin",
              "members": [
                "serviceAccount:dnc-prod-resman-net-0@dnc-prod-iac-core-0.iam.gserviceaccount.com"
              ],
              "role": "roles/logging.admin"
            },
            "sensitive_attributes": [],
            "private": "bnVsbA==",
            "dependencies": [
              "module.branch-network-folder.data.google_folder.folder",
              "module.branch-network-folder.google_folder.folder",
              "module.branch-network-sa.data.google_service_account.service_account",
              "module.branch-network-sa.google_service_account.service_account"
            ]
          },
          {
            "index_key": "roles/owner",
            "schema_version": 0,
            "attributes": {
              "condition": [],
              "etag": "BwXv1eFlpuc=",
              "folder": "folders/450218300185",
              "id": "folders/450218300185/roles/owner",
              "members": [
                "serviceAccount:dnc-prod-resman-net-0@dnc-prod-iac-core-0.iam.gserviceaccount.com"
              ],
              "role": "roles/owner"
            },
            "sensitive_attributes": [],
            "private": "bnVsbA==",
            "dependencies": [
              "module.branch-network-folder.data.google_folder.folder",
              "module.branch-network-folder.google_folder.folder",
              "module.branch-network-sa.data.google_service_account.service_account",
              "module.branch-network-sa.google_service_account.service_account"
            ]
          },
          {
            "index_key": "roles/resourcemanager.folderAdmin",
            "schema_version": 0,
            "attributes": {
              "condition": [],
              "etag": "BwXv1eFlpuc=",
              "folder": "folders/450218300185",
              "id": "folders/450218300185/roles/resourcemanager.folderAdmin",
              "members": [
                "serviceAccount:dnc-prod-resman-net-0@dnc-prod-iac-core-0.iam.gserviceaccount.com"
              ],
              "role": "roles/resourcemanager.folderAdmin"
            },
            "sensitive_attributes": [],
            "private": "bnVsbA==",
            "dependencies": [
              "module.branch-network-folder.data.google_folder.folder",
              "module.branch-network-folder.google_folder.folder",
              "module.branch-network-sa.data.google_service_account.service_account",
              "module.branch-network-sa.google_service_account.service_account"
            ]
          },
          {
            "index_key": "roles/resourcemanager.projectCreator",
            "schema_version": 0,
            "attributes": {
              "condition": [],
              "etag": "BwXv1eFlpuc=",
              "folder": "folders/450218300185",
              "id": "folders/450218300185/roles/resourcemanager.projectCreator",
              "members": [
                "serviceAccount:dnc-prod-resman-net-0@dnc-prod-iac-core-0.iam.gserviceaccount.com"
              ],
              "role": "roles/resourcemanager.projectCreator"
            },
            "sensitive_attributes": [],
            "private": "bnVsbA==",
            "dependencies": [
              "module.branch-network-folder.data.google_folder.folder",
              "module.branch-network-folder.google_folder.folder",
              "module.branch-network-sa.data.google_service_account.service_account",
              "module.branch-network-sa.google_service_account.service_account"
            ]
          }
        ]
      },
      {
        "module": "module.branch-network-folder",
        "mode": "managed",
        "type": "google_tags_tag_binding",
        "name": "binding",
        "provider": "provider[\"registry.terraform.io/hashicorp/google\"]",
        "instances": [
          {
            "index_key": "context",
            "schema_version": 0,
            "attributes": {
              "id": "tagBindings/%2F%2Fcloudresourcemanager.googleapis.com%2Ffolders%2F450218300185/tagValues/497037339456",
              "name": "%2F%2Fcloudresourcemanager.googleapis.com%2Ffolders%2F450218300185/tagValues/497037339456",
              "parent": "//cloudresourcemanager.googleapis.com/folders/450218300185",
              "tag_value": "tagValues/497037339456",
              "timeouts": null
            },
            "sensitive_attributes": [],
            "private": "eyJlMmJmYjczMC1lY2FhLTExZTYtOGY4OC0zNDM2M2JjN2M0YzAiOnsiY3JlYXRlIjoxMjAwMDAwMDAwMDAwLCJkZWxldGUiOjEyMDAwMDAwMDAwMDB9fQ==",
            "dependencies": [
              "module.branch-dp-dev-sa.data.google_service_account.service_account",
              "module.branch-dp-dev-sa.google_service_account.service_account",
              "module.branch-dp-prod-sa.data.google_service_account.service_account",
              "module.branch-dp-prod-sa.google_service_account.service_account",
              "module.branch-gke-dev-sa.data.google_service_account.service_account",
              "module.branch-gke-dev-sa.google_service_account.service_account",
              "module.branch-gke-prod-sa.data.google_service_account.service_account",
              "module.branch-gke-prod-sa.google_service_account.service_account",
              "module.branch-network-folder.data.google_folder.folder",
              "module.branch-network-folder.google_folder.folder",
              "module.branch-network-sa.data.google_service_account.service_account",
              "module.branch-network-sa.google_service_account.service_account",
              "module.branch-pf-dev-sa.data.google_service_account.service_account",
              "module.branch-pf-dev-sa.google_service_account.service_account",
              "module.branch-pf-prod-sa.data.google_service_account.service_account",
              "module.branch-pf-prod-sa.google_service_account.service_account",
              "module.branch-security-sa.data.google_service_account.service_account",
              "module.branch-security-sa.google_service_account.service_account",
              "module.organization.data.google_iam_policy.authoritative",
              "module.organization.google_organization_iam_binding.authoritative",
              "module.organization.google_organization_iam_member.additive",
              "module.organization.google_organization_iam_policy.authoritative",
              "module.organization.google_tags_tag_key.default",
              "module.organization.google_tags_tag_value.default"
            ]
          }
        ]
      },
      {
        "module": "module.branch-network-gcs",
        "mode": "managed",
        "type": "google_storage_bucket",
        "name": "bucket",
        "provider": "provider[\"registry.terraform.io/hashicorp/google\"]",
        "instances": [
          {
            "schema_version": 0,
            "attributes": {
              "autoclass": [],
              "cors": [],
              "custom_placement_config": [],
              "default_event_based_hold": false,
              "encryption": [],
              "force_destroy": false,
              "id": "dnc-prod-resman-net-0",
              "labels": {},
              "lifecycle_rule": [],
              "location": "AUSTRALIA-SOUTHEAST2",
              "logging": [],
              "name": "dnc-prod-resman-net-0",
              "project": "dnc-prod-iac-core-0",
              "public_access_prevention": "inherited",
              "requester_pays": false,
              "retention_policy": [],
              "self_link": "https://www.googleapis.com/storage/v1/b/dnc-prod-resman-net-0",
              "storage_class": "REGIONAL",
              "timeouts": null,
              "uniform_bucket_level_access": true,
              "url": "gs://dnc-prod-resman-net-0",
              "versioning": [
                {
                  "enabled": true
                }
              ],
              "website": []
            },
            "sensitive_attributes": [],
            "private": "eyJlMmJmYjczMC1lY2FhLTExZTYtOGY4OC0zNDM2M2JjN2M0YzAiOnsiY3JlYXRlIjoyNDAwMDAwMDAwMDAsInJlYWQiOjI0MDAwMDAwMDAwMCwidXBkYXRlIjoyNDAwMDAwMDAwMDB9fQ=="
          }
        ]
      },
      {
        "module": "module.branch-network-gcs",
        "mode": "managed",
        "type": "google_storage_bucket_iam_binding",
        "name": "bindings",
        "provider": "provider[\"registry.terraform.io/hashicorp/google\"]",
        "instances": [
          {
            "index_key": "roles/storage.objectAdmin",
            "schema_version": 0,
            "attributes": {
              "bucket": "b/dnc-prod-resman-net-0",
              "condition": [],
              "etag": "CAI=",
              "id": "b/dnc-prod-resman-net-0/roles/storage.objectAdmin",
              "members": [
                "serviceAccount:dnc-prod-resman-net-0@dnc-prod-iac-core-0.iam.gserviceaccount.com"
              ],
              "role": "roles/storage.objectAdmin"
            },
            "sensitive_attributes": [],
            "private": "bnVsbA==",
            "dependencies": [
              "module.branch-network-gcs.google_storage_bucket.bucket",
              "module.branch-network-sa.data.google_service_account.service_account",
              "module.branch-network-sa.google_service_account.service_account"
            ]
          }
        ]
      },
      {
        "module": "module.branch-network-prod-folder",
        "mode": "managed",
        "type": "google_folder",
        "name": "folder",
        "provider": "provider[\"registry.terraform.io/hashicorp/google\"]",
        "instances": [
          {
            "index_key": 0,
            "schema_version": 0,
            "attributes": {
              "create_time": "2022-12-15T04:00:44.688Z",
              "display_name": "Production",
              "folder_id": "730820751951",
              "id": "folders/730820751951",
              "lifecycle_state": "ACTIVE",
              "name": "folders/730820751951",
              "parent": "folders/450218300185",
              "timeouts": null
            },
            "sensitive_attributes": [],
            "private": "eyJlMmJmYjczMC1lY2FhLTExZTYtOGY4OC0zNDM2M2JjN2M0YzAiOnsiY3JlYXRlIjoyNDAwMDAwMDAwMDAsImRlbGV0ZSI6MjQwMDAwMDAwMDAwLCJyZWFkIjoyNDAwMDAwMDAwMDAsInVwZGF0ZSI6MjQwMDAwMDAwMDAwfX0=",
            "dependencies": [
              "module.branch-network-folder.data.google_folder.folder",
              "module.branch-network-folder.google_folder.folder",
              "module.branch-network-folder.google_folder_iam_binding.authoritative",
              "module.branch-network-folder.google_org_policy_policy.default",
              "module.branch-network-sa.data.google_service_account.service_account",
              "module.branch-network-sa.google_service_account.service_account"
            ]
          }
        ]
      },
      {
        "module": "module.branch-network-prod-folder",
        "mode": "managed",
        "type": "google_folder_iam_binding",
        "name": "authoritative",
        "provider": "provider[\"registry.terraform.io/hashicorp/google\"]",
        "instances": [
          {
            "index_key": "organizations/399163876160/roles/serviceProjectNetworkAdmin",
            "schema_version": 0,
            "attributes": {
              "condition": [],
              "etag": "BwXv1ehrI2E=",
              "folder": "folders/730820751951",
              "id": "folders/730820751951/organizations/399163876160/roles/serviceProjectNetworkAdmin",
              "members": [
                "serviceAccount:dnc-prod-resman-dp-0@dnc-prod-iac-core-0.iam.gserviceaccount.com",
                "serviceAccount:dnc-prod-resman-gke-0@dnc-prod-iac-core-0.iam.gserviceaccount.com",
                "serviceAccount:dnc-prod-resman-pf-0@dnc-prod-iac-core-0.iam.gserviceaccount.com"
              ],
              "role": "organizations/399163876160/roles/serviceProjectNetworkAdmin"
            },
            "sensitive_attributes": [],
            "private": "bnVsbA==",
            "dependencies": [
              "module.branch-dp-dev-sa.data.google_service_account.service_account",
              "module.branch-dp-dev-sa.google_service_account.service_account",
              "module.branch-dp-prod-sa.data.google_service_account.service_account",
              "module.branch-dp-prod-sa.google_service_account.service_account",
              "module.branch-gke-dev-sa.data.google_service_account.service_account",
              "module.branch-gke-dev-sa.google_service_account.service_account",
              "module.branch-gke-prod-sa.data.google_service_account.service_account",
              "module.branch-gke-prod-sa.google_service_account.service_account",
              "module.branch-network-folder.data.google_folder.folder",
              "module.branch-network-folder.google_folder.folder",
              "module.branch-network-folder.google_folder_iam_binding.authoritative",
              "module.branch-network-folder.google_org_policy_policy.default",
              "module.branch-network-prod-folder.data.google_folder.folder",
              "module.branch-network-prod-folder.google_folder.folder",
              "module.branch-network-sa.data.google_service_account.service_account",
              "module.branch-network-sa.google_service_account.service_account",
              "module.branch-pf-dev-sa.data.google_service_account.service_account",
              "module.branch-pf-dev-sa.google_service_account.service_account",
              "module.branch-pf-prod-sa.data.google_service_account.service_account",
              "module.branch-pf-prod-sa.google_service_account.service_account"
            ]
          }
        ]
      },
      {
        "module": "module.branch-network-prod-folder",
        "mode": "managed",
        "type": "google_tags_tag_binding",
        "name": "binding",
        "provider": "provider[\"registry.terraform.io/hashicorp/google\"]",
        "instances": [
          {
            "index_key": "environment",
            "schema_version": 0,
            "attributes": {
              "id": "tagBindings/%2F%2Fcloudresourcemanager.googleapis.com%2Ffolders%2F730820751951/tagValues/862433269131",
              "name": "%2F%2Fcloudresourcemanager.googleapis.com%2Ffolders%2F730820751951/tagValues/862433269131",
              "parent": "//cloudresourcemanager.googleapis.com/folders/730820751951",
              "tag_value": "tagValues/862433269131",
              "timeouts": null
            },
            "sensitive_attributes": [],
            "private": "eyJlMmJmYjczMC1lY2FhLTExZTYtOGY4OC0zNDM2M2JjN2M0YzAiOnsiY3JlYXRlIjoxMjAwMDAwMDAwMDAwLCJkZWxldGUiOjEyMDAwMDAwMDAwMDB9fQ==",
            "dependencies": [
              "module.branch-dp-dev-sa.data.google_service_account.service_account",
              "module.branch-dp-dev-sa.google_service_account.service_account",
              "module.branch-dp-prod-sa.data.google_service_account.service_account",
              "module.branch-dp-prod-sa.google_service_account.service_account",
              "module.branch-gke-dev-sa.data.google_service_account.service_account",
              "module.branch-gke-dev-sa.google_service_account.service_account",
              "module.branch-gke-prod-sa.data.google_service_account.service_account",
              "module.branch-gke-prod-sa.google_service_account.service_account",
              "module.branch-network-folder.data.google_folder.folder",
              "module.branch-network-folder.google_folder.folder",
              "module.branch-network-folder.google_folder_iam_binding.authoritative",
              "module.branch-network-folder.google_org_policy_policy.default",
              "module.branch-network-prod-folder.data.google_folder.folder",
              "module.branch-network-prod-folder.google_folder.folder",
              "module.branch-network-sa.data.google_service_account.service_account",
              "module.branch-network-sa.google_service_account.service_account",
              "module.branch-pf-dev-sa.data.google_service_account.service_account",
              "module.branch-pf-dev-sa.google_service_account.service_account",
              "module.branch-pf-prod-sa.data.google_service_account.service_account",
              "module.branch-pf-prod-sa.google_service_account.service_account",
              "module.branch-security-sa.data.google_service_account.service_account",
              "module.branch-security-sa.google_service_account.service_account",
              "module.organization.data.google_iam_policy.authoritative",
              "module.organization.google_organization_iam_binding.authoritative",
              "module.organization.google_organization_iam_member.additive",
              "module.organization.google_organization_iam_policy.authoritative",
              "module.organization.google_tags_tag_key.default",
              "module.organization.google_tags_tag_value.default"
            ]
          }
        ]
      },
      {
        "module": "module.branch-network-sa",
        "mode": "managed",
        "type": "google_service_account",
        "name": "service_account",
        "provider": "provider[\"registry.terraform.io/hashicorp/google\"]",
        "instances": [
          {
            "index_key": 0,
            "schema_version": 0,
            "attributes": {
              "account_id": "dnc-prod-resman-net-0",
              "description": "",
              "disabled": false,
              "display_name": "Terraform resman networking service account.",
              "email": "dnc-prod-resman-net-0@dnc-prod-iac-core-0.iam.gserviceaccount.com",
              "id": "projects/dnc-prod-iac-core-0/serviceAccounts/dnc-prod-resman-net-0@dnc-prod-iac-core-0.iam.gserviceaccount.com",
              "member": "serviceAccount:dnc-prod-resman-net-0@dnc-prod-iac-core-0.iam.gserviceaccount.com",
              "name": "projects/dnc-prod-iac-core-0/serviceAccounts/dnc-prod-resman-net-0@dnc-prod-iac-core-0.iam.gserviceaccount.com",
              "project": "dnc-prod-iac-core-0",
              "timeouts": null,
              "unique_id": "112729343016071366560"
            },
            "sensitive_attributes": [],
            "private": "eyJlMmJmYjczMC1lY2FhLTExZTYtOGY4OC0zNDM2M2JjN2M0YzAiOnsiY3JlYXRlIjozMDAwMDAwMDAwMDB9fQ=="
          }
        ]
      },
      {
        "module": "module.branch-network-sa",
        "mode": "managed",
        "type": "google_service_account_iam_binding",
        "name": "roles",
        "provider": "provider[\"registry.terraform.io/hashicorp/google\"]",
        "instances": [
          {
            "index_key": "roles/iam.serviceAccountTokenCreator",
            "schema_version": 0,
            "attributes": {
              "condition": [],
              "etag": null,
              "id": "projects/dnc-prod-iac-core-0/serviceAccounts/dnc-prod-resman-net-0@dnc-prod-iac-core-0.iam.gserviceaccount.com/roles/iam.serviceAccountTokenCreator",
              "members": [],
              "role": "roles/iam.serviceAccountTokenCreator",
              "service_account_id": "projects/dnc-prod-iac-core-0/serviceAccounts/dnc-prod-resman-net-0@dnc-prod-iac-core-0.iam.gserviceaccount.com"
            },
            "sensitive_attributes": [],
            "private": "bnVsbA==",
            "dependencies": [
              "module.branch-network-sa-cicd.data.google_service_account.service_account",
              "module.branch-network-sa-cicd.google_service_account.service_account",
              "module.branch-network-sa.data.google_service_account.service_account",
              "module.branch-network-sa.google_service_account.service_account"
            ]
          }
        ]
      },
      {
        "module": "module.branch-network-sa",
        "mode": "managed",
        "type": "google_storage_bucket_iam_member",
        "name": "bucket-roles",
        "provider": "provider[\"registry.terraform.io/hashicorp/google\"]",
        "instances": [
          {
            "index_key": "dnc-prod-iac-core-outputs-0-roles/storage.admin",
            "schema_version": 0,
            "attributes": {
              "bucket": "b/dnc-prod-iac-core-outputs-0",
              "condition": [],
              "etag": "CA0=",
              "id": "b/dnc-prod-iac-core-outputs-0/roles/storage.admin/serviceAccount:dnc-prod-resman-net-0@dnc-prod-iac-core-0.iam.gserviceaccount.com",
              "member": "serviceAccount:dnc-prod-resman-net-0@dnc-prod-iac-core-0.iam.gserviceaccount.com",
              "role": "roles/storage.admin"
            },
            "sensitive_attributes": [],
            "private": "bnVsbA==",
            "dependencies": [
              "module.branch-network-sa.data.google_service_account.service_account",
              "module.branch-network-sa.google_service_account.service_account"
            ]
          }
        ]
      },
      {
        "module": "module.branch-pf-dev-gcs[0]",
        "mode": "managed",
        "type": "google_storage_bucket",
        "name": "bucket",
        "provider": "provider[\"registry.terraform.io/hashicorp/google\"]",
        "instances": [
          {
            "schema_version": 0,
            "attributes": {
              "autoclass": [],
              "cors": [],
              "custom_placement_config": [],
              "default_event_based_hold": false,
              "encryption": [],
              "force_destroy": false,
              "id": "dnc-dev-resman-pf-0",
              "labels": {},
              "lifecycle_rule": [],
              "location": "AUSTRALIA-SOUTHEAST2",
              "logging": [],
              "name": "dnc-dev-resman-pf-0",
              "project": "dnc-prod-iac-core-0",
              "public_access_prevention": "inherited",
              "requester_pays": false,
              "retention_policy": [],
              "self_link": "https://www.googleapis.com/storage/v1/b/dnc-dev-resman-pf-0",
              "storage_class": "REGIONAL",
              "timeouts": null,
              "uniform_bucket_level_access": true,
              "url": "gs://dnc-dev-resman-pf-0",
              "versioning": [
                {
                  "enabled": true
                }
              ],
              "website": []
            },
            "sensitive_attributes": [],
            "private": "eyJlMmJmYjczMC1lY2FhLTExZTYtOGY4OC0zNDM2M2JjN2M0YzAiOnsiY3JlYXRlIjoyNDAwMDAwMDAwMDAsInJlYWQiOjI0MDAwMDAwMDAwMCwidXBkYXRlIjoyNDAwMDAwMDAwMDB9fQ=="
          }
        ]
      },
      {
        "module": "module.branch-pf-dev-gcs[0]",
        "mode": "managed",
        "type": "google_storage_bucket_iam_binding",
        "name": "bindings",
        "provider": "provider[\"registry.terraform.io/hashicorp/google\"]",
        "instances": [
          {
            "index_key": "roles/storage.objectAdmin",
            "schema_version": 0,
            "attributes": {
              "bucket": "b/dnc-dev-resman-pf-0",
              "condition": [],
              "etag": "CAI=",
              "id": "b/dnc-dev-resman-pf-0/roles/storage.objectAdmin",
              "members": [
                "serviceAccount:dnc-dev-resman-pf-0@dnc-prod-iac-core-0.iam.gserviceaccount.com"
              ],
              "role": "roles/storage.objectAdmin"
            },
            "sensitive_attributes": [],
            "private": "bnVsbA==",
            "dependencies": [
              "module.branch-pf-dev-gcs.google_storage_bucket.bucket",
              "module.branch-pf-dev-sa.data.google_service_account.service_account",
              "module.branch-pf-dev-sa.google_service_account.service_account"
            ]
          }
        ]
      },
      {
        "module": "module.branch-pf-dev-sa[0]",
        "mode": "managed",
        "type": "google_service_account",
        "name": "service_account",
        "provider": "provider[\"registry.terraform.io/hashicorp/google\"]",
        "instances": [
          {
            "index_key": 0,
            "schema_version": 0,
            "attributes": {
              "account_id": "dnc-dev-resman-pf-0",
              "description": "",
              "disabled": false,
              "display_name": "Terraform project factory development service account.",
              "email": "dnc-dev-resman-pf-0@dnc-prod-iac-core-0.iam.gserviceaccount.com",
              "id": "projects/dnc-prod-iac-core-0/serviceAccounts/dnc-dev-resman-pf-0@dnc-prod-iac-core-0.iam.gserviceaccount.com",
              "member": "serviceAccount:dnc-dev-resman-pf-0@dnc-prod-iac-core-0.iam.gserviceaccount.com",
              "name": "projects/dnc-prod-iac-core-0/serviceAccounts/dnc-dev-resman-pf-0@dnc-prod-iac-core-0.iam.gserviceaccount.com",
              "project": "dnc-prod-iac-core-0",
              "timeouts": null,
              "unique_id": "114125598537355572493"
            },
            "sensitive_attributes": [],
            "private": "eyJlMmJmYjczMC1lY2FhLTExZTYtOGY4OC0zNDM2M2JjN2M0YzAiOnsiY3JlYXRlIjozMDAwMDAwMDAwMDB9fQ=="
          }
        ]
      },
      {
        "module": "module.branch-pf-dev-sa[0]",
        "mode": "managed",
        "type": "google_service_account_iam_binding",
        "name": "roles",
        "provider": "provider[\"registry.terraform.io/hashicorp/google\"]",
        "instances": [
          {
            "index_key": "roles/iam.serviceAccountTokenCreator",
            "schema_version": 0,
            "attributes": {
              "condition": [],
              "etag": null,
              "id": "projects/dnc-prod-iac-core-0/serviceAccounts/dnc-dev-resman-pf-0@dnc-prod-iac-core-0.iam.gserviceaccount.com/roles/iam.serviceAccountTokenCreator",
              "members": [],
              "role": "roles/iam.serviceAccountTokenCreator",
              "service_account_id": "projects/dnc-prod-iac-core-0/serviceAccounts/dnc-dev-resman-pf-0@dnc-prod-iac-core-0.iam.gserviceaccount.com"
            },
            "sensitive_attributes": [],
            "private": "bnVsbA==",
            "dependencies": [
              "module.branch-pf-dev-sa-cicd.data.google_service_account.service_account",
              "module.branch-pf-dev-sa-cicd.google_service_account.service_account",
              "module.branch-pf-dev-sa.data.google_service_account.service_account",
              "module.branch-pf-dev-sa.google_service_account.service_account"
            ]
          }
        ]
      },
      {
        "module": "module.branch-pf-dev-sa[0]",
        "mode": "managed",
        "type": "google_storage_bucket_iam_member",
        "name": "bucket-roles",
        "provider": "provider[\"registry.terraform.io/hashicorp/google\"]",
        "instances": [
          {
            "index_key": "dnc-prod-iac-core-outputs-0-roles/storage.admin",
            "schema_version": 0,
            "attributes": {
              "bucket": "b/dnc-prod-iac-core-outputs-0",
              "condition": [],
              "etag": "CA0=",
              "id": "b/dnc-prod-iac-core-outputs-0/roles/storage.admin/serviceAccount:dnc-dev-resman-pf-0@dnc-prod-iac-core-0.iam.gserviceaccount.com",
              "member": "serviceAccount:dnc-dev-resman-pf-0@dnc-prod-iac-core-0.iam.gserviceaccount.com",
              "role": "roles/storage.admin"
            },
            "sensitive_attributes": [],
            "private": "bnVsbA==",
            "dependencies": [
              "module.branch-pf-dev-sa.data.google_service_account.service_account",
              "module.branch-pf-dev-sa.google_service_account.service_account"
            ]
          }
        ]
      },
      {
        "module": "module.branch-pf-prod-gcs[0]",
        "mode": "managed",
        "type": "google_storage_bucket",
        "name": "bucket",
        "provider": "provider[\"registry.terraform.io/hashicorp/google\"]",
        "instances": [
          {
            "schema_version": 0,
            "attributes": {
              "autoclass": [],
              "cors": [],
              "custom_placement_config": [],
              "default_event_based_hold": false,
              "encryption": [],
              "force_destroy": false,
              "id": "dnc-prod-resman-pf-0",
              "labels": {},
              "lifecycle_rule": [],
              "location": "AUSTRALIA-SOUTHEAST2",
              "logging": [],
              "name": "dnc-prod-resman-pf-0",
              "project": "dnc-prod-iac-core-0",
              "public_access_prevention": "inherited",
              "requester_pays": false,
              "retention_policy": [],
              "self_link": "https://www.googleapis.com/storage/v1/b/dnc-prod-resman-pf-0",
              "storage_class": "REGIONAL",
              "timeouts": null,
              "uniform_bucket_level_access": true,
              "url": "gs://dnc-prod-resman-pf-0",
              "versioning": [
                {
                  "enabled": true
                }
              ],
              "website": []
            },
            "sensitive_attributes": [],
            "private": "eyJlMmJmYjczMC1lY2FhLTExZTYtOGY4OC0zNDM2M2JjN2M0YzAiOnsiY3JlYXRlIjoyNDAwMDAwMDAwMDAsInJlYWQiOjI0MDAwMDAwMDAwMCwidXBkYXRlIjoyNDAwMDAwMDAwMDB9fQ=="
          }
        ]
      },
      {
        "module": "module.branch-pf-prod-gcs[0]",
        "mode": "managed",
        "type": "google_storage_bucket_iam_binding",
        "name": "bindings",
        "provider": "provider[\"registry.terraform.io/hashicorp/google\"]",
        "instances": [
          {
            "index_key": "roles/storage.objectAdmin",
            "schema_version": 0,
            "attributes": {
              "bucket": "b/dnc-prod-resman-pf-0",
              "condition": [],
              "etag": "CAI=",
              "id": "b/dnc-prod-resman-pf-0/roles/storage.objectAdmin",
              "members": [
                "serviceAccount:dnc-prod-resman-pf-0@dnc-prod-iac-core-0.iam.gserviceaccount.com"
              ],
              "role": "roles/storage.objectAdmin"
            },
            "sensitive_attributes": [],
            "private": "bnVsbA==",
            "dependencies": [
              "module.branch-pf-prod-gcs.google_storage_bucket.bucket",
              "module.branch-pf-prod-sa.data.google_service_account.service_account",
              "module.branch-pf-prod-sa.google_service_account.service_account"
            ]
          }
        ]
      },
      {
        "module": "module.branch-pf-prod-sa[0]",
        "mode": "managed",
        "type": "google_service_account",
        "name": "service_account",
        "provider": "provider[\"registry.terraform.io/hashicorp/google\"]",
        "instances": [
          {
            "index_key": 0,
            "schema_version": 0,
            "attributes": {
              "account_id": "dnc-prod-resman-pf-0",
              "description": "",
              "disabled": false,
              "display_name": "Terraform project factory production service account.",
              "email": "dnc-prod-resman-pf-0@dnc-prod-iac-core-0.iam.gserviceaccount.com",
              "id": "projects/dnc-prod-iac-core-0/serviceAccounts/dnc-prod-resman-pf-0@dnc-prod-iac-core-0.iam.gserviceaccount.com",
              "member": "serviceAccount:dnc-prod-resman-pf-0@dnc-prod-iac-core-0.iam.gserviceaccount.com",
              "name": "projects/dnc-prod-iac-core-0/serviceAccounts/dnc-prod-resman-pf-0@dnc-prod-iac-core-0.iam.gserviceaccount.com",
              "project": "dnc-prod-iac-core-0",
              "timeouts": null,
              "unique_id": "104623762732023826679"
            },
            "sensitive_attributes": [],
            "private": "eyJlMmJmYjczMC1lY2FhLTExZTYtOGY4OC0zNDM2M2JjN2M0YzAiOnsiY3JlYXRlIjozMDAwMDAwMDAwMDB9fQ=="
          }
        ]
      },
      {
        "module": "module.branch-pf-prod-sa[0]",
        "mode": "managed",
        "type": "google_service_account_iam_binding",
        "name": "roles",
        "provider": "provider[\"registry.terraform.io/hashicorp/google\"]",
        "instances": [
          {
            "index_key": "roles/iam.serviceAccountTokenCreator",
            "schema_version": 0,
            "attributes": {
              "condition": [],
              "etag": null,
              "id": "projects/dnc-prod-iac-core-0/serviceAccounts/dnc-prod-resman-pf-0@dnc-prod-iac-core-0.iam.gserviceaccount.com/roles/iam.serviceAccountTokenCreator",
              "members": [],
              "role": "roles/iam.serviceAccountTokenCreator",
              "service_account_id": "projects/dnc-prod-iac-core-0/serviceAccounts/dnc-prod-resman-pf-0@dnc-prod-iac-core-0.iam.gserviceaccount.com"
            },
            "sensitive_attributes": [],
            "private": "bnVsbA==",
            "dependencies": [
              "module.branch-pf-prod-sa-cicd.data.google_service_account.service_account",
              "module.branch-pf-prod-sa-cicd.google_service_account.service_account",
              "module.branch-pf-prod-sa.data.google_service_account.service_account",
              "module.branch-pf-prod-sa.google_service_account.service_account"
            ]
          }
        ]
      },
      {
        "module": "module.branch-pf-prod-sa[0]",
        "mode": "managed",
        "type": "google_storage_bucket_iam_member",
        "name": "bucket-roles",
        "provider": "provider[\"registry.terraform.io/hashicorp/google\"]",
        "instances": [
          {
            "index_key": "dnc-prod-iac-core-outputs-0-roles/storage.admin",
            "schema_version": 0,
            "attributes": {
              "bucket": "b/dnc-prod-iac-core-outputs-0",
              "condition": [],
              "etag": "CA0=",
              "id": "b/dnc-prod-iac-core-outputs-0/roles/storage.admin/serviceAccount:dnc-prod-resman-pf-0@dnc-prod-iac-core-0.iam.gserviceaccount.com",
              "member": "serviceAccount:dnc-prod-resman-pf-0@dnc-prod-iac-core-0.iam.gserviceaccount.com",
              "role": "roles/storage.admin"
            },
            "sensitive_attributes": [],
            "private": "bnVsbA==",
            "dependencies": [
              "module.branch-pf-prod-sa.data.google_service_account.service_account",
              "module.branch-pf-prod-sa.google_service_account.service_account"
            ]
          }
        ]
      },
      {
        "module": "module.branch-sandbox-folder[0]",
        "mode": "managed",
        "type": "google_folder",
        "name": "folder",
        "provider": "provider[\"registry.terraform.io/hashicorp/google\"]",
        "instances": [
          {
            "index_key": 0,
            "schema_version": 0,
            "attributes": {
              "create_time": "2022-12-15T03:57:56.912Z",
              "display_name": "Sandbox",
              "folder_id": "854693009985",
              "id": "folders/854693009985",
              "lifecycle_state": "ACTIVE",
              "name": "folders/854693009985",
              "parent": "organizations/399163876160",
              "timeouts": null
            },
            "sensitive_attributes": [],
            "private": "eyJlMmJmYjczMC1lY2FhLTExZTYtOGY4OC0zNDM2M2JjN2M0YzAiOnsiY3JlYXRlIjoyNDAwMDAwMDAwMDAsImRlbGV0ZSI6MjQwMDAwMDAwMDAwLCJyZWFkIjoyNDAwMDAwMDAwMDAsInVwZGF0ZSI6MjQwMDAwMDAwMDAwfX0="
          }
        ]
      },
      {
        "module": "module.branch-sandbox-folder[0]",
        "mode": "managed",
        "type": "google_folder_iam_binding",
        "name": "authoritative",
        "provider": "provider[\"registry.terraform.io/hashicorp/google\"]",
        "instances": [
          {
            "index_key": "roles/logging.admin",
            "schema_version": 0,
            "attributes": {
              "condition": [],
              "etag": "BwXv1d9sqWQ=",
              "folder": "folders/854693009985",
              "id": "folders/854693009985/roles/logging.admin",
              "members": [
                "serviceAccount:dnc-dev-resman-sbox-0@dnc-prod-iac-core-0.iam.gserviceaccount.com"
              ],
              "role": "roles/logging.admin"
            },
            "sensitive_attributes": [],
            "private": "bnVsbA==",
            "dependencies": [
              "module.branch-sandbox-folder.data.google_folder.folder",
              "module.branch-sandbox-folder.google_folder.folder",
              "module.branch-sandbox-sa.data.google_service_account.service_account",
              "module.branch-sandbox-sa.google_service_account.service_account"
            ]
          },
          {
            "index_key": "roles/owner",
            "schema_version": 0,
            "attributes": {
              "condition": [],
              "etag": "BwXv1d9sqWQ=",
              "folder": "folders/854693009985",
              "id": "folders/854693009985/roles/owner",
              "members": [
                "serviceAccount:dnc-dev-resman-sbox-0@dnc-prod-iac-core-0.iam.gserviceaccount.com"
              ],
              "role": "roles/owner"
            },
            "sensitive_attributes": [],
            "private": "bnVsbA==",
            "dependencies": [
              "module.branch-sandbox-folder.data.google_folder.folder",
              "module.branch-sandbox-folder.google_folder.folder",
              "module.branch-sandbox-sa.data.google_service_account.service_account",
              "module.branch-sandbox-sa.google_service_account.service_account"
            ]
          },
          {
            "index_key": "roles/resourcemanager.folderAdmin",
            "schema_version": 0,
            "attributes": {
              "condition": [],
              "etag": "BwXv1d9sqWQ=",
              "folder": "folders/854693009985",
              "id": "folders/854693009985/roles/resourcemanager.folderAdmin",
              "members": [
                "serviceAccount:dnc-dev-resman-sbox-0@dnc-prod-iac-core-0.iam.gserviceaccount.com"
              ],
              "role": "roles/resourcemanager.folderAdmin"
            },
            "sensitive_attributes": [],
            "private": "bnVsbA==",
            "dependencies": [
              "module.branch-sandbox-folder.data.google_folder.folder",
              "module.branch-sandbox-folder.google_folder.folder",
              "module.branch-sandbox-sa.data.google_service_account.service_account",
              "module.branch-sandbox-sa.google_service_account.service_account"
            ]
          },
          {
            "index_key": "roles/resourcemanager.projectCreator",
            "schema_version": 0,
            "attributes": {
              "condition": [],
              "etag": "BwXv1d9sqWQ=",
              "folder": "folders/854693009985",
              "id": "folders/854693009985/roles/resourcemanager.projectCreator",
              "members": [
                "serviceAccount:dnc-dev-resman-sbox-0@dnc-prod-iac-core-0.iam.gserviceaccount.com"
              ],
              "role": "roles/resourcemanager.projectCreator"
            },
            "sensitive_attributes": [],
            "private": "bnVsbA==",
            "dependencies": [
              "module.branch-sandbox-folder.data.google_folder.folder",
              "module.branch-sandbox-folder.google_folder.folder",
              "module.branch-sandbox-sa.data.google_service_account.service_account",
              "module.branch-sandbox-sa.google_service_account.service_account"
            ]
          }
        ]
      },
      {
        "module": "module.branch-sandbox-folder[0]",
        "mode": "managed",
        "type": "google_org_policy_policy",
        "name": "default",
        "provider": "provider[\"registry.terraform.io/hashicorp/google\"]",
        "instances": [
          {
            "index_key": "constraints/compute.vmExternalIpAccess",
            "schema_version": 0,
            "attributes": {
              "id": "folders/854693009985/policies/compute.vmExternalIpAccess",
              "name": "folders/854693009985/policies/constraints/compute.vmExternalIpAccess",
              "parent": "folders/854693009985",
              "spec": [
                {
                  "etag": "CPm26pwGEIDu7zA=",
                  "inherit_from_parent": false,
                  "reset": false,
                  "rules": [
                    {
                      "allow_all": "TRUE",
                      "condition": [],
                      "deny_all": "",
                      "enforce": "",
                      "values": []
                    }
                  ],
                  "update_time": "2022-12-15T03:58:49.102496Z"
                }
              ],
              "timeouts": null
            },
            "sensitive_attributes": [],
            "private": "eyJlMmJmYjczMC1lY2FhLTExZTYtOGY4OC0zNDM2M2JjN2M0YzAiOnsiY3JlYXRlIjoxMjAwMDAwMDAwMDAwLCJkZWxldGUiOjEyMDAwMDAwMDAwMDAsInVwZGF0ZSI6MTIwMDAwMDAwMDAwMH19",
            "dependencies": [
              "module.branch-sandbox-folder.data.google_folder.folder",
              "module.branch-sandbox-folder.google_folder.folder"
            ]
          },
          {
            "index_key": "constraints/sql.restrictPublicIp",
            "schema_version": 0,
            "attributes": {
              "id": "folders/854693009985/policies/sql.restrictPublicIp",
              "name": "folders/854693009985/policies/constraints/sql.restrictPublicIp",
              "parent": "folders/854693009985",
              "spec": [
                {
                  "etag": "CPy26pwGELCMh70B",
                  "inherit_from_parent": false,
                  "reset": false,
                  "rules": [
                    {
                      "allow_all": "",
                      "condition": [],
                      "deny_all": "",
                      "enforce": "FALSE",
                      "values": []
                    }
                  ],
                  "update_time": "2022-12-15T03:58:52.396478Z"
                }
              ],
              "timeouts": null
            },
            "sensitive_attributes": [],
            "private": "eyJlMmJmYjczMC1lY2FhLTExZTYtOGY4OC0zNDM2M2JjN2M0YzAiOnsiY3JlYXRlIjoxMjAwMDAwMDAwMDAwLCJkZWxldGUiOjEyMDAwMDAwMDAwMDAsInVwZGF0ZSI6MTIwMDAwMDAwMDAwMH19",
            "dependencies": [
              "module.branch-sandbox-folder.data.google_folder.folder",
              "module.branch-sandbox-folder.google_folder.folder"
            ]
          }
        ]
      },
      {
        "module": "module.branch-sandbox-folder[0]",
        "mode": "managed",
        "type": "google_tags_tag_binding",
        "name": "binding",
        "provider": "provider[\"registry.terraform.io/hashicorp/google\"]",
        "instances": [
          {
            "index_key": "context",
            "schema_version": 0,
            "attributes": {
              "id": "tagBindings/%2F%2Fcloudresourcemanager.googleapis.com%2Ffolders%2F854693009985/tagValues/588096112804",
              "name": "%2F%2Fcloudresourcemanager.googleapis.com%2Ffolders%2F854693009985/tagValues/588096112804",
              "parent": "//cloudresourcemanager.googleapis.com/folders/854693009985",
              "tag_value": "tagValues/588096112804",
              "timeouts": null
            },
            "sensitive_attributes": [],
            "private": "eyJlMmJmYjczMC1lY2FhLTExZTYtOGY4OC0zNDM2M2JjN2M0YzAiOnsiY3JlYXRlIjoxMjAwMDAwMDAwMDAwLCJkZWxldGUiOjEyMDAwMDAwMDAwMDB9fQ==",
            "dependencies": [
              "module.branch-dp-dev-sa.data.google_service_account.service_account",
              "module.branch-dp-dev-sa.google_service_account.service_account",
              "module.branch-dp-prod-sa.data.google_service_account.service_account",
              "module.branch-dp-prod-sa.google_service_account.service_account",
              "module.branch-gke-dev-sa.data.google_service_account.service_account",
              "module.branch-gke-dev-sa.google_service_account.service_account",
              "module.branch-gke-prod-sa.data.google_service_account.service_account",
              "module.branch-gke-prod-sa.google_service_account.service_account",
              "module.branch-network-sa.data.google_service_account.service_account",
              "module.branch-network-sa.google_service_account.service_account",
              "module.branch-pf-dev-sa.data.google_service_account.service_account",
              "module.branch-pf-dev-sa.google_service_account.service_account",
              "module.branch-pf-prod-sa.data.google_service_account.service_account",
              "module.branch-pf-prod-sa.google_service_account.service_account",
              "module.branch-sandbox-folder.data.google_folder.folder",
              "module.branch-sandbox-folder.google_folder.folder",
              "module.branch-security-sa.data.google_service_account.service_account",
              "module.branch-security-sa.google_service_account.service_account",
              "module.organization.data.google_iam_policy.authoritative",
              "module.organization.google_organization_iam_binding.authoritative",
              "module.organization.google_organization_iam_member.additive",
              "module.organization.google_organization_iam_policy.authoritative",
              "module.organization.google_tags_tag_key.default",
              "module.organization.google_tags_tag_value.default"
            ]
          }
        ]
      },
      {
        "module": "module.branch-sandbox-gcs[0]",
        "mode": "managed",
        "type": "google_storage_bucket",
        "name": "bucket",
        "provider": "provider[\"registry.terraform.io/hashicorp/google\"]",
        "instances": [
          {
            "schema_version": 0,
            "attributes": {
              "autoclass": [],
              "cors": [],
              "custom_placement_config": [],
              "default_event_based_hold": false,
              "encryption": [],
              "force_destroy": false,
              "id": "dnc-dev-resman-sbox-0",
              "labels": {},
              "lifecycle_rule": [],
              "location": "AUSTRALIA-SOUTHEAST2",
              "logging": [],
              "name": "dnc-dev-resman-sbox-0",
              "project": "dnc-prod-iac-core-0",
              "public_access_prevention": "inherited",
              "requester_pays": false,
              "retention_policy": [],
              "self_link": "https://www.googleapis.com/storage/v1/b/dnc-dev-resman-sbox-0",
              "storage_class": "REGIONAL",
              "timeouts": null,
              "uniform_bucket_level_access": true,
              "url": "gs://dnc-dev-resman-sbox-0",
              "versioning": [
                {
                  "enabled": true
                }
              ],
              "website": []
            },
            "sensitive_attributes": [],
            "private": "eyJlMmJmYjczMC1lY2FhLTExZTYtOGY4OC0zNDM2M2JjN2M0YzAiOnsiY3JlYXRlIjoyNDAwMDAwMDAwMDAsInJlYWQiOjI0MDAwMDAwMDAwMCwidXBkYXRlIjoyNDAwMDAwMDAwMDB9fQ=="
          }
        ]
      },
      {
        "module": "module.branch-sandbox-gcs[0]",
        "mode": "managed",
        "type": "google_storage_bucket_iam_binding",
        "name": "bindings",
        "provider": "provider[\"registry.terraform.io/hashicorp/google\"]",
        "instances": [
          {
            "index_key": "roles/storage.objectAdmin",
            "schema_version": 0,
            "attributes": {
              "bucket": "b/dnc-dev-resman-sbox-0",
              "condition": [],
              "etag": "CAI=",
              "id": "b/dnc-dev-resman-sbox-0/roles/storage.objectAdmin",
              "members": [
                "serviceAccount:dnc-dev-resman-sbox-0@dnc-prod-iac-core-0.iam.gserviceaccount.com"
              ],
              "role": "roles/storage.objectAdmin"
            },
            "sensitive_attributes": [],
            "private": "bnVsbA==",
            "dependencies": [
              "module.branch-sandbox-gcs.google_storage_bucket.bucket",
              "module.branch-sandbox-sa.data.google_service_account.service_account",
              "module.branch-sandbox-sa.google_service_account.service_account"
            ]
          }
        ]
      },
      {
        "module": "module.branch-sandbox-sa[0]",
        "mode": "managed",
        "type": "google_service_account",
        "name": "service_account",
        "provider": "provider[\"registry.terraform.io/hashicorp/google\"]",
        "instances": [
          {
            "index_key": 0,
            "schema_version": 0,
            "attributes": {
              "account_id": "dnc-dev-resman-sbox-0",
              "description": "",
              "disabled": false,
              "display_name": "Terraform resman sandbox service account.",
              "email": "dnc-dev-resman-sbox-0@dnc-prod-iac-core-0.iam.gserviceaccount.com",
              "id": "projects/dnc-prod-iac-core-0/serviceAccounts/dnc-dev-resman-sbox-0@dnc-prod-iac-core-0.iam.gserviceaccount.com",
              "member": "serviceAccount:dnc-dev-resman-sbox-0@dnc-prod-iac-core-0.iam.gserviceaccount.com",
              "name": "projects/dnc-prod-iac-core-0/serviceAccounts/dnc-dev-resman-sbox-0@dnc-prod-iac-core-0.iam.gserviceaccount.com",
              "project": "dnc-prod-iac-core-0",
              "timeouts": null,
              "unique_id": "108029902664508094969"
            },
            "sensitive_attributes": [],
            "private": "eyJlMmJmYjczMC1lY2FhLTExZTYtOGY4OC0zNDM2M2JjN2M0YzAiOnsiY3JlYXRlIjozMDAwMDAwMDAwMDB9fQ=="
          }
        ]
      },
      {
        "module": "module.branch-security-folder",
        "mode": "managed",
        "type": "google_folder",
        "name": "folder",
        "provider": "provider[\"registry.terraform.io/hashicorp/google\"]",
        "instances": [
          {
            "index_key": 0,
            "schema_version": 0,
            "attributes": {
              "create_time": "2022-12-15T03:57:58.503Z",
              "display_name": "Security",
              "folder_id": "936220985985",
              "id": "folders/936220985985",
              "lifecycle_state": "ACTIVE",
              "name": "folders/936220985985",
              "parent": "organizations/399163876160",
              "timeouts": null
            },
            "sensitive_attributes": [],
            "private": "eyJlMmJmYjczMC1lY2FhLTExZTYtOGY4OC0zNDM2M2JjN2M0YzAiOnsiY3JlYXRlIjoyNDAwMDAwMDAwMDAsImRlbGV0ZSI6MjQwMDAwMDAwMDAwLCJyZWFkIjoyNDAwMDAwMDAwMDAsInVwZGF0ZSI6MjQwMDAwMDAwMDAwfX0="
          }
        ]
      },
      {
        "module": "module.branch-security-folder",
        "mode": "managed",
        "type": "google_folder_iam_binding",
        "name": "authoritative",
        "provider": "provider[\"registry.terraform.io/hashicorp/google\"]",
        "instances": [
          {
            "index_key": "roles/logging.admin",
            "schema_version": 0,
            "attributes": {
              "condition": [],
              "etag": "BwXv1eBTAFg=",
              "folder": "folders/936220985985",
              "id": "folders/936220985985/roles/logging.admin",
              "members": [
                "serviceAccount:dnc-prod-resman-sec-0@dnc-prod-iac-core-0.iam.gserviceaccount.com"
              ],
              "role": "roles/logging.admin"
            },
            "sensitive_attributes": [],
            "private": "bnVsbA==",
            "dependencies": [
              "module.branch-security-folder.data.google_folder.folder",
              "module.branch-security-folder.google_folder.folder",
              "module.branch-security-sa.data.google_service_account.service_account",
              "module.branch-security-sa.google_service_account.service_account"
            ]
          },
          {
            "index_key": "roles/owner",
            "schema_version": 0,
            "attributes": {
              "condition": [],
              "etag": "BwXv1eBTAFg=",
              "folder": "folders/936220985985",
              "id": "folders/936220985985/roles/owner",
              "members": [
                "serviceAccount:dnc-prod-resman-sec-0@dnc-prod-iac-core-0.iam.gserviceaccount.com"
              ],
              "role": "roles/owner"
            },
            "sensitive_attributes": [],
            "private": "bnVsbA==",
            "dependencies": [
              "module.branch-security-folder.data.google_folder.folder",
              "module.branch-security-folder.google_folder.folder",
              "module.branch-security-sa.data.google_service_account.service_account",
              "module.branch-security-sa.google_service_account.service_account"
            ]
          },
          {
            "index_key": "roles/resourcemanager.folderAdmin",
            "schema_version": 0,
            "attributes": {
              "condition": [],
              "etag": "BwXv1eBTAFg=",
              "folder": "folders/936220985985",
              "id": "folders/936220985985/roles/resourcemanager.folderAdmin",
              "members": [
                "serviceAccount:dnc-prod-resman-sec-0@dnc-prod-iac-core-0.iam.gserviceaccount.com"
              ],
              "role": "roles/resourcemanager.folderAdmin"
            },
            "sensitive_attributes": [],
            "private": "bnVsbA==",
            "dependencies": [
              "module.branch-security-folder.data.google_folder.folder",
              "module.branch-security-folder.google_folder.folder",
              "module.branch-security-sa.data.google_service_account.service_account",
              "module.branch-security-sa.google_service_account.service_account"
            ]
          },
          {
            "index_key": "roles/resourcemanager.projectCreator",
            "schema_version": 0,
            "attributes": {
              "condition": [],
              "etag": "BwXv1eBTAFg=",
              "folder": "folders/936220985985",
              "id": "folders/936220985985/roles/resourcemanager.projectCreator",
              "members": [
                "serviceAccount:dnc-prod-resman-sec-0@dnc-prod-iac-core-0.iam.gserviceaccount.com"
              ],
              "role": "roles/resourcemanager.projectCreator"
            },
            "sensitive_attributes": [],
            "private": "bnVsbA==",
            "dependencies": [
              "module.branch-security-folder.data.google_folder.folder",
              "module.branch-security-folder.google_folder.folder",
              "module.branch-security-sa.data.google_service_account.service_account",
              "module.branch-security-sa.google_service_account.service_account"
            ]
          },
          {
            "index_key": "roles/viewer",
            "schema_version": 0,
            "attributes": {
              "condition": [],
              "etag": "BwXv1eBTAFg=",
              "folder": "folders/936220985985",
              "id": "folders/936220985985/roles/viewer",
              "members": [
                "group:dnc-security-admins@kpmgdnc.com"
              ],
              "role": "roles/viewer"
            },
            "sensitive_attributes": [],
            "private": "bnVsbA==",
            "dependencies": [
              "module.branch-security-folder.data.google_folder.folder",
              "module.branch-security-folder.google_folder.folder",
              "module.branch-security-sa.data.google_service_account.service_account",
              "module.branch-security-sa.google_service_account.service_account"
            ]
          }
        ]
      },
      {
        "module": "module.branch-security-folder",
        "mode": "managed",
        "type": "google_tags_tag_binding",
        "name": "binding",
        "provider": "provider[\"registry.terraform.io/hashicorp/google\"]",
        "instances": [
          {
            "index_key": "context",
            "schema_version": 0,
            "attributes": {
              "id": "tagBindings/%2F%2Fcloudresourcemanager.googleapis.com%2Ffolders%2F936220985985/tagValues/727326117606",
              "name": "%2F%2Fcloudresourcemanager.googleapis.com%2Ffolders%2F936220985985/tagValues/727326117606",
              "parent": "//cloudresourcemanager.googleapis.com/folders/936220985985",
              "tag_value": "tagValues/727326117606",
              "timeouts": null
            },
            "sensitive_attributes": [],
            "private": "eyJlMmJmYjczMC1lY2FhLTExZTYtOGY4OC0zNDM2M2JjN2M0YzAiOnsiY3JlYXRlIjoxMjAwMDAwMDAwMDAwLCJkZWxldGUiOjEyMDAwMDAwMDAwMDB9fQ==",
            "dependencies": [
              "module.branch-dp-dev-sa.data.google_service_account.service_account",
              "module.branch-dp-dev-sa.google_service_account.service_account",
              "module.branch-dp-prod-sa.data.google_service_account.service_account",
              "module.branch-dp-prod-sa.google_service_account.service_account",
              "module.branch-gke-dev-sa.data.google_service_account.service_account",
              "module.branch-gke-dev-sa.google_service_account.service_account",
              "module.branch-gke-prod-sa.data.google_service_account.service_account",
              "module.branch-gke-prod-sa.google_service_account.service_account",
              "module.branch-network-sa.data.google_service_account.service_account",
              "module.branch-network-sa.google_service_account.service_account",
              "module.branch-pf-dev-sa.data.google_service_account.service_account",
              "module.branch-pf-dev-sa.google_service_account.service_account",
              "module.branch-pf-prod-sa.data.google_service_account.service_account",
              "module.branch-pf-prod-sa.google_service_account.service_account",
              "module.branch-security-folder.data.google_folder.folder",
              "module.branch-security-folder.google_folder.folder",
              "module.branch-security-sa.data.google_service_account.service_account",
              "module.branch-security-sa.google_service_account.service_account",
              "module.organization.data.google_iam_policy.authoritative",
              "module.organization.google_organization_iam_binding.authoritative",
              "module.organization.google_organization_iam_member.additive",
              "module.organization.google_organization_iam_policy.authoritative",
              "module.organization.google_tags_tag_key.default",
              "module.organization.google_tags_tag_value.default"
            ]
          }
        ]
      },
      {
        "module": "module.branch-security-gcs",
        "mode": "managed",
        "type": "google_storage_bucket",
        "name": "bucket",
        "provider": "provider[\"registry.terraform.io/hashicorp/google\"]",
        "instances": [
          {
            "schema_version": 0,
            "attributes": {
              "autoclass": [],
              "cors": [],
              "custom_placement_config": [],
              "default_event_based_hold": false,
              "encryption": [],
              "force_destroy": false,
              "id": "dnc-prod-resman-sec-0",
              "labels": {},
              "lifecycle_rule": [],
              "location": "AUSTRALIA-SOUTHEAST2",
              "logging": [],
              "name": "dnc-prod-resman-sec-0",
              "project": "dnc-prod-iac-core-0",
              "public_access_prevention": "inherited",
              "requester_pays": false,
              "retention_policy": [],
              "self_link": "https://www.googleapis.com/storage/v1/b/dnc-prod-resman-sec-0",
              "storage_class": "REGIONAL",
              "timeouts": null,
              "uniform_bucket_level_access": true,
              "url": "gs://dnc-prod-resman-sec-0",
              "versioning": [
                {
                  "enabled": true
                }
              ],
              "website": []
            },
            "sensitive_attributes": [],
            "private": "eyJlMmJmYjczMC1lY2FhLTExZTYtOGY4OC0zNDM2M2JjN2M0YzAiOnsiY3JlYXRlIjoyNDAwMDAwMDAwMDAsInJlYWQiOjI0MDAwMDAwMDAwMCwidXBkYXRlIjoyNDAwMDAwMDAwMDB9fQ=="
          }
        ]
      },
      {
        "module": "module.branch-security-gcs",
        "mode": "managed",
        "type": "google_storage_bucket_iam_binding",
        "name": "bindings",
        "provider": "provider[\"registry.terraform.io/hashicorp/google\"]",
        "instances": [
          {
            "index_key": "roles/storage.objectAdmin",
            "schema_version": 0,
            "attributes": {
              "bucket": "b/dnc-prod-resman-sec-0",
              "condition": [],
              "etag": "CAI=",
              "id": "b/dnc-prod-resman-sec-0/roles/storage.objectAdmin",
              "members": [
                "serviceAccount:dnc-prod-resman-sec-0@dnc-prod-iac-core-0.iam.gserviceaccount.com"
              ],
              "role": "roles/storage.objectAdmin"
            },
            "sensitive_attributes": [],
            "private": "bnVsbA==",
            "dependencies": [
              "module.branch-security-gcs.google_storage_bucket.bucket",
              "module.branch-security-sa.data.google_service_account.service_account",
              "module.branch-security-sa.google_service_account.service_account"
            ]
          }
        ]
      },
      {
        "module": "module.branch-security-sa",
        "mode": "managed",
        "type": "google_service_account",
        "name": "service_account",
        "provider": "provider[\"registry.terraform.io/hashicorp/google\"]",
        "instances": [
          {
            "index_key": 0,
            "schema_version": 0,
            "attributes": {
              "account_id": "dnc-prod-resman-sec-0",
              "description": "",
              "disabled": false,
              "display_name": "Terraform resman security service account.",
              "email": "dnc-prod-resman-sec-0@dnc-prod-iac-core-0.iam.gserviceaccount.com",
              "id": "projects/dnc-prod-iac-core-0/serviceAccounts/dnc-prod-resman-sec-0@dnc-prod-iac-core-0.iam.gserviceaccount.com",
              "member": "serviceAccount:dnc-prod-resman-sec-0@dnc-prod-iac-core-0.iam.gserviceaccount.com",
              "name": "projects/dnc-prod-iac-core-0/serviceAccounts/dnc-prod-resman-sec-0@dnc-prod-iac-core-0.iam.gserviceaccount.com",
              "project": "dnc-prod-iac-core-0",
              "timeouts": null,
              "unique_id": "107087524164101304494"
            },
            "sensitive_attributes": [],
            "private": "eyJlMmJmYjczMC1lY2FhLTExZTYtOGY4OC0zNDM2M2JjN2M0YzAiOnsiY3JlYXRlIjozMDAwMDAwMDAwMDB9fQ=="
          }
        ]
      },
      {
        "module": "module.branch-security-sa",
        "mode": "managed",
        "type": "google_service_account_iam_binding",
        "name": "roles",
        "provider": "provider[\"registry.terraform.io/hashicorp/google\"]",
        "instances": [
          {
            "index_key": "roles/iam.serviceAccountTokenCreator",
            "schema_version": 0,
            "attributes": {
              "condition": [],
              "etag": null,
              "id": "projects/dnc-prod-iac-core-0/serviceAccounts/dnc-prod-resman-sec-0@dnc-prod-iac-core-0.iam.gserviceaccount.com/roles/iam.serviceAccountTokenCreator",
              "members": [],
              "role": "roles/iam.serviceAccountTokenCreator",
              "service_account_id": "projects/dnc-prod-iac-core-0/serviceAccounts/dnc-prod-resman-sec-0@dnc-prod-iac-core-0.iam.gserviceaccount.com"
            },
            "sensitive_attributes": [],
            "private": "bnVsbA==",
            "dependencies": [
              "module.branch-security-sa-cicd.data.google_service_account.service_account",
              "module.branch-security-sa-cicd.google_service_account.service_account",
              "module.branch-security-sa.data.google_service_account.service_account",
              "module.branch-security-sa.google_service_account.service_account"
            ]
          }
        ]
      },
      {
        "module": "module.branch-security-sa",
        "mode": "managed",
        "type": "google_storage_bucket_iam_member",
        "name": "bucket-roles",
        "provider": "provider[\"registry.terraform.io/hashicorp/google\"]",
        "instances": [
          {
            "index_key": "dnc-prod-iac-core-outputs-0-roles/storage.admin",
            "schema_version": 0,
            "attributes": {
              "bucket": "b/dnc-prod-iac-core-outputs-0",
              "condition": [],
              "etag": "CA0=",
              "id": "b/dnc-prod-iac-core-outputs-0/roles/storage.admin/serviceAccount:dnc-prod-resman-sec-0@dnc-prod-iac-core-0.iam.gserviceaccount.com",
              "member": "serviceAccount:dnc-prod-resman-sec-0@dnc-prod-iac-core-0.iam.gserviceaccount.com",
              "role": "roles/storage.admin"
            },
            "sensitive_attributes": [],
            "private": "bnVsbA==",
            "dependencies": [
              "module.branch-security-sa.data.google_service_account.service_account",
              "module.branch-security-sa.google_service_account.service_account"
            ]
          }
        ]
      },
      {
        "module": "module.branch-teams-folder[0]",
        "mode": "managed",
        "type": "google_folder",
        "name": "folder",
        "provider": "provider[\"registry.terraform.io/hashicorp/google\"]",
        "instances": [
          {
            "index_key": 0,
            "schema_version": 0,
            "attributes": {
              "create_time": "2022-12-15T03:57:54.570Z",
              "display_name": "Teams",
              "folder_id": "632663774448",
              "id": "folders/632663774448",
              "lifecycle_state": "ACTIVE",
              "name": "folders/632663774448",
              "parent": "organizations/399163876160",
              "timeouts": null
            },
            "sensitive_attributes": [],
            "private": "eyJlMmJmYjczMC1lY2FhLTExZTYtOGY4OC0zNDM2M2JjN2M0YzAiOnsiY3JlYXRlIjoyNDAwMDAwMDAwMDAsImRlbGV0ZSI6MjQwMDAwMDAwMDAwLCJyZWFkIjoyNDAwMDAwMDAwMDAsInVwZGF0ZSI6MjQwMDAwMDAwMDAwfX0="
          }
        ]
      },
      {
        "module": "module.branch-teams-folder[0]",
        "mode": "managed",
        "type": "google_folder_iam_binding",
        "name": "authoritative",
        "provider": "provider[\"registry.terraform.io/hashicorp/google\"]",
        "instances": [
          {
            "index_key": "roles/compute.xpnAdmin",
            "schema_version": 0,
            "attributes": {
              "condition": [],
              "etag": "BwXv1d+uvWk=",
              "folder": "folders/632663774448",
              "id": "folders/632663774448/roles/compute.xpnAdmin",
              "members": [
                "serviceAccount:dnc-prod-resman-teams-0@dnc-prod-iac-core-0.iam.gserviceaccount.com"
              ],
              "role": "roles/compute.xpnAdmin"
            },
            "sensitive_attributes": [],
            "private": "bnVsbA==",
            "dependencies": [
              "module.branch-teams-folder.data.google_folder.folder",
              "module.branch-teams-folder.google_folder.folder",
              "module.branch-teams-sa.data.google_service_account.service_account",
              "module.branch-teams-sa.google_service_account.service_account"
            ]
          },
          {
            "index_key": "roles/logging.admin",
            "schema_version": 0,
            "attributes": {
              "condition": [],
              "etag": "BwXv1d+uvWk=",
              "folder": "folders/632663774448",
              "id": "folders/632663774448/roles/logging.admin",
              "members": [
                "serviceAccount:dnc-prod-resman-teams-0@dnc-prod-iac-core-0.iam.gserviceaccount.com"
              ],
              "role": "roles/logging.admin"
            },
            "sensitive_attributes": [],
            "private": "bnVsbA==",
            "dependencies": [
              "module.branch-teams-folder.data.google_folder.folder",
              "module.branch-teams-folder.google_folder.folder",
              "module.branch-teams-sa.data.google_service_account.service_account",
              "module.branch-teams-sa.google_service_account.service_account"
            ]
          },
          {
            "index_key": "roles/owner",
            "schema_version": 0,
            "attributes": {
              "condition": [],
              "etag": "BwXv1d+uvWk=",
              "folder": "folders/632663774448",
              "id": "folders/632663774448/roles/owner",
              "members": [
                "serviceAccount:dnc-prod-resman-teams-0@dnc-prod-iac-core-0.iam.gserviceaccount.com"
              ],
              "role": "roles/owner"
            },
            "sensitive_attributes": [],
            "private": "bnVsbA==",
            "dependencies": [
              "module.branch-teams-folder.data.google_folder.folder",
              "module.branch-teams-folder.google_folder.folder",
              "module.branch-teams-sa.data.google_service_account.service_account",
              "module.branch-teams-sa.google_service_account.service_account"
            ]
          },
          {
            "index_key": "roles/resourcemanager.folderAdmin",
            "schema_version": 0,
            "attributes": {
              "condition": [],
              "etag": "BwXv1d+uvWk=",
              "folder": "folders/632663774448",
              "id": "folders/632663774448/roles/resourcemanager.folderAdmin",
              "members": [
                "serviceAccount:dnc-prod-resman-teams-0@dnc-prod-iac-core-0.iam.gserviceaccount.com"
              ],
              "role": "roles/resourcemanager.folderAdmin"
            },
            "sensitive_attributes": [],
            "private": "bnVsbA==",
            "dependencies": [
              "module.branch-teams-folder.data.google_folder.folder",
              "module.branch-teams-folder.google_folder.folder",
              "module.branch-teams-sa.data.google_service_account.service_account",
              "module.branch-teams-sa.google_service_account.service_account"
            ]
          },
          {
            "index_key": "roles/resourcemanager.projectCreator",
            "schema_version": 0,
            "attributes": {
              "condition": [],
              "etag": "BwXv1d+uvWk=",
              "folder": "folders/632663774448",
              "id": "folders/632663774448/roles/resourcemanager.projectCreator",
              "members": [
                "serviceAccount:dnc-prod-resman-teams-0@dnc-prod-iac-core-0.iam.gserviceaccount.com"
              ],
              "role": "roles/resourcemanager.projectCreator"
            },
            "sensitive_attributes": [],
            "private": "bnVsbA==",
            "dependencies": [
              "module.branch-teams-folder.data.google_folder.folder",
              "module.branch-teams-folder.google_folder.folder",
              "module.branch-teams-sa.data.google_service_account.service_account",
              "module.branch-teams-sa.google_service_account.service_account"
            ]
          }
        ]
      },
      {
        "module": "module.branch-teams-folder[0]",
        "mode": "managed",
        "type": "google_tags_tag_binding",
        "name": "binding",
        "provider": "provider[\"registry.terraform.io/hashicorp/google\"]",
        "instances": [
          {
            "index_key": "context",
            "schema_version": 0,
            "attributes": {
              "id": "tagBindings/%2F%2Fcloudresourcemanager.googleapis.com%2Ffolders%2F632663774448/tagValues/87356810302",
              "name": "%2F%2Fcloudresourcemanager.googleapis.com%2Ffolders%2F632663774448/tagValues/87356810302",
              "parent": "//cloudresourcemanager.googleapis.com/folders/632663774448",
              "tag_value": "tagValues/87356810302",
              "timeouts": null
            },
            "sensitive_attributes": [],
            "private": "eyJlMmJmYjczMC1lY2FhLTExZTYtOGY4OC0zNDM2M2JjN2M0YzAiOnsiY3JlYXRlIjoxMjAwMDAwMDAwMDAwLCJkZWxldGUiOjEyMDAwMDAwMDAwMDB9fQ==",
            "dependencies": [
              "module.branch-dp-dev-sa.data.google_service_account.service_account",
              "module.branch-dp-dev-sa.google_service_account.service_account",
              "module.branch-dp-prod-sa.data.google_service_account.service_account",
              "module.branch-dp-prod-sa.google_service_account.service_account",
              "module.branch-gke-dev-sa.data.google_service_account.service_account",
              "module.branch-gke-dev-sa.google_service_account.service_account",
              "module.branch-gke-prod-sa.data.google_service_account.service_account",
              "module.branch-gke-prod-sa.google_service_account.service_account",
              "module.branch-network-sa.data.google_service_account.service_account",
              "module.branch-network-sa.google_service_account.service_account",
              "module.branch-pf-dev-sa.data.google_service_account.service_account",
              "module.branch-pf-dev-sa.google_service_account.service_account",
              "module.branch-pf-prod-sa.data.google_service_account.service_account",
              "module.branch-pf-prod-sa.google_service_account.service_account",
              "module.branch-security-sa.data.google_service_account.service_account",
              "module.branch-security-sa.google_service_account.service_account",
              "module.branch-teams-folder.data.google_folder.folder",
              "module.branch-teams-folder.google_folder.folder",
              "module.organization.data.google_iam_policy.authoritative",
              "module.organization.google_organization_iam_binding.authoritative",
              "module.organization.google_organization_iam_member.additive",
              "module.organization.google_organization_iam_policy.authoritative",
              "module.organization.google_tags_tag_key.default",
              "module.organization.google_tags_tag_value.default"
            ]
          }
        ]
      },
      {
        "module": "module.branch-teams-gcs[0]",
        "mode": "managed",
        "type": "google_storage_bucket",
        "name": "bucket",
        "provider": "provider[\"registry.terraform.io/hashicorp/google\"]",
        "instances": [
          {
            "schema_version": 0,
            "attributes": {
              "autoclass": [],
              "cors": [],
              "custom_placement_config": [],
              "default_event_based_hold": false,
              "encryption": [],
              "force_destroy": false,
              "id": "dnc-prod-resman-teams-0",
              "labels": {},
              "lifecycle_rule": [],
              "location": "AUSTRALIA-SOUTHEAST2",
              "logging": [],
              "name": "dnc-prod-resman-teams-0",
              "project": "dnc-prod-iac-core-0",
              "public_access_prevention": "inherited",
              "requester_pays": false,
              "retention_policy": [],
              "self_link": "https://www.googleapis.com/storage/v1/b/dnc-prod-resman-teams-0",
              "storage_class": "REGIONAL",
              "timeouts": null,
              "uniform_bucket_level_access": true,
              "url": "gs://dnc-prod-resman-teams-0",
              "versioning": [
                {
                  "enabled": true
                }
              ],
              "website": []
            },
            "sensitive_attributes": [],
            "private": "eyJlMmJmYjczMC1lY2FhLTExZTYtOGY4OC0zNDM2M2JjN2M0YzAiOnsiY3JlYXRlIjoyNDAwMDAwMDAwMDAsInJlYWQiOjI0MDAwMDAwMDAwMCwidXBkYXRlIjoyNDAwMDAwMDAwMDB9fQ=="
          }
        ]
      },
      {
        "module": "module.branch-teams-gcs[0]",
        "mode": "managed",
        "type": "google_storage_bucket_iam_binding",
        "name": "bindings",
        "provider": "provider[\"registry.terraform.io/hashicorp/google\"]",
        "instances": [
          {
            "index_key": "roles/storage.objectAdmin",
            "schema_version": 0,
            "attributes": {
              "bucket": "b/dnc-prod-resman-teams-0",
              "condition": [],
              "etag": "CAI=",
              "id": "b/dnc-prod-resman-teams-0/roles/storage.objectAdmin",
              "members": [
                "serviceAccount:dnc-prod-resman-teams-0@dnc-prod-iac-core-0.iam.gserviceaccount.com"
              ],
              "role": "roles/storage.objectAdmin"
            },
            "sensitive_attributes": [],
            "private": "bnVsbA==",
            "dependencies": [
              "module.branch-teams-gcs.google_storage_bucket.bucket",
              "module.branch-teams-sa.data.google_service_account.service_account",
              "module.branch-teams-sa.google_service_account.service_account"
            ]
          }
        ]
      },
      {
        "module": "module.branch-teams-sa[0]",
        "mode": "managed",
        "type": "google_service_account",
        "name": "service_account",
        "provider": "provider[\"registry.terraform.io/hashicorp/google\"]",
        "instances": [
          {
            "index_key": 0,
            "schema_version": 0,
            "attributes": {
              "account_id": "dnc-prod-resman-teams-0",
              "description": "",
              "disabled": false,
              "display_name": "Terraform resman teams service account.",
              "email": "dnc-prod-resman-teams-0@dnc-prod-iac-core-0.iam.gserviceaccount.com",
              "id": "projects/dnc-prod-iac-core-0/serviceAccounts/dnc-prod-resman-teams-0@dnc-prod-iac-core-0.iam.gserviceaccount.com",
              "member": "serviceAccount:dnc-prod-resman-teams-0@dnc-prod-iac-core-0.iam.gserviceaccount.com",
              "name": "projects/dnc-prod-iac-core-0/serviceAccounts/dnc-prod-resman-teams-0@dnc-prod-iac-core-0.iam.gserviceaccount.com",
              "project": "dnc-prod-iac-core-0",
              "timeouts": null,
              "unique_id": "105277973901248630180"
            },
            "sensitive_attributes": [],
            "private": "eyJlMmJmYjczMC1lY2FhLTExZTYtOGY4OC0zNDM2M2JjN2M0YzAiOnsiY3JlYXRlIjozMDAwMDAwMDAwMDB9fQ=="
          }
        ]
      },
      {
        "module": "module.branch-teams-sa[0]",
        "mode": "managed",
        "type": "google_storage_bucket_iam_member",
        "name": "bucket-roles",
        "provider": "provider[\"registry.terraform.io/hashicorp/google\"]",
        "instances": [
          {
            "index_key": "dnc-prod-iac-core-outputs-0-roles/storage.admin",
            "schema_version": 0,
            "attributes": {
              "bucket": "b/dnc-prod-iac-core-outputs-0",
              "condition": [],
              "etag": "CA0=",
              "id": "b/dnc-prod-iac-core-outputs-0/roles/storage.admin/serviceAccount:dnc-prod-resman-teams-0@dnc-prod-iac-core-0.iam.gserviceaccount.com",
              "member": "serviceAccount:dnc-prod-resman-teams-0@dnc-prod-iac-core-0.iam.gserviceaccount.com",
              "role": "roles/storage.admin"
            },
            "sensitive_attributes": [],
            "private": "bnVsbA==",
            "dependencies": [
              "module.branch-teams-sa.data.google_service_account.service_account",
              "module.branch-teams-sa.google_service_account.service_account"
            ]
          }
        ]
      },
      {
        "module": "module.organization",
        "mode": "data",
        "type": "google_iam_policy",
        "name": "authoritative",
        "provider": "provider[\"registry.terraform.io/hashicorp/google\"]",
        "instances": [
          {
            "schema_version": 0,
            "attributes": {
              "audit_config": null,
              "binding": null,
              "id": "2745614147",
              "policy_data": "{}"
            },
            "sensitive_attributes": []
          }
        ]
      },
      {
        "module": "module.organization",
        "mode": "managed",
        "type": "google_org_policy_policy",
        "name": "default",
        "provider": "provider[\"registry.terraform.io/hashicorp/google\"]",
        "instances": [
          {
            "index_key": "compute.disableGuestAttributesAccess",
            "schema_version": 0,
            "attributes": {
              "id": "organizations/399163876160/policies/compute.disableGuestAttributesAccess",
              "name": "organizations/399163876160/policies/compute.disableGuestAttributesAccess",
              "parent": "organizations/399163876160",
              "spec": [
                {
                  "etag": "CP236pwGENit9AQ=",
                  "inherit_from_parent": false,
                  "reset": false,
                  "rules": [
                    {
                      "allow_all": "",
                      "condition": [],
                      "deny_all": "",
                      "enforce": "TRUE",
                      "values": []
                    }
                  ],
                  "update_time": "2022-12-15T04:01:01.010295Z"
                }
              ],
              "timeouts": null
            },
            "sensitive_attributes": [],
            "private": "eyJlMmJmYjczMC1lY2FhLTExZTYtOGY4OC0zNDM2M2JjN2M0YzAiOnsiY3JlYXRlIjoxMjAwMDAwMDAwMDAwLCJkZWxldGUiOjEyMDAwMDAwMDAwMDAsInVwZGF0ZSI6MTIwMDAwMDAwMDAwMH19",
            "dependencies": [
              "module.branch-dp-dev-sa.data.google_service_account.service_account",
              "module.branch-dp-dev-sa.google_service_account.service_account",
              "module.branch-dp-prod-sa.data.google_service_account.service_account",
              "module.branch-dp-prod-sa.google_service_account.service_account",
              "module.branch-gke-dev-sa.data.google_service_account.service_account",
              "module.branch-gke-dev-sa.google_service_account.service_account",
              "module.branch-gke-prod-sa.data.google_service_account.service_account",
              "module.branch-gke-prod-sa.google_service_account.service_account",
              "module.branch-network-sa.data.google_service_account.service_account",
              "module.branch-network-sa.google_service_account.service_account",
              "module.branch-pf-dev-sa.data.google_service_account.service_account",
              "module.branch-pf-dev-sa.google_service_account.service_account",
              "module.branch-pf-prod-sa.data.google_service_account.service_account",
              "module.branch-pf-prod-sa.google_service_account.service_account",
              "module.branch-security-sa.data.google_service_account.service_account",
              "module.branch-security-sa.google_service_account.service_account",
              "module.organization.data.google_iam_policy.authoritative",
              "module.organization.google_org_policy_custom_constraint.constraint",
              "module.organization.google_organization_iam_audit_config.config",
              "module.organization.google_organization_iam_binding.authoritative",
              "module.organization.google_organization_iam_custom_role.roles",
              "module.organization.google_organization_iam_member.additive",
              "module.organization.google_organization_iam_policy.authoritative"
            ]
          },
          {
            "index_key": "compute.requireOsLogin",
            "schema_version": 0,
            "attributes": {
              "id": "organizations/399163876160/policies/compute.requireOsLogin",
              "name": "organizations/399163876160/policies/compute.requireOsLogin",
              "parent": "organizations/399163876160",
              "spec": [
                {
                  "etag": "CP236pwGEKCTtpYB",
                  "inherit_from_parent": false,
                  "reset": false,
                  "rules": [
                    {
                      "allow_all": "",
                      "condition": [],
                      "deny_all": "",
                      "enforce": "TRUE",
                      "values": []
                    }
                  ],
                  "update_time": "2022-12-15T04:01:01.315460Z"
                }
              ],
              "timeouts": null
            },
            "sensitive_attributes": [],
            "private": "eyJlMmJmYjczMC1lY2FhLTExZTYtOGY4OC0zNDM2M2JjN2M0YzAiOnsiY3JlYXRlIjoxMjAwMDAwMDAwMDAwLCJkZWxldGUiOjEyMDAwMDAwMDAwMDAsInVwZGF0ZSI6MTIwMDAwMDAwMDAwMH19",
            "dependencies": [
              "module.branch-dp-dev-sa.data.google_service_account.service_account",
              "module.branch-dp-dev-sa.google_service_account.service_account",
              "module.branch-dp-prod-sa.data.google_service_account.service_account",
              "module.branch-dp-prod-sa.google_service_account.service_account",
              "module.branch-gke-dev-sa.data.google_service_account.service_account",
              "module.branch-gke-dev-sa.google_service_account.service_account",
              "module.branch-gke-prod-sa.data.google_service_account.service_account",
              "module.branch-gke-prod-sa.google_service_account.service_account",
              "module.branch-network-sa.data.google_service_account.service_account",
              "module.branch-network-sa.google_service_account.service_account",
              "module.branch-pf-dev-sa.data.google_service_account.service_account",
              "module.branch-pf-dev-sa.google_service_account.service_account",
              "module.branch-pf-prod-sa.data.google_service_account.service_account",
              "module.branch-pf-prod-sa.google_service_account.service_account",
              "module.branch-security-sa.data.google_service_account.service_account",
              "module.branch-security-sa.google_service_account.service_account",
              "module.organization.data.google_iam_policy.authoritative",
              "module.organization.google_org_policy_custom_constraint.constraint",
              "module.organization.google_organization_iam_audit_config.config",
              "module.organization.google_organization_iam_binding.authoritative",
              "module.organization.google_organization_iam_custom_role.roles",
              "module.organization.google_organization_iam_member.additive",
              "module.organization.google_organization_iam_policy.authoritative"
            ]
          },
          {
            "index_key": "compute.restrictLoadBalancerCreationForTypes",
            "schema_version": 0,
            "attributes": {
              "id": "organizations/399163876160/policies/compute.restrictLoadBalancerCreationForTypes",
              "name": "organizations/399163876160/policies/compute.restrictLoadBalancerCreationForTypes",
              "parent": "organizations/399163876160",
              "spec": [
                {
                  "etag": "CPy36pwGEMi2xYED",
                  "inherit_from_parent": false,
                  "reset": false,
                  "rules": [
                    {
                      "allow_all": "",
                      "condition": [],
                      "deny_all": "",
                      "enforce": "",
                      "values": [
                        {
                          "allowed_values": [
                            "in:INTERNAL"
                          ],
                          "denied_values": []
                        }
                      ]
                    }
                  ],
                  "update_time": "2022-12-15T04:01:00.808541Z"
                }
              ],
              "timeouts": null
            },
            "sensitive_attributes": [],
            "private": "eyJlMmJmYjczMC1lY2FhLTExZTYtOGY4OC0zNDM2M2JjN2M0YzAiOnsiY3JlYXRlIjoxMjAwMDAwMDAwMDAwLCJkZWxldGUiOjEyMDAwMDAwMDAwMDAsInVwZGF0ZSI6MTIwMDAwMDAwMDAwMH19",
            "dependencies": [
              "module.branch-dp-dev-sa.data.google_service_account.service_account",
              "module.branch-dp-dev-sa.google_service_account.service_account",
              "module.branch-dp-prod-sa.data.google_service_account.service_account",
              "module.branch-dp-prod-sa.google_service_account.service_account",
              "module.branch-gke-dev-sa.data.google_service_account.service_account",
              "module.branch-gke-dev-sa.google_service_account.service_account",
              "module.branch-gke-prod-sa.data.google_service_account.service_account",
              "module.branch-gke-prod-sa.google_service_account.service_account",
              "module.branch-network-sa.data.google_service_account.service_account",
              "module.branch-network-sa.google_service_account.service_account",
              "module.branch-pf-dev-sa.data.google_service_account.service_account",
              "module.branch-pf-dev-sa.google_service_account.service_account",
              "module.branch-pf-prod-sa.data.google_service_account.service_account",
              "module.branch-pf-prod-sa.google_service_account.service_account",
              "module.branch-security-sa.data.google_service_account.service_account",
              "module.branch-security-sa.google_service_account.service_account",
              "module.organization.data.google_iam_policy.authoritative",
              "module.organization.google_org_policy_custom_constraint.constraint",
              "module.organization.google_organization_iam_audit_config.config",
              "module.organization.google_organization_iam_binding.authoritative",
              "module.organization.google_organization_iam_custom_role.roles",
              "module.organization.google_organization_iam_member.additive",
              "module.organization.google_organization_iam_policy.authoritative"
            ]
          },
          {
            "index_key": "compute.skipDefaultNetworkCreation",
            "schema_version": 0,
            "attributes": {
              "id": "organizations/399163876160/policies/compute.skipDefaultNetworkCreation",
              "name": "organizations/399163876160/policies/compute.skipDefaultNetworkCreation",
              "parent": "organizations/399163876160",
              "spec": [
                {
                  "etag": "CP236pwGEID0q8MB",
                  "inherit_from_parent": false,
                  "reset": false,
                  "rules": [
                    {
                      "allow_all": "",
                      "condition": [],
                      "deny_all": "",
                      "enforce": "TRUE",
                      "values": []
                    }
                  ],
                  "update_time": "2022-12-15T04:01:01.409664Z"
                }
              ],
              "timeouts": null
            },
            "sensitive_attributes": [],
            "private": "eyJlMmJmYjczMC1lY2FhLTExZTYtOGY4OC0zNDM2M2JjN2M0YzAiOnsiY3JlYXRlIjoxMjAwMDAwMDAwMDAwLCJkZWxldGUiOjEyMDAwMDAwMDAwMDAsInVwZGF0ZSI6MTIwMDAwMDAwMDAwMH19",
            "dependencies": [
              "module.branch-dp-dev-sa.data.google_service_account.service_account",
              "module.branch-dp-dev-sa.google_service_account.service_account",
              "module.branch-dp-prod-sa.data.google_service_account.service_account",
              "module.branch-dp-prod-sa.google_service_account.service_account",
              "module.branch-gke-dev-sa.data.google_service_account.service_account",
              "module.branch-gke-dev-sa.google_service_account.service_account",
              "module.branch-gke-prod-sa.data.google_service_account.service_account",
              "module.branch-gke-prod-sa.google_service_account.service_account",
              "module.branch-network-sa.data.google_service_account.service_account",
              "module.branch-network-sa.google_service_account.service_account",
              "module.branch-pf-dev-sa.data.google_service_account.service_account",
              "module.branch-pf-dev-sa.google_service_account.service_account",
              "module.branch-pf-prod-sa.data.google_service_account.service_account",
              "module.branch-pf-prod-sa.google_service_account.service_account",
              "module.branch-security-sa.data.google_service_account.service_account",
              "module.branch-security-sa.google_service_account.service_account",
              "module.organization.data.google_iam_policy.authoritative",
              "module.organization.google_org_policy_custom_constraint.constraint",
              "module.organization.google_organization_iam_audit_config.config",
              "module.organization.google_organization_iam_binding.authoritative",
              "module.organization.google_organization_iam_custom_role.roles",
              "module.organization.google_organization_iam_member.additive",
              "module.organization.google_organization_iam_policy.authoritative"
            ]
          },
          {
            "index_key": "compute.vmExternalIpAccess",
            "schema_version": 0,
            "attributes": {
              "id": "organizations/399163876160/policies/compute.vmExternalIpAccess",
              "name": "organizations/399163876160/policies/compute.vmExternalIpAccess",
              "parent": "organizations/399163876160",
              "spec": [
                {
                  "etag": "CPm36pwGEPCnvvQB",
                  "inherit_from_parent": false,
                  "reset": false,
                  "rules": [
                    {
                      "allow_all": "",
                      "condition": [],
                      "deny_all": "TRUE",
                      "enforce": "",
                      "values": []
                    }
                  ],
                  "update_time": "2022-12-15T04:00:57.512726Z"
                }
              ],
              "timeouts": null
            },
            "sensitive_attributes": [],
            "private": "eyJlMmJmYjczMC1lY2FhLTExZTYtOGY4OC0zNDM2M2JjN2M0YzAiOnsiY3JlYXRlIjoxMjAwMDAwMDAwMDAwLCJkZWxldGUiOjEyMDAwMDAwMDAwMDAsInVwZGF0ZSI6MTIwMDAwMDAwMDAwMH19",
            "dependencies": [
              "module.branch-dp-dev-sa.data.google_service_account.service_account",
              "module.branch-dp-dev-sa.google_service_account.service_account",
              "module.branch-dp-prod-sa.data.google_service_account.service_account",
              "module.branch-dp-prod-sa.google_service_account.service_account",
              "module.branch-gke-dev-sa.data.google_service_account.service_account",
              "module.branch-gke-dev-sa.google_service_account.service_account",
              "module.branch-gke-prod-sa.data.google_service_account.service_account",
              "module.branch-gke-prod-sa.google_service_account.service_account",
              "module.branch-network-sa.data.google_service_account.service_account",
              "module.branch-network-sa.google_service_account.service_account",
              "module.branch-pf-dev-sa.data.google_service_account.service_account",
              "module.branch-pf-dev-sa.google_service_account.service_account",
              "module.branch-pf-prod-sa.data.google_service_account.service_account",
              "module.branch-pf-prod-sa.google_service_account.service_account",
              "module.branch-security-sa.data.google_service_account.service_account",
              "module.branch-security-sa.google_service_account.service_account",
              "module.organization.data.google_iam_policy.authoritative",
              "module.organization.google_org_policy_custom_constraint.constraint",
              "module.organization.google_organization_iam_audit_config.config",
              "module.organization.google_organization_iam_binding.authoritative",
              "module.organization.google_organization_iam_custom_role.roles",
              "module.organization.google_organization_iam_member.additive",
              "module.organization.google_organization_iam_policy.authoritative"
            ]
          },
          {
            "index_key": "iam.allowedPolicyMemberDomains",
            "schema_version": 0,
            "attributes": {
              "id": "organizations/399163876160/policies/iam.allowedPolicyMemberDomains",
              "name": "organizations/399163876160/policies/iam.allowedPolicyMemberDomains",
              "parent": "organizations/399163876160",
              "spec": [
                {
                  "etag": "CPq36pwGEJja5YID",
                  "inherit_from_parent": false,
                  "reset": false,
                  "rules": [
                    {
                      "allow_all": "",
                      "condition": [],
                      "deny_all": "",
                      "enforce": "",
                      "values": [
                        {
                          "allowed_values": [
                            "C01tbur0h"
                          ],
                          "denied_values": []
                        }
                      ]
                    }
                  ],
                  "update_time": "2022-12-15T04:00:58.811167Z"
                }
              ],
              "timeouts": null
            },
            "sensitive_attributes": [],
            "private": "eyJlMmJmYjczMC1lY2FhLTExZTYtOGY4OC0zNDM2M2JjN2M0YzAiOnsiY3JlYXRlIjoxMjAwMDAwMDAwMDAwLCJkZWxldGUiOjEyMDAwMDAwMDAwMDAsInVwZGF0ZSI6MTIwMDAwMDAwMDAwMH19",
            "dependencies": [
              "module.branch-dp-dev-sa.data.google_service_account.service_account",
              "module.branch-dp-dev-sa.google_service_account.service_account",
              "module.branch-dp-prod-sa.data.google_service_account.service_account",
              "module.branch-dp-prod-sa.google_service_account.service_account",
              "module.branch-gke-dev-sa.data.google_service_account.service_account",
              "module.branch-gke-dev-sa.google_service_account.service_account",
              "module.branch-gke-prod-sa.data.google_service_account.service_account",
              "module.branch-gke-prod-sa.google_service_account.service_account",
              "module.branch-network-sa.data.google_service_account.service_account",
              "module.branch-network-sa.google_service_account.service_account",
              "module.branch-pf-dev-sa.data.google_service_account.service_account",
              "module.branch-pf-dev-sa.google_service_account.service_account",
              "module.branch-pf-prod-sa.data.google_service_account.service_account",
              "module.branch-pf-prod-sa.google_service_account.service_account",
              "module.branch-security-sa.data.google_service_account.service_account",
              "module.branch-security-sa.google_service_account.service_account",
              "module.organization.data.google_iam_policy.authoritative",
              "module.organization.google_org_policy_custom_constraint.constraint",
              "module.organization.google_organization_iam_audit_config.config",
              "module.organization.google_organization_iam_binding.authoritative",
              "module.organization.google_organization_iam_custom_role.roles",
              "module.organization.google_organization_iam_member.additive",
              "module.organization.google_organization_iam_policy.authoritative"
            ]
          },
          {
            "index_key": "iam.automaticIamGrantsForDefaultServiceAccounts",
            "schema_version": 0,
            "attributes": {
              "id": "organizations/399163876160/policies/iam.automaticIamGrantsForDefaultServiceAccounts",
              "name": "organizations/399163876160/policies/iam.automaticIamGrantsForDefaultServiceAccounts",
              "parent": "organizations/399163876160",
              "spec": [
                {
                  "etag": "CPm36pwGELik0aMC",
                  "inherit_from_parent": false,
                  "reset": false,
                  "rules": [
                    {
                      "allow_all": "",
                      "condition": [],
                      "deny_all": "",
                      "enforce": "TRUE",
                      "values": []
                    }
                  ],
                  "update_time": "2022-12-15T04:00:57.611603Z"
                }
              ],
              "timeouts": null
            },
            "sensitive_attributes": [],
            "private": "eyJlMmJmYjczMC1lY2FhLTExZTYtOGY4OC0zNDM2M2JjN2M0YzAiOnsiY3JlYXRlIjoxMjAwMDAwMDAwMDAwLCJkZWxldGUiOjEyMDAwMDAwMDAwMDAsInVwZGF0ZSI6MTIwMDAwMDAwMDAwMH19",
            "dependencies": [
              "module.branch-dp-dev-sa.data.google_service_account.service_account",
              "module.branch-dp-dev-sa.google_service_account.service_account",
              "module.branch-dp-prod-sa.data.google_service_account.service_account",
              "module.branch-dp-prod-sa.google_service_account.service_account",
              "module.branch-gke-dev-sa.data.google_service_account.service_account",
              "module.branch-gke-dev-sa.google_service_account.service_account",
              "module.branch-gke-prod-sa.data.google_service_account.service_account",
              "module.branch-gke-prod-sa.google_service_account.service_account",
              "module.branch-network-sa.data.google_service_account.service_account",
              "module.branch-network-sa.google_service_account.service_account",
              "module.branch-pf-dev-sa.data.google_service_account.service_account",
              "module.branch-pf-dev-sa.google_service_account.service_account",
              "module.branch-pf-prod-sa.data.google_service_account.service_account",
              "module.branch-pf-prod-sa.google_service_account.service_account",
              "module.branch-security-sa.data.google_service_account.service_account",
              "module.branch-security-sa.google_service_account.service_account",
              "module.organization.data.google_iam_policy.authoritative",
              "module.organization.google_org_policy_custom_constraint.constraint",
              "module.organization.google_organization_iam_audit_config.config",
              "module.organization.google_organization_iam_binding.authoritative",
              "module.organization.google_organization_iam_custom_role.roles",
              "module.organization.google_organization_iam_member.additive",
              "module.organization.google_organization_iam_policy.authoritative"
            ]
          },
          {
            "index_key": "iam.disableServiceAccountKeyCreation",
            "schema_version": 0,
            "attributes": {
              "id": "organizations/399163876160/policies/iam.disableServiceAccountKeyCreation",
              "name": "organizations/399163876160/policies/iam.disableServiceAccountKeyCreation",
              "parent": "organizations/399163876160",
              "spec": [
                {
                  "etag": "CPu36pwGEIjtswM=",
                  "inherit_from_parent": false,
                  "reset": false,
                  "rules": [
                    {
                      "allow_all": "",
                      "condition": [],
                      "deny_all": "",
                      "enforce": "TRUE",
                      "values": []
                    }
                  ],
                  "update_time": "2022-12-15T04:00:59.007141Z"
                }
              ],
              "timeouts": null
            },
            "sensitive_attributes": [],
            "private": "eyJlMmJmYjczMC1lY2FhLTExZTYtOGY4OC0zNDM2M2JjN2M0YzAiOnsiY3JlYXRlIjoxMjAwMDAwMDAwMDAwLCJkZWxldGUiOjEyMDAwMDAwMDAwMDAsInVwZGF0ZSI6MTIwMDAwMDAwMDAwMH19",
            "dependencies": [
              "module.branch-dp-dev-sa.data.google_service_account.service_account",
              "module.branch-dp-dev-sa.google_service_account.service_account",
              "module.branch-dp-prod-sa.data.google_service_account.service_account",
              "module.branch-dp-prod-sa.google_service_account.service_account",
              "module.branch-gke-dev-sa.data.google_service_account.service_account",
              "module.branch-gke-dev-sa.google_service_account.service_account",
              "module.branch-gke-prod-sa.data.google_service_account.service_account",
              "module.branch-gke-prod-sa.google_service_account.service_account",
              "module.branch-network-sa.data.google_service_account.service_account",
              "module.branch-network-sa.google_service_account.service_account",
              "module.branch-pf-dev-sa.data.google_service_account.service_account",
              "module.branch-pf-dev-sa.google_service_account.service_account",
              "module.branch-pf-prod-sa.data.google_service_account.service_account",
              "module.branch-pf-prod-sa.google_service_account.service_account",
              "module.branch-security-sa.data.google_service_account.service_account",
              "module.branch-security-sa.google_service_account.service_account",
              "module.organization.data.google_iam_policy.authoritative",
              "module.organization.google_org_policy_custom_constraint.constraint",
              "module.organization.google_organization_iam_audit_config.config",
              "module.organization.google_organization_iam_binding.authoritative",
              "module.organization.google_organization_iam_custom_role.roles",
              "module.organization.google_organization_iam_member.additive",
              "module.organization.google_organization_iam_policy.authoritative"
            ]
          },
          {
            "index_key": "iam.disableServiceAccountKeyUpload",
            "schema_version": 0,
            "attributes": {
              "id": "organizations/399163876160/policies/iam.disableServiceAccountKeyUpload",
              "name": "organizations/399163876160/policies/iam.disableServiceAccountKeyUpload",
              "parent": "organizations/399163876160",
              "spec": [
                {
                  "etag": "CP636pwGEIDI/fIB",
                  "inherit_from_parent": false,
                  "reset": false,
                  "rules": [
                    {
                      "allow_all": "",
                      "condition": [],
                      "deny_all": "",
                      "enforce": "TRUE",
                      "values": []
                    }
                  ],
                  "update_time": "2022-12-15T04:01:02.509568Z"
                }
              ],
              "timeouts": null
            },
            "sensitive_attributes": [],
            "private": "eyJlMmJmYjczMC1lY2FhLTExZTYtOGY4OC0zNDM2M2JjN2M0YzAiOnsiY3JlYXRlIjoxMjAwMDAwMDAwMDAwLCJkZWxldGUiOjEyMDAwMDAwMDAwMDAsInVwZGF0ZSI6MTIwMDAwMDAwMDAwMH19",
            "dependencies": [
              "module.branch-dp-dev-sa.data.google_service_account.service_account",
              "module.branch-dp-dev-sa.google_service_account.service_account",
              "module.branch-dp-prod-sa.data.google_service_account.service_account",
              "module.branch-dp-prod-sa.google_service_account.service_account",
              "module.branch-gke-dev-sa.data.google_service_account.service_account",
              "module.branch-gke-dev-sa.google_service_account.service_account",
              "module.branch-gke-prod-sa.data.google_service_account.service_account",
              "module.branch-gke-prod-sa.google_service_account.service_account",
              "module.branch-network-sa.data.google_service_account.service_account",
              "module.branch-network-sa.google_service_account.service_account",
              "module.branch-pf-dev-sa.data.google_service_account.service_account",
              "module.branch-pf-dev-sa.google_service_account.service_account",
              "module.branch-pf-prod-sa.data.google_service_account.service_account",
              "module.branch-pf-prod-sa.google_service_account.service_account",
              "module.branch-security-sa.data.google_service_account.service_account",
              "module.branch-security-sa.google_service_account.service_account",
              "module.organization.data.google_iam_policy.authoritative",
              "module.organization.google_org_policy_custom_constraint.constraint",
              "module.organization.google_organization_iam_audit_config.config",
              "module.organization.google_organization_iam_binding.authoritative",
              "module.organization.google_organization_iam_custom_role.roles",
              "module.organization.google_organization_iam_member.additive",
              "module.organization.google_organization_iam_policy.authoritative"
            ]
          },
          {
            "index_key": "run.allowedIngress",
            "schema_version": 0,
            "attributes": {
              "id": "organizations/399163876160/policies/run.allowedIngress",
              "name": "organizations/399163876160/policies/run.allowedIngress",
              "parent": "organizations/399163876160",
              "spec": [
                {
                  "etag": "CPm36pwGEKjAh6IC",
                  "inherit_from_parent": false,
                  "reset": false,
                  "rules": [
                    {
                      "allow_all": "",
                      "condition": [],
                      "deny_all": "",
                      "enforce": "",
                      "values": [
                        {
                          "allowed_values": [
                            "is:internal"
                          ],
                          "denied_values": []
                        }
                      ]
                    }
                  ],
                  "update_time": "2022-12-15T04:00:57.608297Z"
                }
              ],
              "timeouts": null
            },
            "sensitive_attributes": [],
            "private": "eyJlMmJmYjczMC1lY2FhLTExZTYtOGY4OC0zNDM2M2JjN2M0YzAiOnsiY3JlYXRlIjoxMjAwMDAwMDAwMDAwLCJkZWxldGUiOjEyMDAwMDAwMDAwMDAsInVwZGF0ZSI6MTIwMDAwMDAwMDAwMH19",
            "dependencies": [
              "module.branch-dp-dev-sa.data.google_service_account.service_account",
              "module.branch-dp-dev-sa.google_service_account.service_account",
              "module.branch-dp-prod-sa.data.google_service_account.service_account",
              "module.branch-dp-prod-sa.google_service_account.service_account",
              "module.branch-gke-dev-sa.data.google_service_account.service_account",
              "module.branch-gke-dev-sa.google_service_account.service_account",
              "module.branch-gke-prod-sa.data.google_service_account.service_account",
              "module.branch-gke-prod-sa.google_service_account.service_account",
              "module.branch-network-sa.data.google_service_account.service_account",
              "module.branch-network-sa.google_service_account.service_account",
              "module.branch-pf-dev-sa.data.google_service_account.service_account",
              "module.branch-pf-dev-sa.google_service_account.service_account",
              "module.branch-pf-prod-sa.data.google_service_account.service_account",
              "module.branch-pf-prod-sa.google_service_account.service_account",
              "module.branch-security-sa.data.google_service_account.service_account",
              "module.branch-security-sa.google_service_account.service_account",
              "module.organization.data.google_iam_policy.authoritative",
              "module.organization.google_org_policy_custom_constraint.constraint",
              "module.organization.google_organization_iam_audit_config.config",
              "module.organization.google_organization_iam_binding.authoritative",
              "module.organization.google_organization_iam_custom_role.roles",
              "module.organization.google_organization_iam_member.additive",
              "module.organization.google_organization_iam_policy.authoritative"
            ]
          },
          {
            "index_key": "sql.restrictAuthorizedNetworks",
            "schema_version": 0,
            "attributes": {
              "id": "organizations/399163876160/policies/sql.restrictAuthorizedNetworks",
              "name": "organizations/399163876160/policies/sql.restrictAuthorizedNetworks",
              "parent": "organizations/399163876160",
              "spec": [
                {
                  "etag": "CP636pwGEMiju8QB",
                  "inherit_from_parent": false,
                  "reset": false,
                  "rules": [
                    {
                      "allow_all": "",
                      "condition": [],
                      "deny_all": "",
                      "enforce": "TRUE",
                      "values": []
                    }
                  ],
                  "update_time": "2022-12-15T04:01:02.412013Z"
                }
              ],
              "timeouts": null
            },
            "sensitive_attributes": [],
            "private": "eyJlMmJmYjczMC1lY2FhLTExZTYtOGY4OC0zNDM2M2JjN2M0YzAiOnsiY3JlYXRlIjoxMjAwMDAwMDAwMDAwLCJkZWxldGUiOjEyMDAwMDAwMDAwMDAsInVwZGF0ZSI6MTIwMDAwMDAwMDAwMH19",
            "dependencies": [
              "module.branch-dp-dev-sa.data.google_service_account.service_account",
              "module.branch-dp-dev-sa.google_service_account.service_account",
              "module.branch-dp-prod-sa.data.google_service_account.service_account",
              "module.branch-dp-prod-sa.google_service_account.service_account",
              "module.branch-gke-dev-sa.data.google_service_account.service_account",
              "module.branch-gke-dev-sa.google_service_account.service_account",
              "module.branch-gke-prod-sa.data.google_service_account.service_account",
              "module.branch-gke-prod-sa.google_service_account.service_account",
              "module.branch-network-sa.data.google_service_account.service_account",
              "module.branch-network-sa.google_service_account.service_account",
              "module.branch-pf-dev-sa.data.google_service_account.service_account",
              "module.branch-pf-dev-sa.google_service_account.service_account",
              "module.branch-pf-prod-sa.data.google_service_account.service_account",
              "module.branch-pf-prod-sa.google_service_account.service_account",
              "module.branch-security-sa.data.google_service_account.service_account",
              "module.branch-security-sa.google_service_account.service_account",
              "module.organization.data.google_iam_policy.authoritative",
              "module.organization.google_org_policy_custom_constraint.constraint",
              "module.organization.google_organization_iam_audit_config.config",
              "module.organization.google_organization_iam_binding.authoritative",
              "module.organization.google_organization_iam_custom_role.roles",
              "module.organization.google_organization_iam_member.additive",
              "module.organization.google_organization_iam_policy.authoritative"
            ]
          },
          {
            "index_key": "sql.restrictPublicIp",
            "schema_version": 0,
            "attributes": {
              "id": "organizations/399163876160/policies/sql.restrictPublicIp",
              "name": "organizations/399163876160/policies/sql.restrictPublicIp",
              "parent": "organizations/399163876160",
              "spec": [
                {
                  "etag": "CP236pwGELDEmZUB",
                  "inherit_from_parent": false,
                  "reset": false,
                  "rules": [
                    {
                      "allow_all": "",
                      "condition": [],
                      "deny_all": "",
                      "enforce": "TRUE",
                      "values": []
                    }
                  ],
                  "update_time": "2022-12-15T04:01:01.312894Z"
                }
              ],
              "timeouts": null
            },
            "sensitive_attributes": [],
            "private": "eyJlMmJmYjczMC1lY2FhLTExZTYtOGY4OC0zNDM2M2JjN2M0YzAiOnsiY3JlYXRlIjoxMjAwMDAwMDAwMDAwLCJkZWxldGUiOjEyMDAwMDAwMDAwMDAsInVwZGF0ZSI6MTIwMDAwMDAwMDAwMH19",
            "dependencies": [
              "module.branch-dp-dev-sa.data.google_service_account.service_account",
              "module.branch-dp-dev-sa.google_service_account.service_account",
              "module.branch-dp-prod-sa.data.google_service_account.service_account",
              "module.branch-dp-prod-sa.google_service_account.service_account",
              "module.branch-gke-dev-sa.data.google_service_account.service_account",
              "module.branch-gke-dev-sa.google_service_account.service_account",
              "module.branch-gke-prod-sa.data.google_service_account.service_account",
              "module.branch-gke-prod-sa.google_service_account.service_account",
              "module.branch-network-sa.data.google_service_account.service_account",
              "module.branch-network-sa.google_service_account.service_account",
              "module.branch-pf-dev-sa.data.google_service_account.service_account",
              "module.branch-pf-dev-sa.google_service_account.service_account",
              "module.branch-pf-prod-sa.data.google_service_account.service_account",
              "module.branch-pf-prod-sa.google_service_account.service_account",
              "module.branch-security-sa.data.google_service_account.service_account",
              "module.branch-security-sa.google_service_account.service_account",
              "module.organization.data.google_iam_policy.authoritative",
              "module.organization.google_org_policy_custom_constraint.constraint",
              "module.organization.google_organization_iam_audit_config.config",
              "module.organization.google_organization_iam_binding.authoritative",
              "module.organization.google_organization_iam_custom_role.roles",
              "module.organization.google_organization_iam_member.additive",
              "module.organization.google_organization_iam_policy.authoritative"
            ]
          },
          {
            "index_key": "storage.uniformBucketLevelAccess",
            "schema_version": 0,
            "attributes": {
              "id": "organizations/399163876160/policies/storage.uniformBucketLevelAccess",
              "name": "organizations/399163876160/policies/storage.uniformBucketLevelAccess",
              "parent": "organizations/399163876160",
              "spec": [
                {
                  "etag": "CPu36pwGEJj7h/cB",
                  "inherit_from_parent": false,
                  "reset": false,
                  "rules": [
                    {
                      "allow_all": "",
                      "condition": [],
                      "deny_all": "",
                      "enforce": "TRUE",
                      "values": []
                    }
                  ],
                  "update_time": "2022-12-15T04:00:59.518127Z"
                }
              ],
              "timeouts": null
            },
            "sensitive_attributes": [],
            "private": "eyJlMmJmYjczMC1lY2FhLTExZTYtOGY4OC0zNDM2M2JjN2M0YzAiOnsiY3JlYXRlIjoxMjAwMDAwMDAwMDAwLCJkZWxldGUiOjEyMDAwMDAwMDAwMDAsInVwZGF0ZSI6MTIwMDAwMDAwMDAwMH19",
            "dependencies": [
              "module.branch-dp-dev-sa.data.google_service_account.service_account",
              "module.branch-dp-dev-sa.google_service_account.service_account",
              "module.branch-dp-prod-sa.data.google_service_account.service_account",
              "module.branch-dp-prod-sa.google_service_account.service_account",
              "module.branch-gke-dev-sa.data.google_service_account.service_account",
              "module.branch-gke-dev-sa.google_service_account.service_account",
              "module.branch-gke-prod-sa.data.google_service_account.service_account",
              "module.branch-gke-prod-sa.google_service_account.service_account",
              "module.branch-network-sa.data.google_service_account.service_account",
              "module.branch-network-sa.google_service_account.service_account",
              "module.branch-pf-dev-sa.data.google_service_account.service_account",
              "module.branch-pf-dev-sa.google_service_account.service_account",
              "module.branch-pf-prod-sa.data.google_service_account.service_account",
              "module.branch-pf-prod-sa.google_service_account.service_account",
              "module.branch-security-sa.data.google_service_account.service_account",
              "module.branch-security-sa.google_service_account.service_account",
              "module.organization.data.google_iam_policy.authoritative",
              "module.organization.google_org_policy_custom_constraint.constraint",
              "module.organization.google_organization_iam_audit_config.config",
              "module.organization.google_organization_iam_binding.authoritative",
              "module.organization.google_organization_iam_custom_role.roles",
              "module.organization.google_organization_iam_member.additive",
              "module.organization.google_organization_iam_policy.authoritative"
            ]
          }
        ]
      },
      {
        "module": "module.organization",
        "mode": "managed",
        "type": "google_organization_iam_member",
        "name": "additive",
        "provider": "provider[\"registry.terraform.io/hashicorp/google\"]",
        "instances": [
          {
            "index_key": "roles/accesscontextmanager.policyAdmin-serviceAccount:dnc-prod-resman-sec-0@dnc-prod-iac-core-0.iam.gserviceaccount.com",
            "schema_version": 0,
            "attributes": {
              "condition": [],
              "etag": "BwXv1eQ+0OU=",
              "id": "399163876160/roles/accesscontextmanager.policyAdmin/serviceAccount:dnc-prod-resman-sec-0@dnc-prod-iac-core-0.iam.gserviceaccount.com",
              "member": "serviceAccount:dnc-prod-resman-sec-0@dnc-prod-iac-core-0.iam.gserviceaccount.com",
              "org_id": "399163876160",
              "role": "roles/accesscontextmanager.policyAdmin"
            },
            "sensitive_attributes": [],
            "private": "bnVsbA==",
            "dependencies": [
              "module.branch-dp-dev-sa.data.google_service_account.service_account",
              "module.branch-dp-dev-sa.google_service_account.service_account",
              "module.branch-dp-prod-sa.data.google_service_account.service_account",
              "module.branch-dp-prod-sa.google_service_account.service_account",
              "module.branch-gke-dev-sa.data.google_service_account.service_account",
              "module.branch-gke-dev-sa.google_service_account.service_account",
              "module.branch-gke-prod-sa.data.google_service_account.service_account",
              "module.branch-gke-prod-sa.google_service_account.service_account",
              "module.branch-network-sa.data.google_service_account.service_account",
              "module.branch-network-sa.google_service_account.service_account",
              "module.branch-pf-dev-sa.data.google_service_account.service_account",
              "module.branch-pf-dev-sa.google_service_account.service_account",
              "module.branch-pf-prod-sa.data.google_service_account.service_account",
              "module.branch-pf-prod-sa.google_service_account.service_account",
              "module.branch-security-sa.data.google_service_account.service_account",
              "module.branch-security-sa.google_service_account.service_account"
            ]
          },
          {
            "index_key": "roles/billing.costsManager-serviceAccount:dnc-dev-resman-pf-0@dnc-prod-iac-core-0.iam.gserviceaccount.com",
            "schema_version": 0,
            "attributes": {
              "condition": [],
              "etag": "BwXv1eQ+0OU=",
              "id": "399163876160/roles/billing.costsManager/serviceAccount:dnc-dev-resman-pf-0@dnc-prod-iac-core-0.iam.gserviceaccount.com",
              "member": "serviceAccount:dnc-dev-resman-pf-0@dnc-prod-iac-core-0.iam.gserviceaccount.com",
              "org_id": "399163876160",
              "role": "roles/billing.costsManager"
            },
            "sensitive_attributes": [],
            "private": "bnVsbA==",
            "dependencies": [
              "module.branch-dp-dev-sa.data.google_service_account.service_account",
              "module.branch-dp-dev-sa.google_service_account.service_account",
              "module.branch-dp-prod-sa.data.google_service_account.service_account",
              "module.branch-dp-prod-sa.google_service_account.service_account",
              "module.branch-gke-dev-sa.data.google_service_account.service_account",
              "module.branch-gke-dev-sa.google_service_account.service_account",
              "module.branch-gke-prod-sa.data.google_service_account.service_account",
              "module.branch-gke-prod-sa.google_service_account.service_account",
              "module.branch-network-sa.data.google_service_account.service_account",
              "module.branch-network-sa.google_service_account.service_account",
              "module.branch-pf-dev-sa.data.google_service_account.service_account",
              "module.branch-pf-dev-sa.google_service_account.service_account",
              "module.branch-pf-prod-sa.data.google_service_account.service_account",
              "module.branch-pf-prod-sa.google_service_account.service_account",
              "module.branch-security-sa.data.google_service_account.service_account",
              "module.branch-security-sa.google_service_account.service_account"
            ]
          },
          {
            "index_key": "roles/billing.costsManager-serviceAccount:dnc-prod-resman-pf-0@dnc-prod-iac-core-0.iam.gserviceaccount.com",
            "schema_version": 0,
            "attributes": {
              "condition": [],
              "etag": "BwXv1eQ+0OU=",
              "id": "399163876160/roles/billing.costsManager/serviceAccount:dnc-prod-resman-pf-0@dnc-prod-iac-core-0.iam.gserviceaccount.com",
              "member": "serviceAccount:dnc-prod-resman-pf-0@dnc-prod-iac-core-0.iam.gserviceaccount.com",
              "org_id": "399163876160",
              "role": "roles/billing.costsManager"
            },
            "sensitive_attributes": [],
            "private": "bnVsbA==",
            "dependencies": [
              "module.branch-dp-dev-sa.data.google_service_account.service_account",
              "module.branch-dp-dev-sa.google_service_account.service_account",
              "module.branch-dp-prod-sa.data.google_service_account.service_account",
              "module.branch-dp-prod-sa.google_service_account.service_account",
              "module.branch-gke-dev-sa.data.google_service_account.service_account",
              "module.branch-gke-dev-sa.google_service_account.service_account",
              "module.branch-gke-prod-sa.data.google_service_account.service_account",
              "module.branch-gke-prod-sa.google_service_account.service_account",
              "module.branch-network-sa.data.google_service_account.service_account",
              "module.branch-network-sa.google_service_account.service_account",
              "module.branch-pf-dev-sa.data.google_service_account.service_account",
              "module.branch-pf-dev-sa.google_service_account.service_account",
              "module.branch-pf-prod-sa.data.google_service_account.service_account",
              "module.branch-pf-prod-sa.google_service_account.service_account",
              "module.branch-security-sa.data.google_service_account.service_account",
              "module.branch-security-sa.google_service_account.service_account"
            ]
          },
          {
            "index_key": "roles/billing.user-serviceAccount:dnc-dev-resman-dp-0@dnc-prod-iac-core-0.iam.gserviceaccount.com",
            "schema_version": 0,
            "attributes": {
              "condition": [],
              "etag": "BwXv1eQ+0OU=",
              "id": "399163876160/roles/billing.user/serviceAccount:dnc-dev-resman-dp-0@dnc-prod-iac-core-0.iam.gserviceaccount.com",
              "member": "serviceAccount:dnc-dev-resman-dp-0@dnc-prod-iac-core-0.iam.gserviceaccount.com",
              "org_id": "399163876160",
              "role": "roles/billing.user"
            },
            "sensitive_attributes": [],
            "private": "bnVsbA==",
            "dependencies": [
              "module.branch-dp-dev-sa.data.google_service_account.service_account",
              "module.branch-dp-dev-sa.google_service_account.service_account",
              "module.branch-dp-prod-sa.data.google_service_account.service_account",
              "module.branch-dp-prod-sa.google_service_account.service_account",
              "module.branch-gke-dev-sa.data.google_service_account.service_account",
              "module.branch-gke-dev-sa.google_service_account.service_account",
              "module.branch-gke-prod-sa.data.google_service_account.service_account",
              "module.branch-gke-prod-sa.google_service_account.service_account",
              "module.branch-network-sa.data.google_service_account.service_account",
              "module.branch-network-sa.google_service_account.service_account",
              "module.branch-pf-dev-sa.data.google_service_account.service_account",
              "module.branch-pf-dev-sa.google_service_account.service_account",
              "module.branch-pf-prod-sa.data.google_service_account.service_account",
              "module.branch-pf-prod-sa.google_service_account.service_account",
              "module.branch-security-sa.data.google_service_account.service_account",
              "module.branch-security-sa.google_service_account.service_account"
            ]
          },
          {
            "index_key": "roles/billing.user-serviceAccount:dnc-dev-resman-gke-0@dnc-prod-iac-core-0.iam.gserviceaccount.com",
            "schema_version": 0,
            "attributes": {
              "condition": [],
              "etag": "BwXv1eQ+0OU=",
              "id": "399163876160/roles/billing.user/serviceAccount:dnc-dev-resman-gke-0@dnc-prod-iac-core-0.iam.gserviceaccount.com",
              "member": "serviceAccount:dnc-dev-resman-gke-0@dnc-prod-iac-core-0.iam.gserviceaccount.com",
              "org_id": "399163876160",
              "role": "roles/billing.user"
            },
            "sensitive_attributes": [],
            "private": "bnVsbA==",
            "dependencies": [
              "module.branch-dp-dev-sa.data.google_service_account.service_account",
              "module.branch-dp-dev-sa.google_service_account.service_account",
              "module.branch-dp-prod-sa.data.google_service_account.service_account",
              "module.branch-dp-prod-sa.google_service_account.service_account",
              "module.branch-gke-dev-sa.data.google_service_account.service_account",
              "module.branch-gke-dev-sa.google_service_account.service_account",
              "module.branch-gke-prod-sa.data.google_service_account.service_account",
              "module.branch-gke-prod-sa.google_service_account.service_account",
              "module.branch-network-sa.data.google_service_account.service_account",
              "module.branch-network-sa.google_service_account.service_account",
              "module.branch-pf-dev-sa.data.google_service_account.service_account",
              "module.branch-pf-dev-sa.google_service_account.service_account",
              "module.branch-pf-prod-sa.data.google_service_account.service_account",
              "module.branch-pf-prod-sa.google_service_account.service_account",
              "module.branch-security-sa.data.google_service_account.service_account",
              "module.branch-security-sa.google_service_account.service_account"
            ]
          },
          {
            "index_key": "roles/billing.user-serviceAccount:dnc-dev-resman-pf-0@dnc-prod-iac-core-0.iam.gserviceaccount.com",
            "schema_version": 0,
            "attributes": {
              "condition": [],
              "etag": "BwXv1eQ+0OU=",
              "id": "399163876160/roles/billing.user/serviceAccount:dnc-dev-resman-pf-0@dnc-prod-iac-core-0.iam.gserviceaccount.com",
              "member": "serviceAccount:dnc-dev-resman-pf-0@dnc-prod-iac-core-0.iam.gserviceaccount.com",
              "org_id": "399163876160",
              "role": "roles/billing.user"
            },
            "sensitive_attributes": [],
            "private": "bnVsbA==",
            "dependencies": [
              "module.branch-dp-dev-sa.data.google_service_account.service_account",
              "module.branch-dp-dev-sa.google_service_account.service_account",
              "module.branch-dp-prod-sa.data.google_service_account.service_account",
              "module.branch-dp-prod-sa.google_service_account.service_account",
              "module.branch-gke-dev-sa.data.google_service_account.service_account",
              "module.branch-gke-dev-sa.google_service_account.service_account",
              "module.branch-gke-prod-sa.data.google_service_account.service_account",
              "module.branch-gke-prod-sa.google_service_account.service_account",
              "module.branch-network-sa.data.google_service_account.service_account",
              "module.branch-network-sa.google_service_account.service_account",
              "module.branch-pf-dev-sa.data.google_service_account.service_account",
              "module.branch-pf-dev-sa.google_service_account.service_account",
              "module.branch-pf-prod-sa.data.google_service_account.service_account",
              "module.branch-pf-prod-sa.google_service_account.service_account",
              "module.branch-security-sa.data.google_service_account.service_account",
              "module.branch-security-sa.google_service_account.service_account"
            ]
          },
          {
            "index_key": "roles/billing.user-serviceAccount:dnc-prod-resman-dp-0@dnc-prod-iac-core-0.iam.gserviceaccount.com",
            "schema_version": 0,
            "attributes": {
              "condition": [],
              "etag": "BwXv1eQ+0OU=",
              "id": "399163876160/roles/billing.user/serviceAccount:dnc-prod-resman-dp-0@dnc-prod-iac-core-0.iam.gserviceaccount.com",
              "member": "serviceAccount:dnc-prod-resman-dp-0@dnc-prod-iac-core-0.iam.gserviceaccount.com",
              "org_id": "399163876160",
              "role": "roles/billing.user"
            },
            "sensitive_attributes": [],
            "private": "bnVsbA==",
            "dependencies": [
              "module.branch-dp-dev-sa.data.google_service_account.service_account",
              "module.branch-dp-dev-sa.google_service_account.service_account",
              "module.branch-dp-prod-sa.data.google_service_account.service_account",
              "module.branch-dp-prod-sa.google_service_account.service_account",
              "module.branch-gke-dev-sa.data.google_service_account.service_account",
              "module.branch-gke-dev-sa.google_service_account.service_account",
              "module.branch-gke-prod-sa.data.google_service_account.service_account",
              "module.branch-gke-prod-sa.google_service_account.service_account",
              "module.branch-network-sa.data.google_service_account.service_account",
              "module.branch-network-sa.google_service_account.service_account",
              "module.branch-pf-dev-sa.data.google_service_account.service_account",
              "module.branch-pf-dev-sa.google_service_account.service_account",
              "module.branch-pf-prod-sa.data.google_service_account.service_account",
              "module.branch-pf-prod-sa.google_service_account.service_account",
              "module.branch-security-sa.data.google_service_account.service_account",
              "module.branch-security-sa.google_service_account.service_account"
            ]
          },
          {
            "index_key": "roles/billing.user-serviceAccount:dnc-prod-resman-gke-0@dnc-prod-iac-core-0.iam.gserviceaccount.com",
            "schema_version": 0,
            "attributes": {
              "condition": [],
              "etag": "BwXv1eQ+0OU=",
              "id": "399163876160/roles/billing.user/serviceAccount:dnc-prod-resman-gke-0@dnc-prod-iac-core-0.iam.gserviceaccount.com",
              "member": "serviceAccount:dnc-prod-resman-gke-0@dnc-prod-iac-core-0.iam.gserviceaccount.com",
              "org_id": "399163876160",
              "role": "roles/billing.user"
            },
            "sensitive_attributes": [],
            "private": "bnVsbA==",
            "dependencies": [
              "module.branch-dp-dev-sa.data.google_service_account.service_account",
              "module.branch-dp-dev-sa.google_service_account.service_account",
              "module.branch-dp-prod-sa.data.google_service_account.service_account",
              "module.branch-dp-prod-sa.google_service_account.service_account",
              "module.branch-gke-dev-sa.data.google_service_account.service_account",
              "module.branch-gke-dev-sa.google_service_account.service_account",
              "module.branch-gke-prod-sa.data.google_service_account.service_account",
              "module.branch-gke-prod-sa.google_service_account.service_account",
              "module.branch-network-sa.data.google_service_account.service_account",
              "module.branch-network-sa.google_service_account.service_account",
              "module.branch-pf-dev-sa.data.google_service_account.service_account",
              "module.branch-pf-dev-sa.google_service_account.service_account",
              "module.branch-pf-prod-sa.data.google_service_account.service_account",
              "module.branch-pf-prod-sa.google_service_account.service_account",
              "module.branch-security-sa.data.google_service_account.service_account",
              "module.branch-security-sa.google_service_account.service_account"
            ]
          },
          {
            "index_key": "roles/billing.user-serviceAccount:dnc-prod-resman-net-0@dnc-prod-iac-core-0.iam.gserviceaccount.com",
            "schema_version": 0,
            "attributes": {
              "condition": [],
              "etag": "BwXv1eQ+0OU=",
              "id": "399163876160/roles/billing.user/serviceAccount:dnc-prod-resman-net-0@dnc-prod-iac-core-0.iam.gserviceaccount.com",
              "member": "serviceAccount:dnc-prod-resman-net-0@dnc-prod-iac-core-0.iam.gserviceaccount.com",
              "org_id": "399163876160",
              "role": "roles/billing.user"
            },
            "sensitive_attributes": [],
            "private": "bnVsbA==",
            "dependencies": [
              "module.branch-dp-dev-sa.data.google_service_account.service_account",
              "module.branch-dp-dev-sa.google_service_account.service_account",
              "module.branch-dp-prod-sa.data.google_service_account.service_account",
              "module.branch-dp-prod-sa.google_service_account.service_account",
              "module.branch-gke-dev-sa.data.google_service_account.service_account",
              "module.branch-gke-dev-sa.google_service_account.service_account",
              "module.branch-gke-prod-sa.data.google_service_account.service_account",
              "module.branch-gke-prod-sa.google_service_account.service_account",
              "module.branch-network-sa.data.google_service_account.service_account",
              "module.branch-network-sa.google_service_account.service_account",
              "module.branch-pf-dev-sa.data.google_service_account.service_account",
              "module.branch-pf-dev-sa.google_service_account.service_account",
              "module.branch-pf-prod-sa.data.google_service_account.service_account",
              "module.branch-pf-prod-sa.google_service_account.service_account",
              "module.branch-security-sa.data.google_service_account.service_account",
              "module.branch-security-sa.google_service_account.service_account"
            ]
          },
          {
            "index_key": "roles/billing.user-serviceAccount:dnc-prod-resman-pf-0@dnc-prod-iac-core-0.iam.gserviceaccount.com",
            "schema_version": 0,
            "attributes": {
              "condition": [],
              "etag": "BwXv1eQ+0OU=",
              "id": "399163876160/roles/billing.user/serviceAccount:dnc-prod-resman-pf-0@dnc-prod-iac-core-0.iam.gserviceaccount.com",
              "member": "serviceAccount:dnc-prod-resman-pf-0@dnc-prod-iac-core-0.iam.gserviceaccount.com",
              "org_id": "399163876160",
              "role": "roles/billing.user"
            },
            "sensitive_attributes": [],
            "private": "bnVsbA==",
            "dependencies": [
              "module.branch-dp-dev-sa.data.google_service_account.service_account",
              "module.branch-dp-dev-sa.google_service_account.service_account",
              "module.branch-dp-prod-sa.data.google_service_account.service_account",
              "module.branch-dp-prod-sa.google_service_account.service_account",
              "module.branch-gke-dev-sa.data.google_service_account.service_account",
              "module.branch-gke-dev-sa.google_service_account.service_account",
              "module.branch-gke-prod-sa.data.google_service_account.service_account",
              "module.branch-gke-prod-sa.google_service_account.service_account",
              "module.branch-network-sa.data.google_service_account.service_account",
              "module.branch-network-sa.google_service_account.service_account",
              "module.branch-pf-dev-sa.data.google_service_account.service_account",
              "module.branch-pf-dev-sa.google_service_account.service_account",
              "module.branch-pf-prod-sa.data.google_service_account.service_account",
              "module.branch-pf-prod-sa.google_service_account.service_account",
              "module.branch-security-sa.data.google_service_account.service_account",
              "module.branch-security-sa.google_service_account.service_account"
            ]
          },
          {
            "index_key": "roles/billing.user-serviceAccount:dnc-prod-resman-sec-0@dnc-prod-iac-core-0.iam.gserviceaccount.com",
            "schema_version": 0,
            "attributes": {
              "condition": [],
              "etag": "BwXv1eQ+0OU=",
              "id": "399163876160/roles/billing.user/serviceAccount:dnc-prod-resman-sec-0@dnc-prod-iac-core-0.iam.gserviceaccount.com",
              "member": "serviceAccount:dnc-prod-resman-sec-0@dnc-prod-iac-core-0.iam.gserviceaccount.com",
              "org_id": "399163876160",
              "role": "roles/billing.user"
            },
            "sensitive_attributes": [],
            "private": "bnVsbA==",
            "dependencies": [
              "module.branch-dp-dev-sa.data.google_service_account.service_account",
              "module.branch-dp-dev-sa.google_service_account.service_account",
              "module.branch-dp-prod-sa.data.google_service_account.service_account",
              "module.branch-dp-prod-sa.google_service_account.service_account",
              "module.branch-gke-dev-sa.data.google_service_account.service_account",
              "module.branch-gke-dev-sa.google_service_account.service_account",
              "module.branch-gke-prod-sa.data.google_service_account.service_account",
              "module.branch-gke-prod-sa.google_service_account.service_account",
              "module.branch-network-sa.data.google_service_account.service_account",
              "module.branch-network-sa.google_service_account.service_account",
              "module.branch-pf-dev-sa.data.google_service_account.service_account",
              "module.branch-pf-dev-sa.google_service_account.service_account",
              "module.branch-pf-prod-sa.data.google_service_account.service_account",
              "module.branch-pf-prod-sa.google_service_account.service_account",
              "module.branch-security-sa.data.google_service_account.service_account",
              "module.branch-security-sa.google_service_account.service_account"
            ]
          },
          {
            "index_key": "roles/compute.orgFirewallPolicyAdmin-serviceAccount:dnc-prod-resman-net-0@dnc-prod-iac-core-0.iam.gserviceaccount.com",
            "schema_version": 0,
            "attributes": {
              "condition": [],
              "etag": "BwXv1eQ+0OU=",
              "id": "399163876160/roles/compute.orgFirewallPolicyAdmin/serviceAccount:dnc-prod-resman-net-0@dnc-prod-iac-core-0.iam.gserviceaccount.com",
              "member": "serviceAccount:dnc-prod-resman-net-0@dnc-prod-iac-core-0.iam.gserviceaccount.com",
              "org_id": "399163876160",
              "role": "roles/compute.orgFirewallPolicyAdmin"
            },
            "sensitive_attributes": [],
            "private": "bnVsbA==",
            "dependencies": [
              "module.branch-dp-dev-sa.data.google_service_account.service_account",
              "module.branch-dp-dev-sa.google_service_account.service_account",
              "module.branch-dp-prod-sa.data.google_service_account.service_account",
              "module.branch-dp-prod-sa.google_service_account.service_account",
              "module.branch-gke-dev-sa.data.google_service_account.service_account",
              "module.branch-gke-dev-sa.google_service_account.service_account",
              "module.branch-gke-prod-sa.data.google_service_account.service_account",
              "module.branch-gke-prod-sa.google_service_account.service_account",
              "module.branch-network-sa.data.google_service_account.service_account",
              "module.branch-network-sa.google_service_account.service_account",
              "module.branch-pf-dev-sa.data.google_service_account.service_account",
              "module.branch-pf-dev-sa.google_service_account.service_account",
              "module.branch-pf-prod-sa.data.google_service_account.service_account",
              "module.branch-pf-prod-sa.google_service_account.service_account",
              "module.branch-security-sa.data.google_service_account.service_account",
              "module.branch-security-sa.google_service_account.service_account"
            ]
          },
          {
            "index_key": "roles/compute.xpnAdmin-serviceAccount:dnc-prod-resman-net-0@dnc-prod-iac-core-0.iam.gserviceaccount.com",
            "schema_version": 0,
            "attributes": {
              "condition": [],
              "etag": "BwXv1eQ+0OU=",
              "id": "399163876160/roles/compute.xpnAdmin/serviceAccount:dnc-prod-resman-net-0@dnc-prod-iac-core-0.iam.gserviceaccount.com",
              "member": "serviceAccount:dnc-prod-resman-net-0@dnc-prod-iac-core-0.iam.gserviceaccount.com",
              "org_id": "399163876160",
              "role": "roles/compute.xpnAdmin"
            },
            "sensitive_attributes": [],
            "private": "bnVsbA==",
            "dependencies": [
              "module.branch-dp-dev-sa.data.google_service_account.service_account",
              "module.branch-dp-dev-sa.google_service_account.service_account",
              "module.branch-dp-prod-sa.data.google_service_account.service_account",
              "module.branch-dp-prod-sa.google_service_account.service_account",
              "module.branch-gke-dev-sa.data.google_service_account.service_account",
              "module.branch-gke-dev-sa.google_service_account.service_account",
              "module.branch-gke-prod-sa.data.google_service_account.service_account",
              "module.branch-gke-prod-sa.google_service_account.service_account",
              "module.branch-network-sa.data.google_service_account.service_account",
              "module.branch-network-sa.google_service_account.service_account",
              "module.branch-pf-dev-sa.data.google_service_account.service_account",
              "module.branch-pf-dev-sa.google_service_account.service_account",
              "module.branch-pf-prod-sa.data.google_service_account.service_account",
              "module.branch-pf-prod-sa.google_service_account.service_account",
              "module.branch-security-sa.data.google_service_account.service_account",
              "module.branch-security-sa.google_service_account.service_account"
            ]
          }
        ]
      },
      {
        "module": "module.organization",
        "mode": "managed",
        "type": "google_tags_tag_key",
        "name": "default",
        "provider": "provider[\"registry.terraform.io/hashicorp/google\"]",
        "instances": [
          {
            "index_key": "context",
            "schema_version": 0,
            "attributes": {
              "create_time": "2022-12-15T04:01:01.048926Z",
              "description": "Resource management context.",
              "id": "tagKeys/286179150893",
              "name": "286179150893",
              "namespaced_name": "399163876160/context",
              "parent": "organizations/399163876160",
              "purpose": "",
              "purpose_data": null,
              "short_name": "context",
              "timeouts": null,
              "update_time": "2022-12-15T04:01:03.114570Z"
            },
            "sensitive_attributes": [],
            "private": "eyJlMmJmYjczMC1lY2FhLTExZTYtOGY4OC0zNDM2M2JjN2M0YzAiOnsiY3JlYXRlIjoxMjAwMDAwMDAwMDAwLCJkZWxldGUiOjEyMDAwMDAwMDAwMDAsInVwZGF0ZSI6MTIwMDAwMDAwMDAwMH19",
            "dependencies": [
              "module.branch-dp-dev-sa.data.google_service_account.service_account",
              "module.branch-dp-dev-sa.google_service_account.service_account",
              "module.branch-dp-prod-sa.data.google_service_account.service_account",
              "module.branch-dp-prod-sa.google_service_account.service_account",
              "module.branch-gke-dev-sa.data.google_service_account.service_account",
              "module.branch-gke-dev-sa.google_service_account.service_account",
              "module.branch-gke-prod-sa.data.google_service_account.service_account",
              "module.branch-gke-prod-sa.google_service_account.service_account",
              "module.branch-network-sa.data.google_service_account.service_account",
              "module.branch-network-sa.google_service_account.service_account",
              "module.branch-pf-dev-sa.data.google_service_account.service_account",
              "module.branch-pf-dev-sa.google_service_account.service_account",
              "module.branch-pf-prod-sa.data.google_service_account.service_account",
              "module.branch-pf-prod-sa.google_service_account.service_account",
              "module.branch-security-sa.data.google_service_account.service_account",
              "module.branch-security-sa.google_service_account.service_account",
              "module.organization.data.google_iam_policy.authoritative",
              "module.organization.google_organization_iam_binding.authoritative",
              "module.organization.google_organization_iam_member.additive",
              "module.organization.google_organization_iam_policy.authoritative"
            ]
          },
          {
            "index_key": "environment",
            "schema_version": 0,
            "attributes": {
              "create_time": "2022-12-15T04:01:15.475625Z",
              "description": "Environment definition.",
              "id": "tagKeys/672118580301",
              "name": "672118580301",
              "namespaced_name": "399163876160/environment",
              "parent": "organizations/399163876160",
              "purpose": "",
              "purpose_data": null,
              "short_name": "environment",
              "timeouts": null,
              "update_time": "2022-12-15T04:01:17.671927Z"
            },
            "sensitive_attributes": [],
            "private": "eyJlMmJmYjczMC1lY2FhLTExZTYtOGY4OC0zNDM2M2JjN2M0YzAiOnsiY3JlYXRlIjoxMjAwMDAwMDAwMDAwLCJkZWxldGUiOjEyMDAwMDAwMDAwMDAsInVwZGF0ZSI6MTIwMDAwMDAwMDAwMH19",
            "dependencies": [
              "module.branch-dp-dev-sa.data.google_service_account.service_account",
              "module.branch-dp-dev-sa.google_service_account.service_account",
              "module.branch-dp-prod-sa.data.google_service_account.service_account",
              "module.branch-dp-prod-sa.google_service_account.service_account",
              "module.branch-gke-dev-sa.data.google_service_account.service_account",
              "module.branch-gke-dev-sa.google_service_account.service_account",
              "module.branch-gke-prod-sa.data.google_service_account.service_account",
              "module.branch-gke-prod-sa.google_service_account.service_account",
              "module.branch-network-sa.data.google_service_account.service_account",
              "module.branch-network-sa.google_service_account.service_account",
              "module.branch-pf-dev-sa.data.google_service_account.service_account",
              "module.branch-pf-dev-sa.google_service_account.service_account",
              "module.branch-pf-prod-sa.data.google_service_account.service_account",
              "module.branch-pf-prod-sa.google_service_account.service_account",
              "module.branch-security-sa.data.google_service_account.service_account",
              "module.branch-security-sa.google_service_account.service_account",
              "module.organization.data.google_iam_policy.authoritative",
              "module.organization.google_organization_iam_binding.authoritative",
              "module.organization.google_organization_iam_member.additive",
              "module.organization.google_organization_iam_policy.authoritative"
            ]
          }
        ]
      },
      {
        "module": "module.organization",
        "mode": "managed",
        "type": "google_tags_tag_value",
        "name": "default",
        "provider": "provider[\"registry.terraform.io/hashicorp/google\"]",
        "instances": [
          {
            "index_key": "context/data",
            "schema_version": 0,
            "attributes": {
              "create_time": "2022-12-15T04:02:42.682410Z",
              "description": "Managed by the Terraform organization module.",
              "id": "tagValues/765831615980",
              "name": "765831615980",
              "namespaced_name": "399163876160/context/data",
              "parent": "tagKeys/286179150893",
              "short_name": "data",
              "timeouts": null,
              "update_time": "2022-12-15T04:02:44.555152Z"
            },
            "sensitive_attributes": [],
            "private": "eyJlMmJmYjczMC1lY2FhLTExZTYtOGY4OC0zNDM2M2JjN2M0YzAiOnsiY3JlYXRlIjoxMjAwMDAwMDAwMDAwLCJkZWxldGUiOjEyMDAwMDAwMDAwMDAsInVwZGF0ZSI6MTIwMDAwMDAwMDAwMH19",
            "dependencies": [
              "module.branch-dp-dev-sa.data.google_service_account.service_account",
              "module.branch-dp-dev-sa.google_service_account.service_account",
              "module.branch-dp-prod-sa.data.google_service_account.service_account",
              "module.branch-dp-prod-sa.google_service_account.service_account",
              "module.branch-gke-dev-sa.data.google_service_account.service_account",
              "module.branch-gke-dev-sa.google_service_account.service_account",
              "module.branch-gke-prod-sa.data.google_service_account.service_account",
              "module.branch-gke-prod-sa.google_service_account.service_account",
              "module.branch-network-sa.data.google_service_account.service_account",
              "module.branch-network-sa.google_service_account.service_account",
              "module.branch-pf-dev-sa.data.google_service_account.service_account",
              "module.branch-pf-dev-sa.google_service_account.service_account",
              "module.branch-pf-prod-sa.data.google_service_account.service_account",
              "module.branch-pf-prod-sa.google_service_account.service_account",
              "module.branch-security-sa.data.google_service_account.service_account",
              "module.branch-security-sa.google_service_account.service_account",
              "module.organization.data.google_iam_policy.authoritative",
              "module.organization.google_organization_iam_binding.authoritative",
              "module.organization.google_organization_iam_member.additive",
              "module.organization.google_organization_iam_policy.authoritative",
              "module.organization.google_tags_tag_key.default"
            ]
          },
          {
            "index_key": "context/gke",
            "schema_version": 0,
            "attributes": {
              "create_time": "2022-12-15T04:01:31.676336Z",
              "description": "Managed by the Terraform organization module.",
              "id": "tagValues/878208863980",
              "name": "878208863980",
              "namespaced_name": "399163876160/context/gke",
              "parent": "tagKeys/286179150893",
              "short_name": "gke",
              "timeouts": null,
              "update_time": "2022-12-15T04:01:33.433474Z"
            },
            "sensitive_attributes": [],
            "private": "eyJlMmJmYjczMC1lY2FhLTExZTYtOGY4OC0zNDM2M2JjN2M0YzAiOnsiY3JlYXRlIjoxMjAwMDAwMDAwMDAwLCJkZWxldGUiOjEyMDAwMDAwMDAwMDAsInVwZGF0ZSI6MTIwMDAwMDAwMDAwMH19",
            "dependencies": [
              "module.branch-dp-dev-sa.data.google_service_account.service_account",
              "module.branch-dp-dev-sa.google_service_account.service_account",
              "module.branch-dp-prod-sa.data.google_service_account.service_account",
              "module.branch-dp-prod-sa.google_service_account.service_account",
              "module.branch-gke-dev-sa.data.google_service_account.service_account",
              "module.branch-gke-dev-sa.google_service_account.service_account",
              "module.branch-gke-prod-sa.data.google_service_account.service_account",
              "module.branch-gke-prod-sa.google_service_account.service_account",
              "module.branch-network-sa.data.google_service_account.service_account",
              "module.branch-network-sa.google_service_account.service_account",
              "module.branch-pf-dev-sa.data.google_service_account.service_account",
              "module.branch-pf-dev-sa.google_service_account.service_account",
              "module.branch-pf-prod-sa.data.google_service_account.service_account",
              "module.branch-pf-prod-sa.google_service_account.service_account",
              "module.branch-security-sa.data.google_service_account.service_account",
              "module.branch-security-sa.google_service_account.service_account",
              "module.organization.data.google_iam_policy.authoritative",
              "module.organization.google_organization_iam_binding.authoritative",
              "module.organization.google_organization_iam_member.additive",
              "module.organization.google_organization_iam_policy.authoritative",
              "module.organization.google_tags_tag_key.default"
            ]
          },
          {
            "index_key": "context/networking",
            "schema_version": 0,
            "attributes": {
              "create_time": "2022-12-15T04:02:15.009800Z",
              "description": "Managed by the Terraform organization module.",
              "id": "tagValues/497037339456",
              "name": "497037339456",
              "namespaced_name": "399163876160/context/networking",
              "parent": "tagKeys/286179150893",
              "short_name": "networking",
              "timeouts": null,
              "update_time": "2022-12-15T04:02:17.179319Z"
            },
            "sensitive_attributes": [],
            "private": "eyJlMmJmYjczMC1lY2FhLTExZTYtOGY4OC0zNDM2M2JjN2M0YzAiOnsiY3JlYXRlIjoxMjAwMDAwMDAwMDAwLCJkZWxldGUiOjEyMDAwMDAwMDAwMDAsInVwZGF0ZSI6MTIwMDAwMDAwMDAwMH19",
            "dependencies": [
              "module.branch-dp-dev-sa.data.google_service_account.service_account",
              "module.branch-dp-dev-sa.google_service_account.service_account",
              "module.branch-dp-prod-sa.data.google_service_account.service_account",
              "module.branch-dp-prod-sa.google_service_account.service_account",
              "module.branch-gke-dev-sa.data.google_service_account.service_account",
              "module.branch-gke-dev-sa.google_service_account.service_account",
              "module.branch-gke-prod-sa.data.google_service_account.service_account",
              "module.branch-gke-prod-sa.google_service_account.service_account",
              "module.branch-network-sa.data.google_service_account.service_account",
              "module.branch-network-sa.google_service_account.service_account",
              "module.branch-pf-dev-sa.data.google_service_account.service_account",
              "module.branch-pf-dev-sa.google_service_account.service_account",
              "module.branch-pf-prod-sa.data.google_service_account.service_account",
              "module.branch-pf-prod-sa.google_service_account.service_account",
              "module.branch-security-sa.data.google_service_account.service_account",
              "module.branch-security-sa.google_service_account.service_account",
              "module.organization.data.google_iam_policy.authoritative",
              "module.organization.google_organization_iam_binding.authoritative",
              "module.organization.google_organization_iam_member.additive",
              "module.organization.google_organization_iam_policy.authoritative",
              "module.organization.google_tags_tag_key.default"
            ]
          },
          {
            "index_key": "context/sandbox",
            "schema_version": 0,
            "attributes": {
              "create_time": "2022-12-15T04:01:46.058436Z",
              "description": "Managed by the Terraform organization module.",
              "id": "tagValues/588096112804",
              "name": "588096112804",
              "namespaced_name": "399163876160/context/sandbox",
              "parent": "tagKeys/286179150893",
              "short_name": "sandbox",
              "timeouts": null,
              "update_time": "2022-12-15T04:01:48.098868Z"
            },
            "sensitive_attributes": [],
            "private": "eyJlMmJmYjczMC1lY2FhLTExZTYtOGY4OC0zNDM2M2JjN2M0YzAiOnsiY3JlYXRlIjoxMjAwMDAwMDAwMDAwLCJkZWxldGUiOjEyMDAwMDAwMDAwMDAsInVwZGF0ZSI6MTIwMDAwMDAwMDAwMH19",
            "dependencies": [
              "module.branch-dp-dev-sa.data.google_service_account.service_account",
              "module.branch-dp-dev-sa.google_service_account.service_account",
              "module.branch-dp-prod-sa.data.google_service_account.service_account",
              "module.branch-dp-prod-sa.google_service_account.service_account",
              "module.branch-gke-dev-sa.data.google_service_account.service_account",
              "module.branch-gke-dev-sa.google_service_account.service_account",
              "module.branch-gke-prod-sa.data.google_service_account.service_account",
              "module.branch-gke-prod-sa.google_service_account.service_account",
              "module.branch-network-sa.data.google_service_account.service_account",
              "module.branch-network-sa.google_service_account.service_account",
              "module.branch-pf-dev-sa.data.google_service_account.service_account",
              "module.branch-pf-dev-sa.google_service_account.service_account",
              "module.branch-pf-prod-sa.data.google_service_account.service_account",
              "module.branch-pf-prod-sa.google_service_account.service_account",
              "module.branch-security-sa.data.google_service_account.service_account",
              "module.branch-security-sa.google_service_account.service_account",
              "module.organization.data.google_iam_policy.authoritative",
              "module.organization.google_organization_iam_binding.authoritative",
              "module.organization.google_organization_iam_member.additive",
              "module.organization.google_organization_iam_policy.authoritative",
              "module.organization.google_tags_tag_key.default"
            ]
          },
          {
            "index_key": "context/security",
            "schema_version": 0,
            "attributes": {
              "create_time": "2022-12-15T04:02:29.190604Z",
              "description": "Managed by the Terraform organization module.",
              "id": "tagValues/727326117606",
              "name": "727326117606",
              "namespaced_name": "399163876160/context/security",
              "parent": "tagKeys/286179150893",
              "short_name": "security",
              "timeouts": null,
              "update_time": "2022-12-15T04:02:30.990754Z"
            },
            "sensitive_attributes": [],
            "private": "eyJlMmJmYjczMC1lY2FhLTExZTYtOGY4OC0zNDM2M2JjN2M0YzAiOnsiY3JlYXRlIjoxMjAwMDAwMDAwMDAwLCJkZWxldGUiOjEyMDAwMDAwMDAwMDAsInVwZGF0ZSI6MTIwMDAwMDAwMDAwMH19",
            "dependencies": [
              "module.branch-dp-dev-sa.data.google_service_account.service_account",
              "module.branch-dp-dev-sa.google_service_account.service_account",
              "module.branch-dp-prod-sa.data.google_service_account.service_account",
              "module.branch-dp-prod-sa.google_service_account.service_account",
              "module.branch-gke-dev-sa.data.google_service_account.service_account",
              "module.branch-gke-dev-sa.google_service_account.service_account",
              "module.branch-gke-prod-sa.data.google_service_account.service_account",
              "module.branch-gke-prod-sa.google_service_account.service_account",
              "module.branch-network-sa.data.google_service_account.service_account",
              "module.branch-network-sa.google_service_account.service_account",
              "module.branch-pf-dev-sa.data.google_service_account.service_account",
              "module.branch-pf-dev-sa.google_service_account.service_account",
              "module.branch-pf-prod-sa.data.google_service_account.service_account",
              "module.branch-pf-prod-sa.google_service_account.service_account",
              "module.branch-security-sa.data.google_service_account.service_account",
              "module.branch-security-sa.google_service_account.service_account",
              "module.organization.data.google_iam_policy.authoritative",
              "module.organization.google_organization_iam_binding.authoritative",
              "module.organization.google_organization_iam_member.additive",
              "module.organization.google_organization_iam_policy.authoritative",
              "module.organization.google_tags_tag_key.default"
            ]
          },
          {
            "index_key": "context/teams",
            "schema_version": 0,
            "attributes": {
              "create_time": "2022-12-15T04:02:01.005221Z",
              "description": "Managed by the Terraform organization module.",
              "id": "tagValues/87356810302",
              "name": "87356810302",
              "namespaced_name": "399163876160/context/teams",
              "parent": "tagKeys/286179150893",
              "short_name": "teams",
              "timeouts": null,
              "update_time": "2022-12-15T04:02:02.788897Z"
            },
            "sensitive_attributes": [],
            "private": "eyJlMmJmYjczMC1lY2FhLTExZTYtOGY4OC0zNDM2M2JjN2M0YzAiOnsiY3JlYXRlIjoxMjAwMDAwMDAwMDAwLCJkZWxldGUiOjEyMDAwMDAwMDAwMDAsInVwZGF0ZSI6MTIwMDAwMDAwMDAwMH19",
            "dependencies": [
              "module.branch-dp-dev-sa.data.google_service_account.service_account",
              "module.branch-dp-dev-sa.google_service_account.service_account",
              "module.branch-dp-prod-sa.data.google_service_account.service_account",
              "module.branch-dp-prod-sa.google_service_account.service_account",
              "module.branch-gke-dev-sa.data.google_service_account.service_account",
              "module.branch-gke-dev-sa.google_service_account.service_account",
              "module.branch-gke-prod-sa.data.google_service_account.service_account",
              "module.branch-gke-prod-sa.google_service_account.service_account",
              "module.branch-network-sa.data.google_service_account.service_account",
              "module.branch-network-sa.google_service_account.service_account",
              "module.branch-pf-dev-sa.data.google_service_account.service_account",
              "module.branch-pf-dev-sa.google_service_account.service_account",
              "module.branch-pf-prod-sa.data.google_service_account.service_account",
              "module.branch-pf-prod-sa.google_service_account.service_account",
              "module.branch-security-sa.data.google_service_account.service_account",
              "module.branch-security-sa.google_service_account.service_account",
              "module.organization.data.google_iam_policy.authoritative",
              "module.organization.google_organization_iam_binding.authoritative",
              "module.organization.google_organization_iam_member.additive",
              "module.organization.google_organization_iam_policy.authoritative",
              "module.organization.google_tags_tag_key.default"
            ]
          },
          {
            "index_key": "environment/development",
            "schema_version": 0,
            "attributes": {
              "create_time": "2022-12-15T04:01:51.282670Z",
              "description": "Managed by the Terraform organization module.",
              "id": "tagValues/542371458171",
              "name": "542371458171",
              "namespaced_name": "399163876160/environment/development",
              "parent": "tagKeys/672118580301",
              "short_name": "development",
              "timeouts": null,
              "update_time": "2022-12-15T04:01:53.371741Z"
            },
            "sensitive_attributes": [],
            "private": "eyJlMmJmYjczMC1lY2FhLTExZTYtOGY4OC0zNDM2M2JjN2M0YzAiOnsiY3JlYXRlIjoxMjAwMDAwMDAwMDAwLCJkZWxldGUiOjEyMDAwMDAwMDAwMDAsInVwZGF0ZSI6MTIwMDAwMDAwMDAwMH19",
            "dependencies": [
              "module.branch-dp-dev-sa.data.google_service_account.service_account",
              "module.branch-dp-dev-sa.google_service_account.service_account",
              "module.branch-dp-prod-sa.data.google_service_account.service_account",
              "module.branch-dp-prod-sa.google_service_account.service_account",
              "module.branch-gke-dev-sa.data.google_service_account.service_account",
              "module.branch-gke-dev-sa.google_service_account.service_account",
              "module.branch-gke-prod-sa.data.google_service_account.service_account",
              "module.branch-gke-prod-sa.google_service_account.service_account",
              "module.branch-network-sa.data.google_service_account.service_account",
              "module.branch-network-sa.google_service_account.service_account",
              "module.branch-pf-dev-sa.data.google_service_account.service_account",
              "module.branch-pf-dev-sa.google_service_account.service_account",
              "module.branch-pf-prod-sa.data.google_service_account.service_account",
              "module.branch-pf-prod-sa.google_service_account.service_account",
              "module.branch-security-sa.data.google_service_account.service_account",
              "module.branch-security-sa.google_service_account.service_account",
              "module.organization.data.google_iam_policy.authoritative",
              "module.organization.google_organization_iam_binding.authoritative",
              "module.organization.google_organization_iam_member.additive",
              "module.organization.google_organization_iam_policy.authoritative",
              "module.organization.google_tags_tag_key.default"
            ]
          },
          {
            "index_key": "environment/production",
            "schema_version": 0,
            "attributes": {
              "create_time": "2022-12-15T04:01:37.054294Z",
              "description": "Managed by the Terraform organization module.",
              "id": "tagValues/862433269131",
              "name": "862433269131",
              "namespaced_name": "399163876160/environment/production",
              "parent": "tagKeys/672118580301",
              "short_name": "production",
              "timeouts": null,
              "update_time": "2022-12-15T04:01:39.046524Z"
            },
            "sensitive_attributes": [],
            "private": "eyJlMmJmYjczMC1lY2FhLTExZTYtOGY4OC0zNDM2M2JjN2M0YzAiOnsiY3JlYXRlIjoxMjAwMDAwMDAwMDAwLCJkZWxldGUiOjEyMDAwMDAwMDAwMDAsInVwZGF0ZSI6MTIwMDAwMDAwMDAwMH19",
            "dependencies": [
              "module.branch-dp-dev-sa.data.google_service_account.service_account",
              "module.branch-dp-dev-sa.google_service_account.service_account",
              "module.branch-dp-prod-sa.data.google_service_account.service_account",
              "module.branch-dp-prod-sa.google_service_account.service_account",
              "module.branch-gke-dev-sa.data.google_service_account.service_account",
              "module.branch-gke-dev-sa.google_service_account.service_account",
              "module.branch-gke-prod-sa.data.google_service_account.service_account",
              "module.branch-gke-prod-sa.google_service_account.service_account",
              "module.branch-network-sa.data.google_service_account.service_account",
              "module.branch-network-sa.google_service_account.service_account",
              "module.branch-pf-dev-sa.data.google_service_account.service_account",
              "module.branch-pf-dev-sa.google_service_account.service_account",
              "module.branch-pf-prod-sa.data.google_service_account.service_account",
              "module.branch-pf-prod-sa.google_service_account.service_account",
              "module.branch-security-sa.data.google_service_account.service_account",
              "module.branch-security-sa.google_service_account.service_account",
              "module.organization.data.google_iam_policy.authoritative",
              "module.organization.google_organization_iam_binding.authoritative",
              "module.organization.google_organization_iam_member.additive",
              "module.organization.google_organization_iam_policy.authoritative",
              "module.organization.google_tags_tag_key.default"
            ]
          }
        ]
      }
    ],
    "check_results": null
  }